{
  "version": 4,
  "terraform_version": "1.14.1",
  "serial": 2246,
  "lineage": "fe1182de-6cf1-0f07-da3e-f5b199094b15",
  "outputs": {
    "alb_dns_name": {
      "value": "internal-k8s-mobileap-internal-63a6eb7efe-1963536378.us-east-1.elb.amazonaws.com",
      "type": "string"
    },
    "alb_http_listener_arn": {
      "value": "arn:aws:elasticloadbalancing:us-east-1:339712886638:listener/app/k8s-mobileap-internal-63a6eb7efe/*",
      "type": "string"
    },
    "alb_sg_id": {
      "value": "sg-037b6f58452ca5e17",
      "type": "string"
    },
    "api_endpoint": {
      "value": "https://6qtjxz2cf8.execute-api.us-east-1.amazonaws.com",
      "type": "string"
    },
    "api_execution_arn": {
      "value": "arn:aws:apigateway:us-east-1::/apis/6qtjxz2cf8/stages/$default",
      "type": "string"
    },
    "api_id": {
      "value": "6qtjxz2cf8",
      "type": "string"
    },
    "api_vpc_link_id": {
      "value": "iczzol",
      "type": "string"
    },
    "cdn_distribution_id": {
      "value": "E3PEZF3VYAGHXC",
      "type": "string"
    },
    "cdn_domain_name": {
      "value": "d37p9z8jdy3nkg.cloudfront.net",
      "type": "string"
    },
    "eks_cluster_endpoint": {
      "value": "https://FDE07F51A24627F8E29BD04B12482060.gr7.us-east-1.eks.amazonaws.com",
      "type": "string"
    },
    "eks_cluster_name": {
      "value": "aerowise-t1-eks",
      "type": "string"
    },
    "private_app_subnet_ids": {
      "value": [
        "subnet-09bb2fe342f542bd4",
        "subnet-03ba1a05e579fbfaa",
        "subnet-02f3984c2237db7f7"
      ],
      "type": [
        "tuple",
        [
          "string",
          "string",
          "string"
        ]
      ]
    },
    "public_subnet_ids": {
      "value": [
        "subnet-040508a7224118551",
        "subnet-05c29cc4ed9d2be74"
      ],
      "type": [
        "tuple",
        [
          "string",
          "string"
        ]
      ]
    },
    "vpc_id": {
      "value": "vpc-0aa1080e771ac39e2",
      "type": "string"
    },
    "waf_api_arn": {
      "value": "",
      "type": "string"
    },
    "waf_cdn_arn": {
      "value": "arn:aws:wafv2:us-east-1:339712886638:global/webacl/aerowise-cdn-waf-cdn/9eb1823f-014c-4200-9fdb-f3ef8806b538",
      "type": "string"
    }
  },
  "resources": [
    {
      "mode": "data",
      "type": "aws_caller_identity",
      "name": "current",
      "provider": "provider[\"registry.terraform.io/hashicorp/aws\"]",
      "instances": [
        {
          "schema_version": 0,
          "attributes": {
            "account_id": "339712886638",
            "arn": "arn:aws:iam::339712886638:user/Pramod.kumar@navikenz.com",
            "id": "339712886638",
            "user_id": "AIDAU6GDXI5XMB2YETG7U"
          },
          "sensitive_attributes": [],
          "identity_schema_version": 0
        }
      ]
    },
    {
      "mode": "data",
      "type": "aws_iam_role",
      "name": "existing_lb_controller",
      "provider": "provider[\"registry.terraform.io/hashicorp/aws\"]",
      "instances": []
    },
    {
      "mode": "data",
      "type": "aws_region",
      "name": "current",
      "provider": "provider[\"registry.terraform.io/hashicorp/aws\"]",
      "instances": [
        {
          "schema_version": 0,
          "attributes": {
            "description": "US East (N. Virginia)",
            "endpoint": "ec2.us-east-1.amazonaws.com",
            "id": "us-east-1",
            "name": "us-east-1",
            "region": "us-east-1"
          },
          "sensitive_attributes": [],
          "identity_schema_version": 0
        }
      ]
    },
    {
      "mode": "data",
      "type": "kubernetes_ingress_v1",
      "name": "internal_app",
      "provider": "provider[\"registry.terraform.io/hashicorp/kubernetes\"]",
      "instances": [
        {
          "schema_version": 0,
          "attributes": {
            "id": "mobileapp/internal-app-ingress",
            "metadata": [
              {
                "annotations": {
                  "alb.ingress.kubernetes.io/load-balancer-name": "k8s-mobileap-internal-63a6eb7efe",
                  "alb.ingress.kubernetes.io/scheme": "internal",
                  "alb.ingress.kubernetes.io/target-type": "ip",
                  "kubectl.kubernetes.io/last-applied-configuration": "{\"apiVersion\":\"networking.k8s.io/v1\",\"kind\":\"Ingress\",\"metadata\":{\"annotations\":{\"alb.ingress.kubernetes.io/load-balancer-name\":\"k8s-mobileap-internal-63a6eb7efe\",\"alb.ingress.kubernetes.io/scheme\":\"internal\",\"alb.ingress.kubernetes.io/target-type\":\"ip\",\"kubernetes.io/ingress.class\":\"alb\"},\"name\":\"internal-app-ingress\",\"namespace\":\"mobileapp\"},\"spec\":{\"ingressClassName\":\"alb\",\"rules\":[{\"http\":{\"paths\":[{\"backend\":{\"service\":{\"name\":\"internal-app-svc\",\"port\":{\"number\":80}}},\"path\":\"/app-version/check\",\"pathType\":\"Prefix\"},{\"backend\":{\"service\":{\"name\":\"internal-app-svc\",\"port\":{\"number\":80}}},\"path\":\"/\",\"pathType\":\"Prefix\"}]}}]}}\n",
                  "kubernetes.io/ingress.class": "alb"
                },
                "generation": 1,
                "labels": {},
                "name": "internal-app-ingress",
                "namespace": "mobileapp",
                "resource_version": "15443",
                "uid": "b44f9d2b-5a94-4db5-96c9-76843f05a36b"
              }
            ],
            "spec": [
              {
                "default_backend": [],
                "ingress_class_name": "alb",
                "rule": [
                  {
                    "host": "",
                    "http": [
                      {
                        "path": [
                          {
                            "backend": [
                              {
                                "resource": [],
                                "service": [
                                  {
                                    "name": "internal-app-svc",
                                    "port": [
                                      {
                                        "name": "",
                                        "number": 80
                                      }
                                    ]
                                  }
                                ]
                              }
                            ],
                            "path": "/app-version/check",
                            "path_type": "Prefix"
                          },
                          {
                            "backend": [
                              {
                                "resource": [],
                                "service": [
                                  {
                                    "name": "internal-app-svc",
                                    "port": [
                                      {
                                        "name": "",
                                        "number": 80
                                      }
                                    ]
                                  }
                                ]
                              }
                            ],
                            "path": "/",
                            "path_type": "Prefix"
                          }
                        ]
                      }
                    ]
                  }
                ],
                "tls": []
              }
            ],
            "status": [
              {
                "load_balancer": [
                  {
                    "ingress": [
                      {
                        "hostname": "internal-k8s-mobileap-internal-63a6eb7efe-1963536378.us-east-1.elb.amazonaws.com",
                        "ip": ""
                      }
                    ]
                  }
                ]
              }
            ]
          },
          "sensitive_attributes": [],
          "identity_schema_version": 0
        }
      ]
    },
    {
      "mode": "managed",
      "type": "aws_security_group_rule",
      "name": "vpce_allow_from_nodes",
      "provider": "provider[\"registry.terraform.io/hashicorp/aws\"]",
      "instances": [
        {
          "schema_version": 2,
          "attributes": {
            "cidr_blocks": null,
            "description": "Allow EKS worker nodes to reach VPC endpoints (HTTPS)",
            "from_port": 443,
            "id": "sgrule-2583059550",
            "ipv6_cidr_blocks": null,
            "prefix_list_ids": null,
            "protocol": "tcp",
            "region": "us-east-1",
            "security_group_id": "sg-0fee4cb40803f80b0",
            "security_group_rule_id": "sgr-091bb179fe5885cf9",
            "self": false,
            "source_security_group_id": "sg-0c22506a805ce5d82",
            "timeouts": null,
            "to_port": 443,
            "type": "ingress"
          },
          "sensitive_attributes": [],
          "identity_schema_version": 0,
          "private": "eyJlMmJmYjczMC1lY2FhLTExZTYtOGY4OC0zNDM2M2JjN2M0YzAiOnsiY3JlYXRlIjozMDAwMDAwMDAwMDB9LCJzY2hlbWFfdmVyc2lvbiI6IjIifQ==",
          "dependencies": [
            "module.eks.aws_security_group.nodes",
            "module.network.aws_eip.nat",
            "module.network.aws_internet_gateway.this",
            "module.network.aws_nat_gateway.nat",
            "module.network.aws_route_table.private",
            "module.network.aws_route_table.public",
            "module.network.aws_route_table_association.private",
            "module.network.aws_route_table_association.public",
            "module.network.aws_security_group.alb",
            "module.network.aws_security_group.vpc_link",
            "module.network.aws_subnet.private_app",
            "module.network.aws_subnet.public",
            "module.network.aws_vpc.this",
            "module.network_endpoints.aws_security_group.vpce",
            "module.network_endpoints.aws_vpc_endpoint.ec2messages",
            "module.network_endpoints.aws_vpc_endpoint.ecr_api",
            "module.network_endpoints.aws_vpc_endpoint.ecr_dkr",
            "module.network_endpoints.aws_vpc_endpoint.ecr_public",
            "module.network_endpoints.aws_vpc_endpoint.logs",
            "module.network_endpoints.aws_vpc_endpoint.monitoring",
            "module.network_endpoints.aws_vpc_endpoint.s3",
            "module.network_endpoints.aws_vpc_endpoint.secretsmanager",
            "module.network_endpoints.aws_vpc_endpoint.ssm",
            "module.network_endpoints.aws_vpc_endpoint.ssmmessages",
            "module.network_endpoints.aws_vpc_endpoint.sts"
          ]
        }
      ]
    },
    {
      "mode": "managed",
      "type": "helm_release",
      "name": "awsloadbalancercontroller",
      "provider": "provider[\"registry.terraform.io/hashicorp/helm\"]",
      "instances": [
        {
          "schema_version": 1,
          "attributes": {
            "atomic": false,
            "chart": "aws-load-balancer-controller",
            "cleanup_on_fail": false,
            "create_namespace": false,
            "dependency_update": false,
            "description": null,
            "devel": null,
            "disable_crd_hooks": false,
            "disable_openapi_validation": false,
            "disable_webhooks": false,
            "force_update": false,
            "id": "aws-load-balancer-controller",
            "keyring": null,
            "lint": false,
            "manifest": null,
            "max_history": 0,
            "metadata": [
              {
                "app_version": "v2.7.2",
                "chart": "aws-load-balancer-controller",
                "first_deployed": 1766894588,
                "last_deployed": 1766894588,
                "name": "aws-load-balancer-controller",
                "namespace": "kube-system",
                "notes": "AWS Load Balancer controller installed!\n",
                "revision": 1,
                "values": "{\"clusterName\":\"aerowise-t1-eks\",\"region\":\"us-east-1\",\"serviceAccount\":{\"create\":false,\"name\":\"aws-load-balancer-controller\"},\"vpcId\":\"vpc-0aa1080e771ac39e2\"}",
                "version": "1.7.2"
              }
            ],
            "name": "aws-load-balancer-controller",
            "namespace": "kube-system",
            "pass_credentials": false,
            "postrender": [],
            "recreate_pods": false,
            "render_subchart_notes": true,
            "replace": false,
            "repository": "https://aws.github.io/eks-charts",
            "repository_ca_file": null,
            "repository_cert_file": null,
            "repository_key_file": null,
            "repository_password": null,
            "repository_username": null,
            "reset_values": false,
            "reuse_values": false,
            "set": [],
            "set_list": [],
            "set_sensitive": [],
            "skip_crds": false,
            "status": "deployed",
            "timeout": 1200,
            "upgrade_install": null,
            "values": [
              "\"clusterName\": \"aerowise-t1-eks\"\n\"region\": \"us-east-1\"\n\"serviceAccount\":\n  \"create\": false\n  \"name\": \"aws-load-balancer-controller\"\n\"vpcId\": \"vpc-0aa1080e771ac39e2\"\n"
            ],
            "verify": false,
            "version": "1.7.2",
            "wait": true,
            "wait_for_jobs": true
          },
          "sensitive_attributes": [
            [
              {
                "type": "get_attr",
                "value": "repository_password"
              }
            ]
          ],
          "identity_schema_version": 0,
          "private": "eyJzY2hlbWFfdmVyc2lvbiI6IjEifQ==",
          "dependencies": [
            "data.aws_iam_role.existing_lb_controller",
            "kubernetes_service_account_v1.aws_load_balancer_controller",
            "module.aws_lb_controller_irsa.aws_iam_role.this",
            "module.aws_lb_controller_irsa.data.aws_iam_policy_document.assume",
            "module.eks.aws_eks_addon.cloudwatch_observability",
            "module.eks.aws_eks_addon.coredns",
            "module.eks.aws_eks_addon.efs_csi",
            "module.eks.aws_eks_addon.kube_proxy",
            "module.eks.aws_eks_addon.vpc_cni",
            "module.eks.aws_eks_cluster.this",
            "module.eks.aws_eks_node_group.this",
            "module.eks.aws_iam_role.cluster",
            "module.eks.aws_iam_role.nodes",
            "module.eks.aws_iam_role_policy_attachment.cluster_AmazonEKSClusterPolicy",
            "module.eks.aws_iam_role_policy_attachment.cluster_AmazonEKS_VPC_ResourceController",
            "module.eks.aws_iam_role_policy_attachment.nodes_cni",
            "module.eks.aws_iam_role_policy_attachment.nodes_ecr",
            "module.eks.aws_iam_role_policy_attachment.nodes_ssm",
            "module.eks.aws_iam_role_policy_attachment.nodes_worker",
            "module.eks.aws_security_group.nodes",
            "module.eks.aws_security_group_rule.cluster_https_worker_ingress",
            "module.eks.aws_security_group_rule.cluster_to_nodes_kubelet",
            "module.eks.aws_security_group_rule.nodes_to_nodes",
            "module.eks_oidc_provider.aws_iam_openid_connect_provider.this",
            "module.eks_oidc_provider.data.aws_eks_cluster.this",
            "module.eks_oidc_provider.data.tls_certificate.cluster",
            "module.nat_egress_control.aws_security_group.nategress",
            "module.network.aws_eip.nat",
            "module.network.aws_internet_gateway.this",
            "module.network.aws_nat_gateway.nat",
            "module.network.aws_route_table.private",
            "module.network.aws_route_table.public",
            "module.network.aws_route_table_association.private",
            "module.network.aws_route_table_association.public",
            "module.network.aws_security_group.alb",
            "module.network.aws_security_group.vpc_link",
            "module.network.aws_subnet.private_app",
            "module.network.aws_subnet.public",
            "module.network.aws_vpc.this",
            "module.network_endpoints.aws_security_group.vpce",
            "module.network_endpoints.aws_vpc_endpoint.ec2messages",
            "module.network_endpoints.aws_vpc_endpoint.ecr_api",
            "module.network_endpoints.aws_vpc_endpoint.ecr_dkr",
            "module.network_endpoints.aws_vpc_endpoint.ecr_public",
            "module.network_endpoints.aws_vpc_endpoint.logs",
            "module.network_endpoints.aws_vpc_endpoint.monitoring",
            "module.network_endpoints.aws_vpc_endpoint.s3",
            "module.network_endpoints.aws_vpc_endpoint.secretsmanager",
            "module.network_endpoints.aws_vpc_endpoint.ssm",
            "module.network_endpoints.aws_vpc_endpoint.ssmmessages",
            "module.network_endpoints.aws_vpc_endpoint.sts"
          ]
        }
      ]
    },
    {
      "mode": "managed",
      "type": "kubernetes_service_account_v1",
      "name": "aws_load_balancer_controller",
      "provider": "provider[\"registry.terraform.io/hashicorp/kubernetes\"]",
      "instances": [
        {
          "schema_version": 0,
          "attributes": {
            "automount_service_account_token": true,
            "default_secret_name": "",
            "id": "kube-system/aws-load-balancer-controller",
            "image_pull_secret": [],
            "metadata": [
              {
                "annotations": {
                  "eks.amazonaws.com/role-arn": "arn:aws:iam::339712886638:role/aws-load-balancer-controller"
                },
                "generate_name": "",
                "generation": 0,
                "labels": {},
                "name": "aws-load-balancer-controller",
                "namespace": "kube-system",
                "resource_version": "7658",
                "uid": "2569b870-5c4d-4af7-9847-888c6135ab2b"
              }
            ],
            "secret": [],
            "timeouts": null
          },
          "sensitive_attributes": [],
          "identity_schema_version": 1,
          "identity": {
            "api_version": "v1",
            "kind": "ServiceAccount",
            "name": "aws-load-balancer-controller",
            "namespace": "kube-system"
          },
          "private": "eyJlMmJmYjczMC1lY2FhLTExZTYtOGY4OC0zNDM2M2JjN2M0YzAiOnsiY3JlYXRlIjozMDAwMDAwMDAwMH19",
          "dependencies": [
            "data.aws_iam_role.existing_lb_controller",
            "module.aws_lb_controller_irsa.aws_iam_role.this",
            "module.aws_lb_controller_irsa.data.aws_iam_policy_document.assume",
            "module.eks.aws_eks_addon.cloudwatch_observability",
            "module.eks.aws_eks_addon.coredns",
            "module.eks.aws_eks_addon.efs_csi",
            "module.eks.aws_eks_addon.kube_proxy",
            "module.eks.aws_eks_addon.vpc_cni",
            "module.eks.aws_eks_cluster.this",
            "module.eks.aws_eks_node_group.this",
            "module.eks.aws_iam_role.cluster",
            "module.eks.aws_iam_role.nodes",
            "module.eks.aws_iam_role_policy_attachment.cluster_AmazonEKSClusterPolicy",
            "module.eks.aws_iam_role_policy_attachment.cluster_AmazonEKS_VPC_ResourceController",
            "module.eks.aws_iam_role_policy_attachment.nodes_cni",
            "module.eks.aws_iam_role_policy_attachment.nodes_ecr",
            "module.eks.aws_iam_role_policy_attachment.nodes_ssm",
            "module.eks.aws_iam_role_policy_attachment.nodes_worker",
            "module.eks.aws_security_group.nodes",
            "module.eks.aws_security_group_rule.cluster_https_worker_ingress",
            "module.eks.aws_security_group_rule.cluster_to_nodes_kubelet",
            "module.eks.aws_security_group_rule.nodes_to_nodes",
            "module.eks_oidc_provider.aws_iam_openid_connect_provider.this",
            "module.eks_oidc_provider.data.aws_eks_cluster.this",
            "module.eks_oidc_provider.data.tls_certificate.cluster",
            "module.nat_egress_control.aws_security_group.nategress",
            "module.network.aws_eip.nat",
            "module.network.aws_internet_gateway.this",
            "module.network.aws_nat_gateway.nat",
            "module.network.aws_route_table.private",
            "module.network.aws_route_table.public",
            "module.network.aws_route_table_association.private",
            "module.network.aws_route_table_association.public",
            "module.network.aws_security_group.alb",
            "module.network.aws_security_group.vpc_link",
            "module.network.aws_subnet.private_app",
            "module.network.aws_subnet.public",
            "module.network.aws_vpc.this",
            "module.network_endpoints.aws_security_group.vpce",
            "module.network_endpoints.aws_vpc_endpoint.ec2messages",
            "module.network_endpoints.aws_vpc_endpoint.ecr_api",
            "module.network_endpoints.aws_vpc_endpoint.ecr_dkr",
            "module.network_endpoints.aws_vpc_endpoint.ecr_public",
            "module.network_endpoints.aws_vpc_endpoint.logs",
            "module.network_endpoints.aws_vpc_endpoint.monitoring",
            "module.network_endpoints.aws_vpc_endpoint.s3",
            "module.network_endpoints.aws_vpc_endpoint.secretsmanager",
            "module.network_endpoints.aws_vpc_endpoint.ssm",
            "module.network_endpoints.aws_vpc_endpoint.ssmmessages",
            "module.network_endpoints.aws_vpc_endpoint.sts"
          ]
        }
      ]
    },
    {
      "module": "module.api_gateway",
      "mode": "data",
      "type": "aws_region",
      "name": "current",
      "provider": "provider[\"registry.terraform.io/hashicorp/aws\"]",
      "instances": [
        {
          "schema_version": 0,
          "attributes": {
            "description": "US East (N. Virginia)",
            "endpoint": "ec2.us-east-1.amazonaws.com",
            "id": "us-east-1",
            "name": "us-east-1",
            "region": "us-east-1"
          },
          "sensitive_attributes": [],
          "identity_schema_version": 0
        }
      ]
    },
    {
      "module": "module.api_gateway",
      "mode": "managed",
      "type": "aws_apigatewayv2_api",
      "name": "this",
      "provider": "provider[\"registry.terraform.io/hashicorp/aws\"]",
      "instances": [
        {
          "schema_version": 0,
          "attributes": {
            "api_endpoint": "https://6qtjxz2cf8.execute-api.us-east-1.amazonaws.com",
            "api_key_selection_expression": "$request.header.x-api-key",
            "arn": "arn:aws:apigateway:us-east-1::/apis/6qtjxz2cf8",
            "body": null,
            "cors_configuration": [
              {
                "allow_credentials": false,
                "allow_headers": [
                  "authorization",
                  "content-type"
                ],
                "allow_methods": [
                  "DELETE",
                  "GET",
                  "OPTIONS",
                  "PATCH",
                  "POST",
                  "PUT"
                ],
                "allow_origins": [
                  "*"
                ],
                "expose_headers": [],
                "max_age": 3600
              }
            ],
            "credentials_arn": null,
            "description": "",
            "disable_execute_api_endpoint": false,
            "execution_arn": "arn:aws:execute-api:us-east-1:339712886638:6qtjxz2cf8",
            "fail_on_warnings": null,
            "id": "6qtjxz2cf8",
            "ip_address_type": "ipv4",
            "name": "aerowise-t1-apigw-prod",
            "protocol_type": "HTTP",
            "region": "us-east-1",
            "route_key": null,
            "route_selection_expression": "$request.method $request.path",
            "tags": {},
            "tags_all": {},
            "target": null,
            "version": ""
          },
          "sensitive_attributes": [],
          "identity_schema_version": 0,
          "private": "bnVsbA==",
          "dependencies": [
            "module.network.aws_eip.nat",
            "module.network.aws_internet_gateway.this",
            "module.network.aws_nat_gateway.nat",
            "module.network.aws_route_table.private",
            "module.network.aws_route_table.public",
            "module.network.aws_route_table_association.private",
            "module.network.aws_route_table_association.public",
            "module.network.aws_security_group.alb",
            "module.network.aws_security_group.vpc_link",
            "module.network.aws_subnet.private_app",
            "module.network.aws_subnet.public",
            "module.network.aws_vpc.this"
          ]
        }
      ]
    },
    {
      "module": "module.api_gateway",
      "mode": "managed",
      "type": "aws_apigatewayv2_api_mapping",
      "name": "custom",
      "provider": "provider[\"registry.terraform.io/hashicorp/aws\"]",
      "instances": []
    },
    {
      "module": "module.api_gateway",
      "mode": "managed",
      "type": "aws_apigatewayv2_authorizer",
      "name": "lambda",
      "provider": "provider[\"registry.terraform.io/hashicorp/aws\"]",
      "instances": []
    },
    {
      "module": "module.api_gateway",
      "mode": "managed",
      "type": "aws_apigatewayv2_domain_name",
      "name": "custom",
      "provider": "provider[\"registry.terraform.io/hashicorp/aws\"]",
      "instances": []
    },
    {
      "module": "module.api_gateway",
      "mode": "managed",
      "type": "aws_apigatewayv2_integration",
      "name": "alb_proxy",
      "provider": "provider[\"registry.terraform.io/hashicorp/aws\"]",
      "instances": [
        {
          "index_key": 0,
          "schema_version": 0,
          "attributes": {
            "api_id": "6qtjxz2cf8",
            "connection_id": "iczzol",
            "connection_type": "VPC_LINK",
            "content_handling_strategy": "",
            "credentials_arn": "",
            "description": "",
            "id": "4056jir",
            "integration_method": "ANY",
            "integration_response_selection_expression": "",
            "integration_subtype": "",
            "integration_type": "HTTP_PROXY",
            "integration_uri": "arn:aws:elasticloadbalancing:us-east-1:339712886638:listener/app/k8s-mobileap-internal-63a6eb7efe/a009f7db15c21764/d712add9ffb15817",
            "passthrough_behavior": "",
            "payload_format_version": "1.0",
            "region": "us-east-1",
            "request_parameters": {},
            "request_templates": {},
            "response_parameters": [],
            "template_selection_expression": "",
            "timeout_milliseconds": 29000,
            "tls_config": []
          },
          "sensitive_attributes": [],
          "identity_schema_version": 0,
          "private": "bnVsbA==",
          "dependencies": [
            "module.api_gateway.aws_apigatewayv2_api.this",
            "module.api_gateway.aws_apigatewayv2_vpc_link.alb_link",
            "module.network.aws_eip.nat",
            "module.network.aws_internet_gateway.this",
            "module.network.aws_nat_gateway.nat",
            "module.network.aws_route_table.private",
            "module.network.aws_route_table.public",
            "module.network.aws_route_table_association.private",
            "module.network.aws_route_table_association.public",
            "module.network.aws_security_group.alb",
            "module.network.aws_security_group.vpc_link",
            "module.network.aws_subnet.private_app",
            "module.network.aws_subnet.public",
            "module.network.aws_vpc.this"
          ]
        }
      ]
    },
    {
      "module": "module.api_gateway",
      "mode": "managed",
      "type": "aws_apigatewayv2_route",
      "name": "custom_auth",
      "provider": "provider[\"registry.terraform.io/hashicorp/aws\"]",
      "instances": [
        {
          "index_key": "ANY /assetservice/{proxy+}",
          "schema_version": 0,
          "attributes": {
            "api_id": "6qtjxz2cf8",
            "api_key_required": false,
            "authorization_scopes": [],
            "authorization_type": "NONE",
            "authorizer_id": "",
            "id": "znhnne7",
            "model_selection_expression": "",
            "operation_name": "",
            "region": "us-east-1",
            "request_models": {},
            "request_parameter": [],
            "route_key": "ANY /assetservice/{proxy+}",
            "route_response_selection_expression": "",
            "target": "integrations/4056jir"
          },
          "sensitive_attributes": [],
          "identity_schema_version": 0,
          "private": "bnVsbA==",
          "dependencies": [
            "module.api_gateway.aws_apigatewayv2_api.this",
            "module.api_gateway.aws_apigatewayv2_authorizer.lambda",
            "module.api_gateway.aws_apigatewayv2_integration.alb_proxy",
            "module.api_gateway.aws_apigatewayv2_vpc_link.alb_link",
            "module.network.aws_eip.nat",
            "module.network.aws_internet_gateway.this",
            "module.network.aws_nat_gateway.nat",
            "module.network.aws_route_table.private",
            "module.network.aws_route_table.public",
            "module.network.aws_route_table_association.private",
            "module.network.aws_route_table_association.public",
            "module.network.aws_security_group.alb",
            "module.network.aws_security_group.vpc_link",
            "module.network.aws_subnet.private_app",
            "module.network.aws_subnet.public",
            "module.network.aws_vpc.this"
          ]
        },
        {
          "index_key": "ANY /flightservice/{proxy+}",
          "schema_version": 0,
          "attributes": {
            "api_id": "6qtjxz2cf8",
            "api_key_required": false,
            "authorization_scopes": [],
            "authorization_type": "NONE",
            "authorizer_id": "",
            "id": "vbb7p8q",
            "model_selection_expression": "",
            "operation_name": "",
            "region": "us-east-1",
            "request_models": {},
            "request_parameter": [],
            "route_key": "ANY /flightservice/{proxy+}",
            "route_response_selection_expression": "",
            "target": "integrations/4056jir"
          },
          "sensitive_attributes": [],
          "identity_schema_version": 0,
          "private": "bnVsbA==",
          "dependencies": [
            "module.api_gateway.aws_apigatewayv2_api.this",
            "module.api_gateway.aws_apigatewayv2_authorizer.lambda",
            "module.api_gateway.aws_apigatewayv2_integration.alb_proxy",
            "module.api_gateway.aws_apigatewayv2_vpc_link.alb_link",
            "module.network.aws_eip.nat",
            "module.network.aws_internet_gateway.this",
            "module.network.aws_nat_gateway.nat",
            "module.network.aws_route_table.private",
            "module.network.aws_route_table.public",
            "module.network.aws_route_table_association.private",
            "module.network.aws_route_table_association.public",
            "module.network.aws_security_group.alb",
            "module.network.aws_security_group.vpc_link",
            "module.network.aws_subnet.private_app",
            "module.network.aws_subnet.public",
            "module.network.aws_vpc.this"
          ]
        },
        {
          "index_key": "ANY /notificationservice/{proxy+}",
          "schema_version": 0,
          "attributes": {
            "api_id": "6qtjxz2cf8",
            "api_key_required": false,
            "authorization_scopes": [],
            "authorization_type": "NONE",
            "authorizer_id": "",
            "id": "53zpaiu",
            "model_selection_expression": "",
            "operation_name": "",
            "region": "us-east-1",
            "request_models": {},
            "request_parameter": [],
            "route_key": "ANY /notificationservice/{proxy+}",
            "route_response_selection_expression": "",
            "target": "integrations/4056jir"
          },
          "sensitive_attributes": [],
          "identity_schema_version": 0,
          "private": "bnVsbA==",
          "dependencies": [
            "module.api_gateway.aws_apigatewayv2_api.this",
            "module.api_gateway.aws_apigatewayv2_authorizer.lambda",
            "module.api_gateway.aws_apigatewayv2_integration.alb_proxy",
            "module.api_gateway.aws_apigatewayv2_vpc_link.alb_link",
            "module.network.aws_eip.nat",
            "module.network.aws_internet_gateway.this",
            "module.network.aws_nat_gateway.nat",
            "module.network.aws_route_table.private",
            "module.network.aws_route_table.public",
            "module.network.aws_route_table_association.private",
            "module.network.aws_route_table_association.public",
            "module.network.aws_security_group.alb",
            "module.network.aws_security_group.vpc_link",
            "module.network.aws_subnet.private_app",
            "module.network.aws_subnet.public",
            "module.network.aws_vpc.this"
          ]
        },
        {
          "index_key": "ANY /paxservice/{proxy+}",
          "schema_version": 0,
          "attributes": {
            "api_id": "6qtjxz2cf8",
            "api_key_required": false,
            "authorization_scopes": [],
            "authorization_type": "NONE",
            "authorizer_id": "",
            "id": "krdqlx9",
            "model_selection_expression": "",
            "operation_name": "",
            "region": "us-east-1",
            "request_models": {},
            "request_parameter": [],
            "route_key": "ANY /paxservice/{proxy+}",
            "route_response_selection_expression": "",
            "target": "integrations/4056jir"
          },
          "sensitive_attributes": [],
          "identity_schema_version": 0,
          "private": "bnVsbA==",
          "dependencies": [
            "module.api_gateway.aws_apigatewayv2_api.this",
            "module.api_gateway.aws_apigatewayv2_authorizer.lambda",
            "module.api_gateway.aws_apigatewayv2_integration.alb_proxy",
            "module.api_gateway.aws_apigatewayv2_vpc_link.alb_link",
            "module.network.aws_eip.nat",
            "module.network.aws_internet_gateway.this",
            "module.network.aws_nat_gateway.nat",
            "module.network.aws_route_table.private",
            "module.network.aws_route_table.public",
            "module.network.aws_route_table_association.private",
            "module.network.aws_route_table_association.public",
            "module.network.aws_security_group.alb",
            "module.network.aws_security_group.vpc_link",
            "module.network.aws_subnet.private_app",
            "module.network.aws_subnet.public",
            "module.network.aws_vpc.this"
          ]
        }
      ]
    },
    {
      "module": "module.api_gateway",
      "mode": "managed",
      "type": "aws_apigatewayv2_route",
      "name": "public",
      "provider": "provider[\"registry.terraform.io/hashicorp/aws\"]",
      "instances": [
        {
          "index_key": "ANY /authservice/{proxy+}",
          "schema_version": 0,
          "attributes": {
            "api_id": "6qtjxz2cf8",
            "api_key_required": false,
            "authorization_scopes": [],
            "authorization_type": "NONE",
            "authorizer_id": "",
            "id": "77j5h0u",
            "model_selection_expression": "",
            "operation_name": "",
            "region": "us-east-1",
            "request_models": {},
            "request_parameter": [],
            "route_key": "ANY /authservice/{proxy+}",
            "route_response_selection_expression": "",
            "target": "integrations/4056jir"
          },
          "sensitive_attributes": [],
          "identity_schema_version": 0,
          "private": "bnVsbA==",
          "dependencies": [
            "module.api_gateway.aws_apigatewayv2_api.this",
            "module.api_gateway.aws_apigatewayv2_integration.alb_proxy",
            "module.api_gateway.aws_apigatewayv2_vpc_link.alb_link",
            "module.network.aws_eip.nat",
            "module.network.aws_internet_gateway.this",
            "module.network.aws_nat_gateway.nat",
            "module.network.aws_route_table.private",
            "module.network.aws_route_table.public",
            "module.network.aws_route_table_association.private",
            "module.network.aws_route_table_association.public",
            "module.network.aws_security_group.alb",
            "module.network.aws_security_group.vpc_link",
            "module.network.aws_subnet.private_app",
            "module.network.aws_subnet.public",
            "module.network.aws_vpc.this"
          ]
        },
        {
          "index_key": "GET /app-version/check",
          "schema_version": 0,
          "attributes": {
            "api_id": "6qtjxz2cf8",
            "api_key_required": false,
            "authorization_scopes": [],
            "authorization_type": "NONE",
            "authorizer_id": "",
            "id": "dpton69",
            "model_selection_expression": "",
            "operation_name": "",
            "region": "us-east-1",
            "request_models": {},
            "request_parameter": [],
            "route_key": "GET /app-version/check",
            "route_response_selection_expression": "",
            "target": "integrations/4056jir"
          },
          "sensitive_attributes": [],
          "identity_schema_version": 0,
          "private": "bnVsbA==",
          "dependencies": [
            "module.api_gateway.aws_apigatewayv2_api.this",
            "module.api_gateway.aws_apigatewayv2_integration.alb_proxy",
            "module.api_gateway.aws_apigatewayv2_vpc_link.alb_link",
            "module.network.aws_eip.nat",
            "module.network.aws_internet_gateway.this",
            "module.network.aws_nat_gateway.nat",
            "module.network.aws_route_table.private",
            "module.network.aws_route_table.public",
            "module.network.aws_route_table_association.private",
            "module.network.aws_route_table_association.public",
            "module.network.aws_security_group.alb",
            "module.network.aws_security_group.vpc_link",
            "module.network.aws_subnet.private_app",
            "module.network.aws_subnet.public",
            "module.network.aws_vpc.this"
          ]
        },
        {
          "index_key": "GET /broadcast",
          "schema_version": 0,
          "attributes": {
            "api_id": "6qtjxz2cf8",
            "api_key_required": false,
            "authorization_scopes": [],
            "authorization_type": "NONE",
            "authorizer_id": "",
            "id": "k2361i5",
            "model_selection_expression": "",
            "operation_name": "",
            "region": "us-east-1",
            "request_models": {},
            "request_parameter": [],
            "route_key": "GET /broadcast",
            "route_response_selection_expression": "",
            "target": "integrations/4056jir"
          },
          "sensitive_attributes": [],
          "identity_schema_version": 0,
          "private": "bnVsbA==",
          "dependencies": [
            "module.api_gateway.aws_apigatewayv2_api.this",
            "module.api_gateway.aws_apigatewayv2_integration.alb_proxy",
            "module.api_gateway.aws_apigatewayv2_vpc_link.alb_link",
            "module.network.aws_eip.nat",
            "module.network.aws_internet_gateway.this",
            "module.network.aws_nat_gateway.nat",
            "module.network.aws_route_table.private",
            "module.network.aws_route_table.public",
            "module.network.aws_route_table_association.private",
            "module.network.aws_route_table_association.public",
            "module.network.aws_security_group.alb",
            "module.network.aws_security_group.vpc_link",
            "module.network.aws_subnet.private_app",
            "module.network.aws_subnet.public",
            "module.network.aws_vpc.this"
          ]
        },
        {
          "index_key": "POST /client-login",
          "schema_version": 0,
          "attributes": {
            "api_id": "6qtjxz2cf8",
            "api_key_required": false,
            "authorization_scopes": [],
            "authorization_type": "NONE",
            "authorizer_id": "",
            "id": "iqkfpn4",
            "model_selection_expression": "",
            "operation_name": "",
            "region": "us-east-1",
            "request_models": {},
            "request_parameter": [],
            "route_key": "POST /client-login",
            "route_response_selection_expression": "",
            "target": "integrations/4056jir"
          },
          "sensitive_attributes": [],
          "identity_schema_version": 0,
          "private": "bnVsbA==",
          "dependencies": [
            "module.api_gateway.aws_apigatewayv2_api.this",
            "module.api_gateway.aws_apigatewayv2_integration.alb_proxy",
            "module.api_gateway.aws_apigatewayv2_vpc_link.alb_link",
            "module.network.aws_eip.nat",
            "module.network.aws_internet_gateway.this",
            "module.network.aws_nat_gateway.nat",
            "module.network.aws_route_table.private",
            "module.network.aws_route_table.public",
            "module.network.aws_route_table_association.private",
            "module.network.aws_route_table_association.public",
            "module.network.aws_security_group.alb",
            "module.network.aws_security_group.vpc_link",
            "module.network.aws_subnet.private_app",
            "module.network.aws_subnet.public",
            "module.network.aws_vpc.this"
          ]
        },
        {
          "index_key": "POST /data",
          "schema_version": 0,
          "attributes": {
            "api_id": "6qtjxz2cf8",
            "api_key_required": false,
            "authorization_scopes": [],
            "authorization_type": "NONE",
            "authorizer_id": "",
            "id": "gf69aej",
            "model_selection_expression": "",
            "operation_name": "",
            "region": "us-east-1",
            "request_models": {},
            "request_parameter": [],
            "route_key": "POST /data",
            "route_response_selection_expression": "",
            "target": "integrations/4056jir"
          },
          "sensitive_attributes": [],
          "identity_schema_version": 0,
          "private": "bnVsbA==",
          "dependencies": [
            "module.api_gateway.aws_apigatewayv2_api.this",
            "module.api_gateway.aws_apigatewayv2_integration.alb_proxy",
            "module.api_gateway.aws_apigatewayv2_vpc_link.alb_link",
            "module.network.aws_eip.nat",
            "module.network.aws_internet_gateway.this",
            "module.network.aws_nat_gateway.nat",
            "module.network.aws_route_table.private",
            "module.network.aws_route_table.public",
            "module.network.aws_route_table_association.private",
            "module.network.aws_route_table_association.public",
            "module.network.aws_security_group.alb",
            "module.network.aws_security_group.vpc_link",
            "module.network.aws_subnet.private_app",
            "module.network.aws_subnet.public",
            "module.network.aws_vpc.this"
          ]
        }
      ]
    },
    {
      "module": "module.api_gateway",
      "mode": "managed",
      "type": "aws_apigatewayv2_stage",
      "name": "default",
      "provider": "provider[\"registry.terraform.io/hashicorp/aws\"]",
      "instances": [
        {
          "schema_version": 0,
          "attributes": {
            "access_log_settings": [
              {
                "destination_arn": "arn:aws:logs:us-east-1:339712886638:log-group:/aws/apigateway/aerowise-t1-apigw-prod",
                "format": "{\"errorMsg\":\"$context.error.message\",\"errorMsgString\":\"$context.error.messageString\",\"integrationErrorMsg\":\"$context.integrationErrorMessage\",\"integrationStatus\":\"$context.integrationStatus\",\"ip\":\"$context.identity.sourceIp\",\"requestId\":\"$context.requestId\",\"status\":\"$context.status\"}"
              }
            ],
            "api_id": "6qtjxz2cf8",
            "arn": "arn:aws:apigateway:us-east-1::/apis/6qtjxz2cf8/stages/$default",
            "auto_deploy": true,
            "client_certificate_id": "",
            "default_route_settings": [
              {
                "data_trace_enabled": false,
                "detailed_metrics_enabled": true,
                "logging_level": "",
                "throttling_burst_limit": 1000,
                "throttling_rate_limit": 500
              }
            ],
            "deployment_id": "y8xglx",
            "description": "",
            "execution_arn": "arn:aws:execute-api:us-east-1:339712886638:6qtjxz2cf8/$default",
            "id": "$default",
            "invoke_url": "https://6qtjxz2cf8.execute-api.us-east-1.amazonaws.com/",
            "name": "$default",
            "region": "us-east-1",
            "route_settings": [],
            "stage_variables": {},
            "tags": {},
            "tags_all": {}
          },
          "sensitive_attributes": [],
          "identity_schema_version": 0,
          "private": "bnVsbA==",
          "dependencies": [
            "module.api_gateway.aws_apigatewayv2_api.this",
            "module.api_gateway.aws_cloudwatch_log_group.api_logs",
            "module.network.aws_eip.nat",
            "module.network.aws_internet_gateway.this",
            "module.network.aws_nat_gateway.nat",
            "module.network.aws_route_table.private",
            "module.network.aws_route_table.public",
            "module.network.aws_route_table_association.private",
            "module.network.aws_route_table_association.public",
            "module.network.aws_security_group.alb",
            "module.network.aws_security_group.vpc_link",
            "module.network.aws_subnet.private_app",
            "module.network.aws_subnet.public",
            "module.network.aws_vpc.this"
          ]
        }
      ]
    },
    {
      "module": "module.api_gateway",
      "mode": "managed",
      "type": "aws_apigatewayv2_vpc_link",
      "name": "alb_link",
      "provider": "provider[\"registry.terraform.io/hashicorp/aws\"]",
      "instances": [
        {
          "schema_version": 0,
          "attributes": {
            "arn": "arn:aws:apigateway:us-east-1::/vpclinks/iczzol",
            "id": "iczzol",
            "name": "aerowise-t1-vpc-link-prod",
            "region": "us-east-1",
            "security_group_ids": [
              "sg-03e7c5142da14eb14"
            ],
            "subnet_ids": [
              "subnet-02f3984c2237db7f7",
              "subnet-03ba1a05e579fbfaa",
              "subnet-09bb2fe342f542bd4"
            ],
            "tags": {},
            "tags_all": {}
          },
          "sensitive_attributes": [],
          "identity_schema_version": 0,
          "private": "bnVsbA==",
          "dependencies": [
            "module.network.aws_eip.nat",
            "module.network.aws_internet_gateway.this",
            "module.network.aws_nat_gateway.nat",
            "module.network.aws_route_table.private",
            "module.network.aws_route_table.public",
            "module.network.aws_route_table_association.private",
            "module.network.aws_route_table_association.public",
            "module.network.aws_security_group.alb",
            "module.network.aws_security_group.vpc_link",
            "module.network.aws_subnet.private_app",
            "module.network.aws_subnet.public",
            "module.network.aws_vpc.this"
          ]
        }
      ]
    },
    {
      "module": "module.api_gateway",
      "mode": "managed",
      "type": "aws_cloudwatch_log_group",
      "name": "api_logs",
      "provider": "provider[\"registry.terraform.io/hashicorp/aws\"]",
      "instances": [
        {
          "schema_version": 0,
          "attributes": {
            "arn": "arn:aws:logs:us-east-1:339712886638:log-group:/aws/apigateway/aerowise-t1-apigw-prod",
            "deletion_protection_enabled": false,
            "id": "/aws/apigateway/aerowise-t1-apigw-prod",
            "kms_key_id": "",
            "log_group_class": "STANDARD",
            "name": "/aws/apigateway/aerowise-t1-apigw-prod",
            "name_prefix": "",
            "region": "us-east-1",
            "retention_in_days": 90,
            "skip_destroy": false,
            "tags": {},
            "tags_all": {}
          },
          "sensitive_attributes": [],
          "identity_schema_version": 0,
          "identity": {
            "account_id": "339712886638",
            "name": "/aws/apigateway/aerowise-t1-apigw-prod",
            "region": "us-east-1"
          },
          "private": "bnVsbA==",
          "dependencies": [
            "module.api_gateway.aws_apigatewayv2_api.this",
            "module.network.aws_eip.nat",
            "module.network.aws_internet_gateway.this",
            "module.network.aws_nat_gateway.nat",
            "module.network.aws_route_table.private",
            "module.network.aws_route_table.public",
            "module.network.aws_route_table_association.private",
            "module.network.aws_route_table_association.public",
            "module.network.aws_security_group.alb",
            "module.network.aws_security_group.vpc_link",
            "module.network.aws_subnet.private_app",
            "module.network.aws_subnet.public",
            "module.network.aws_vpc.this"
          ]
        }
      ]
    },
    {
      "module": "module.aws_lb_controller_irsa[0]",
      "mode": "data",
      "type": "aws_iam_policy_document",
      "name": "amazon_managed_service_prometheus",
      "provider": "provider[\"registry.terraform.io/hashicorp/aws\"]",
      "instances": []
    },
    {
      "module": "module.aws_lb_controller_irsa[0]",
      "mode": "data",
      "type": "aws_iam_policy_document",
      "name": "assume",
      "provider": "provider[\"registry.terraform.io/hashicorp/aws\"]",
      "instances": [
        {
          "index_key": 0,
          "schema_version": 0,
          "attributes": {
            "id": "4055422442",
            "json": "{\n  \"Version\": \"2012-10-17\",\n  \"Statement\": [\n    {\n      \"Effect\": \"Allow\",\n      \"Action\": \"sts:AssumeRoleWithWebIdentity\",\n      \"Principal\": {\n        \"Federated\": \"arn:aws:iam::339712886638:oidc-provider/oidc.eks.us-east-1.amazonaws.com/id/FDE07F51A24627F8E29BD04B12482060\"\n      },\n      \"Condition\": {\n        \"StringEquals\": {\n          \"oidc.eks.us-east-1.amazonaws.com/id/FDE07F51A24627F8E29BD04B12482060:aud\": \"sts.amazonaws.com\",\n          \"oidc.eks.us-east-1.amazonaws.com/id/FDE07F51A24627F8E29BD04B12482060:sub\": \"system:serviceaccount:kube-system:aws-load-balancer-controller\"\n        }\n      }\n    }\n  ]\n}",
            "minified_json": "{\"Version\":\"2012-10-17\",\"Statement\":[{\"Effect\":\"Allow\",\"Action\":\"sts:AssumeRoleWithWebIdentity\",\"Principal\":{\"Federated\":\"arn:aws:iam::339712886638:oidc-provider/oidc.eks.us-east-1.amazonaws.com/id/FDE07F51A24627F8E29BD04B12482060\"},\"Condition\":{\"StringEquals\":{\"oidc.eks.us-east-1.amazonaws.com/id/FDE07F51A24627F8E29BD04B12482060:aud\":\"sts.amazonaws.com\",\"oidc.eks.us-east-1.amazonaws.com/id/FDE07F51A24627F8E29BD04B12482060:sub\":\"system:serviceaccount:kube-system:aws-load-balancer-controller\"}}}]}",
            "override_json": null,
            "override_policy_documents": null,
            "policy_id": null,
            "source_json": null,
            "source_policy_documents": null,
            "statement": [
              {
                "actions": [
                  "sts:AssumeRoleWithWebIdentity"
                ],
                "condition": [
                  {
                    "test": "StringEquals",
                    "values": [
                      "sts.amazonaws.com"
                    ],
                    "variable": "oidc.eks.us-east-1.amazonaws.com/id/FDE07F51A24627F8E29BD04B12482060:aud"
                  },
                  {
                    "test": "StringEquals",
                    "values": [
                      "system:serviceaccount:kube-system:aws-load-balancer-controller"
                    ],
                    "variable": "oidc.eks.us-east-1.amazonaws.com/id/FDE07F51A24627F8E29BD04B12482060:sub"
                  }
                ],
                "effect": "Allow",
                "not_actions": [],
                "not_principals": [],
                "not_resources": [],
                "principals": [
                  {
                    "identifiers": [
                      "arn:aws:iam::339712886638:oidc-provider/oidc.eks.us-east-1.amazonaws.com/id/FDE07F51A24627F8E29BD04B12482060"
                    ],
                    "type": "Federated"
                  }
                ],
                "resources": [],
                "sid": ""
              }
            ],
            "version": "2012-10-17"
          },
          "sensitive_attributes": [],
          "identity_schema_version": 0
        }
      ]
    },
    {
      "module": "module.aws_lb_controller_irsa[0]",
      "mode": "data",
      "type": "aws_iam_policy_document",
      "name": "aws_gateway_controller",
      "provider": "provider[\"registry.terraform.io/hashicorp/aws\"]",
      "instances": []
    },
    {
      "module": "module.aws_lb_controller_irsa[0]",
      "mode": "data",
      "type": "aws_iam_policy_document",
      "name": "cert_manager",
      "provider": "provider[\"registry.terraform.io/hashicorp/aws\"]",
      "instances": []
    },
    {
      "module": "module.aws_lb_controller_irsa[0]",
      "mode": "data",
      "type": "aws_iam_policy_document",
      "name": "cluster_autoscaler",
      "provider": "provider[\"registry.terraform.io/hashicorp/aws\"]",
      "instances": []
    },
    {
      "module": "module.aws_lb_controller_irsa[0]",
      "mode": "data",
      "type": "aws_iam_policy_document",
      "name": "ebs_csi",
      "provider": "provider[\"registry.terraform.io/hashicorp/aws\"]",
      "instances": []
    },
    {
      "module": "module.aws_lb_controller_irsa[0]",
      "mode": "data",
      "type": "aws_iam_policy_document",
      "name": "efs_csi",
      "provider": "provider[\"registry.terraform.io/hashicorp/aws\"]",
      "instances": []
    },
    {
      "module": "module.aws_lb_controller_irsa[0]",
      "mode": "data",
      "type": "aws_iam_policy_document",
      "name": "external_dns",
      "provider": "provider[\"registry.terraform.io/hashicorp/aws\"]",
      "instances": []
    },
    {
      "module": "module.aws_lb_controller_irsa[0]",
      "mode": "data",
      "type": "aws_iam_policy_document",
      "name": "external_secrets",
      "provider": "provider[\"registry.terraform.io/hashicorp/aws\"]",
      "instances": []
    },
    {
      "module": "module.aws_lb_controller_irsa[0]",
      "mode": "data",
      "type": "aws_iam_policy_document",
      "name": "fsx_lustre_csi",
      "provider": "provider[\"registry.terraform.io/hashicorp/aws\"]",
      "instances": []
    },
    {
      "module": "module.aws_lb_controller_irsa[0]",
      "mode": "data",
      "type": "aws_iam_policy_document",
      "name": "fsx_openzfs_csi",
      "provider": "provider[\"registry.terraform.io/hashicorp/aws\"]",
      "instances": []
    },
    {
      "module": "module.aws_lb_controller_irsa[0]",
      "mode": "data",
      "type": "aws_iam_policy_document",
      "name": "inline",
      "provider": "provider[\"registry.terraform.io/hashicorp/aws\"]",
      "instances": []
    },
    {
      "module": "module.aws_lb_controller_irsa[0]",
      "mode": "data",
      "type": "aws_iam_policy_document",
      "name": "load_balancer_controller",
      "provider": "provider[\"registry.terraform.io/hashicorp/aws\"]",
      "instances": [
        {
          "index_key": 0,
          "schema_version": 0,
          "attributes": {
            "id": "1541424006",
            "json": "{\n  \"Version\": \"2012-10-17\",\n  \"Statement\": [\n    {\n      \"Effect\": \"Allow\",\n      \"Action\": \"iam:CreateServiceLinkedRole\",\n      \"Resource\": \"*\",\n      \"Condition\": {\n        \"StringEquals\": {\n          \"iam:AWSServiceName\": \"elasticloadbalancing.amazonaws.com\"\n        }\n      }\n    },\n    {\n      \"Effect\": \"Allow\",\n      \"Action\": [\n        \"elasticloadbalancing:DescribeTrustStores\",\n        \"elasticloadbalancing:DescribeTargetHealth\",\n        \"elasticloadbalancing:DescribeTargetGroups\",\n        \"elasticloadbalancing:DescribeTargetGroupAttributes\",\n        \"elasticloadbalancing:DescribeTags\",\n        \"elasticloadbalancing:DescribeSSLPolicies\",\n        \"elasticloadbalancing:DescribeRules\",\n        \"elasticloadbalancing:DescribeLoadBalancers\",\n        \"elasticloadbalancing:DescribeLoadBalancerAttributes\",\n        \"elasticloadbalancing:DescribeListeners\",\n        \"elasticloadbalancing:DescribeListenerCertificates\",\n        \"elasticloadbalancing:DescribeListenerAttributes\",\n        \"elasticloadbalancing:DescribeCapacityReservation\",\n        \"ec2:GetSecurityGroupsForVpc\",\n        \"ec2:GetCoipPoolUsage\",\n        \"ec2:DescribeVpcs\",\n        \"ec2:DescribeVpcPeeringConnections\",\n        \"ec2:DescribeTags\",\n        \"ec2:DescribeSubnets\",\n        \"ec2:DescribeSecurityGroups\",\n        \"ec2:DescribeRouteTables\",\n        \"ec2:DescribeNetworkInterfaces\",\n        \"ec2:DescribeIpamPools\",\n        \"ec2:DescribeInternetGateways\",\n        \"ec2:DescribeInstances\",\n        \"ec2:DescribeCoipPools\",\n        \"ec2:DescribeAvailabilityZones\",\n        \"ec2:DescribeAddresses\",\n        \"ec2:DescribeAccountAttributes\"\n      ],\n      \"Resource\": \"*\"\n    },\n    {\n      \"Effect\": \"Allow\",\n      \"Action\": [\n        \"wafv2:GetWebACLForResource\",\n        \"wafv2:GetWebACL\",\n        \"wafv2:DisassociateWebACL\",\n        \"wafv2:AssociateWebACL\",\n        \"waf-regional:GetWebACLForResource\",\n        \"waf-regional:GetWebACL\",\n        \"waf-regional:DisassociateWebACL\",\n        \"waf-regional:AssociateWebACL\",\n        \"shield:GetSubscriptionState\",\n        \"shield:DescribeProtection\",\n        \"shield:DeleteProtection\",\n        \"shield:CreateProtection\",\n        \"iam:ListServerCertificates\",\n        \"iam:GetServerCertificate\",\n        \"cognito-idp:DescribeUserPoolClient\",\n        \"acm:ListCertificates\",\n        \"acm:DescribeCertificate\"\n      ],\n      \"Resource\": \"*\"\n    },\n    {\n      \"Effect\": \"Allow\",\n      \"Action\": [\n        \"ec2:RevokeSecurityGroupIngress\",\n        \"ec2:AuthorizeSecurityGroupIngress\"\n      ],\n      \"Resource\": \"*\"\n    },\n    {\n      \"Effect\": \"Allow\",\n      \"Action\": \"ec2:CreateSecurityGroup\",\n      \"Resource\": \"*\"\n    },\n    {\n      \"Effect\": \"Allow\",\n      \"Action\": \"ec2:CreateTags\",\n      \"Resource\": \"arn:aws:ec2:*:*:security-group/*\",\n      \"Condition\": {\n        \"Null\": {\n          \"aws:RequestTag/elbv2.k8s.aws/cluster\": \"false\"\n        },\n        \"StringEquals\": {\n          \"ec2:CreateAction\": \"CreateSecurityGroup\"\n        }\n      }\n    },\n    {\n      \"Effect\": \"Allow\",\n      \"Action\": [\n        \"ec2:DeleteTags\",\n        \"ec2:CreateTags\"\n      ],\n      \"Resource\": \"arn:aws:ec2:*:*:security-group/*\",\n      \"Condition\": {\n        \"Null\": {\n          \"aws:RequestTag/elbv2.k8s.aws/cluster\": \"true\",\n          \"aws:ResourceTag/elbv2.k8s.aws/cluster\": \"false\"\n        }\n      }\n    },\n    {\n      \"Effect\": \"Allow\",\n      \"Action\": [\n        \"ec2:RevokeSecurityGroupIngress\",\n        \"ec2:DeleteSecurityGroup\",\n        \"ec2:AuthorizeSecurityGroupIngress\"\n      ],\n      \"Resource\": \"*\",\n      \"Condition\": {\n        \"Null\": {\n          \"aws:ResourceTag/elbv2.k8s.aws/cluster\": \"false\"\n        }\n      }\n    },\n    {\n      \"Effect\": \"Allow\",\n      \"Action\": [\n        \"elasticloadbalancing:CreateTargetGroup\",\n        \"elasticloadbalancing:CreateLoadBalancer\"\n      ],\n      \"Resource\": \"*\",\n      \"Condition\": {\n        \"Null\": {\n          \"aws:RequestTag/elbv2.k8s.aws/cluster\": \"false\"\n        }\n      }\n    },\n    {\n      \"Effect\": \"Allow\",\n      \"Action\": [\n        \"elasticloadbalancing:DeleteRule\",\n        \"elasticloadbalancing:DeleteListener\",\n        \"elasticloadbalancing:CreateRule\",\n        \"elasticloadbalancing:CreateListener\"\n      ],\n      \"Resource\": \"*\"\n    },\n    {\n      \"Effect\": \"Allow\",\n      \"Action\": [\n        \"elasticloadbalancing:RemoveTags\",\n        \"elasticloadbalancing:AddTags\"\n      ],\n      \"Resource\": [\n        \"arn:aws:elasticloadbalancing:*:*:targetgroup/*/*\",\n        \"arn:aws:elasticloadbalancing:*:*:loadbalancer/net/*/*\",\n        \"arn:aws:elasticloadbalancing:*:*:loadbalancer/app/*/*\"\n      ],\n      \"Condition\": {\n        \"Null\": {\n          \"aws:RequestTag/elbv2.k8s.aws/cluster\": \"true\",\n          \"aws:ResourceTag/elbv2.k8s.aws/cluster\": \"false\"\n        }\n      }\n    },\n    {\n      \"Effect\": \"Allow\",\n      \"Action\": [\n        \"elasticloadbalancing:RemoveTags\",\n        \"elasticloadbalancing:AddTags\"\n      ],\n      \"Resource\": [\n        \"arn:aws:elasticloadbalancing:*:*:listener/net/*/*/*\",\n        \"arn:aws:elasticloadbalancing:*:*:listener/app/*/*/*\",\n        \"arn:aws:elasticloadbalancing:*:*:listener-rule/net/*/*/*\",\n        \"arn:aws:elasticloadbalancing:*:*:listener-rule/app/*/*/*\"\n      ]\n    },\n    {\n      \"Effect\": \"Allow\",\n      \"Action\": [\n        \"elasticloadbalancing:SetSubnets\",\n        \"elasticloadbalancing:SetSecurityGroups\",\n        \"elasticloadbalancing:SetIpAddressType\",\n        \"elasticloadbalancing:ModifyTargetGroupAttributes\",\n        \"elasticloadbalancing:ModifyTargetGroup\",\n        \"elasticloadbalancing:ModifyLoadBalancerAttributes\",\n        \"elasticloadbalancing:ModifyListenerAttributes\",\n        \"elasticloadbalancing:ModifyIpPools\",\n        \"elasticloadbalancing:ModifyCapacityReservation\",\n        \"elasticloadbalancing:DeleteTargetGroup\",\n        \"elasticloadbalancing:DeleteLoadBalancer\"\n      ],\n      \"Resource\": \"*\",\n      \"Condition\": {\n        \"Null\": {\n          \"aws:ResourceTag/elbv2.k8s.aws/cluster\": \"false\"\n        }\n      }\n    },\n    {\n      \"Effect\": \"Allow\",\n      \"Action\": \"elasticloadbalancing:AddTags\",\n      \"Resource\": [\n        \"arn:aws:elasticloadbalancing:*:*:targetgroup/*/*\",\n        \"arn:aws:elasticloadbalancing:*:*:loadbalancer/net/*/*\",\n        \"arn:aws:elasticloadbalancing:*:*:loadbalancer/app/*/*\"\n      ],\n      \"Condition\": {\n        \"Null\": {\n          \"aws:RequestTag/elbv2.k8s.aws/cluster\": \"false\"\n        },\n        \"StringEquals\": {\n          \"elasticloadbalancing:CreateAction\": [\n            \"CreateTargetGroup\",\n            \"CreateLoadBalancer\"\n          ]\n        }\n      }\n    },\n    {\n      \"Effect\": \"Allow\",\n      \"Action\": [\n        \"elasticloadbalancing:RegisterTargets\",\n        \"elasticloadbalancing:DeregisterTargets\"\n      ],\n      \"Resource\": \"arn:aws:elasticloadbalancing:*:*:targetgroup/*/*\"\n    },\n    {\n      \"Effect\": \"Allow\",\n      \"Action\": [\n        \"elasticloadbalancing:SetWebAcl\",\n        \"elasticloadbalancing:SetRulePriorities\",\n        \"elasticloadbalancing:RemoveListenerCertificates\",\n        \"elasticloadbalancing:ModifyRule\",\n        \"elasticloadbalancing:ModifyListener\",\n        \"elasticloadbalancing:AddListenerCertificates\"\n      ],\n      \"Resource\": \"*\"\n    }\n  ]\n}",
            "minified_json": "{\"Version\":\"2012-10-17\",\"Statement\":[{\"Effect\":\"Allow\",\"Action\":\"iam:CreateServiceLinkedRole\",\"Resource\":\"*\",\"Condition\":{\"StringEquals\":{\"iam:AWSServiceName\":\"elasticloadbalancing.amazonaws.com\"}}},{\"Effect\":\"Allow\",\"Action\":[\"elasticloadbalancing:DescribeTrustStores\",\"elasticloadbalancing:DescribeTargetHealth\",\"elasticloadbalancing:DescribeTargetGroups\",\"elasticloadbalancing:DescribeTargetGroupAttributes\",\"elasticloadbalancing:DescribeTags\",\"elasticloadbalancing:DescribeSSLPolicies\",\"elasticloadbalancing:DescribeRules\",\"elasticloadbalancing:DescribeLoadBalancers\",\"elasticloadbalancing:DescribeLoadBalancerAttributes\",\"elasticloadbalancing:DescribeListeners\",\"elasticloadbalancing:DescribeListenerCertificates\",\"elasticloadbalancing:DescribeListenerAttributes\",\"elasticloadbalancing:DescribeCapacityReservation\",\"ec2:GetSecurityGroupsForVpc\",\"ec2:GetCoipPoolUsage\",\"ec2:DescribeVpcs\",\"ec2:DescribeVpcPeeringConnections\",\"ec2:DescribeTags\",\"ec2:DescribeSubnets\",\"ec2:DescribeSecurityGroups\",\"ec2:DescribeRouteTables\",\"ec2:DescribeNetworkInterfaces\",\"ec2:DescribeIpamPools\",\"ec2:DescribeInternetGateways\",\"ec2:DescribeInstances\",\"ec2:DescribeCoipPools\",\"ec2:DescribeAvailabilityZones\",\"ec2:DescribeAddresses\",\"ec2:DescribeAccountAttributes\"],\"Resource\":\"*\"},{\"Effect\":\"Allow\",\"Action\":[\"wafv2:GetWebACLForResource\",\"wafv2:GetWebACL\",\"wafv2:DisassociateWebACL\",\"wafv2:AssociateWebACL\",\"waf-regional:GetWebACLForResource\",\"waf-regional:GetWebACL\",\"waf-regional:DisassociateWebACL\",\"waf-regional:AssociateWebACL\",\"shield:GetSubscriptionState\",\"shield:DescribeProtection\",\"shield:DeleteProtection\",\"shield:CreateProtection\",\"iam:ListServerCertificates\",\"iam:GetServerCertificate\",\"cognito-idp:DescribeUserPoolClient\",\"acm:ListCertificates\",\"acm:DescribeCertificate\"],\"Resource\":\"*\"},{\"Effect\":\"Allow\",\"Action\":[\"ec2:RevokeSecurityGroupIngress\",\"ec2:AuthorizeSecurityGroupIngress\"],\"Resource\":\"*\"},{\"Effect\":\"Allow\",\"Action\":\"ec2:CreateSecurityGroup\",\"Resource\":\"*\"},{\"Effect\":\"Allow\",\"Action\":\"ec2:CreateTags\",\"Resource\":\"arn:aws:ec2:*:*:security-group/*\",\"Condition\":{\"Null\":{\"aws:RequestTag/elbv2.k8s.aws/cluster\":\"false\"},\"StringEquals\":{\"ec2:CreateAction\":\"CreateSecurityGroup\"}}},{\"Effect\":\"Allow\",\"Action\":[\"ec2:DeleteTags\",\"ec2:CreateTags\"],\"Resource\":\"arn:aws:ec2:*:*:security-group/*\",\"Condition\":{\"Null\":{\"aws:RequestTag/elbv2.k8s.aws/cluster\":\"true\",\"aws:ResourceTag/elbv2.k8s.aws/cluster\":\"false\"}}},{\"Effect\":\"Allow\",\"Action\":[\"ec2:RevokeSecurityGroupIngress\",\"ec2:DeleteSecurityGroup\",\"ec2:AuthorizeSecurityGroupIngress\"],\"Resource\":\"*\",\"Condition\":{\"Null\":{\"aws:ResourceTag/elbv2.k8s.aws/cluster\":\"false\"}}},{\"Effect\":\"Allow\",\"Action\":[\"elasticloadbalancing:CreateTargetGroup\",\"elasticloadbalancing:CreateLoadBalancer\"],\"Resource\":\"*\",\"Condition\":{\"Null\":{\"aws:RequestTag/elbv2.k8s.aws/cluster\":\"false\"}}},{\"Effect\":\"Allow\",\"Action\":[\"elasticloadbalancing:DeleteRule\",\"elasticloadbalancing:DeleteListener\",\"elasticloadbalancing:CreateRule\",\"elasticloadbalancing:CreateListener\"],\"Resource\":\"*\"},{\"Effect\":\"Allow\",\"Action\":[\"elasticloadbalancing:RemoveTags\",\"elasticloadbalancing:AddTags\"],\"Resource\":[\"arn:aws:elasticloadbalancing:*:*:targetgroup/*/*\",\"arn:aws:elasticloadbalancing:*:*:loadbalancer/net/*/*\",\"arn:aws:elasticloadbalancing:*:*:loadbalancer/app/*/*\"],\"Condition\":{\"Null\":{\"aws:RequestTag/elbv2.k8s.aws/cluster\":\"true\",\"aws:ResourceTag/elbv2.k8s.aws/cluster\":\"false\"}}},{\"Effect\":\"Allow\",\"Action\":[\"elasticloadbalancing:RemoveTags\",\"elasticloadbalancing:AddTags\"],\"Resource\":[\"arn:aws:elasticloadbalancing:*:*:listener/net/*/*/*\",\"arn:aws:elasticloadbalancing:*:*:listener/app/*/*/*\",\"arn:aws:elasticloadbalancing:*:*:listener-rule/net/*/*/*\",\"arn:aws:elasticloadbalancing:*:*:listener-rule/app/*/*/*\"]},{\"Effect\":\"Allow\",\"Action\":[\"elasticloadbalancing:SetSubnets\",\"elasticloadbalancing:SetSecurityGroups\",\"elasticloadbalancing:SetIpAddressType\",\"elasticloadbalancing:ModifyTargetGroupAttributes\",\"elasticloadbalancing:ModifyTargetGroup\",\"elasticloadbalancing:ModifyLoadBalancerAttributes\",\"elasticloadbalancing:ModifyListenerAttributes\",\"elasticloadbalancing:ModifyIpPools\",\"elasticloadbalancing:ModifyCapacityReservation\",\"elasticloadbalancing:DeleteTargetGroup\",\"elasticloadbalancing:DeleteLoadBalancer\"],\"Resource\":\"*\",\"Condition\":{\"Null\":{\"aws:ResourceTag/elbv2.k8s.aws/cluster\":\"false\"}}},{\"Effect\":\"Allow\",\"Action\":\"elasticloadbalancing:AddTags\",\"Resource\":[\"arn:aws:elasticloadbalancing:*:*:targetgroup/*/*\",\"arn:aws:elasticloadbalancing:*:*:loadbalancer/net/*/*\",\"arn:aws:elasticloadbalancing:*:*:loadbalancer/app/*/*\"],\"Condition\":{\"Null\":{\"aws:RequestTag/elbv2.k8s.aws/cluster\":\"false\"},\"StringEquals\":{\"elasticloadbalancing:CreateAction\":[\"CreateTargetGroup\",\"CreateLoadBalancer\"]}}},{\"Effect\":\"Allow\",\"Action\":[\"elasticloadbalancing:RegisterTargets\",\"elasticloadbalancing:DeregisterTargets\"],\"Resource\":\"arn:aws:elasticloadbalancing:*:*:targetgroup/*/*\"},{\"Effect\":\"Allow\",\"Action\":[\"elasticloadbalancing:SetWebAcl\",\"elasticloadbalancing:SetRulePriorities\",\"elasticloadbalancing:RemoveListenerCertificates\",\"elasticloadbalancing:ModifyRule\",\"elasticloadbalancing:ModifyListener\",\"elasticloadbalancing:AddListenerCertificates\"],\"Resource\":\"*\"}]}",
            "override_json": null,
            "override_policy_documents": null,
            "policy_id": null,
            "source_json": null,
            "source_policy_documents": null,
            "statement": [
              {
                "actions": [
                  "iam:CreateServiceLinkedRole"
                ],
                "condition": [
                  {
                    "test": "StringEquals",
                    "values": [
                      "elasticloadbalancing.amazonaws.com"
                    ],
                    "variable": "iam:AWSServiceName"
                  }
                ],
                "effect": "Allow",
                "not_actions": [],
                "not_principals": [],
                "not_resources": [],
                "principals": [],
                "resources": [
                  "*"
                ],
                "sid": ""
              },
              {
                "actions": [
                  "ec2:DescribeAccountAttributes",
                  "ec2:DescribeAddresses",
                  "ec2:DescribeAvailabilityZones",
                  "ec2:DescribeCoipPools",
                  "ec2:DescribeInstances",
                  "ec2:DescribeInternetGateways",
                  "ec2:DescribeIpamPools",
                  "ec2:DescribeNetworkInterfaces",
                  "ec2:DescribeRouteTables",
                  "ec2:DescribeSecurityGroups",
                  "ec2:DescribeSubnets",
                  "ec2:DescribeTags",
                  "ec2:DescribeVpcPeeringConnections",
                  "ec2:DescribeVpcs",
                  "ec2:GetCoipPoolUsage",
                  "ec2:GetSecurityGroupsForVpc",
                  "elasticloadbalancing:DescribeCapacityReservation",
                  "elasticloadbalancing:DescribeListenerAttributes",
                  "elasticloadbalancing:DescribeListenerCertificates",
                  "elasticloadbalancing:DescribeListeners",
                  "elasticloadbalancing:DescribeLoadBalancerAttributes",
                  "elasticloadbalancing:DescribeLoadBalancers",
                  "elasticloadbalancing:DescribeRules",
                  "elasticloadbalancing:DescribeSSLPolicies",
                  "elasticloadbalancing:DescribeTags",
                  "elasticloadbalancing:DescribeTargetGroupAttributes",
                  "elasticloadbalancing:DescribeTargetGroups",
                  "elasticloadbalancing:DescribeTargetHealth",
                  "elasticloadbalancing:DescribeTrustStores"
                ],
                "condition": [],
                "effect": "Allow",
                "not_actions": [],
                "not_principals": [],
                "not_resources": [],
                "principals": [],
                "resources": [
                  "*"
                ],
                "sid": ""
              },
              {
                "actions": [
                  "acm:DescribeCertificate",
                  "acm:ListCertificates",
                  "cognito-idp:DescribeUserPoolClient",
                  "iam:GetServerCertificate",
                  "iam:ListServerCertificates",
                  "shield:CreateProtection",
                  "shield:DeleteProtection",
                  "shield:DescribeProtection",
                  "shield:GetSubscriptionState",
                  "waf-regional:AssociateWebACL",
                  "waf-regional:DisassociateWebACL",
                  "waf-regional:GetWebACL",
                  "waf-regional:GetWebACLForResource",
                  "wafv2:AssociateWebACL",
                  "wafv2:DisassociateWebACL",
                  "wafv2:GetWebACL",
                  "wafv2:GetWebACLForResource"
                ],
                "condition": [],
                "effect": "Allow",
                "not_actions": [],
                "not_principals": [],
                "not_resources": [],
                "principals": [],
                "resources": [
                  "*"
                ],
                "sid": ""
              },
              {
                "actions": [
                  "ec2:AuthorizeSecurityGroupIngress",
                  "ec2:RevokeSecurityGroupIngress"
                ],
                "condition": [],
                "effect": "Allow",
                "not_actions": [],
                "not_principals": [],
                "not_resources": [],
                "principals": [],
                "resources": [
                  "*"
                ],
                "sid": ""
              },
              {
                "actions": [
                  "ec2:CreateSecurityGroup"
                ],
                "condition": [],
                "effect": "Allow",
                "not_actions": [],
                "not_principals": [],
                "not_resources": [],
                "principals": [],
                "resources": [
                  "*"
                ],
                "sid": ""
              },
              {
                "actions": [
                  "ec2:CreateTags"
                ],
                "condition": [
                  {
                    "test": "Null",
                    "values": [
                      "false"
                    ],
                    "variable": "aws:RequestTag/elbv2.k8s.aws/cluster"
                  },
                  {
                    "test": "StringEquals",
                    "values": [
                      "CreateSecurityGroup"
                    ],
                    "variable": "ec2:CreateAction"
                  }
                ],
                "effect": "Allow",
                "not_actions": [],
                "not_principals": [],
                "not_resources": [],
                "principals": [],
                "resources": [
                  "arn:aws:ec2:*:*:security-group/*"
                ],
                "sid": ""
              },
              {
                "actions": [
                  "ec2:CreateTags",
                  "ec2:DeleteTags"
                ],
                "condition": [
                  {
                    "test": "Null",
                    "values": [
                      "false"
                    ],
                    "variable": "aws:ResourceTag/elbv2.k8s.aws/cluster"
                  },
                  {
                    "test": "Null",
                    "values": [
                      "true"
                    ],
                    "variable": "aws:RequestTag/elbv2.k8s.aws/cluster"
                  }
                ],
                "effect": "Allow",
                "not_actions": [],
                "not_principals": [],
                "not_resources": [],
                "principals": [],
                "resources": [
                  "arn:aws:ec2:*:*:security-group/*"
                ],
                "sid": ""
              },
              {
                "actions": [
                  "ec2:AuthorizeSecurityGroupIngress",
                  "ec2:DeleteSecurityGroup",
                  "ec2:RevokeSecurityGroupIngress"
                ],
                "condition": [
                  {
                    "test": "Null",
                    "values": [
                      "false"
                    ],
                    "variable": "aws:ResourceTag/elbv2.k8s.aws/cluster"
                  }
                ],
                "effect": "Allow",
                "not_actions": [],
                "not_principals": [],
                "not_resources": [],
                "principals": [],
                "resources": [
                  "*"
                ],
                "sid": ""
              },
              {
                "actions": [
                  "elasticloadbalancing:CreateLoadBalancer",
                  "elasticloadbalancing:CreateTargetGroup"
                ],
                "condition": [
                  {
                    "test": "Null",
                    "values": [
                      "false"
                    ],
                    "variable": "aws:RequestTag/elbv2.k8s.aws/cluster"
                  }
                ],
                "effect": "Allow",
                "not_actions": [],
                "not_principals": [],
                "not_resources": [],
                "principals": [],
                "resources": [
                  "*"
                ],
                "sid": ""
              },
              {
                "actions": [
                  "elasticloadbalancing:CreateListener",
                  "elasticloadbalancing:CreateRule",
                  "elasticloadbalancing:DeleteListener",
                  "elasticloadbalancing:DeleteRule"
                ],
                "condition": [],
                "effect": "Allow",
                "not_actions": [],
                "not_principals": [],
                "not_resources": [],
                "principals": [],
                "resources": [
                  "*"
                ],
                "sid": ""
              },
              {
                "actions": [
                  "elasticloadbalancing:AddTags",
                  "elasticloadbalancing:RemoveTags"
                ],
                "condition": [
                  {
                    "test": "Null",
                    "values": [
                      "false"
                    ],
                    "variable": "aws:ResourceTag/elbv2.k8s.aws/cluster"
                  },
                  {
                    "test": "Null",
                    "values": [
                      "true"
                    ],
                    "variable": "aws:RequestTag/elbv2.k8s.aws/cluster"
                  }
                ],
                "effect": "Allow",
                "not_actions": [],
                "not_principals": [],
                "not_resources": [],
                "principals": [],
                "resources": [
                  "arn:aws:elasticloadbalancing:*:*:loadbalancer/app/*/*",
                  "arn:aws:elasticloadbalancing:*:*:loadbalancer/net/*/*",
                  "arn:aws:elasticloadbalancing:*:*:targetgroup/*/*"
                ],
                "sid": ""
              },
              {
                "actions": [
                  "elasticloadbalancing:AddTags",
                  "elasticloadbalancing:RemoveTags"
                ],
                "condition": [],
                "effect": "Allow",
                "not_actions": [],
                "not_principals": [],
                "not_resources": [],
                "principals": [],
                "resources": [
                  "arn:aws:elasticloadbalancing:*:*:listener-rule/app/*/*/*",
                  "arn:aws:elasticloadbalancing:*:*:listener-rule/net/*/*/*",
                  "arn:aws:elasticloadbalancing:*:*:listener/app/*/*/*",
                  "arn:aws:elasticloadbalancing:*:*:listener/net/*/*/*"
                ],
                "sid": ""
              },
              {
                "actions": [
                  "elasticloadbalancing:DeleteLoadBalancer",
                  "elasticloadbalancing:DeleteTargetGroup",
                  "elasticloadbalancing:ModifyCapacityReservation",
                  "elasticloadbalancing:ModifyIpPools",
                  "elasticloadbalancing:ModifyListenerAttributes",
                  "elasticloadbalancing:ModifyLoadBalancerAttributes",
                  "elasticloadbalancing:ModifyTargetGroup",
                  "elasticloadbalancing:ModifyTargetGroupAttributes",
                  "elasticloadbalancing:SetIpAddressType",
                  "elasticloadbalancing:SetSecurityGroups",
                  "elasticloadbalancing:SetSubnets"
                ],
                "condition": [
                  {
                    "test": "Null",
                    "values": [
                      "false"
                    ],
                    "variable": "aws:ResourceTag/elbv2.k8s.aws/cluster"
                  }
                ],
                "effect": "Allow",
                "not_actions": [],
                "not_principals": [],
                "not_resources": [],
                "principals": [],
                "resources": [
                  "*"
                ],
                "sid": ""
              },
              {
                "actions": [
                  "elasticloadbalancing:AddTags"
                ],
                "condition": [
                  {
                    "test": "Null",
                    "values": [
                      "false"
                    ],
                    "variable": "aws:RequestTag/elbv2.k8s.aws/cluster"
                  },
                  {
                    "test": "StringEquals",
                    "values": [
                      "CreateTargetGroup",
                      "CreateLoadBalancer"
                    ],
                    "variable": "elasticloadbalancing:CreateAction"
                  }
                ],
                "effect": "Allow",
                "not_actions": [],
                "not_principals": [],
                "not_resources": [],
                "principals": [],
                "resources": [
                  "arn:aws:elasticloadbalancing:*:*:loadbalancer/app/*/*",
                  "arn:aws:elasticloadbalancing:*:*:loadbalancer/net/*/*",
                  "arn:aws:elasticloadbalancing:*:*:targetgroup/*/*"
                ],
                "sid": ""
              },
              {
                "actions": [
                  "elasticloadbalancing:DeregisterTargets",
                  "elasticloadbalancing:RegisterTargets"
                ],
                "condition": [],
                "effect": "Allow",
                "not_actions": [],
                "not_principals": [],
                "not_resources": [],
                "principals": [],
                "resources": [
                  "arn:aws:elasticloadbalancing:*:*:targetgroup/*/*"
                ],
                "sid": ""
              },
              {
                "actions": [
                  "elasticloadbalancing:AddListenerCertificates",
                  "elasticloadbalancing:ModifyListener",
                  "elasticloadbalancing:ModifyRule",
                  "elasticloadbalancing:RemoveListenerCertificates",
                  "elasticloadbalancing:SetRulePriorities",
                  "elasticloadbalancing:SetWebAcl"
                ],
                "condition": [],
                "effect": "Allow",
                "not_actions": [],
                "not_principals": [],
                "not_resources": [],
                "principals": [],
                "resources": [
                  "*"
                ],
                "sid": ""
              }
            ],
            "version": "2012-10-17"
          },
          "sensitive_attributes": [],
          "identity_schema_version": 0
        }
      ]
    },
    {
      "module": "module.aws_lb_controller_irsa[0]",
      "mode": "data",
      "type": "aws_iam_policy_document",
      "name": "load_balancer_controller_targetgroup_only",
      "provider": "provider[\"registry.terraform.io/hashicorp/aws\"]",
      "instances": []
    },
    {
      "module": "module.aws_lb_controller_irsa[0]",
      "mode": "data",
      "type": "aws_iam_policy_document",
      "name": "mountpoint_s3_csi",
      "provider": "provider[\"registry.terraform.io/hashicorp/aws\"]",
      "instances": []
    },
    {
      "module": "module.aws_lb_controller_irsa[0]",
      "mode": "data",
      "type": "aws_iam_policy_document",
      "name": "node_termination_handler",
      "provider": "provider[\"registry.terraform.io/hashicorp/aws\"]",
      "instances": []
    },
    {
      "module": "module.aws_lb_controller_irsa[0]",
      "mode": "data",
      "type": "aws_iam_policy_document",
      "name": "this",
      "provider": "provider[\"registry.terraform.io/hashicorp/aws\"]",
      "instances": [
        {
          "index_key": 0,
          "schema_version": 0,
          "attributes": {
            "id": "1541424006",
            "json": "{\n  \"Version\": \"2012-10-17\",\n  \"Statement\": [\n    {\n      \"Effect\": \"Allow\",\n      \"Action\": \"iam:CreateServiceLinkedRole\",\n      \"Resource\": \"*\",\n      \"Condition\": {\n        \"StringEquals\": {\n          \"iam:AWSServiceName\": \"elasticloadbalancing.amazonaws.com\"\n        }\n      }\n    },\n    {\n      \"Effect\": \"Allow\",\n      \"Action\": [\n        \"elasticloadbalancing:DescribeTrustStores\",\n        \"elasticloadbalancing:DescribeTargetHealth\",\n        \"elasticloadbalancing:DescribeTargetGroups\",\n        \"elasticloadbalancing:DescribeTargetGroupAttributes\",\n        \"elasticloadbalancing:DescribeTags\",\n        \"elasticloadbalancing:DescribeSSLPolicies\",\n        \"elasticloadbalancing:DescribeRules\",\n        \"elasticloadbalancing:DescribeLoadBalancers\",\n        \"elasticloadbalancing:DescribeLoadBalancerAttributes\",\n        \"elasticloadbalancing:DescribeListeners\",\n        \"elasticloadbalancing:DescribeListenerCertificates\",\n        \"elasticloadbalancing:DescribeListenerAttributes\",\n        \"elasticloadbalancing:DescribeCapacityReservation\",\n        \"ec2:GetSecurityGroupsForVpc\",\n        \"ec2:GetCoipPoolUsage\",\n        \"ec2:DescribeVpcs\",\n        \"ec2:DescribeVpcPeeringConnections\",\n        \"ec2:DescribeTags\",\n        \"ec2:DescribeSubnets\",\n        \"ec2:DescribeSecurityGroups\",\n        \"ec2:DescribeRouteTables\",\n        \"ec2:DescribeNetworkInterfaces\",\n        \"ec2:DescribeIpamPools\",\n        \"ec2:DescribeInternetGateways\",\n        \"ec2:DescribeInstances\",\n        \"ec2:DescribeCoipPools\",\n        \"ec2:DescribeAvailabilityZones\",\n        \"ec2:DescribeAddresses\",\n        \"ec2:DescribeAccountAttributes\"\n      ],\n      \"Resource\": \"*\"\n    },\n    {\n      \"Effect\": \"Allow\",\n      \"Action\": [\n        \"wafv2:GetWebACLForResource\",\n        \"wafv2:GetWebACL\",\n        \"wafv2:DisassociateWebACL\",\n        \"wafv2:AssociateWebACL\",\n        \"waf-regional:GetWebACLForResource\",\n        \"waf-regional:GetWebACL\",\n        \"waf-regional:DisassociateWebACL\",\n        \"waf-regional:AssociateWebACL\",\n        \"shield:GetSubscriptionState\",\n        \"shield:DescribeProtection\",\n        \"shield:DeleteProtection\",\n        \"shield:CreateProtection\",\n        \"iam:ListServerCertificates\",\n        \"iam:GetServerCertificate\",\n        \"cognito-idp:DescribeUserPoolClient\",\n        \"acm:ListCertificates\",\n        \"acm:DescribeCertificate\"\n      ],\n      \"Resource\": \"*\"\n    },\n    {\n      \"Effect\": \"Allow\",\n      \"Action\": [\n        \"ec2:RevokeSecurityGroupIngress\",\n        \"ec2:AuthorizeSecurityGroupIngress\"\n      ],\n      \"Resource\": \"*\"\n    },\n    {\n      \"Effect\": \"Allow\",\n      \"Action\": \"ec2:CreateSecurityGroup\",\n      \"Resource\": \"*\"\n    },\n    {\n      \"Effect\": \"Allow\",\n      \"Action\": \"ec2:CreateTags\",\n      \"Resource\": \"arn:aws:ec2:*:*:security-group/*\",\n      \"Condition\": {\n        \"Null\": {\n          \"aws:RequestTag/elbv2.k8s.aws/cluster\": \"false\"\n        },\n        \"StringEquals\": {\n          \"ec2:CreateAction\": \"CreateSecurityGroup\"\n        }\n      }\n    },\n    {\n      \"Effect\": \"Allow\",\n      \"Action\": [\n        \"ec2:DeleteTags\",\n        \"ec2:CreateTags\"\n      ],\n      \"Resource\": \"arn:aws:ec2:*:*:security-group/*\",\n      \"Condition\": {\n        \"Null\": {\n          \"aws:RequestTag/elbv2.k8s.aws/cluster\": \"true\",\n          \"aws:ResourceTag/elbv2.k8s.aws/cluster\": \"false\"\n        }\n      }\n    },\n    {\n      \"Effect\": \"Allow\",\n      \"Action\": [\n        \"ec2:RevokeSecurityGroupIngress\",\n        \"ec2:DeleteSecurityGroup\",\n        \"ec2:AuthorizeSecurityGroupIngress\"\n      ],\n      \"Resource\": \"*\",\n      \"Condition\": {\n        \"Null\": {\n          \"aws:ResourceTag/elbv2.k8s.aws/cluster\": \"false\"\n        }\n      }\n    },\n    {\n      \"Effect\": \"Allow\",\n      \"Action\": [\n        \"elasticloadbalancing:CreateTargetGroup\",\n        \"elasticloadbalancing:CreateLoadBalancer\"\n      ],\n      \"Resource\": \"*\",\n      \"Condition\": {\n        \"Null\": {\n          \"aws:RequestTag/elbv2.k8s.aws/cluster\": \"false\"\n        }\n      }\n    },\n    {\n      \"Effect\": \"Allow\",\n      \"Action\": [\n        \"elasticloadbalancing:DeleteRule\",\n        \"elasticloadbalancing:DeleteListener\",\n        \"elasticloadbalancing:CreateRule\",\n        \"elasticloadbalancing:CreateListener\"\n      ],\n      \"Resource\": \"*\"\n    },\n    {\n      \"Effect\": \"Allow\",\n      \"Action\": [\n        \"elasticloadbalancing:RemoveTags\",\n        \"elasticloadbalancing:AddTags\"\n      ],\n      \"Resource\": [\n        \"arn:aws:elasticloadbalancing:*:*:targetgroup/*/*\",\n        \"arn:aws:elasticloadbalancing:*:*:loadbalancer/net/*/*\",\n        \"arn:aws:elasticloadbalancing:*:*:loadbalancer/app/*/*\"\n      ],\n      \"Condition\": {\n        \"Null\": {\n          \"aws:RequestTag/elbv2.k8s.aws/cluster\": \"true\",\n          \"aws:ResourceTag/elbv2.k8s.aws/cluster\": \"false\"\n        }\n      }\n    },\n    {\n      \"Effect\": \"Allow\",\n      \"Action\": [\n        \"elasticloadbalancing:RemoveTags\",\n        \"elasticloadbalancing:AddTags\"\n      ],\n      \"Resource\": [\n        \"arn:aws:elasticloadbalancing:*:*:listener/net/*/*/*\",\n        \"arn:aws:elasticloadbalancing:*:*:listener/app/*/*/*\",\n        \"arn:aws:elasticloadbalancing:*:*:listener-rule/net/*/*/*\",\n        \"arn:aws:elasticloadbalancing:*:*:listener-rule/app/*/*/*\"\n      ]\n    },\n    {\n      \"Effect\": \"Allow\",\n      \"Action\": [\n        \"elasticloadbalancing:SetSubnets\",\n        \"elasticloadbalancing:SetSecurityGroups\",\n        \"elasticloadbalancing:SetIpAddressType\",\n        \"elasticloadbalancing:ModifyTargetGroupAttributes\",\n        \"elasticloadbalancing:ModifyTargetGroup\",\n        \"elasticloadbalancing:ModifyLoadBalancerAttributes\",\n        \"elasticloadbalancing:ModifyListenerAttributes\",\n        \"elasticloadbalancing:ModifyIpPools\",\n        \"elasticloadbalancing:ModifyCapacityReservation\",\n        \"elasticloadbalancing:DeleteTargetGroup\",\n        \"elasticloadbalancing:DeleteLoadBalancer\"\n      ],\n      \"Resource\": \"*\",\n      \"Condition\": {\n        \"Null\": {\n          \"aws:ResourceTag/elbv2.k8s.aws/cluster\": \"false\"\n        }\n      }\n    },\n    {\n      \"Effect\": \"Allow\",\n      \"Action\": \"elasticloadbalancing:AddTags\",\n      \"Resource\": [\n        \"arn:aws:elasticloadbalancing:*:*:targetgroup/*/*\",\n        \"arn:aws:elasticloadbalancing:*:*:loadbalancer/net/*/*\",\n        \"arn:aws:elasticloadbalancing:*:*:loadbalancer/app/*/*\"\n      ],\n      \"Condition\": {\n        \"Null\": {\n          \"aws:RequestTag/elbv2.k8s.aws/cluster\": \"false\"\n        },\n        \"StringEquals\": {\n          \"elasticloadbalancing:CreateAction\": [\n            \"CreateTargetGroup\",\n            \"CreateLoadBalancer\"\n          ]\n        }\n      }\n    },\n    {\n      \"Effect\": \"Allow\",\n      \"Action\": [\n        \"elasticloadbalancing:RegisterTargets\",\n        \"elasticloadbalancing:DeregisterTargets\"\n      ],\n      \"Resource\": \"arn:aws:elasticloadbalancing:*:*:targetgroup/*/*\"\n    },\n    {\n      \"Effect\": \"Allow\",\n      \"Action\": [\n        \"elasticloadbalancing:SetWebAcl\",\n        \"elasticloadbalancing:SetRulePriorities\",\n        \"elasticloadbalancing:RemoveListenerCertificates\",\n        \"elasticloadbalancing:ModifyRule\",\n        \"elasticloadbalancing:ModifyListener\",\n        \"elasticloadbalancing:AddListenerCertificates\"\n      ],\n      \"Resource\": \"*\"\n    }\n  ]\n}",
            "minified_json": "{\"Version\":\"2012-10-17\",\"Statement\":[{\"Effect\":\"Allow\",\"Action\":\"iam:CreateServiceLinkedRole\",\"Resource\":\"*\",\"Condition\":{\"StringEquals\":{\"iam:AWSServiceName\":\"elasticloadbalancing.amazonaws.com\"}}},{\"Effect\":\"Allow\",\"Action\":[\"elasticloadbalancing:DescribeTrustStores\",\"elasticloadbalancing:DescribeTargetHealth\",\"elasticloadbalancing:DescribeTargetGroups\",\"elasticloadbalancing:DescribeTargetGroupAttributes\",\"elasticloadbalancing:DescribeTags\",\"elasticloadbalancing:DescribeSSLPolicies\",\"elasticloadbalancing:DescribeRules\",\"elasticloadbalancing:DescribeLoadBalancers\",\"elasticloadbalancing:DescribeLoadBalancerAttributes\",\"elasticloadbalancing:DescribeListeners\",\"elasticloadbalancing:DescribeListenerCertificates\",\"elasticloadbalancing:DescribeListenerAttributes\",\"elasticloadbalancing:DescribeCapacityReservation\",\"ec2:GetSecurityGroupsForVpc\",\"ec2:GetCoipPoolUsage\",\"ec2:DescribeVpcs\",\"ec2:DescribeVpcPeeringConnections\",\"ec2:DescribeTags\",\"ec2:DescribeSubnets\",\"ec2:DescribeSecurityGroups\",\"ec2:DescribeRouteTables\",\"ec2:DescribeNetworkInterfaces\",\"ec2:DescribeIpamPools\",\"ec2:DescribeInternetGateways\",\"ec2:DescribeInstances\",\"ec2:DescribeCoipPools\",\"ec2:DescribeAvailabilityZones\",\"ec2:DescribeAddresses\",\"ec2:DescribeAccountAttributes\"],\"Resource\":\"*\"},{\"Effect\":\"Allow\",\"Action\":[\"wafv2:GetWebACLForResource\",\"wafv2:GetWebACL\",\"wafv2:DisassociateWebACL\",\"wafv2:AssociateWebACL\",\"waf-regional:GetWebACLForResource\",\"waf-regional:GetWebACL\",\"waf-regional:DisassociateWebACL\",\"waf-regional:AssociateWebACL\",\"shield:GetSubscriptionState\",\"shield:DescribeProtection\",\"shield:DeleteProtection\",\"shield:CreateProtection\",\"iam:ListServerCertificates\",\"iam:GetServerCertificate\",\"cognito-idp:DescribeUserPoolClient\",\"acm:ListCertificates\",\"acm:DescribeCertificate\"],\"Resource\":\"*\"},{\"Effect\":\"Allow\",\"Action\":[\"ec2:RevokeSecurityGroupIngress\",\"ec2:AuthorizeSecurityGroupIngress\"],\"Resource\":\"*\"},{\"Effect\":\"Allow\",\"Action\":\"ec2:CreateSecurityGroup\",\"Resource\":\"*\"},{\"Effect\":\"Allow\",\"Action\":\"ec2:CreateTags\",\"Resource\":\"arn:aws:ec2:*:*:security-group/*\",\"Condition\":{\"Null\":{\"aws:RequestTag/elbv2.k8s.aws/cluster\":\"false\"},\"StringEquals\":{\"ec2:CreateAction\":\"CreateSecurityGroup\"}}},{\"Effect\":\"Allow\",\"Action\":[\"ec2:DeleteTags\",\"ec2:CreateTags\"],\"Resource\":\"arn:aws:ec2:*:*:security-group/*\",\"Condition\":{\"Null\":{\"aws:RequestTag/elbv2.k8s.aws/cluster\":\"true\",\"aws:ResourceTag/elbv2.k8s.aws/cluster\":\"false\"}}},{\"Effect\":\"Allow\",\"Action\":[\"ec2:RevokeSecurityGroupIngress\",\"ec2:DeleteSecurityGroup\",\"ec2:AuthorizeSecurityGroupIngress\"],\"Resource\":\"*\",\"Condition\":{\"Null\":{\"aws:ResourceTag/elbv2.k8s.aws/cluster\":\"false\"}}},{\"Effect\":\"Allow\",\"Action\":[\"elasticloadbalancing:CreateTargetGroup\",\"elasticloadbalancing:CreateLoadBalancer\"],\"Resource\":\"*\",\"Condition\":{\"Null\":{\"aws:RequestTag/elbv2.k8s.aws/cluster\":\"false\"}}},{\"Effect\":\"Allow\",\"Action\":[\"elasticloadbalancing:DeleteRule\",\"elasticloadbalancing:DeleteListener\",\"elasticloadbalancing:CreateRule\",\"elasticloadbalancing:CreateListener\"],\"Resource\":\"*\"},{\"Effect\":\"Allow\",\"Action\":[\"elasticloadbalancing:RemoveTags\",\"elasticloadbalancing:AddTags\"],\"Resource\":[\"arn:aws:elasticloadbalancing:*:*:targetgroup/*/*\",\"arn:aws:elasticloadbalancing:*:*:loadbalancer/net/*/*\",\"arn:aws:elasticloadbalancing:*:*:loadbalancer/app/*/*\"],\"Condition\":{\"Null\":{\"aws:RequestTag/elbv2.k8s.aws/cluster\":\"true\",\"aws:ResourceTag/elbv2.k8s.aws/cluster\":\"false\"}}},{\"Effect\":\"Allow\",\"Action\":[\"elasticloadbalancing:RemoveTags\",\"elasticloadbalancing:AddTags\"],\"Resource\":[\"arn:aws:elasticloadbalancing:*:*:listener/net/*/*/*\",\"arn:aws:elasticloadbalancing:*:*:listener/app/*/*/*\",\"arn:aws:elasticloadbalancing:*:*:listener-rule/net/*/*/*\",\"arn:aws:elasticloadbalancing:*:*:listener-rule/app/*/*/*\"]},{\"Effect\":\"Allow\",\"Action\":[\"elasticloadbalancing:SetSubnets\",\"elasticloadbalancing:SetSecurityGroups\",\"elasticloadbalancing:SetIpAddressType\",\"elasticloadbalancing:ModifyTargetGroupAttributes\",\"elasticloadbalancing:ModifyTargetGroup\",\"elasticloadbalancing:ModifyLoadBalancerAttributes\",\"elasticloadbalancing:ModifyListenerAttributes\",\"elasticloadbalancing:ModifyIpPools\",\"elasticloadbalancing:ModifyCapacityReservation\",\"elasticloadbalancing:DeleteTargetGroup\",\"elasticloadbalancing:DeleteLoadBalancer\"],\"Resource\":\"*\",\"Condition\":{\"Null\":{\"aws:ResourceTag/elbv2.k8s.aws/cluster\":\"false\"}}},{\"Effect\":\"Allow\",\"Action\":\"elasticloadbalancing:AddTags\",\"Resource\":[\"arn:aws:elasticloadbalancing:*:*:targetgroup/*/*\",\"arn:aws:elasticloadbalancing:*:*:loadbalancer/net/*/*\",\"arn:aws:elasticloadbalancing:*:*:loadbalancer/app/*/*\"],\"Condition\":{\"Null\":{\"aws:RequestTag/elbv2.k8s.aws/cluster\":\"false\"},\"StringEquals\":{\"elasticloadbalancing:CreateAction\":[\"CreateTargetGroup\",\"CreateLoadBalancer\"]}}},{\"Effect\":\"Allow\",\"Action\":[\"elasticloadbalancing:RegisterTargets\",\"elasticloadbalancing:DeregisterTargets\"],\"Resource\":\"arn:aws:elasticloadbalancing:*:*:targetgroup/*/*\"},{\"Effect\":\"Allow\",\"Action\":[\"elasticloadbalancing:SetWebAcl\",\"elasticloadbalancing:SetRulePriorities\",\"elasticloadbalancing:RemoveListenerCertificates\",\"elasticloadbalancing:ModifyRule\",\"elasticloadbalancing:ModifyListener\",\"elasticloadbalancing:AddListenerCertificates\"],\"Resource\":\"*\"}]}",
            "override_json": null,
            "override_policy_documents": null,
            "policy_id": null,
            "source_json": null,
            "source_policy_documents": [
              "{\n  \"Version\": \"2012-10-17\",\n  \"Statement\": [\n    {\n      \"Effect\": \"Allow\",\n      \"Action\": \"iam:CreateServiceLinkedRole\",\n      \"Resource\": \"*\",\n      \"Condition\": {\n        \"StringEquals\": {\n          \"iam:AWSServiceName\": \"elasticloadbalancing.amazonaws.com\"\n        }\n      }\n    },\n    {\n      \"Effect\": \"Allow\",\n      \"Action\": [\n        \"elasticloadbalancing:DescribeTrustStores\",\n        \"elasticloadbalancing:DescribeTargetHealth\",\n        \"elasticloadbalancing:DescribeTargetGroups\",\n        \"elasticloadbalancing:DescribeTargetGroupAttributes\",\n        \"elasticloadbalancing:DescribeTags\",\n        \"elasticloadbalancing:DescribeSSLPolicies\",\n        \"elasticloadbalancing:DescribeRules\",\n        \"elasticloadbalancing:DescribeLoadBalancers\",\n        \"elasticloadbalancing:DescribeLoadBalancerAttributes\",\n        \"elasticloadbalancing:DescribeListeners\",\n        \"elasticloadbalancing:DescribeListenerCertificates\",\n        \"elasticloadbalancing:DescribeListenerAttributes\",\n        \"elasticloadbalancing:DescribeCapacityReservation\",\n        \"ec2:GetSecurityGroupsForVpc\",\n        \"ec2:GetCoipPoolUsage\",\n        \"ec2:DescribeVpcs\",\n        \"ec2:DescribeVpcPeeringConnections\",\n        \"ec2:DescribeTags\",\n        \"ec2:DescribeSubnets\",\n        \"ec2:DescribeSecurityGroups\",\n        \"ec2:DescribeRouteTables\",\n        \"ec2:DescribeNetworkInterfaces\",\n        \"ec2:DescribeIpamPools\",\n        \"ec2:DescribeInternetGateways\",\n        \"ec2:DescribeInstances\",\n        \"ec2:DescribeCoipPools\",\n        \"ec2:DescribeAvailabilityZones\",\n        \"ec2:DescribeAddresses\",\n        \"ec2:DescribeAccountAttributes\"\n      ],\n      \"Resource\": \"*\"\n    },\n    {\n      \"Effect\": \"Allow\",\n      \"Action\": [\n        \"wafv2:GetWebACLForResource\",\n        \"wafv2:GetWebACL\",\n        \"wafv2:DisassociateWebACL\",\n        \"wafv2:AssociateWebACL\",\n        \"waf-regional:GetWebACLForResource\",\n        \"waf-regional:GetWebACL\",\n        \"waf-regional:DisassociateWebACL\",\n        \"waf-regional:AssociateWebACL\",\n        \"shield:GetSubscriptionState\",\n        \"shield:DescribeProtection\",\n        \"shield:DeleteProtection\",\n        \"shield:CreateProtection\",\n        \"iam:ListServerCertificates\",\n        \"iam:GetServerCertificate\",\n        \"cognito-idp:DescribeUserPoolClient\",\n        \"acm:ListCertificates\",\n        \"acm:DescribeCertificate\"\n      ],\n      \"Resource\": \"*\"\n    },\n    {\n      \"Effect\": \"Allow\",\n      \"Action\": [\n        \"ec2:RevokeSecurityGroupIngress\",\n        \"ec2:AuthorizeSecurityGroupIngress\"\n      ],\n      \"Resource\": \"*\"\n    },\n    {\n      \"Effect\": \"Allow\",\n      \"Action\": \"ec2:CreateSecurityGroup\",\n      \"Resource\": \"*\"\n    },\n    {\n      \"Effect\": \"Allow\",\n      \"Action\": \"ec2:CreateTags\",\n      \"Resource\": \"arn:aws:ec2:*:*:security-group/*\",\n      \"Condition\": {\n        \"Null\": {\n          \"aws:RequestTag/elbv2.k8s.aws/cluster\": \"false\"\n        },\n        \"StringEquals\": {\n          \"ec2:CreateAction\": \"CreateSecurityGroup\"\n        }\n      }\n    },\n    {\n      \"Effect\": \"Allow\",\n      \"Action\": [\n        \"ec2:DeleteTags\",\n        \"ec2:CreateTags\"\n      ],\n      \"Resource\": \"arn:aws:ec2:*:*:security-group/*\",\n      \"Condition\": {\n        \"Null\": {\n          \"aws:RequestTag/elbv2.k8s.aws/cluster\": \"true\",\n          \"aws:ResourceTag/elbv2.k8s.aws/cluster\": \"false\"\n        }\n      }\n    },\n    {\n      \"Effect\": \"Allow\",\n      \"Action\": [\n        \"ec2:RevokeSecurityGroupIngress\",\n        \"ec2:DeleteSecurityGroup\",\n        \"ec2:AuthorizeSecurityGroupIngress\"\n      ],\n      \"Resource\": \"*\",\n      \"Condition\": {\n        \"Null\": {\n          \"aws:ResourceTag/elbv2.k8s.aws/cluster\": \"false\"\n        }\n      }\n    },\n    {\n      \"Effect\": \"Allow\",\n      \"Action\": [\n        \"elasticloadbalancing:CreateTargetGroup\",\n        \"elasticloadbalancing:CreateLoadBalancer\"\n      ],\n      \"Resource\": \"*\",\n      \"Condition\": {\n        \"Null\": {\n          \"aws:RequestTag/elbv2.k8s.aws/cluster\": \"false\"\n        }\n      }\n    },\n    {\n      \"Effect\": \"Allow\",\n      \"Action\": [\n        \"elasticloadbalancing:DeleteRule\",\n        \"elasticloadbalancing:DeleteListener\",\n        \"elasticloadbalancing:CreateRule\",\n        \"elasticloadbalancing:CreateListener\"\n      ],\n      \"Resource\": \"*\"\n    },\n    {\n      \"Effect\": \"Allow\",\n      \"Action\": [\n        \"elasticloadbalancing:RemoveTags\",\n        \"elasticloadbalancing:AddTags\"\n      ],\n      \"Resource\": [\n        \"arn:aws:elasticloadbalancing:*:*:targetgroup/*/*\",\n        \"arn:aws:elasticloadbalancing:*:*:loadbalancer/net/*/*\",\n        \"arn:aws:elasticloadbalancing:*:*:loadbalancer/app/*/*\"\n      ],\n      \"Condition\": {\n        \"Null\": {\n          \"aws:RequestTag/elbv2.k8s.aws/cluster\": \"true\",\n          \"aws:ResourceTag/elbv2.k8s.aws/cluster\": \"false\"\n        }\n      }\n    },\n    {\n      \"Effect\": \"Allow\",\n      \"Action\": [\n        \"elasticloadbalancing:RemoveTags\",\n        \"elasticloadbalancing:AddTags\"\n      ],\n      \"Resource\": [\n        \"arn:aws:elasticloadbalancing:*:*:listener/net/*/*/*\",\n        \"arn:aws:elasticloadbalancing:*:*:listener/app/*/*/*\",\n        \"arn:aws:elasticloadbalancing:*:*:listener-rule/net/*/*/*\",\n        \"arn:aws:elasticloadbalancing:*:*:listener-rule/app/*/*/*\"\n      ]\n    },\n    {\n      \"Effect\": \"Allow\",\n      \"Action\": [\n        \"elasticloadbalancing:SetSubnets\",\n        \"elasticloadbalancing:SetSecurityGroups\",\n        \"elasticloadbalancing:SetIpAddressType\",\n        \"elasticloadbalancing:ModifyTargetGroupAttributes\",\n        \"elasticloadbalancing:ModifyTargetGroup\",\n        \"elasticloadbalancing:ModifyLoadBalancerAttributes\",\n        \"elasticloadbalancing:ModifyListenerAttributes\",\n        \"elasticloadbalancing:ModifyIpPools\",\n        \"elasticloadbalancing:ModifyCapacityReservation\",\n        \"elasticloadbalancing:DeleteTargetGroup\",\n        \"elasticloadbalancing:DeleteLoadBalancer\"\n      ],\n      \"Resource\": \"*\",\n      \"Condition\": {\n        \"Null\": {\n          \"aws:ResourceTag/elbv2.k8s.aws/cluster\": \"false\"\n        }\n      }\n    },\n    {\n      \"Effect\": \"Allow\",\n      \"Action\": \"elasticloadbalancing:AddTags\",\n      \"Resource\": [\n        \"arn:aws:elasticloadbalancing:*:*:targetgroup/*/*\",\n        \"arn:aws:elasticloadbalancing:*:*:loadbalancer/net/*/*\",\n        \"arn:aws:elasticloadbalancing:*:*:loadbalancer/app/*/*\"\n      ],\n      \"Condition\": {\n        \"Null\": {\n          \"aws:RequestTag/elbv2.k8s.aws/cluster\": \"false\"\n        },\n        \"StringEquals\": {\n          \"elasticloadbalancing:CreateAction\": [\n            \"CreateTargetGroup\",\n            \"CreateLoadBalancer\"\n          ]\n        }\n      }\n    },\n    {\n      \"Effect\": \"Allow\",\n      \"Action\": [\n        \"elasticloadbalancing:RegisterTargets\",\n        \"elasticloadbalancing:DeregisterTargets\"\n      ],\n      \"Resource\": \"arn:aws:elasticloadbalancing:*:*:targetgroup/*/*\"\n    },\n    {\n      \"Effect\": \"Allow\",\n      \"Action\": [\n        \"elasticloadbalancing:SetWebAcl\",\n        \"elasticloadbalancing:SetRulePriorities\",\n        \"elasticloadbalancing:RemoveListenerCertificates\",\n        \"elasticloadbalancing:ModifyRule\",\n        \"elasticloadbalancing:ModifyListener\",\n        \"elasticloadbalancing:AddListenerCertificates\"\n      ],\n      \"Resource\": \"*\"\n    }\n  ]\n}"
            ],
            "statement": null,
            "version": "2012-10-17"
          },
          "sensitive_attributes": [],
          "identity_schema_version": 0
        }
      ]
    },
    {
      "module": "module.aws_lb_controller_irsa[0]",
      "mode": "data",
      "type": "aws_iam_policy_document",
      "name": "velero",
      "provider": "provider[\"registry.terraform.io/hashicorp/aws\"]",
      "instances": []
    },
    {
      "module": "module.aws_lb_controller_irsa[0]",
      "mode": "data",
      "type": "aws_iam_policy_document",
      "name": "vpc_cni",
      "provider": "provider[\"registry.terraform.io/hashicorp/aws\"]",
      "instances": []
    },
    {
      "module": "module.aws_lb_controller_irsa[0]",
      "mode": "data",
      "type": "aws_partition",
      "name": "current",
      "provider": "provider[\"registry.terraform.io/hashicorp/aws\"]",
      "instances": [
        {
          "index_key": 0,
          "schema_version": 0,
          "attributes": {
            "dns_suffix": "amazonaws.com",
            "id": "aws",
            "partition": "aws",
            "reverse_dns_prefix": "com.amazonaws"
          },
          "sensitive_attributes": [],
          "identity_schema_version": 0
        }
      ]
    },
    {
      "module": "module.aws_lb_controller_irsa[0]",
      "mode": "data",
      "type": "aws_service_principal",
      "name": "delivery_logs",
      "provider": "provider[\"registry.terraform.io/hashicorp/aws\"]",
      "instances": []
    },
    {
      "module": "module.aws_lb_controller_irsa[0]",
      "mode": "data",
      "type": "aws_service_principal",
      "name": "elasticloadbalancing",
      "provider": "provider[\"registry.terraform.io/hashicorp/aws\"]",
      "instances": [
        {
          "index_key": 0,
          "schema_version": 0,
          "attributes": {
            "id": "elasticloadbalancing.us-east-1.amazonaws.com",
            "name": "elasticloadbalancing.amazonaws.com",
            "region": "us-east-1",
            "service_name": "elasticloadbalancing",
            "suffix": "amazonaws.com"
          },
          "sensitive_attributes": [],
          "identity_schema_version": 0
        }
      ]
    },
    {
      "module": "module.aws_lb_controller_irsa[0]",
      "mode": "data",
      "type": "aws_service_principal",
      "name": "fsx",
      "provider": "provider[\"registry.terraform.io/hashicorp/aws\"]",
      "instances": []
    },
    {
      "module": "module.aws_lb_controller_irsa[0]",
      "mode": "data",
      "type": "aws_service_principal",
      "name": "vpc_lattice",
      "provider": "provider[\"registry.terraform.io/hashicorp/aws\"]",
      "instances": []
    },
    {
      "module": "module.aws_lb_controller_irsa[0]",
      "mode": "managed",
      "type": "aws_iam_policy",
      "name": "this",
      "provider": "provider[\"registry.terraform.io/hashicorp/aws\"]",
      "instances": [
        {
          "index_key": 0,
          "schema_version": 0,
          "attributes": {
            "arn": "arn:aws:iam::339712886638:policy/AWS_Load_Balancer_Controller",
            "attachment_count": 1,
            "description": "Provides permissions for AWS Load Balancer Controller addon",
            "id": "arn:aws:iam::339712886638:policy/AWS_Load_Balancer_Controller",
            "name": "AWS_Load_Balancer_Controller",
            "name_prefix": "",
            "path": "/",
            "policy": "{\"Statement\":[{\"Action\":\"iam:CreateServiceLinkedRole\",\"Condition\":{\"StringEquals\":{\"iam:AWSServiceName\":\"elasticloadbalancing.amazonaws.com\"}},\"Effect\":\"Allow\",\"Resource\":\"*\"},{\"Action\":[\"elasticloadbalancing:DescribeTrustStores\",\"elasticloadbalancing:DescribeTargetHealth\",\"elasticloadbalancing:DescribeTargetGroups\",\"elasticloadbalancing:DescribeTargetGroupAttributes\",\"elasticloadbalancing:DescribeTags\",\"elasticloadbalancing:DescribeSSLPolicies\",\"elasticloadbalancing:DescribeRules\",\"elasticloadbalancing:DescribeLoadBalancers\",\"elasticloadbalancing:DescribeLoadBalancerAttributes\",\"elasticloadbalancing:DescribeListeners\",\"elasticloadbalancing:DescribeListenerCertificates\",\"elasticloadbalancing:DescribeListenerAttributes\",\"elasticloadbalancing:DescribeCapacityReservation\",\"ec2:GetSecurityGroupsForVpc\",\"ec2:GetCoipPoolUsage\",\"ec2:DescribeVpcs\",\"ec2:DescribeVpcPeeringConnections\",\"ec2:DescribeTags\",\"ec2:DescribeSubnets\",\"ec2:DescribeSecurityGroups\",\"ec2:DescribeRouteTables\",\"ec2:DescribeNetworkInterfaces\",\"ec2:DescribeIpamPools\",\"ec2:DescribeInternetGateways\",\"ec2:DescribeInstances\",\"ec2:DescribeCoipPools\",\"ec2:DescribeAvailabilityZones\",\"ec2:DescribeAddresses\",\"ec2:DescribeAccountAttributes\"],\"Effect\":\"Allow\",\"Resource\":\"*\"},{\"Action\":[\"wafv2:GetWebACLForResource\",\"wafv2:GetWebACL\",\"wafv2:DisassociateWebACL\",\"wafv2:AssociateWebACL\",\"waf-regional:GetWebACLForResource\",\"waf-regional:GetWebACL\",\"waf-regional:DisassociateWebACL\",\"waf-regional:AssociateWebACL\",\"shield:GetSubscriptionState\",\"shield:DescribeProtection\",\"shield:DeleteProtection\",\"shield:CreateProtection\",\"iam:ListServerCertificates\",\"iam:GetServerCertificate\",\"cognito-idp:DescribeUserPoolClient\",\"acm:ListCertificates\",\"acm:DescribeCertificate\"],\"Effect\":\"Allow\",\"Resource\":\"*\"},{\"Action\":[\"ec2:RevokeSecurityGroupIngress\",\"ec2:AuthorizeSecurityGroupIngress\"],\"Effect\":\"Allow\",\"Resource\":\"*\"},{\"Action\":\"ec2:CreateSecurityGroup\",\"Effect\":\"Allow\",\"Resource\":\"*\"},{\"Action\":\"ec2:CreateTags\",\"Condition\":{\"Null\":{\"aws:RequestTag/elbv2.k8s.aws/cluster\":\"false\"},\"StringEquals\":{\"ec2:CreateAction\":\"CreateSecurityGroup\"}},\"Effect\":\"Allow\",\"Resource\":\"arn:aws:ec2:*:*:security-group/*\"},{\"Action\":[\"ec2:DeleteTags\",\"ec2:CreateTags\"],\"Condition\":{\"Null\":{\"aws:RequestTag/elbv2.k8s.aws/cluster\":\"true\",\"aws:ResourceTag/elbv2.k8s.aws/cluster\":\"false\"}},\"Effect\":\"Allow\",\"Resource\":\"arn:aws:ec2:*:*:security-group/*\"},{\"Action\":[\"ec2:RevokeSecurityGroupIngress\",\"ec2:DeleteSecurityGroup\",\"ec2:AuthorizeSecurityGroupIngress\"],\"Condition\":{\"Null\":{\"aws:ResourceTag/elbv2.k8s.aws/cluster\":\"false\"}},\"Effect\":\"Allow\",\"Resource\":\"*\"},{\"Action\":[\"elasticloadbalancing:CreateTargetGroup\",\"elasticloadbalancing:CreateLoadBalancer\"],\"Condition\":{\"Null\":{\"aws:RequestTag/elbv2.k8s.aws/cluster\":\"false\"}},\"Effect\":\"Allow\",\"Resource\":\"*\"},{\"Action\":[\"elasticloadbalancing:DeleteRule\",\"elasticloadbalancing:DeleteListener\",\"elasticloadbalancing:CreateRule\",\"elasticloadbalancing:CreateListener\"],\"Effect\":\"Allow\",\"Resource\":\"*\"},{\"Action\":[\"elasticloadbalancing:RemoveTags\",\"elasticloadbalancing:AddTags\"],\"Condition\":{\"Null\":{\"aws:RequestTag/elbv2.k8s.aws/cluster\":\"true\",\"aws:ResourceTag/elbv2.k8s.aws/cluster\":\"false\"}},\"Effect\":\"Allow\",\"Resource\":[\"arn:aws:elasticloadbalancing:*:*:targetgroup/*/*\",\"arn:aws:elasticloadbalancing:*:*:loadbalancer/net/*/*\",\"arn:aws:elasticloadbalancing:*:*:loadbalancer/app/*/*\"]},{\"Action\":[\"elasticloadbalancing:RemoveTags\",\"elasticloadbalancing:AddTags\"],\"Effect\":\"Allow\",\"Resource\":[\"arn:aws:elasticloadbalancing:*:*:listener/net/*/*/*\",\"arn:aws:elasticloadbalancing:*:*:listener/app/*/*/*\",\"arn:aws:elasticloadbalancing:*:*:listener-rule/net/*/*/*\",\"arn:aws:elasticloadbalancing:*:*:listener-rule/app/*/*/*\"]},{\"Action\":[\"elasticloadbalancing:SetSubnets\",\"elasticloadbalancing:SetSecurityGroups\",\"elasticloadbalancing:SetIpAddressType\",\"elasticloadbalancing:ModifyTargetGroupAttributes\",\"elasticloadbalancing:ModifyTargetGroup\",\"elasticloadbalancing:ModifyLoadBalancerAttributes\",\"elasticloadbalancing:ModifyListenerAttributes\",\"elasticloadbalancing:ModifyIpPools\",\"elasticloadbalancing:ModifyCapacityReservation\",\"elasticloadbalancing:DeleteTargetGroup\",\"elasticloadbalancing:DeleteLoadBalancer\"],\"Condition\":{\"Null\":{\"aws:ResourceTag/elbv2.k8s.aws/cluster\":\"false\"}},\"Effect\":\"Allow\",\"Resource\":\"*\"},{\"Action\":\"elasticloadbalancing:AddTags\",\"Condition\":{\"Null\":{\"aws:RequestTag/elbv2.k8s.aws/cluster\":\"false\"},\"StringEquals\":{\"elasticloadbalancing:CreateAction\":[\"CreateTargetGroup\",\"CreateLoadBalancer\"]}},\"Effect\":\"Allow\",\"Resource\":[\"arn:aws:elasticloadbalancing:*:*:targetgroup/*/*\",\"arn:aws:elasticloadbalancing:*:*:loadbalancer/net/*/*\",\"arn:aws:elasticloadbalancing:*:*:loadbalancer/app/*/*\"]},{\"Action\":[\"elasticloadbalancing:RegisterTargets\",\"elasticloadbalancing:DeregisterTargets\"],\"Effect\":\"Allow\",\"Resource\":\"arn:aws:elasticloadbalancing:*:*:targetgroup/*/*\"},{\"Action\":[\"elasticloadbalancing:SetWebAcl\",\"elasticloadbalancing:SetRulePriorities\",\"elasticloadbalancing:RemoveListenerCertificates\",\"elasticloadbalancing:ModifyRule\",\"elasticloadbalancing:ModifyListener\",\"elasticloadbalancing:AddListenerCertificates\"],\"Effect\":\"Allow\",\"Resource\":\"*\"}],\"Version\":\"2012-10-17\"}",
            "policy_id": "ANPAU6GDXI5XAPDQNTIEE",
            "tags": {
              "Environment": "prod",
              "Project": "aerowise-t1"
            },
            "tags_all": {
              "Environment": "prod",
              "Project": "aerowise-t1"
            }
          },
          "sensitive_attributes": [],
          "identity_schema_version": 0,
          "identity": {
            "arn": "arn:aws:iam::339712886638:policy/AWS_Load_Balancer_Controller"
          },
          "private": "bnVsbA==",
          "dependencies": [
            "module.aws_lb_controller_irsa.data.aws_iam_policy_document.amazon_managed_service_prometheus",
            "module.aws_lb_controller_irsa.data.aws_iam_policy_document.aws_gateway_controller",
            "module.aws_lb_controller_irsa.data.aws_iam_policy_document.cert_manager",
            "module.aws_lb_controller_irsa.data.aws_iam_policy_document.cluster_autoscaler",
            "module.aws_lb_controller_irsa.data.aws_iam_policy_document.ebs_csi",
            "module.aws_lb_controller_irsa.data.aws_iam_policy_document.efs_csi",
            "module.aws_lb_controller_irsa.data.aws_iam_policy_document.external_dns",
            "module.aws_lb_controller_irsa.data.aws_iam_policy_document.external_secrets",
            "module.aws_lb_controller_irsa.data.aws_iam_policy_document.fsx_lustre_csi",
            "module.aws_lb_controller_irsa.data.aws_iam_policy_document.fsx_openzfs_csi",
            "module.aws_lb_controller_irsa.data.aws_iam_policy_document.load_balancer_controller",
            "module.aws_lb_controller_irsa.data.aws_iam_policy_document.load_balancer_controller_targetgroup_only",
            "module.aws_lb_controller_irsa.data.aws_iam_policy_document.mountpoint_s3_csi",
            "module.aws_lb_controller_irsa.data.aws_iam_policy_document.node_termination_handler",
            "module.aws_lb_controller_irsa.data.aws_iam_policy_document.this",
            "module.aws_lb_controller_irsa.data.aws_iam_policy_document.velero",
            "module.aws_lb_controller_irsa.data.aws_iam_policy_document.vpc_cni",
            "module.aws_lb_controller_irsa.data.aws_partition.current",
            "module.aws_lb_controller_irsa.data.aws_service_principal.delivery_logs",
            "module.aws_lb_controller_irsa.data.aws_service_principal.elasticloadbalancing",
            "module.aws_lb_controller_irsa.data.aws_service_principal.fsx",
            "module.aws_lb_controller_irsa.data.aws_service_principal.vpc_lattice",
            "module.eks.aws_eks_addon.cloudwatch_observability",
            "module.eks.aws_eks_addon.coredns",
            "module.eks.aws_eks_addon.efs_csi",
            "module.eks.aws_eks_addon.kube_proxy",
            "module.eks.aws_eks_addon.vpc_cni",
            "module.eks.aws_eks_cluster.this",
            "module.eks.aws_eks_node_group.this",
            "module.eks.aws_iam_role.cluster",
            "module.eks.aws_iam_role.nodes",
            "module.eks.aws_iam_role_policy_attachment.cluster_AmazonEKSClusterPolicy",
            "module.eks.aws_iam_role_policy_attachment.cluster_AmazonEKS_VPC_ResourceController",
            "module.eks.aws_iam_role_policy_attachment.nodes_cni",
            "module.eks.aws_iam_role_policy_attachment.nodes_ecr",
            "module.eks.aws_iam_role_policy_attachment.nodes_ssm",
            "module.eks.aws_iam_role_policy_attachment.nodes_worker",
            "module.eks.aws_security_group.nodes",
            "module.eks.aws_security_group_rule.cluster_https_worker_ingress",
            "module.eks.aws_security_group_rule.cluster_to_nodes_kubelet",
            "module.eks.aws_security_group_rule.nodes_to_nodes",
            "module.eks_oidc_provider.aws_iam_openid_connect_provider.this",
            "module.eks_oidc_provider.data.aws_eks_cluster.this",
            "module.eks_oidc_provider.data.tls_certificate.cluster",
            "module.nat_egress_control.aws_security_group.nategress",
            "module.network.aws_eip.nat",
            "module.network.aws_internet_gateway.this",
            "module.network.aws_nat_gateway.nat",
            "module.network.aws_route_table.private",
            "module.network.aws_route_table.public",
            "module.network.aws_route_table_association.private",
            "module.network.aws_route_table_association.public",
            "module.network.aws_security_group.alb",
            "module.network.aws_security_group.vpc_link",
            "module.network.aws_subnet.private_app",
            "module.network.aws_subnet.public",
            "module.network.aws_vpc.this",
            "module.network_endpoints.aws_security_group.vpce",
            "module.network_endpoints.aws_vpc_endpoint.ec2messages",
            "module.network_endpoints.aws_vpc_endpoint.ecr_api",
            "module.network_endpoints.aws_vpc_endpoint.ecr_dkr",
            "module.network_endpoints.aws_vpc_endpoint.ecr_public",
            "module.network_endpoints.aws_vpc_endpoint.logs",
            "module.network_endpoints.aws_vpc_endpoint.monitoring",
            "module.network_endpoints.aws_vpc_endpoint.s3",
            "module.network_endpoints.aws_vpc_endpoint.secretsmanager",
            "module.network_endpoints.aws_vpc_endpoint.ssm",
            "module.network_endpoints.aws_vpc_endpoint.ssmmessages",
            "module.network_endpoints.aws_vpc_endpoint.sts"
          ]
        }
      ]
    },
    {
      "module": "module.aws_lb_controller_irsa[0]",
      "mode": "managed",
      "type": "aws_iam_role",
      "name": "this",
      "provider": "provider[\"registry.terraform.io/hashicorp/aws\"]",
      "instances": [
        {
          "index_key": 0,
          "schema_version": 0,
          "attributes": {
            "arn": "arn:aws:iam::339712886638:role/aws-load-balancer-controller",
            "assume_role_policy": "{\"Statement\":[{\"Action\":\"sts:AssumeRoleWithWebIdentity\",\"Condition\":{\"StringEquals\":{\"oidc.eks.us-east-1.amazonaws.com/id/FDE07F51A24627F8E29BD04B12482060:aud\":\"sts.amazonaws.com\",\"oidc.eks.us-east-1.amazonaws.com/id/FDE07F51A24627F8E29BD04B12482060:sub\":\"system:serviceaccount:kube-system:aws-load-balancer-controller\"}},\"Effect\":\"Allow\",\"Principal\":{\"Federated\":\"arn:aws:iam::339712886638:oidc-provider/oidc.eks.us-east-1.amazonaws.com/id/FDE07F51A24627F8E29BD04B12482060\"}}],\"Version\":\"2012-10-17\"}",
            "create_date": "2025-12-28T04:02:59Z",
            "description": "",
            "force_detach_policies": true,
            "id": "aws-load-balancer-controller",
            "inline_policy": [],
            "managed_policy_arns": [
              "arn:aws:iam::339712886638:policy/AWS_Load_Balancer_Controller"
            ],
            "max_session_duration": 3600,
            "name": "aws-load-balancer-controller",
            "name_prefix": "",
            "path": "/",
            "permissions_boundary": "",
            "tags": {
              "Environment": "prod",
              "Project": "aerowise-t1"
            },
            "tags_all": {
              "Environment": "prod",
              "Project": "aerowise-t1"
            },
            "unique_id": "AROAU6GDXI5XCBUP4QOWT"
          },
          "sensitive_attributes": [],
          "identity_schema_version": 0,
          "identity": {
            "account_id": "339712886638",
            "name": "aws-load-balancer-controller"
          },
          "private": "bnVsbA==",
          "dependencies": [
            "module.aws_lb_controller_irsa.data.aws_iam_policy_document.assume",
            "module.eks.aws_eks_addon.cloudwatch_observability",
            "module.eks.aws_eks_addon.coredns",
            "module.eks.aws_eks_addon.efs_csi",
            "module.eks.aws_eks_addon.kube_proxy",
            "module.eks.aws_eks_addon.vpc_cni",
            "module.eks.aws_eks_cluster.this",
            "module.eks.aws_eks_node_group.this",
            "module.eks.aws_iam_role.cluster",
            "module.eks.aws_iam_role.nodes",
            "module.eks.aws_iam_role_policy_attachment.cluster_AmazonEKSClusterPolicy",
            "module.eks.aws_iam_role_policy_attachment.cluster_AmazonEKS_VPC_ResourceController",
            "module.eks.aws_iam_role_policy_attachment.nodes_cni",
            "module.eks.aws_iam_role_policy_attachment.nodes_ecr",
            "module.eks.aws_iam_role_policy_attachment.nodes_ssm",
            "module.eks.aws_iam_role_policy_attachment.nodes_worker",
            "module.eks.aws_security_group.nodes",
            "module.eks.aws_security_group_rule.cluster_https_worker_ingress",
            "module.eks.aws_security_group_rule.cluster_to_nodes_kubelet",
            "module.eks.aws_security_group_rule.nodes_to_nodes",
            "module.eks_oidc_provider.aws_iam_openid_connect_provider.this",
            "module.eks_oidc_provider.data.aws_eks_cluster.this",
            "module.eks_oidc_provider.data.tls_certificate.cluster",
            "module.nat_egress_control.aws_security_group.nategress",
            "module.network.aws_eip.nat",
            "module.network.aws_internet_gateway.this",
            "module.network.aws_nat_gateway.nat",
            "module.network.aws_route_table.private",
            "module.network.aws_route_table.public",
            "module.network.aws_route_table_association.private",
            "module.network.aws_route_table_association.public",
            "module.network.aws_security_group.alb",
            "module.network.aws_security_group.vpc_link",
            "module.network.aws_subnet.private_app",
            "module.network.aws_subnet.public",
            "module.network.aws_vpc.this",
            "module.network_endpoints.aws_security_group.vpce",
            "module.network_endpoints.aws_vpc_endpoint.ec2messages",
            "module.network_endpoints.aws_vpc_endpoint.ecr_api",
            "module.network_endpoints.aws_vpc_endpoint.ecr_dkr",
            "module.network_endpoints.aws_vpc_endpoint.ecr_public",
            "module.network_endpoints.aws_vpc_endpoint.logs",
            "module.network_endpoints.aws_vpc_endpoint.monitoring",
            "module.network_endpoints.aws_vpc_endpoint.s3",
            "module.network_endpoints.aws_vpc_endpoint.secretsmanager",
            "module.network_endpoints.aws_vpc_endpoint.ssm",
            "module.network_endpoints.aws_vpc_endpoint.ssmmessages",
            "module.network_endpoints.aws_vpc_endpoint.sts"
          ]
        }
      ]
    },
    {
      "module": "module.aws_lb_controller_irsa[0]",
      "mode": "managed",
      "type": "aws_iam_role_policy",
      "name": "inline",
      "provider": "provider[\"registry.terraform.io/hashicorp/aws\"]",
      "instances": []
    },
    {
      "module": "module.aws_lb_controller_irsa[0]",
      "mode": "managed",
      "type": "aws_iam_role_policy_attachment",
      "name": "additional",
      "provider": "provider[\"registry.terraform.io/hashicorp/aws\"]",
      "instances": []
    },
    {
      "module": "module.aws_lb_controller_irsa[0]",
      "mode": "managed",
      "type": "aws_iam_role_policy_attachment",
      "name": "amazon_cloudwatch_observability",
      "provider": "provider[\"registry.terraform.io/hashicorp/aws\"]",
      "instances": []
    },
    {
      "module": "module.aws_lb_controller_irsa[0]",
      "mode": "managed",
      "type": "aws_iam_role_policy_attachment",
      "name": "this",
      "provider": "provider[\"registry.terraform.io/hashicorp/aws\"]",
      "instances": [
        {
          "index_key": 0,
          "schema_version": 0,
          "attributes": {
            "id": "aws-load-balancer-controller/arn:aws:iam::339712886638:policy/AWS_Load_Balancer_Controller",
            "policy_arn": "arn:aws:iam::339712886638:policy/AWS_Load_Balancer_Controller",
            "role": "aws-load-balancer-controller"
          },
          "sensitive_attributes": [],
          "identity_schema_version": 0,
          "identity": {
            "account_id": "339712886638",
            "policy_arn": "arn:aws:iam::339712886638:policy/AWS_Load_Balancer_Controller",
            "role": "aws-load-balancer-controller"
          },
          "private": "bnVsbA==",
          "dependencies": [
            "module.aws_lb_controller_irsa.aws_iam_policy.this",
            "module.aws_lb_controller_irsa.aws_iam_role.this",
            "module.aws_lb_controller_irsa.data.aws_iam_policy_document.amazon_managed_service_prometheus",
            "module.aws_lb_controller_irsa.data.aws_iam_policy_document.assume",
            "module.aws_lb_controller_irsa.data.aws_iam_policy_document.aws_gateway_controller",
            "module.aws_lb_controller_irsa.data.aws_iam_policy_document.cert_manager",
            "module.aws_lb_controller_irsa.data.aws_iam_policy_document.cluster_autoscaler",
            "module.aws_lb_controller_irsa.data.aws_iam_policy_document.ebs_csi",
            "module.aws_lb_controller_irsa.data.aws_iam_policy_document.efs_csi",
            "module.aws_lb_controller_irsa.data.aws_iam_policy_document.external_dns",
            "module.aws_lb_controller_irsa.data.aws_iam_policy_document.external_secrets",
            "module.aws_lb_controller_irsa.data.aws_iam_policy_document.fsx_lustre_csi",
            "module.aws_lb_controller_irsa.data.aws_iam_policy_document.fsx_openzfs_csi",
            "module.aws_lb_controller_irsa.data.aws_iam_policy_document.load_balancer_controller",
            "module.aws_lb_controller_irsa.data.aws_iam_policy_document.load_balancer_controller_targetgroup_only",
            "module.aws_lb_controller_irsa.data.aws_iam_policy_document.mountpoint_s3_csi",
            "module.aws_lb_controller_irsa.data.aws_iam_policy_document.node_termination_handler",
            "module.aws_lb_controller_irsa.data.aws_iam_policy_document.this",
            "module.aws_lb_controller_irsa.data.aws_iam_policy_document.velero",
            "module.aws_lb_controller_irsa.data.aws_iam_policy_document.vpc_cni",
            "module.aws_lb_controller_irsa.data.aws_partition.current",
            "module.aws_lb_controller_irsa.data.aws_service_principal.delivery_logs",
            "module.aws_lb_controller_irsa.data.aws_service_principal.elasticloadbalancing",
            "module.aws_lb_controller_irsa.data.aws_service_principal.fsx",
            "module.aws_lb_controller_irsa.data.aws_service_principal.vpc_lattice",
            "module.eks.aws_eks_addon.cloudwatch_observability",
            "module.eks.aws_eks_addon.coredns",
            "module.eks.aws_eks_addon.efs_csi",
            "module.eks.aws_eks_addon.kube_proxy",
            "module.eks.aws_eks_addon.vpc_cni",
            "module.eks.aws_eks_cluster.this",
            "module.eks.aws_eks_node_group.this",
            "module.eks.aws_iam_role.cluster",
            "module.eks.aws_iam_role.nodes",
            "module.eks.aws_iam_role_policy_attachment.cluster_AmazonEKSClusterPolicy",
            "module.eks.aws_iam_role_policy_attachment.cluster_AmazonEKS_VPC_ResourceController",
            "module.eks.aws_iam_role_policy_attachment.nodes_cni",
            "module.eks.aws_iam_role_policy_attachment.nodes_ecr",
            "module.eks.aws_iam_role_policy_attachment.nodes_ssm",
            "module.eks.aws_iam_role_policy_attachment.nodes_worker",
            "module.eks.aws_security_group.nodes",
            "module.eks.aws_security_group_rule.cluster_https_worker_ingress",
            "module.eks.aws_security_group_rule.cluster_to_nodes_kubelet",
            "module.eks.aws_security_group_rule.nodes_to_nodes",
            "module.eks_oidc_provider.aws_iam_openid_connect_provider.this",
            "module.eks_oidc_provider.data.aws_eks_cluster.this",
            "module.eks_oidc_provider.data.tls_certificate.cluster",
            "module.nat_egress_control.aws_security_group.nategress",
            "module.network.aws_eip.nat",
            "module.network.aws_internet_gateway.this",
            "module.network.aws_nat_gateway.nat",
            "module.network.aws_route_table.private",
            "module.network.aws_route_table.public",
            "module.network.aws_route_table_association.private",
            "module.network.aws_route_table_association.public",
            "module.network.aws_security_group.alb",
            "module.network.aws_security_group.vpc_link",
            "module.network.aws_subnet.private_app",
            "module.network.aws_subnet.public",
            "module.network.aws_vpc.this",
            "module.network_endpoints.aws_security_group.vpce",
            "module.network_endpoints.aws_vpc_endpoint.ec2messages",
            "module.network_endpoints.aws_vpc_endpoint.ecr_api",
            "module.network_endpoints.aws_vpc_endpoint.ecr_dkr",
            "module.network_endpoints.aws_vpc_endpoint.ecr_public",
            "module.network_endpoints.aws_vpc_endpoint.logs",
            "module.network_endpoints.aws_vpc_endpoint.monitoring",
            "module.network_endpoints.aws_vpc_endpoint.s3",
            "module.network_endpoints.aws_vpc_endpoint.secretsmanager",
            "module.network_endpoints.aws_vpc_endpoint.ssm",
            "module.network_endpoints.aws_vpc_endpoint.ssmmessages",
            "module.network_endpoints.aws_vpc_endpoint.sts"
          ]
        }
      ]
    },
    {
      "module": "module.cdn_static[0]",
      "mode": "data",
      "type": "aws_caller_identity",
      "name": "current",
      "provider": "provider[\"registry.terraform.io/hashicorp/aws\"]",
      "instances": [
        {
          "schema_version": 0,
          "attributes": {
            "account_id": "339712886638",
            "arn": "arn:aws:iam::339712886638:user/Pramod.kumar@navikenz.com",
            "id": "339712886638",
            "user_id": "AIDAU6GDXI5XMB2YETG7U"
          },
          "sensitive_attributes": [],
          "identity_schema_version": 0
        }
      ]
    },
    {
      "module": "module.cdn_static[0]",
      "mode": "managed",
      "type": "aws_cloudfront_distribution",
      "name": "frontend",
      "provider": "provider[\"registry.terraform.io/hashicorp/aws\"]",
      "instances": [
        {
          "schema_version": 1,
          "attributes": {
            "aliases": [],
            "anycast_ip_list_id": "",
            "arn": "arn:aws:cloudfront::339712886638:distribution/E3PEZF3VYAGHXC",
            "caller_reference": "terraform-20251228041235055100000001",
            "comment": "frontend-static",
            "continuous_deployment_policy_id": "",
            "custom_error_response": [
              {
                "error_caching_min_ttl": 10,
                "error_code": 403,
                "response_code": 403,
                "response_page_path": "/index.html"
              },
              {
                "error_caching_min_ttl": 10,
                "error_code": 404,
                "response_code": 404,
                "response_page_path": "/index.html"
              }
            ],
            "default_cache_behavior": [
              {
                "allowed_methods": [
                  "GET",
                  "HEAD"
                ],
                "cache_policy_id": "658327ea-f89d-4fab-a63d-7e88639e58f6",
                "cached_methods": [
                  "GET",
                  "HEAD"
                ],
                "compress": true,
                "default_ttl": 0,
                "field_level_encryption_id": "",
                "forwarded_values": [],
                "function_association": [],
                "grpc_config": [
                  {
                    "enabled": false
                  }
                ],
                "lambda_function_association": [],
                "max_ttl": 0,
                "min_ttl": 0,
                "origin_request_policy_id": "",
                "realtime_log_config_arn": "",
                "response_headers_policy_id": "",
                "smooth_streaming": false,
                "target_origin_id": "frontend-s3-origin-static",
                "trusted_key_groups": [],
                "trusted_signers": [],
                "viewer_protocol_policy": "redirect-to-https"
              }
            ],
            "default_root_object": "index.html",
            "domain_name": "d37p9z8jdy3nkg.cloudfront.net",
            "enabled": true,
            "etag": "E2VDLP2VQ5D1Q7",
            "hosted_zone_id": "Z2FDTNDATAQYW2",
            "http_version": "http2",
            "id": "E3PEZF3VYAGHXC",
            "in_progress_validation_batches": 0,
            "is_ipv6_enabled": false,
            "last_modified_time": "2025-12-28 04:12:36.355 +0000 UTC",
            "logging_config": [],
            "logging_v1_enabled": false,
            "ordered_cache_behavior": [],
            "origin": [
              {
                "connection_attempts": 3,
                "connection_timeout": 10,
                "custom_header": [],
                "custom_origin_config": [],
                "domain_name": "aerowise-t1-edge-static-prod.s3.us-east-1.amazonaws.com",
                "origin_access_control_id": "E2MEK30TTFZ64J",
                "origin_id": "frontend-s3-origin-static",
                "origin_path": "",
                "origin_shield": [],
                "response_completion_timeout": 0,
                "s3_origin_config": [],
                "vpc_origin_config": []
              }
            ],
            "origin_group": [],
            "price_class": "PriceClass_All",
            "restrictions": [
              {
                "geo_restriction": [
                  {
                    "locations": [],
                    "restriction_type": "none"
                  }
                ]
              }
            ],
            "retain_on_delete": false,
            "staging": false,
            "status": "Deployed",
            "tags": {
              "Name": "frontend-cf-static"
            },
            "tags_all": {
              "Name": "frontend-cf-static"
            },
            "trusted_key_groups": [
              {
                "enabled": false,
                "items": []
              }
            ],
            "trusted_signers": [
              {
                "enabled": false,
                "items": []
              }
            ],
            "viewer_certificate": [
              {
                "acm_certificate_arn": "",
                "cloudfront_default_certificate": true,
                "iam_certificate_id": "",
                "minimum_protocol_version": "TLSv1",
                "ssl_support_method": ""
              }
            ],
            "wait_for_deployment": true,
            "web_acl_id": ""
          },
          "sensitive_attributes": [],
          "identity_schema_version": 0,
          "private": "eyJzY2hlbWFfdmVyc2lvbiI6IjEifQ==",
          "dependencies": [
            "module.cdn_static.aws_cloudfront_origin_access_control.oac",
            "module.cdn_static.aws_s3_bucket.static_site"
          ]
        }
      ]
    },
    {
      "module": "module.cdn_static[0]",
      "mode": "managed",
      "type": "aws_cloudfront_origin_access_control",
      "name": "oac",
      "provider": "provider[\"registry.terraform.io/hashicorp/aws\"]",
      "instances": [
        {
          "schema_version": 0,
          "attributes": {
            "arn": "arn:aws:cloudfront::339712886638:origin-access-control/E2MEK30TTFZ64J",
            "description": "Managed by Terraform",
            "etag": "ETVPDKIKX0DER",
            "id": "E2MEK30TTFZ64J",
            "name": "frontend-oac-static-prod",
            "origin_access_control_origin_type": "s3",
            "signing_behavior": "always",
            "signing_protocol": "sigv4"
          },
          "sensitive_attributes": [],
          "identity_schema_version": 0,
          "private": "bnVsbA=="
        }
      ]
    },
    {
      "module": "module.cdn_static[0]",
      "mode": "managed",
      "type": "aws_s3_bucket",
      "name": "static_site",
      "provider": "provider[\"registry.terraform.io/hashicorp/aws\"]",
      "instances": [
        {
          "schema_version": 0,
          "attributes": {
            "acceleration_status": "",
            "acl": null,
            "arn": "arn:aws:s3:::aerowise-t1-edge-static-prod",
            "bucket": "aerowise-t1-edge-static-prod",
            "bucket_domain_name": "aerowise-t1-edge-static-prod.s3.amazonaws.com",
            "bucket_prefix": "",
            "bucket_region": "us-east-1",
            "bucket_regional_domain_name": "aerowise-t1-edge-static-prod.s3.us-east-1.amazonaws.com",
            "cors_rule": [],
            "force_destroy": false,
            "grant": [
              {
                "id": "af37f1a9b240551ed9d8279d5075e65e254f2cd7c096f2b99336a0116568ccde",
                "permissions": [
                  "FULL_CONTROL"
                ],
                "type": "CanonicalUser",
                "uri": ""
              }
            ],
            "hosted_zone_id": "Z3AQBSTGFYJSTF",
            "id": "aerowise-t1-edge-static-prod",
            "lifecycle_rule": [],
            "logging": [],
            "object_lock_configuration": [],
            "object_lock_enabled": false,
            "policy": "{\"Statement\":[{\"Action\":\"s3:GetObject\",\"Condition\":{\"StringEquals\":{\"AWS:SourceArn\":\"arn:aws:cloudfront::339712886638:distribution/E3PEZF3VYAGHXC\"}},\"Effect\":\"Allow\",\"Principal\":{\"Service\":\"cloudfront.amazonaws.com\"},\"Resource\":\"arn:aws:s3:::aerowise-t1-edge-static-prod/*\",\"Sid\":\"AllowCloudFrontOAC\"}],\"Version\":\"2012-10-17\"}",
            "region": "us-east-1",
            "replication_configuration": [],
            "request_payer": "BucketOwner",
            "server_side_encryption_configuration": [
              {
                "rule": [
                  {
                    "apply_server_side_encryption_by_default": [
                      {
                        "kms_master_key_id": "",
                        "sse_algorithm": "AES256"
                      }
                    ],
                    "bucket_key_enabled": false
                  }
                ]
              }
            ],
            "tags": {
              "Name": "frontend-static"
            },
            "tags_all": {
              "Name": "frontend-static"
            },
            "timeouts": null,
            "versioning": [
              {
                "enabled": false,
                "mfa_delete": false
              }
            ],
            "website": [],
            "website_domain": null,
            "website_endpoint": null
          },
          "sensitive_attributes": [],
          "identity_schema_version": 0,
          "identity": {
            "account_id": "339712886638",
            "bucket": "aerowise-t1-edge-static-prod",
            "region": "us-east-1"
          },
          "private": "eyJlMmJmYjczMC1lY2FhLTExZTYtOGY4OC0zNDM2M2JjN2M0YzAiOnsiY3JlYXRlIjoxMjAwMDAwMDAwMDAwLCJkZWxldGUiOjM2MDAwMDAwMDAwMDAsInJlYWQiOjEyMDAwMDAwMDAwMDAsInVwZGF0ZSI6MTIwMDAwMDAwMDAwMH19"
        }
      ]
    },
    {
      "module": "module.cdn_static[0]",
      "mode": "managed",
      "type": "aws_s3_bucket_policy",
      "name": "static_site_policy",
      "provider": "provider[\"registry.terraform.io/hashicorp/aws\"]",
      "instances": [
        {
          "schema_version": 0,
          "attributes": {
            "bucket": "aerowise-t1-edge-static-prod",
            "id": "aerowise-t1-edge-static-prod",
            "policy": "{\"Statement\":[{\"Action\":\"s3:GetObject\",\"Condition\":{\"StringEquals\":{\"AWS:SourceArn\":\"arn:aws:cloudfront::339712886638:distribution/E3PEZF3VYAGHXC\"}},\"Effect\":\"Allow\",\"Principal\":{\"Service\":\"cloudfront.amazonaws.com\"},\"Resource\":\"arn:aws:s3:::aerowise-t1-edge-static-prod/*\",\"Sid\":\"AllowCloudFrontOAC\"}],\"Version\":\"2012-10-17\"}",
            "region": "us-east-1"
          },
          "sensitive_attributes": [],
          "identity_schema_version": 0,
          "identity": {
            "account_id": "339712886638",
            "bucket": "aerowise-t1-edge-static-prod",
            "region": "us-east-1"
          },
          "private": "bnVsbA==",
          "dependencies": [
            "module.cdn_static.aws_cloudfront_distribution.frontend",
            "module.cdn_static.aws_cloudfront_origin_access_control.oac",
            "module.cdn_static.aws_s3_bucket.static_site",
            "module.cdn_static.data.aws_caller_identity.current"
          ]
        }
      ]
    },
    {
      "module": "module.cloudtrail",
      "mode": "data",
      "type": "aws_caller_identity",
      "name": "current",
      "provider": "provider[\"registry.terraform.io/hashicorp/aws\"]",
      "instances": [
        {
          "schema_version": 0,
          "attributes": {
            "account_id": "339712886638",
            "arn": "arn:aws:iam::339712886638:user/Pramod.kumar@navikenz.com",
            "id": "339712886638",
            "user_id": "AIDAU6GDXI5XMB2YETG7U"
          },
          "sensitive_attributes": [],
          "identity_schema_version": 0
        }
      ]
    },
    {
      "module": "module.cloudtrail",
      "mode": "data",
      "type": "aws_region",
      "name": "current",
      "provider": "provider[\"registry.terraform.io/hashicorp/aws\"]",
      "instances": [
        {
          "schema_version": 0,
          "attributes": {
            "description": "US East (N. Virginia)",
            "endpoint": "ec2.us-east-1.amazonaws.com",
            "id": "us-east-1",
            "name": "us-east-1",
            "region": "us-east-1"
          },
          "sensitive_attributes": [],
          "identity_schema_version": 0
        }
      ]
    },
    {
      "module": "module.cloudtrail",
      "mode": "managed",
      "type": "aws_cloudtrail",
      "name": "this",
      "provider": "provider[\"registry.terraform.io/hashicorp/aws\"]",
      "instances": [
        {
          "schema_version": 1,
          "attributes": {
            "advanced_event_selector": [],
            "arn": "arn:aws:cloudtrail:us-east-1:339712886638:trail/aerowise-t1-cloudtrail",
            "cloud_watch_logs_group_arn": "arn:aws:logs:us-east-1:339712886638:log-group:/aws/cloudtrail/aerowise-t1:*",
            "cloud_watch_logs_role_arn": "arn:aws:iam::339712886638:role/aerowise-t1-cloudtrail-cloudwatch-20251228030808111200000001",
            "enable_log_file_validation": true,
            "enable_logging": true,
            "event_selector": [],
            "home_region": "us-east-1",
            "id": "arn:aws:cloudtrail:us-east-1:339712886638:trail/aerowise-t1-cloudtrail",
            "include_global_service_events": true,
            "insight_selector": [],
            "is_multi_region_trail": true,
            "is_organization_trail": false,
            "kms_key_id": "",
            "name": "aerowise-t1-cloudtrail",
            "region": "us-east-1",
            "s3_bucket_name": "aerowise-t1-cloudtrail-us-east-1",
            "s3_key_prefix": "cloudtrail",
            "sns_topic_arn": "",
            "sns_topic_name": "",
            "tags": {
              "Environment": "prod",
              "Project": "aerowise-t1"
            },
            "tags_all": {
              "Environment": "prod",
              "Project": "aerowise-t1"
            }
          },
          "sensitive_attributes": [],
          "identity_schema_version": 0,
          "identity": {
            "arn": "arn:aws:cloudtrail:us-east-1:339712886638:trail/aerowise-t1-cloudtrail"
          },
          "private": "eyJzY2hlbWFfdmVyc2lvbiI6IjEifQ==",
          "dependencies": [
            "module.cloudtrail.aws_cloudwatch_log_group.this",
            "module.cloudtrail.aws_s3_bucket.cloudtrail",
            "module.cloudtrail.aws_s3_bucket_policy.cloudtrail",
            "module.cloudtrail.module.cloudtrail_role.aws_iam_role.this",
            "module.cloudtrail.module.cloudtrail_role.data.aws_caller_identity.current",
            "module.cloudtrail.module.cloudtrail_role.data.aws_iam_policy_document.this",
            "module.cloudtrail.module.cloudtrail_role.data.aws_partition.current"
          ]
        }
      ]
    },
    {
      "module": "module.cloudtrail",
      "mode": "managed",
      "type": "aws_cloudwatch_log_group",
      "name": "this",
      "provider": "provider[\"registry.terraform.io/hashicorp/aws\"]",
      "instances": [
        {
          "schema_version": 0,
          "attributes": {
            "arn": "arn:aws:logs:us-east-1:339712886638:log-group:/aws/cloudtrail/aerowise-t1",
            "deletion_protection_enabled": false,
            "id": "/aws/cloudtrail/aerowise-t1",
            "kms_key_id": "",
            "log_group_class": "STANDARD",
            "name": "/aws/cloudtrail/aerowise-t1",
            "name_prefix": "",
            "region": "us-east-1",
            "retention_in_days": 365,
            "skip_destroy": false,
            "tags": {},
            "tags_all": {}
          },
          "sensitive_attributes": [],
          "identity_schema_version": 0,
          "identity": {
            "account_id": "339712886638",
            "name": "/aws/cloudtrail/aerowise-t1",
            "region": "us-east-1"
          },
          "private": "bnVsbA=="
        }
      ]
    },
    {
      "module": "module.cloudtrail",
      "mode": "managed",
      "type": "aws_s3_bucket",
      "name": "cloudtrail",
      "provider": "provider[\"registry.terraform.io/hashicorp/aws\"]",
      "instances": [
        {
          "schema_version": 0,
          "attributes": {
            "acceleration_status": "",
            "acl": null,
            "arn": "arn:aws:s3:::aerowise-t1-cloudtrail-us-east-1",
            "bucket": "aerowise-t1-cloudtrail-us-east-1",
            "bucket_domain_name": "aerowise-t1-cloudtrail-us-east-1.s3.amazonaws.com",
            "bucket_prefix": "",
            "bucket_region": "us-east-1",
            "bucket_regional_domain_name": "aerowise-t1-cloudtrail-us-east-1.s3.us-east-1.amazonaws.com",
            "cors_rule": [],
            "force_destroy": true,
            "grant": [
              {
                "id": "af37f1a9b240551ed9d8279d5075e65e254f2cd7c096f2b99336a0116568ccde",
                "permissions": [
                  "FULL_CONTROL"
                ],
                "type": "CanonicalUser",
                "uri": ""
              }
            ],
            "hosted_zone_id": "Z3AQBSTGFYJSTF",
            "id": "aerowise-t1-cloudtrail-us-east-1",
            "lifecycle_rule": [],
            "logging": [],
            "object_lock_configuration": [],
            "object_lock_enabled": false,
            "policy": "{\"Statement\":[{\"Action\":\"s3:GetBucketAcl\",\"Effect\":\"Allow\",\"Principal\":{\"Service\":\"cloudtrail.amazonaws.com\"},\"Resource\":\"arn:aws:s3:::aerowise-t1-cloudtrail-us-east-1\",\"Sid\":\"AWSCloudTrailAclCheck\"},{\"Action\":\"s3:PutObject\",\"Condition\":{\"StringEquals\":{\"s3:x-amz-acl\":\"bucket-owner-full-control\"}},\"Effect\":\"Allow\",\"Principal\":{\"Service\":\"cloudtrail.amazonaws.com\"},\"Resource\":\"arn:aws:s3:::aerowise-t1-cloudtrail-us-east-1/cloudtrail/*\",\"Sid\":\"AWSCloudTrailWrite\"}],\"Version\":\"2012-10-17\"}",
            "region": "us-east-1",
            "replication_configuration": [],
            "request_payer": "BucketOwner",
            "server_side_encryption_configuration": [
              {
                "rule": [
                  {
                    "apply_server_side_encryption_by_default": [
                      {
                        "kms_master_key_id": "",
                        "sse_algorithm": "AES256"
                      }
                    ],
                    "bucket_key_enabled": false
                  }
                ]
              }
            ],
            "tags": {},
            "tags_all": {},
            "timeouts": null,
            "versioning": [
              {
                "enabled": true,
                "mfa_delete": false
              }
            ],
            "website": [],
            "website_domain": null,
            "website_endpoint": null
          },
          "sensitive_attributes": [],
          "identity_schema_version": 0,
          "identity": {
            "account_id": "339712886638",
            "bucket": "aerowise-t1-cloudtrail-us-east-1",
            "region": "us-east-1"
          },
          "private": "eyJlMmJmYjczMC1lY2FhLTExZTYtOGY4OC0zNDM2M2JjN2M0YzAiOnsiY3JlYXRlIjoxMjAwMDAwMDAwMDAwLCJkZWxldGUiOjM2MDAwMDAwMDAwMDAsInJlYWQiOjEyMDAwMDAwMDAwMDAsInVwZGF0ZSI6MTIwMDAwMDAwMDAwMH19"
        }
      ]
    },
    {
      "module": "module.cloudtrail",
      "mode": "managed",
      "type": "aws_s3_bucket_policy",
      "name": "cloudtrail",
      "provider": "provider[\"registry.terraform.io/hashicorp/aws\"]",
      "instances": [
        {
          "schema_version": 0,
          "attributes": {
            "bucket": "aerowise-t1-cloudtrail-us-east-1",
            "id": "aerowise-t1-cloudtrail-us-east-1",
            "policy": "{\"Statement\":[{\"Action\":\"s3:GetBucketAcl\",\"Effect\":\"Allow\",\"Principal\":{\"Service\":\"cloudtrail.amazonaws.com\"},\"Resource\":\"arn:aws:s3:::aerowise-t1-cloudtrail-us-east-1\",\"Sid\":\"AWSCloudTrailAclCheck\"},{\"Action\":\"s3:PutObject\",\"Condition\":{\"StringEquals\":{\"s3:x-amz-acl\":\"bucket-owner-full-control\"}},\"Effect\":\"Allow\",\"Principal\":{\"Service\":\"cloudtrail.amazonaws.com\"},\"Resource\":\"arn:aws:s3:::aerowise-t1-cloudtrail-us-east-1/cloudtrail/*\",\"Sid\":\"AWSCloudTrailWrite\"}],\"Version\":\"2012-10-17\"}",
            "region": "us-east-1"
          },
          "sensitive_attributes": [],
          "identity_schema_version": 0,
          "identity": {
            "account_id": "339712886638",
            "bucket": "aerowise-t1-cloudtrail-us-east-1",
            "region": "us-east-1"
          },
          "private": "bnVsbA==",
          "dependencies": [
            "module.cloudtrail.aws_s3_bucket.cloudtrail"
          ]
        }
      ]
    },
    {
      "module": "module.cloudtrail",
      "mode": "managed",
      "type": "aws_s3_bucket_public_access_block",
      "name": "cloudtrail",
      "provider": "provider[\"registry.terraform.io/hashicorp/aws\"]",
      "instances": [
        {
          "schema_version": 0,
          "attributes": {
            "block_public_acls": true,
            "block_public_policy": true,
            "bucket": "aerowise-t1-cloudtrail-us-east-1",
            "id": "aerowise-t1-cloudtrail-us-east-1",
            "ignore_public_acls": true,
            "region": "us-east-1",
            "restrict_public_buckets": true,
            "skip_destroy": null
          },
          "sensitive_attributes": [],
          "identity_schema_version": 0,
          "identity": {
            "account_id": "339712886638",
            "bucket": "aerowise-t1-cloudtrail-us-east-1",
            "region": "us-east-1"
          },
          "private": "bnVsbA==",
          "dependencies": [
            "module.cloudtrail.aws_s3_bucket.cloudtrail"
          ]
        }
      ]
    },
    {
      "module": "module.cloudtrail",
      "mode": "managed",
      "type": "aws_s3_bucket_server_side_encryption_configuration",
      "name": "cloudtrail",
      "provider": "provider[\"registry.terraform.io/hashicorp/aws\"]",
      "instances": [
        {
          "schema_version": 0,
          "attributes": {
            "bucket": "aerowise-t1-cloudtrail-us-east-1",
            "expected_bucket_owner": "",
            "id": "aerowise-t1-cloudtrail-us-east-1",
            "region": "us-east-1",
            "rule": [
              {
                "apply_server_side_encryption_by_default": [
                  {
                    "kms_master_key_id": "",
                    "sse_algorithm": "AES256"
                  }
                ],
                "blocked_encryption_types": [],
                "bucket_key_enabled": false
              }
            ]
          },
          "sensitive_attributes": [],
          "identity_schema_version": 0,
          "identity": {
            "account_id": "339712886638",
            "bucket": "aerowise-t1-cloudtrail-us-east-1",
            "expected_bucket_owner": null,
            "region": "us-east-1"
          },
          "private": "bnVsbA==",
          "dependencies": [
            "module.cloudtrail.aws_s3_bucket.cloudtrail"
          ]
        }
      ]
    },
    {
      "module": "module.cloudtrail",
      "mode": "managed",
      "type": "aws_s3_bucket_versioning",
      "name": "cloudtrail",
      "provider": "provider[\"registry.terraform.io/hashicorp/aws\"]",
      "instances": [
        {
          "schema_version": 0,
          "attributes": {
            "bucket": "aerowise-t1-cloudtrail-us-east-1",
            "expected_bucket_owner": "",
            "id": "aerowise-t1-cloudtrail-us-east-1",
            "mfa": null,
            "region": "us-east-1",
            "versioning_configuration": [
              {
                "mfa_delete": "",
                "status": "Enabled"
              }
            ]
          },
          "sensitive_attributes": [],
          "identity_schema_version": 0,
          "identity": {
            "account_id": "339712886638",
            "bucket": "aerowise-t1-cloudtrail-us-east-1",
            "expected_bucket_owner": null,
            "region": "us-east-1"
          },
          "private": "bnVsbA==",
          "dependencies": [
            "module.cloudtrail.aws_s3_bucket.cloudtrail"
          ]
        }
      ]
    },
    {
      "module": "module.cloudtrail.module.cloudtrail_policy",
      "mode": "managed",
      "type": "aws_iam_policy",
      "name": "policy",
      "provider": "provider[\"registry.terraform.io/hashicorp/aws\"]",
      "instances": [
        {
          "index_key": 0,
          "schema_version": 0,
          "attributes": {
            "arn": "arn:aws:iam::339712886638:policy/aerowise-t1-cloudtrail-cloudwatch-policy",
            "attachment_count": 1,
            "description": "Allow CloudTrail to put logs to CloudWatch Logs",
            "id": "arn:aws:iam::339712886638:policy/aerowise-t1-cloudtrail-cloudwatch-policy",
            "name": "aerowise-t1-cloudtrail-cloudwatch-policy",
            "name_prefix": "",
            "path": "/",
            "policy": "{\"Statement\":[{\"Action\":[\"logs:CreateLogStream\",\"logs:PutLogEvents\"],\"Effect\":\"Allow\",\"Resource\":\"arn:aws:logs:us-east-1:339712886638:log-group:/aws/cloudtrail/aerowise-t1:*\"}],\"Version\":\"2012-10-17\"}",
            "policy_id": "ANPAU6GDXI5XFEVTSPIRR",
            "tags": {
              "Environment": "prod",
              "Project": "aerowise-t1"
            },
            "tags_all": {
              "Environment": "prod",
              "Project": "aerowise-t1"
            }
          },
          "sensitive_attributes": [],
          "identity_schema_version": 0,
          "identity": {
            "arn": "arn:aws:iam::339712886638:policy/aerowise-t1-cloudtrail-cloudwatch-policy"
          },
          "private": "bnVsbA==",
          "dependencies": [
            "module.cloudtrail.aws_cloudwatch_log_group.this"
          ]
        }
      ]
    },
    {
      "module": "module.cloudtrail.module.cloudtrail_role[0]",
      "mode": "data",
      "type": "aws_caller_identity",
      "name": "current",
      "provider": "provider[\"registry.terraform.io/hashicorp/aws\"]",
      "instances": [
        {
          "index_key": 0,
          "schema_version": 0,
          "attributes": {
            "account_id": "339712886638",
            "arn": "arn:aws:iam::339712886638:user/Pramod.kumar@navikenz.com",
            "id": "339712886638",
            "user_id": "AIDAU6GDXI5XMB2YETG7U"
          },
          "sensitive_attributes": [],
          "identity_schema_version": 0
        }
      ]
    },
    {
      "module": "module.cloudtrail.module.cloudtrail_role[0]",
      "mode": "data",
      "type": "aws_iam_policy_document",
      "name": "inline",
      "provider": "provider[\"registry.terraform.io/hashicorp/aws\"]",
      "instances": []
    },
    {
      "module": "module.cloudtrail.module.cloudtrail_role[0]",
      "mode": "data",
      "type": "aws_iam_policy_document",
      "name": "this",
      "provider": "provider[\"registry.terraform.io/hashicorp/aws\"]",
      "instances": [
        {
          "index_key": 0,
          "schema_version": 0,
          "attributes": {
            "id": "2467356557",
            "json": "{\n  \"Version\": \"2012-10-17\",\n  \"Statement\": [\n    {\n      \"Sid\": \"CloudTrailAssumeRole\",\n      \"Effect\": \"Allow\",\n      \"Action\": \"sts:AssumeRole\",\n      \"Principal\": {\n        \"Service\": \"cloudtrail.amazonaws.com\"\n      }\n    }\n  ]\n}",
            "minified_json": "{\"Version\":\"2012-10-17\",\"Statement\":[{\"Sid\":\"CloudTrailAssumeRole\",\"Effect\":\"Allow\",\"Action\":\"sts:AssumeRole\",\"Principal\":{\"Service\":\"cloudtrail.amazonaws.com\"}}]}",
            "override_json": null,
            "override_policy_documents": null,
            "policy_id": null,
            "source_json": null,
            "source_policy_documents": null,
            "statement": [
              {
                "actions": [
                  "sts:AssumeRole"
                ],
                "condition": [],
                "effect": "Allow",
                "not_actions": [],
                "not_principals": [],
                "not_resources": [],
                "principals": [
                  {
                    "identifiers": [
                      "cloudtrail.amazonaws.com"
                    ],
                    "type": "Service"
                  }
                ],
                "resources": [],
                "sid": "CloudTrailAssumeRole"
              }
            ],
            "version": "2012-10-17"
          },
          "sensitive_attributes": [],
          "identity_schema_version": 0
        }
      ]
    },
    {
      "module": "module.cloudtrail.module.cloudtrail_role[0]",
      "mode": "data",
      "type": "aws_partition",
      "name": "current",
      "provider": "provider[\"registry.terraform.io/hashicorp/aws\"]",
      "instances": [
        {
          "index_key": 0,
          "schema_version": 0,
          "attributes": {
            "dns_suffix": "amazonaws.com",
            "id": "aws",
            "partition": "aws",
            "reverse_dns_prefix": "com.amazonaws"
          },
          "sensitive_attributes": [],
          "identity_schema_version": 0
        }
      ]
    },
    {
      "module": "module.cloudtrail.module.cloudtrail_role[0]",
      "mode": "managed",
      "type": "aws_iam_instance_profile",
      "name": "this",
      "provider": "provider[\"registry.terraform.io/hashicorp/aws\"]",
      "instances": []
    },
    {
      "module": "module.cloudtrail.module.cloudtrail_role[0]",
      "mode": "managed",
      "type": "aws_iam_role",
      "name": "this",
      "provider": "provider[\"registry.terraform.io/hashicorp/aws\"]",
      "instances": [
        {
          "index_key": 0,
          "schema_version": 0,
          "attributes": {
            "arn": "arn:aws:iam::339712886638:role/aerowise-t1-cloudtrail-cloudwatch-20251228030808111200000001",
            "assume_role_policy": "{\"Statement\":[{\"Action\":\"sts:AssumeRole\",\"Effect\":\"Allow\",\"Principal\":{\"Service\":\"cloudtrail.amazonaws.com\"},\"Sid\":\"CloudTrailAssumeRole\"}],\"Version\":\"2012-10-17\"}",
            "create_date": "2025-12-28T03:08:10Z",
            "description": "",
            "force_detach_policies": true,
            "id": "aerowise-t1-cloudtrail-cloudwatch-20251228030808111200000001",
            "inline_policy": [],
            "managed_policy_arns": [
              "arn:aws:iam::339712886638:policy/aerowise-t1-cloudtrail-cloudwatch-policy"
            ],
            "max_session_duration": 3600,
            "name": "aerowise-t1-cloudtrail-cloudwatch-20251228030808111200000001",
            "name_prefix": "aerowise-t1-cloudtrail-cloudwatch-",
            "path": "/",
            "permissions_boundary": "",
            "tags": {
              "Environment": "prod",
              "Project": "aerowise-t1"
            },
            "tags_all": {
              "Environment": "prod",
              "Project": "aerowise-t1"
            },
            "unique_id": "AROAU6GDXI5XFYDVW2SNJ"
          },
          "sensitive_attributes": [],
          "identity_schema_version": 0,
          "identity": {
            "account_id": "339712886638",
            "name": "aerowise-t1-cloudtrail-cloudwatch-20251228030808111200000001"
          },
          "private": "bnVsbA==",
          "dependencies": [
            "module.cloudtrail.module.cloudtrail_role.data.aws_caller_identity.current",
            "module.cloudtrail.module.cloudtrail_role.data.aws_iam_policy_document.this",
            "module.cloudtrail.module.cloudtrail_role.data.aws_partition.current"
          ],
          "create_before_destroy": true
        }
      ]
    },
    {
      "module": "module.cloudtrail.module.cloudtrail_role[0]",
      "mode": "managed",
      "type": "aws_iam_role_policy",
      "name": "inline",
      "provider": "provider[\"registry.terraform.io/hashicorp/aws\"]",
      "instances": []
    },
    {
      "module": "module.cloudtrail.module.cloudtrail_role[0]",
      "mode": "managed",
      "type": "aws_iam_role_policy_attachment",
      "name": "this",
      "provider": "provider[\"registry.terraform.io/hashicorp/aws\"]",
      "instances": [
        {
          "index_key": "cloudwatch",
          "schema_version": 0,
          "attributes": {
            "id": "aerowise-t1-cloudtrail-cloudwatch-20251228030808111200000001/arn:aws:iam::339712886638:policy/aerowise-t1-cloudtrail-cloudwatch-policy",
            "policy_arn": "arn:aws:iam::339712886638:policy/aerowise-t1-cloudtrail-cloudwatch-policy",
            "role": "aerowise-t1-cloudtrail-cloudwatch-20251228030808111200000001"
          },
          "sensitive_attributes": [],
          "identity_schema_version": 0,
          "identity": {
            "account_id": "339712886638",
            "policy_arn": "arn:aws:iam::339712886638:policy/aerowise-t1-cloudtrail-cloudwatch-policy",
            "role": "aerowise-t1-cloudtrail-cloudwatch-20251228030808111200000001"
          },
          "private": "bnVsbA==",
          "dependencies": [
            "module.cloudtrail.aws_cloudwatch_log_group.this",
            "module.cloudtrail.module.cloudtrail_policy.aws_iam_policy.policy",
            "module.cloudtrail.module.cloudtrail_role.aws_iam_role.this",
            "module.cloudtrail.module.cloudtrail_role.data.aws_caller_identity.current",
            "module.cloudtrail.module.cloudtrail_role.data.aws_iam_policy_document.this",
            "module.cloudtrail.module.cloudtrail_role.data.aws_partition.current"
          ]
        }
      ]
    },
    {
      "module": "module.db_secrets",
      "mode": "managed",
      "type": "aws_secretsmanager_secret",
      "name": "this",
      "provider": "provider[\"registry.terraform.io/hashicorp/aws\"]",
      "instances": [
        {
          "schema_version": 0,
          "attributes": {
            "arn": "arn:aws:secretsmanager:us-east-1:339712886638:secret:aerowise-t1-db-credentials-tn62di-sevhb4",
            "description": "RDS PostgreSQL master credentials for aerowise-t1-db-credentials",
            "force_overwrite_replica_secret": false,
            "id": "arn:aws:secretsmanager:us-east-1:339712886638:secret:aerowise-t1-db-credentials-tn62di-sevhb4",
            "kms_key_id": "arn:aws:kms:us-east-1:339712886638:key/d82df462-4daa-49ef-96c0-4b923253f64b",
            "name": "aerowise-t1-db-credentials-tn62di",
            "name_prefix": "",
            "policy": "",
            "recovery_window_in_days": 30,
            "region": "us-east-1",
            "replica": [],
            "tags": {
              "Environment": "prod",
              "Name": "aerowise-t1-db-credentials",
              "Project": "aerowise-t1"
            },
            "tags_all": {
              "Environment": "prod",
              "Name": "aerowise-t1-db-credentials",
              "Project": "aerowise-t1"
            }
          },
          "sensitive_attributes": [],
          "identity_schema_version": 0,
          "identity": {
            "arn": "arn:aws:secretsmanager:us-east-1:339712886638:secret:aerowise-t1-db-credentials-tn62di-sevhb4"
          },
          "private": "bnVsbA==",
          "dependencies": [
            "module.db_secrets.random_string.suffix",
            "module.eks.aws_eks_addon.cloudwatch_observability",
            "module.eks.aws_eks_addon.coredns",
            "module.eks.aws_eks_addon.efs_csi",
            "module.eks.aws_eks_addon.kube_proxy",
            "module.eks.aws_eks_addon.vpc_cni",
            "module.eks.aws_eks_cluster.this",
            "module.eks.aws_eks_node_group.this",
            "module.eks.aws_iam_role.cluster",
            "module.eks.aws_iam_role.nodes",
            "module.eks.aws_iam_role_policy_attachment.cluster_AmazonEKSClusterPolicy",
            "module.eks.aws_iam_role_policy_attachment.cluster_AmazonEKS_VPC_ResourceController",
            "module.eks.aws_iam_role_policy_attachment.nodes_cni",
            "module.eks.aws_iam_role_policy_attachment.nodes_ecr",
            "module.eks.aws_iam_role_policy_attachment.nodes_ssm",
            "module.eks.aws_iam_role_policy_attachment.nodes_worker",
            "module.eks.aws_security_group.nodes",
            "module.eks.aws_security_group_rule.cluster_https_worker_ingress",
            "module.eks.aws_security_group_rule.cluster_to_nodes_kubelet",
            "module.eks.aws_security_group_rule.nodes_to_nodes",
            "module.kms_cmk.aws_kms_key.app_secrets",
            "module.kms_cmk.data.aws_caller_identity.current",
            "module.nat_egress_control.aws_security_group.nategress",
            "module.network.aws_eip.nat",
            "module.network.aws_internet_gateway.this",
            "module.network.aws_nat_gateway.nat",
            "module.network.aws_route_table.private",
            "module.network.aws_route_table.public",
            "module.network.aws_route_table_association.private",
            "module.network.aws_route_table_association.public",
            "module.network.aws_security_group.alb",
            "module.network.aws_security_group.vpc_link",
            "module.network.aws_subnet.private_app",
            "module.network.aws_subnet.public",
            "module.network.aws_vpc.this",
            "module.network_endpoints.aws_security_group.vpce",
            "module.network_endpoints.aws_vpc_endpoint.ec2messages",
            "module.network_endpoints.aws_vpc_endpoint.ecr_api",
            "module.network_endpoints.aws_vpc_endpoint.ecr_dkr",
            "module.network_endpoints.aws_vpc_endpoint.ecr_public",
            "module.network_endpoints.aws_vpc_endpoint.logs",
            "module.network_endpoints.aws_vpc_endpoint.monitoring",
            "module.network_endpoints.aws_vpc_endpoint.s3",
            "module.network_endpoints.aws_vpc_endpoint.secretsmanager",
            "module.network_endpoints.aws_vpc_endpoint.ssm",
            "module.network_endpoints.aws_vpc_endpoint.ssmmessages",
            "module.network_endpoints.aws_vpc_endpoint.sts"
          ]
        }
      ]
    },
    {
      "module": "module.db_secrets",
      "mode": "managed",
      "type": "aws_secretsmanager_secret_version",
      "name": "creds",
      "provider": "provider[\"registry.terraform.io/hashicorp/aws\"]",
      "instances": [
        {
          "schema_version": 0,
          "attributes": {
            "arn": "arn:aws:secretsmanager:us-east-1:339712886638:secret:aerowise-t1-db-credentials-tn62di-sevhb4",
            "has_secret_string_wo": null,
            "id": "arn:aws:secretsmanager:us-east-1:339712886638:secret:aerowise-t1-db-credentials-tn62di-sevhb4|terraform-20251228040319381700000008",
            "region": "us-east-1",
            "secret_binary": "",
            "secret_id": "arn:aws:secretsmanager:us-east-1:339712886638:secret:aerowise-t1-db-credentials-tn62di-sevhb4",
            "secret_string": "{\"password\":\"ProdPass123Secure!\",\"username\":\"postgres\"}",
            "secret_string_wo": null,
            "secret_string_wo_version": null,
            "version_id": "terraform-20251228040319381700000008",
            "version_stages": [
              "AWSCURRENT"
            ]
          },
          "sensitive_attributes": [
            [
              {
                "type": "get_attr",
                "value": "secret_binary"
              }
            ],
            [
              {
                "type": "get_attr",
                "value": "secret_string"
              }
            ],
            [
              {
                "type": "get_attr",
                "value": "secret_string_wo"
              }
            ]
          ],
          "identity_schema_version": 0,
          "identity": {
            "account_id": "339712886638",
            "region": "us-east-1",
            "secret_id": "arn:aws:secretsmanager:us-east-1:339712886638:secret:aerowise-t1-db-credentials-tn62di-sevhb4",
            "version_id": "terraform-20251228040319381700000008"
          },
          "private": "bnVsbA==",
          "dependencies": [
            "module.db_secrets.aws_secretsmanager_secret.this",
            "module.db_secrets.random_string.suffix",
            "module.eks.aws_eks_addon.cloudwatch_observability",
            "module.eks.aws_eks_addon.coredns",
            "module.eks.aws_eks_addon.efs_csi",
            "module.eks.aws_eks_addon.kube_proxy",
            "module.eks.aws_eks_addon.vpc_cni",
            "module.eks.aws_eks_cluster.this",
            "module.eks.aws_eks_node_group.this",
            "module.eks.aws_iam_role.cluster",
            "module.eks.aws_iam_role.nodes",
            "module.eks.aws_iam_role_policy_attachment.cluster_AmazonEKSClusterPolicy",
            "module.eks.aws_iam_role_policy_attachment.cluster_AmazonEKS_VPC_ResourceController",
            "module.eks.aws_iam_role_policy_attachment.nodes_cni",
            "module.eks.aws_iam_role_policy_attachment.nodes_ecr",
            "module.eks.aws_iam_role_policy_attachment.nodes_ssm",
            "module.eks.aws_iam_role_policy_attachment.nodes_worker",
            "module.eks.aws_security_group.nodes",
            "module.eks.aws_security_group_rule.cluster_https_worker_ingress",
            "module.eks.aws_security_group_rule.cluster_to_nodes_kubelet",
            "module.eks.aws_security_group_rule.nodes_to_nodes",
            "module.kms_cmk.aws_kms_key.app_secrets",
            "module.kms_cmk.data.aws_caller_identity.current",
            "module.nat_egress_control.aws_security_group.nategress",
            "module.network.aws_eip.nat",
            "module.network.aws_internet_gateway.this",
            "module.network.aws_nat_gateway.nat",
            "module.network.aws_route_table.private",
            "module.network.aws_route_table.public",
            "module.network.aws_route_table_association.private",
            "module.network.aws_route_table_association.public",
            "module.network.aws_security_group.alb",
            "module.network.aws_security_group.vpc_link",
            "module.network.aws_subnet.private_app",
            "module.network.aws_subnet.public",
            "module.network.aws_vpc.this",
            "module.network_endpoints.aws_security_group.vpce",
            "module.network_endpoints.aws_vpc_endpoint.ec2messages",
            "module.network_endpoints.aws_vpc_endpoint.ecr_api",
            "module.network_endpoints.aws_vpc_endpoint.ecr_dkr",
            "module.network_endpoints.aws_vpc_endpoint.ecr_public",
            "module.network_endpoints.aws_vpc_endpoint.logs",
            "module.network_endpoints.aws_vpc_endpoint.monitoring",
            "module.network_endpoints.aws_vpc_endpoint.s3",
            "module.network_endpoints.aws_vpc_endpoint.secretsmanager",
            "module.network_endpoints.aws_vpc_endpoint.ssm",
            "module.network_endpoints.aws_vpc_endpoint.ssmmessages",
            "module.network_endpoints.aws_vpc_endpoint.sts"
          ]
        }
      ]
    },
    {
      "module": "module.db_secrets",
      "mode": "managed",
      "type": "random_string",
      "name": "suffix",
      "provider": "provider[\"registry.terraform.io/hashicorp/random\"]",
      "instances": [
        {
          "schema_version": 2,
          "attributes": {
            "id": "tn62di",
            "keepers": null,
            "length": 6,
            "lower": true,
            "min_lower": 0,
            "min_numeric": 0,
            "min_special": 0,
            "min_upper": 0,
            "number": true,
            "numeric": true,
            "override_special": null,
            "result": "tn62di",
            "special": false,
            "upper": false
          },
          "sensitive_attributes": [],
          "identity_schema_version": 0
        }
      ]
    },
    {
      "module": "module.eks",
      "mode": "managed",
      "type": "aws_eks_addon",
      "name": "cloudwatch_observability",
      "provider": "provider[\"registry.terraform.io/hashicorp/aws\"]",
      "instances": [
        {
          "schema_version": 0,
          "attributes": {
            "addon_name": "amazon-cloudwatch-observability",
            "addon_version": "v4.8.0-eksbuild.1",
            "arn": "arn:aws:eks:us-east-1:339712886638:addon/aerowise-t1-eks/amazon-cloudwatch-observability/c0cdb18f-84f0-12cb-e4ef-34d7d2a7e19e",
            "cluster_name": "aerowise-t1-eks",
            "configuration_values": "",
            "created_at": "2025-12-28T04:02:17Z",
            "id": "aerowise-t1-eks:amazon-cloudwatch-observability",
            "modified_at": "2025-12-28T04:02:44Z",
            "pod_identity_association": [],
            "preserve": null,
            "region": "us-east-1",
            "resolve_conflicts_on_create": "OVERWRITE",
            "resolve_conflicts_on_update": "OVERWRITE",
            "service_account_role_arn": "",
            "tags": {},
            "tags_all": {},
            "timeouts": null
          },
          "sensitive_attributes": [],
          "identity_schema_version": 0,
          "private": "eyJlMmJmYjczMC1lY2FhLTExZTYtOGY4OC0zNDM2M2JjN2M0YzAiOnsiY3JlYXRlIjoxMjAwMDAwMDAwMDAwLCJkZWxldGUiOjI0MDAwMDAwMDAwMDAsInVwZGF0ZSI6MTIwMDAwMDAwMDAwMH19",
          "dependencies": [
            "module.eks.aws_eks_cluster.this",
            "module.eks.aws_eks_node_group.this",
            "module.eks.aws_iam_role.cluster",
            "module.eks.aws_iam_role.nodes",
            "module.eks.aws_iam_role_policy_attachment.cluster_AmazonEKSClusterPolicy",
            "module.eks.aws_iam_role_policy_attachment.cluster_AmazonEKS_VPC_ResourceController",
            "module.eks.aws_iam_role_policy_attachment.nodes_cni",
            "module.eks.aws_iam_role_policy_attachment.nodes_ecr",
            "module.eks.aws_iam_role_policy_attachment.nodes_worker",
            "module.eks.aws_security_group.nodes",
            "module.eks.aws_security_group_rule.cluster_https_worker_ingress",
            "module.network.aws_eip.nat",
            "module.network.aws_internet_gateway.this",
            "module.network.aws_nat_gateway.nat",
            "module.network.aws_route_table.private",
            "module.network.aws_route_table.public",
            "module.network.aws_route_table_association.private",
            "module.network.aws_route_table_association.public",
            "module.network.aws_security_group.alb",
            "module.network.aws_security_group.vpc_link",
            "module.network.aws_subnet.private_app",
            "module.network.aws_subnet.public",
            "module.network.aws_vpc.this",
            "module.network_endpoints.aws_security_group.vpce",
            "module.network_endpoints.aws_vpc_endpoint.ec2messages",
            "module.network_endpoints.aws_vpc_endpoint.ecr_api",
            "module.network_endpoints.aws_vpc_endpoint.ecr_dkr",
            "module.network_endpoints.aws_vpc_endpoint.ecr_public",
            "module.network_endpoints.aws_vpc_endpoint.logs",
            "module.network_endpoints.aws_vpc_endpoint.monitoring",
            "module.network_endpoints.aws_vpc_endpoint.s3",
            "module.network_endpoints.aws_vpc_endpoint.secretsmanager",
            "module.network_endpoints.aws_vpc_endpoint.ssm",
            "module.network_endpoints.aws_vpc_endpoint.ssmmessages",
            "module.network_endpoints.aws_vpc_endpoint.sts"
          ]
        }
      ]
    },
    {
      "module": "module.eks",
      "mode": "managed",
      "type": "aws_eks_addon",
      "name": "coredns",
      "provider": "provider[\"registry.terraform.io/hashicorp/aws\"]",
      "instances": [
        {
          "schema_version": 0,
          "attributes": {
            "addon_name": "coredns",
            "addon_version": "v1.12.1-eksbuild.2",
            "arn": "arn:aws:eks:us-east-1:339712886638:addon/aerowise-t1-eks/coredns/f0cdb18f-84f1-9ecb-a4ad-4a21e668ec34",
            "cluster_name": "aerowise-t1-eks",
            "configuration_values": "",
            "created_at": "2025-12-28T04:02:17Z",
            "id": "aerowise-t1-eks:coredns",
            "modified_at": "2025-12-28T04:02:29Z",
            "pod_identity_association": [],
            "preserve": null,
            "region": "us-east-1",
            "resolve_conflicts_on_create": "OVERWRITE",
            "resolve_conflicts_on_update": "OVERWRITE",
            "service_account_role_arn": "",
            "tags": {},
            "tags_all": {},
            "timeouts": null
          },
          "sensitive_attributes": [],
          "identity_schema_version": 0,
          "private": "eyJlMmJmYjczMC1lY2FhLTExZTYtOGY4OC0zNDM2M2JjN2M0YzAiOnsiY3JlYXRlIjoxMjAwMDAwMDAwMDAwLCJkZWxldGUiOjI0MDAwMDAwMDAwMDAsInVwZGF0ZSI6MTIwMDAwMDAwMDAwMH19",
          "dependencies": [
            "module.eks.aws_eks_cluster.this",
            "module.eks.aws_eks_node_group.this",
            "module.eks.aws_iam_role.cluster",
            "module.eks.aws_iam_role.nodes",
            "module.eks.aws_iam_role_policy_attachment.cluster_AmazonEKSClusterPolicy",
            "module.eks.aws_iam_role_policy_attachment.cluster_AmazonEKS_VPC_ResourceController",
            "module.eks.aws_iam_role_policy_attachment.nodes_cni",
            "module.eks.aws_iam_role_policy_attachment.nodes_ecr",
            "module.eks.aws_iam_role_policy_attachment.nodes_worker",
            "module.eks.aws_security_group.nodes",
            "module.eks.aws_security_group_rule.cluster_https_worker_ingress",
            "module.network.aws_eip.nat",
            "module.network.aws_internet_gateway.this",
            "module.network.aws_nat_gateway.nat",
            "module.network.aws_route_table.private",
            "module.network.aws_route_table.public",
            "module.network.aws_route_table_association.private",
            "module.network.aws_route_table_association.public",
            "module.network.aws_security_group.alb",
            "module.network.aws_security_group.vpc_link",
            "module.network.aws_subnet.private_app",
            "module.network.aws_subnet.public",
            "module.network.aws_vpc.this",
            "module.network_endpoints.aws_security_group.vpce",
            "module.network_endpoints.aws_vpc_endpoint.ec2messages",
            "module.network_endpoints.aws_vpc_endpoint.ecr_api",
            "module.network_endpoints.aws_vpc_endpoint.ecr_dkr",
            "module.network_endpoints.aws_vpc_endpoint.ecr_public",
            "module.network_endpoints.aws_vpc_endpoint.logs",
            "module.network_endpoints.aws_vpc_endpoint.monitoring",
            "module.network_endpoints.aws_vpc_endpoint.s3",
            "module.network_endpoints.aws_vpc_endpoint.secretsmanager",
            "module.network_endpoints.aws_vpc_endpoint.ssm",
            "module.network_endpoints.aws_vpc_endpoint.ssmmessages",
            "module.network_endpoints.aws_vpc_endpoint.sts"
          ]
        }
      ]
    },
    {
      "module": "module.eks",
      "mode": "managed",
      "type": "aws_eks_addon",
      "name": "efs_csi",
      "provider": "provider[\"registry.terraform.io/hashicorp/aws\"]",
      "instances": [
        {
          "schema_version": 0,
          "attributes": {
            "addon_name": "aws-efs-csi-driver",
            "addon_version": "v2.1.15-eksbuild.1",
            "arn": "arn:aws:eks:us-east-1:339712886638:addon/aerowise-t1-eks/aws-efs-csi-driver/eecdb18f-84f0-58a7-6d71-f639279534fe",
            "cluster_name": "aerowise-t1-eks",
            "configuration_values": "",
            "created_at": "2025-12-28T04:02:17Z",
            "id": "aerowise-t1-eks:aws-efs-csi-driver",
            "modified_at": "2025-12-28T04:02:51Z",
            "pod_identity_association": [],
            "preserve": null,
            "region": "us-east-1",
            "resolve_conflicts_on_create": "OVERWRITE",
            "resolve_conflicts_on_update": "OVERWRITE",
            "service_account_role_arn": "",
            "tags": {},
            "tags_all": {},
            "timeouts": null
          },
          "sensitive_attributes": [],
          "identity_schema_version": 0,
          "private": "eyJlMmJmYjczMC1lY2FhLTExZTYtOGY4OC0zNDM2M2JjN2M0YzAiOnsiY3JlYXRlIjoxMjAwMDAwMDAwMDAwLCJkZWxldGUiOjI0MDAwMDAwMDAwMDAsInVwZGF0ZSI6MTIwMDAwMDAwMDAwMH19",
          "dependencies": [
            "module.eks.aws_eks_cluster.this",
            "module.eks.aws_eks_node_group.this",
            "module.eks.aws_iam_role.cluster",
            "module.eks.aws_iam_role.nodes",
            "module.eks.aws_iam_role_policy_attachment.cluster_AmazonEKSClusterPolicy",
            "module.eks.aws_iam_role_policy_attachment.cluster_AmazonEKS_VPC_ResourceController",
            "module.eks.aws_iam_role_policy_attachment.nodes_cni",
            "module.eks.aws_iam_role_policy_attachment.nodes_ecr",
            "module.eks.aws_iam_role_policy_attachment.nodes_worker",
            "module.eks.aws_security_group.nodes",
            "module.eks.aws_security_group_rule.cluster_https_worker_ingress",
            "module.network.aws_eip.nat",
            "module.network.aws_internet_gateway.this",
            "module.network.aws_nat_gateway.nat",
            "module.network.aws_route_table.private",
            "module.network.aws_route_table.public",
            "module.network.aws_route_table_association.private",
            "module.network.aws_route_table_association.public",
            "module.network.aws_security_group.alb",
            "module.network.aws_security_group.vpc_link",
            "module.network.aws_subnet.private_app",
            "module.network.aws_subnet.public",
            "module.network.aws_vpc.this",
            "module.network_endpoints.aws_security_group.vpce",
            "module.network_endpoints.aws_vpc_endpoint.ec2messages",
            "module.network_endpoints.aws_vpc_endpoint.ecr_api",
            "module.network_endpoints.aws_vpc_endpoint.ecr_dkr",
            "module.network_endpoints.aws_vpc_endpoint.ecr_public",
            "module.network_endpoints.aws_vpc_endpoint.logs",
            "module.network_endpoints.aws_vpc_endpoint.monitoring",
            "module.network_endpoints.aws_vpc_endpoint.s3",
            "module.network_endpoints.aws_vpc_endpoint.secretsmanager",
            "module.network_endpoints.aws_vpc_endpoint.ssm",
            "module.network_endpoints.aws_vpc_endpoint.ssmmessages",
            "module.network_endpoints.aws_vpc_endpoint.sts"
          ]
        }
      ]
    },
    {
      "module": "module.eks",
      "mode": "managed",
      "type": "aws_eks_addon",
      "name": "kube_proxy",
      "provider": "provider[\"registry.terraform.io/hashicorp/aws\"]",
      "instances": [
        {
          "schema_version": 0,
          "attributes": {
            "addon_name": "kube-proxy",
            "addon_version": "v1.33.3-eksbuild.4",
            "arn": "arn:aws:eks:us-east-1:339712886638:addon/aerowise-t1-eks/kube-proxy/5ecdb18f-84f1-6d8a-6122-1fcb9b47e01e",
            "cluster_name": "aerowise-t1-eks",
            "configuration_values": "",
            "created_at": "2025-12-28T04:02:17Z",
            "id": "aerowise-t1-eks:kube-proxy",
            "modified_at": "2025-12-28T04:02:23Z",
            "pod_identity_association": [],
            "preserve": null,
            "region": "us-east-1",
            "resolve_conflicts_on_create": "OVERWRITE",
            "resolve_conflicts_on_update": "OVERWRITE",
            "service_account_role_arn": "",
            "tags": {},
            "tags_all": {},
            "timeouts": null
          },
          "sensitive_attributes": [],
          "identity_schema_version": 0,
          "private": "eyJlMmJmYjczMC1lY2FhLTExZTYtOGY4OC0zNDM2M2JjN2M0YzAiOnsiY3JlYXRlIjoxMjAwMDAwMDAwMDAwLCJkZWxldGUiOjI0MDAwMDAwMDAwMDAsInVwZGF0ZSI6MTIwMDAwMDAwMDAwMH19",
          "dependencies": [
            "module.eks.aws_eks_cluster.this",
            "module.eks.aws_eks_node_group.this",
            "module.eks.aws_iam_role.cluster",
            "module.eks.aws_iam_role.nodes",
            "module.eks.aws_iam_role_policy_attachment.cluster_AmazonEKSClusterPolicy",
            "module.eks.aws_iam_role_policy_attachment.cluster_AmazonEKS_VPC_ResourceController",
            "module.eks.aws_iam_role_policy_attachment.nodes_cni",
            "module.eks.aws_iam_role_policy_attachment.nodes_ecr",
            "module.eks.aws_iam_role_policy_attachment.nodes_worker",
            "module.eks.aws_security_group.nodes",
            "module.eks.aws_security_group_rule.cluster_https_worker_ingress",
            "module.network.aws_eip.nat",
            "module.network.aws_internet_gateway.this",
            "module.network.aws_nat_gateway.nat",
            "module.network.aws_route_table.private",
            "module.network.aws_route_table.public",
            "module.network.aws_route_table_association.private",
            "module.network.aws_route_table_association.public",
            "module.network.aws_security_group.alb",
            "module.network.aws_security_group.vpc_link",
            "module.network.aws_subnet.private_app",
            "module.network.aws_subnet.public",
            "module.network.aws_vpc.this",
            "module.network_endpoints.aws_security_group.vpce",
            "module.network_endpoints.aws_vpc_endpoint.ec2messages",
            "module.network_endpoints.aws_vpc_endpoint.ecr_api",
            "module.network_endpoints.aws_vpc_endpoint.ecr_dkr",
            "module.network_endpoints.aws_vpc_endpoint.ecr_public",
            "module.network_endpoints.aws_vpc_endpoint.logs",
            "module.network_endpoints.aws_vpc_endpoint.monitoring",
            "module.network_endpoints.aws_vpc_endpoint.s3",
            "module.network_endpoints.aws_vpc_endpoint.secretsmanager",
            "module.network_endpoints.aws_vpc_endpoint.ssm",
            "module.network_endpoints.aws_vpc_endpoint.ssmmessages",
            "module.network_endpoints.aws_vpc_endpoint.sts"
          ]
        }
      ]
    },
    {
      "module": "module.eks",
      "mode": "managed",
      "type": "aws_eks_addon",
      "name": "vpc_cni",
      "provider": "provider[\"registry.terraform.io/hashicorp/aws\"]",
      "instances": [
        {
          "schema_version": 0,
          "attributes": {
            "addon_name": "vpc-cni",
            "addon_version": "v1.20.4-eksbuild.2",
            "arn": "arn:aws:eks:us-east-1:339712886638:addon/aerowise-t1-eks/vpc-cni/a8cdb18f-84ee-b3e1-960f-f35c6daf9fce",
            "cluster_name": "aerowise-t1-eks",
            "configuration_values": "",
            "created_at": "2025-12-28T04:02:17Z",
            "id": "aerowise-t1-eks:vpc-cni",
            "modified_at": "2025-12-28T04:02:44Z",
            "pod_identity_association": [],
            "preserve": null,
            "region": "us-east-1",
            "resolve_conflicts_on_create": "OVERWRITE",
            "resolve_conflicts_on_update": "OVERWRITE",
            "service_account_role_arn": "",
            "tags": {},
            "tags_all": {},
            "timeouts": null
          },
          "sensitive_attributes": [],
          "identity_schema_version": 0,
          "private": "eyJlMmJmYjczMC1lY2FhLTExZTYtOGY4OC0zNDM2M2JjN2M0YzAiOnsiY3JlYXRlIjoxMjAwMDAwMDAwMDAwLCJkZWxldGUiOjI0MDAwMDAwMDAwMDAsInVwZGF0ZSI6MTIwMDAwMDAwMDAwMH19",
          "dependencies": [
            "module.eks.aws_eks_cluster.this",
            "module.eks.aws_eks_node_group.this",
            "module.eks.aws_iam_role.cluster",
            "module.eks.aws_iam_role.nodes",
            "module.eks.aws_iam_role_policy_attachment.cluster_AmazonEKSClusterPolicy",
            "module.eks.aws_iam_role_policy_attachment.cluster_AmazonEKS_VPC_ResourceController",
            "module.eks.aws_iam_role_policy_attachment.nodes_cni",
            "module.eks.aws_iam_role_policy_attachment.nodes_ecr",
            "module.eks.aws_iam_role_policy_attachment.nodes_worker",
            "module.eks.aws_security_group.nodes",
            "module.eks.aws_security_group_rule.cluster_https_worker_ingress",
            "module.network.aws_eip.nat",
            "module.network.aws_internet_gateway.this",
            "module.network.aws_nat_gateway.nat",
            "module.network.aws_route_table.private",
            "module.network.aws_route_table.public",
            "module.network.aws_route_table_association.private",
            "module.network.aws_route_table_association.public",
            "module.network.aws_security_group.alb",
            "module.network.aws_security_group.vpc_link",
            "module.network.aws_subnet.private_app",
            "module.network.aws_subnet.public",
            "module.network.aws_vpc.this",
            "module.network_endpoints.aws_security_group.vpce",
            "module.network_endpoints.aws_vpc_endpoint.ec2messages",
            "module.network_endpoints.aws_vpc_endpoint.ecr_api",
            "module.network_endpoints.aws_vpc_endpoint.ecr_dkr",
            "module.network_endpoints.aws_vpc_endpoint.ecr_public",
            "module.network_endpoints.aws_vpc_endpoint.logs",
            "module.network_endpoints.aws_vpc_endpoint.monitoring",
            "module.network_endpoints.aws_vpc_endpoint.s3",
            "module.network_endpoints.aws_vpc_endpoint.secretsmanager",
            "module.network_endpoints.aws_vpc_endpoint.ssm",
            "module.network_endpoints.aws_vpc_endpoint.ssmmessages",
            "module.network_endpoints.aws_vpc_endpoint.sts"
          ]
        }
      ]
    },
    {
      "module": "module.eks",
      "mode": "managed",
      "type": "aws_eks_cluster",
      "name": "this",
      "provider": "provider[\"registry.terraform.io/hashicorp/aws\"]",
      "instances": [
        {
          "schema_version": 1,
          "attributes": {
            "access_config": [
              {
                "authentication_mode": "CONFIG_MAP",
                "bootstrap_cluster_creator_admin_permissions": true
              }
            ],
            "arn": "arn:aws:eks:us-east-1:339712886638:cluster/aerowise-t1-eks",
            "bootstrap_self_managed_addons": true,
            "certificate_authority": [
              {
                "data": "LS0tLS1CRUdJTiBDRVJUSUZJQ0FURS0tLS0tCk1JSURCVENDQWUyZ0F3SUJBZ0lJRUh1d0kya1Fkd0V3RFFZSktvWklodmNOQVFFTEJRQXdGVEVUTUJFR0ExVUUKQXhNS2EzVmlaWEp1WlhSbGN6QWVGdzB5TlRFeU1qZ3dNekV6TkRkYUZ3MHpOVEV5TWpZd016RTRORGRhTUJVeApFekFSQmdOVkJBTVRDbXQxWW1WeWJtVjBaWE13Z2dFaU1BMEdDU3FHU0liM0RRRUJBUVVBQTRJQkR3QXdnZ0VLCkFvSUJBUUNnUGxRZ2loWG5Ha3c4dFV3L3dNWkJ4ZmpLd0VlbGo2Q0lKNHF0aGg1WkgxVkwvRCtBQ0doblp1K0UKTjhPVEdtSGpRUHc0SG44QUZlczRBMkFvTUlLaHdRVS9pRGZ4dy9RVUQzUWRXcXpicExUVGxyUGh3UHZvczlYSgpsUHdTV3orb25zdkFsWEZkSVhqTE9pWmVtY0pidDhjMUZxTFZyQ1FJSjZKbXZ3bkpJZk81TWN1aTc2MVYrNEZOClc5WmNtTWJVVzdPbksxT1pwY1Zzd1VXRHpmdEkyeVFmYm16bFhzUCtrR2E4RDJTd0hFT0Y1bE9SZnBKVVhxZHIKY09YcGxIaHdQSG4vL3E3UEhmdGIrV29TQ0xmN1FpS2wyRDBJQWg1QUdRTmtrY3dDRzVOTUJ5dk9JOG1IZFliWQpkS3pEV3VTRkRDN3M1ZldpMldHNEdzSzFUK2FIQWdNQkFBR2pXVEJYTUE0R0ExVWREd0VCL3dRRUF3SUNwREFQCkJnTlZIUk1CQWY4RUJUQURBUUgvTUIwR0ExVWREZ1FXQkJUK1p2SlhYNUFsbWVDRzBPakJ1L2pmQ1ViYUZqQVYKQmdOVkhSRUVEakFNZ2dwcmRXSmxjbTVsZEdWek1BMEdDU3FHU0liM0RRRUJDd1VBQTRJQkFRQlpxV2JJc3pxMApOcnJxRExMQjhNODRkUDlhS1VCeHNHd3VHR1ZGS2FyL0FVS2xQaXhSRUtTOHk2bVZnMWkwS3BOZmhLZ0ltMFRjCnA1ZUVpU2doRHhTT2l0aHVXa2M3VGwrR3p0YWRoM2luTDIxZmxuL2F1NnpGNDd1NldsZlhzV25JUUx1dDNkNEsKV29sS2NJM3QzRE1rZy8yTW9PVTBnRS9xODY1NXdMZEJ5SXpDNmF5cWhaelQzUWxtUDhPQjVTaVUrWkF4Rm12WgozOXhmdEY4SDFqRGl4eGs0bmhZaUdkMFhmL3NYUzdPendUcXJQT0hBTlJjUjBpc2t3bkVSbkgzRENoc1E4MlQvCm1sZnRac1N5RUVQV2IwNzBGMCtkQ2JhT1dJNzlDK2phcjNuQlNwRmNCQldFZ3lmOXlsR0RuMGNwOUgzWGF3OGkKaE9ubGxMZzJzRTh5Ci0tLS0tRU5EIENFUlRJRklDQVRFLS0tLS0K"
              }
            ],
            "cluster_id": null,
            "compute_config": [
              {
                "enabled": false,
                "node_pools": [],
                "node_role_arn": ""
              }
            ],
            "control_plane_scaling_config": [
              {
                "tier": "standard"
              }
            ],
            "created_at": "2025-12-28T03:13:18Z",
            "deletion_protection": false,
            "enabled_cluster_log_types": [
              "api",
              "audit",
              "authenticator",
              "controllerManager",
              "scheduler"
            ],
            "encryption_config": [],
            "endpoint": "https://FDE07F51A24627F8E29BD04B12482060.gr7.us-east-1.eks.amazonaws.com",
            "force_update_version": null,
            "id": "aerowise-t1-eks",
            "identity": [
              {
                "oidc": [
                  {
                    "issuer": "https://oidc.eks.us-east-1.amazonaws.com/id/FDE07F51A24627F8E29BD04B12482060"
                  }
                ]
              }
            ],
            "kubernetes_network_config": [
              {
                "elastic_load_balancing": [
                  {
                    "enabled": false
                  }
                ],
                "ip_family": "ipv4",
                "service_ipv4_cidr": "10.100.0.0/16",
                "service_ipv6_cidr": ""
              }
            ],
            "name": "aerowise-t1-eks",
            "outpost_config": [],
            "platform_version": "eks.24",
            "region": "us-east-1",
            "remote_network_config": [],
            "role_arn": "arn:aws:iam::339712886638:role/aerowise-t1-eks-cluster-role",
            "status": "ACTIVE",
            "storage_config": [
              {
                "block_storage": [
                  {
                    "enabled": false
                  }
                ]
              }
            ],
            "tags": {
              "Environment": "prod",
              "Name": "aerowise-t1-eks",
              "Project": "aerowise-t1"
            },
            "tags_all": {
              "Environment": "prod",
              "Name": "aerowise-t1-eks",
              "Project": "aerowise-t1"
            },
            "timeouts": null,
            "upgrade_policy": [
              {
                "support_type": "EXTENDED"
              }
            ],
            "version": "1.33",
            "vpc_config": [
              {
                "cluster_security_group_id": "sg-0423a9532aea0711d",
                "endpoint_private_access": true,
                "endpoint_public_access": true,
                "public_access_cidrs": [
                  "0.0.0.0/0"
                ],
                "security_group_ids": [],
                "subnet_ids": [
                  "subnet-02f3984c2237db7f7",
                  "subnet-03ba1a05e579fbfaa",
                  "subnet-09bb2fe342f542bd4"
                ],
                "vpc_id": "vpc-0aa1080e771ac39e2"
              }
            ],
            "zonal_shift_config": []
          },
          "sensitive_attributes": [],
          "identity_schema_version": 0,
          "private": "eyJlMmJmYjczMC1lY2FhLTExZTYtOGY4OC0zNDM2M2JjN2M0YzAiOnsiY3JlYXRlIjoxODAwMDAwMDAwMDAwLCJkZWxldGUiOjkwMDAwMDAwMDAwMCwidXBkYXRlIjozNjAwMDAwMDAwMDAwfSwic2NoZW1hX3ZlcnNpb24iOiIxIn0=",
          "dependencies": [
            "module.eks.aws_iam_role.cluster",
            "module.eks.aws_iam_role_policy_attachment.cluster_AmazonEKSClusterPolicy",
            "module.eks.aws_iam_role_policy_attachment.cluster_AmazonEKS_VPC_ResourceController",
            "module.network.aws_eip.nat",
            "module.network.aws_internet_gateway.this",
            "module.network.aws_nat_gateway.nat",
            "module.network.aws_route_table.private",
            "module.network.aws_route_table.public",
            "module.network.aws_route_table_association.private",
            "module.network.aws_route_table_association.public",
            "module.network.aws_security_group.alb",
            "module.network.aws_security_group.vpc_link",
            "module.network.aws_subnet.private_app",
            "module.network.aws_subnet.public",
            "module.network.aws_vpc.this",
            "module.network_endpoints.aws_security_group.vpce",
            "module.network_endpoints.aws_vpc_endpoint.ec2messages",
            "module.network_endpoints.aws_vpc_endpoint.ecr_api",
            "module.network_endpoints.aws_vpc_endpoint.ecr_dkr",
            "module.network_endpoints.aws_vpc_endpoint.ecr_public",
            "module.network_endpoints.aws_vpc_endpoint.logs",
            "module.network_endpoints.aws_vpc_endpoint.monitoring",
            "module.network_endpoints.aws_vpc_endpoint.s3",
            "module.network_endpoints.aws_vpc_endpoint.secretsmanager",
            "module.network_endpoints.aws_vpc_endpoint.ssm",
            "module.network_endpoints.aws_vpc_endpoint.ssmmessages",
            "module.network_endpoints.aws_vpc_endpoint.sts"
          ]
        }
      ]
    },
    {
      "module": "module.eks",
      "mode": "managed",
      "type": "aws_eks_node_group",
      "name": "this",
      "provider": "provider[\"registry.terraform.io/hashicorp/aws\"]",
      "instances": [
        {
          "schema_version": 0,
          "attributes": {
            "ami_type": "AL2023_x86_64_STANDARD",
            "arn": "arn:aws:eks:us-east-1:339712886638:nodegroup/aerowise-t1-eks/main/a4cdb18e-92f8-80be-d28d-9fcc97b02840",
            "capacity_type": "ON_DEMAND",
            "cluster_name": "aerowise-t1-eks",
            "disk_size": 50,
            "force_update_version": null,
            "id": "aerowise-t1-eks:main",
            "instance_types": [
              "t3.medium"
            ],
            "labels": {},
            "launch_template": [],
            "node_group_name": "main",
            "node_group_name_prefix": "",
            "node_repair_config": [],
            "node_role_arn": "arn:aws:iam::339712886638:role/aerowise-t1-eks-main-node-role",
            "region": "us-east-1",
            "release_version": "1.33.5-20251217",
            "remote_access": [],
            "resources": [
              {
                "autoscaling_groups": [
                  {
                    "name": "eks-main-a4cdb18e-92f8-80be-d28d-9fcc97b02840"
                  }
                ],
                "remote_access_security_group_id": ""
              }
            ],
            "scaling_config": [
              {
                "desired_size": 2,
                "max_size": 4,
                "min_size": 1
              }
            ],
            "status": "ACTIVE",
            "subnet_ids": [
              "subnet-02f3984c2237db7f7",
              "subnet-03ba1a05e579fbfaa",
              "subnet-09bb2fe342f542bd4"
            ],
            "tags": {
              "Environment": "prod",
              "Name": "aerowise-t1-eks-main",
              "Project": "aerowise-t1",
              "kubernetes.io/cluster/aerowise-t1-eks": "owned"
            },
            "tags_all": {
              "Environment": "prod",
              "Name": "aerowise-t1-eks-main",
              "Project": "aerowise-t1",
              "kubernetes.io/cluster/aerowise-t1-eks": "owned"
            },
            "taint": [],
            "timeouts": null,
            "update_config": [
              {
                "max_unavailable": 0,
                "max_unavailable_percentage": 33,
                "update_strategy": ""
              }
            ],
            "version": "1.33"
          },
          "sensitive_attributes": [],
          "identity_schema_version": 0,
          "private": "eyJlMmJmYjczMC1lY2FhLTExZTYtOGY4OC0zNDM2M2JjN2M0YzAiOnsiY3JlYXRlIjozNjAwMDAwMDAwMDAwLCJkZWxldGUiOjM2MDAwMDAwMDAwMDAsInVwZGF0ZSI6MzYwMDAwMDAwMDAwMH19",
          "dependencies": [
            "module.eks.aws_eks_cluster.this",
            "module.eks.aws_iam_role.cluster",
            "module.eks.aws_iam_role.nodes",
            "module.eks.aws_iam_role_policy_attachment.cluster_AmazonEKSClusterPolicy",
            "module.eks.aws_iam_role_policy_attachment.cluster_AmazonEKS_VPC_ResourceController",
            "module.eks.aws_iam_role_policy_attachment.nodes_cni",
            "module.eks.aws_iam_role_policy_attachment.nodes_ecr",
            "module.eks.aws_iam_role_policy_attachment.nodes_worker",
            "module.eks.aws_security_group.nodes",
            "module.eks.aws_security_group_rule.cluster_https_worker_ingress",
            "module.network.aws_eip.nat",
            "module.network.aws_internet_gateway.this",
            "module.network.aws_nat_gateway.nat",
            "module.network.aws_route_table.private",
            "module.network.aws_route_table.public",
            "module.network.aws_route_table_association.private",
            "module.network.aws_route_table_association.public",
            "module.network.aws_security_group.alb",
            "module.network.aws_security_group.vpc_link",
            "module.network.aws_subnet.private_app",
            "module.network.aws_subnet.public",
            "module.network.aws_vpc.this",
            "module.network_endpoints.aws_security_group.vpce",
            "module.network_endpoints.aws_vpc_endpoint.ec2messages",
            "module.network_endpoints.aws_vpc_endpoint.ecr_api",
            "module.network_endpoints.aws_vpc_endpoint.ecr_dkr",
            "module.network_endpoints.aws_vpc_endpoint.ecr_public",
            "module.network_endpoints.aws_vpc_endpoint.logs",
            "module.network_endpoints.aws_vpc_endpoint.monitoring",
            "module.network_endpoints.aws_vpc_endpoint.s3",
            "module.network_endpoints.aws_vpc_endpoint.secretsmanager",
            "module.network_endpoints.aws_vpc_endpoint.ssm",
            "module.network_endpoints.aws_vpc_endpoint.ssmmessages",
            "module.network_endpoints.aws_vpc_endpoint.sts"
          ]
        }
      ]
    },
    {
      "module": "module.eks",
      "mode": "managed",
      "type": "aws_iam_role",
      "name": "cluster",
      "provider": "provider[\"registry.terraform.io/hashicorp/aws\"]",
      "instances": [
        {
          "schema_version": 0,
          "attributes": {
            "arn": "arn:aws:iam::339712886638:role/aerowise-t1-eks-cluster-role",
            "assume_role_policy": "{\"Statement\":[{\"Action\":\"sts:AssumeRole\",\"Effect\":\"Allow\",\"Principal\":{\"Service\":\"eks.amazonaws.com\"}}],\"Version\":\"2012-10-17\"}",
            "create_date": "2025-12-28T03:13:11Z",
            "description": "",
            "force_detach_policies": false,
            "id": "aerowise-t1-eks-cluster-role",
            "inline_policy": [],
            "managed_policy_arns": [
              "arn:aws:iam::aws:policy/AmazonEKSClusterPolicy",
              "arn:aws:iam::aws:policy/AmazonEKSVPCResourceController"
            ],
            "max_session_duration": 3600,
            "name": "aerowise-t1-eks-cluster-role",
            "name_prefix": "",
            "path": "/",
            "permissions_boundary": "",
            "tags": {
              "Environment": "prod",
              "Name": "aerowise-t1-eks-cluster-role",
              "Project": "aerowise-t1"
            },
            "tags_all": {
              "Environment": "prod",
              "Name": "aerowise-t1-eks-cluster-role",
              "Project": "aerowise-t1"
            },
            "unique_id": "AROAU6GDXI5XMJARTCP35"
          },
          "sensitive_attributes": [],
          "identity_schema_version": 0,
          "identity": {
            "account_id": "339712886638",
            "name": "aerowise-t1-eks-cluster-role"
          },
          "private": "bnVsbA==",
          "dependencies": [
            "module.network.aws_eip.nat",
            "module.network.aws_internet_gateway.this",
            "module.network.aws_nat_gateway.nat",
            "module.network.aws_route_table.private",
            "module.network.aws_route_table.public",
            "module.network.aws_route_table_association.private",
            "module.network.aws_route_table_association.public",
            "module.network.aws_security_group.alb",
            "module.network.aws_security_group.vpc_link",
            "module.network.aws_subnet.private_app",
            "module.network.aws_subnet.public",
            "module.network.aws_vpc.this",
            "module.network_endpoints.aws_security_group.vpce",
            "module.network_endpoints.aws_vpc_endpoint.ec2messages",
            "module.network_endpoints.aws_vpc_endpoint.ecr_api",
            "module.network_endpoints.aws_vpc_endpoint.ecr_dkr",
            "module.network_endpoints.aws_vpc_endpoint.ecr_public",
            "module.network_endpoints.aws_vpc_endpoint.logs",
            "module.network_endpoints.aws_vpc_endpoint.monitoring",
            "module.network_endpoints.aws_vpc_endpoint.s3",
            "module.network_endpoints.aws_vpc_endpoint.secretsmanager",
            "module.network_endpoints.aws_vpc_endpoint.ssm",
            "module.network_endpoints.aws_vpc_endpoint.ssmmessages",
            "module.network_endpoints.aws_vpc_endpoint.sts"
          ]
        }
      ]
    },
    {
      "module": "module.eks",
      "mode": "managed",
      "type": "aws_iam_role",
      "name": "nodes",
      "provider": "provider[\"registry.terraform.io/hashicorp/aws\"]",
      "instances": [
        {
          "schema_version": 0,
          "attributes": {
            "arn": "arn:aws:iam::339712886638:role/aerowise-t1-eks-main-node-role",
            "assume_role_policy": "{\"Statement\":[{\"Action\":\"sts:AssumeRole\",\"Effect\":\"Allow\",\"Principal\":{\"Service\":\"ec2.amazonaws.com\"}}],\"Version\":\"2012-10-17\"}",
            "create_date": "2025-12-28T03:13:11Z",
            "description": "",
            "force_detach_policies": false,
            "id": "aerowise-t1-eks-main-node-role",
            "inline_policy": [],
            "managed_policy_arns": [
              "arn:aws:iam::aws:policy/AmazonEC2ContainerRegistryReadOnly",
              "arn:aws:iam::aws:policy/AmazonEKSWorkerNodePolicy",
              "arn:aws:iam::aws:policy/AmazonEKS_CNI_Policy",
              "arn:aws:iam::aws:policy/AmazonSSMManagedInstanceCore"
            ],
            "max_session_duration": 3600,
            "name": "aerowise-t1-eks-main-node-role",
            "name_prefix": "",
            "path": "/",
            "permissions_boundary": "",
            "tags": {
              "Environment": "prod",
              "Name": "aerowise-t1-eks-main-node-role",
              "Project": "aerowise-t1"
            },
            "tags_all": {
              "Environment": "prod",
              "Name": "aerowise-t1-eks-main-node-role",
              "Project": "aerowise-t1"
            },
            "unique_id": "AROAU6GDXI5XFOD2VST75"
          },
          "sensitive_attributes": [],
          "identity_schema_version": 0,
          "identity": {
            "account_id": "339712886638",
            "name": "aerowise-t1-eks-main-node-role"
          },
          "private": "bnVsbA==",
          "dependencies": [
            "module.network.aws_eip.nat",
            "module.network.aws_internet_gateway.this",
            "module.network.aws_nat_gateway.nat",
            "module.network.aws_route_table.private",
            "module.network.aws_route_table.public",
            "module.network.aws_route_table_association.private",
            "module.network.aws_route_table_association.public",
            "module.network.aws_security_group.alb",
            "module.network.aws_security_group.vpc_link",
            "module.network.aws_subnet.private_app",
            "module.network.aws_subnet.public",
            "module.network.aws_vpc.this",
            "module.network_endpoints.aws_security_group.vpce",
            "module.network_endpoints.aws_vpc_endpoint.ec2messages",
            "module.network_endpoints.aws_vpc_endpoint.ecr_api",
            "module.network_endpoints.aws_vpc_endpoint.ecr_dkr",
            "module.network_endpoints.aws_vpc_endpoint.ecr_public",
            "module.network_endpoints.aws_vpc_endpoint.logs",
            "module.network_endpoints.aws_vpc_endpoint.monitoring",
            "module.network_endpoints.aws_vpc_endpoint.s3",
            "module.network_endpoints.aws_vpc_endpoint.secretsmanager",
            "module.network_endpoints.aws_vpc_endpoint.ssm",
            "module.network_endpoints.aws_vpc_endpoint.ssmmessages",
            "module.network_endpoints.aws_vpc_endpoint.sts"
          ]
        }
      ]
    },
    {
      "module": "module.eks",
      "mode": "managed",
      "type": "aws_iam_role_policy_attachment",
      "name": "cluster_AmazonEKSClusterPolicy",
      "provider": "provider[\"registry.terraform.io/hashicorp/aws\"]",
      "instances": [
        {
          "schema_version": 0,
          "attributes": {
            "id": "aerowise-t1-eks-cluster-role/arn:aws:iam::aws:policy/AmazonEKSClusterPolicy",
            "policy_arn": "arn:aws:iam::aws:policy/AmazonEKSClusterPolicy",
            "role": "aerowise-t1-eks-cluster-role"
          },
          "sensitive_attributes": [],
          "identity_schema_version": 0,
          "identity": {
            "account_id": "339712886638",
            "policy_arn": "arn:aws:iam::aws:policy/AmazonEKSClusterPolicy",
            "role": "aerowise-t1-eks-cluster-role"
          },
          "private": "bnVsbA==",
          "dependencies": [
            "module.eks.aws_iam_role.cluster",
            "module.network.aws_eip.nat",
            "module.network.aws_internet_gateway.this",
            "module.network.aws_nat_gateway.nat",
            "module.network.aws_route_table.private",
            "module.network.aws_route_table.public",
            "module.network.aws_route_table_association.private",
            "module.network.aws_route_table_association.public",
            "module.network.aws_security_group.alb",
            "module.network.aws_security_group.vpc_link",
            "module.network.aws_subnet.private_app",
            "module.network.aws_subnet.public",
            "module.network.aws_vpc.this",
            "module.network_endpoints.aws_security_group.vpce",
            "module.network_endpoints.aws_vpc_endpoint.ec2messages",
            "module.network_endpoints.aws_vpc_endpoint.ecr_api",
            "module.network_endpoints.aws_vpc_endpoint.ecr_dkr",
            "module.network_endpoints.aws_vpc_endpoint.ecr_public",
            "module.network_endpoints.aws_vpc_endpoint.logs",
            "module.network_endpoints.aws_vpc_endpoint.monitoring",
            "module.network_endpoints.aws_vpc_endpoint.s3",
            "module.network_endpoints.aws_vpc_endpoint.secretsmanager",
            "module.network_endpoints.aws_vpc_endpoint.ssm",
            "module.network_endpoints.aws_vpc_endpoint.ssmmessages",
            "module.network_endpoints.aws_vpc_endpoint.sts"
          ]
        }
      ]
    },
    {
      "module": "module.eks",
      "mode": "managed",
      "type": "aws_iam_role_policy_attachment",
      "name": "cluster_AmazonEKS_VPC_ResourceController",
      "provider": "provider[\"registry.terraform.io/hashicorp/aws\"]",
      "instances": [
        {
          "schema_version": 0,
          "attributes": {
            "id": "aerowise-t1-eks-cluster-role/arn:aws:iam::aws:policy/AmazonEKSVPCResourceController",
            "policy_arn": "arn:aws:iam::aws:policy/AmazonEKSVPCResourceController",
            "role": "aerowise-t1-eks-cluster-role"
          },
          "sensitive_attributes": [],
          "identity_schema_version": 0,
          "identity": {
            "account_id": "339712886638",
            "policy_arn": "arn:aws:iam::aws:policy/AmazonEKSVPCResourceController",
            "role": "aerowise-t1-eks-cluster-role"
          },
          "private": "bnVsbA==",
          "dependencies": [
            "module.eks.aws_iam_role.cluster",
            "module.network.aws_eip.nat",
            "module.network.aws_internet_gateway.this",
            "module.network.aws_nat_gateway.nat",
            "module.network.aws_route_table.private",
            "module.network.aws_route_table.public",
            "module.network.aws_route_table_association.private",
            "module.network.aws_route_table_association.public",
            "module.network.aws_security_group.alb",
            "module.network.aws_security_group.vpc_link",
            "module.network.aws_subnet.private_app",
            "module.network.aws_subnet.public",
            "module.network.aws_vpc.this",
            "module.network_endpoints.aws_security_group.vpce",
            "module.network_endpoints.aws_vpc_endpoint.ec2messages",
            "module.network_endpoints.aws_vpc_endpoint.ecr_api",
            "module.network_endpoints.aws_vpc_endpoint.ecr_dkr",
            "module.network_endpoints.aws_vpc_endpoint.ecr_public",
            "module.network_endpoints.aws_vpc_endpoint.logs",
            "module.network_endpoints.aws_vpc_endpoint.monitoring",
            "module.network_endpoints.aws_vpc_endpoint.s3",
            "module.network_endpoints.aws_vpc_endpoint.secretsmanager",
            "module.network_endpoints.aws_vpc_endpoint.ssm",
            "module.network_endpoints.aws_vpc_endpoint.ssmmessages",
            "module.network_endpoints.aws_vpc_endpoint.sts"
          ]
        }
      ]
    },
    {
      "module": "module.eks",
      "mode": "managed",
      "type": "aws_iam_role_policy_attachment",
      "name": "nodes_cni",
      "provider": "provider[\"registry.terraform.io/hashicorp/aws\"]",
      "instances": [
        {
          "schema_version": 0,
          "attributes": {
            "id": "aerowise-t1-eks-main-node-role/arn:aws:iam::aws:policy/AmazonEKS_CNI_Policy",
            "policy_arn": "arn:aws:iam::aws:policy/AmazonEKS_CNI_Policy",
            "role": "aerowise-t1-eks-main-node-role"
          },
          "sensitive_attributes": [],
          "identity_schema_version": 0,
          "identity": {
            "account_id": "339712886638",
            "policy_arn": "arn:aws:iam::aws:policy/AmazonEKS_CNI_Policy",
            "role": "aerowise-t1-eks-main-node-role"
          },
          "private": "bnVsbA==",
          "dependencies": [
            "module.eks.aws_iam_role.nodes",
            "module.network.aws_eip.nat",
            "module.network.aws_internet_gateway.this",
            "module.network.aws_nat_gateway.nat",
            "module.network.aws_route_table.private",
            "module.network.aws_route_table.public",
            "module.network.aws_route_table_association.private",
            "module.network.aws_route_table_association.public",
            "module.network.aws_security_group.alb",
            "module.network.aws_security_group.vpc_link",
            "module.network.aws_subnet.private_app",
            "module.network.aws_subnet.public",
            "module.network.aws_vpc.this",
            "module.network_endpoints.aws_security_group.vpce",
            "module.network_endpoints.aws_vpc_endpoint.ec2messages",
            "module.network_endpoints.aws_vpc_endpoint.ecr_api",
            "module.network_endpoints.aws_vpc_endpoint.ecr_dkr",
            "module.network_endpoints.aws_vpc_endpoint.ecr_public",
            "module.network_endpoints.aws_vpc_endpoint.logs",
            "module.network_endpoints.aws_vpc_endpoint.monitoring",
            "module.network_endpoints.aws_vpc_endpoint.s3",
            "module.network_endpoints.aws_vpc_endpoint.secretsmanager",
            "module.network_endpoints.aws_vpc_endpoint.ssm",
            "module.network_endpoints.aws_vpc_endpoint.ssmmessages",
            "module.network_endpoints.aws_vpc_endpoint.sts"
          ]
        }
      ]
    },
    {
      "module": "module.eks",
      "mode": "managed",
      "type": "aws_iam_role_policy_attachment",
      "name": "nodes_ecr",
      "provider": "provider[\"registry.terraform.io/hashicorp/aws\"]",
      "instances": [
        {
          "schema_version": 0,
          "attributes": {
            "id": "aerowise-t1-eks-main-node-role/arn:aws:iam::aws:policy/AmazonEC2ContainerRegistryReadOnly",
            "policy_arn": "arn:aws:iam::aws:policy/AmazonEC2ContainerRegistryReadOnly",
            "role": "aerowise-t1-eks-main-node-role"
          },
          "sensitive_attributes": [],
          "identity_schema_version": 0,
          "identity": {
            "account_id": "339712886638",
            "policy_arn": "arn:aws:iam::aws:policy/AmazonEC2ContainerRegistryReadOnly",
            "role": "aerowise-t1-eks-main-node-role"
          },
          "private": "bnVsbA==",
          "dependencies": [
            "module.eks.aws_iam_role.nodes",
            "module.network.aws_eip.nat",
            "module.network.aws_internet_gateway.this",
            "module.network.aws_nat_gateway.nat",
            "module.network.aws_route_table.private",
            "module.network.aws_route_table.public",
            "module.network.aws_route_table_association.private",
            "module.network.aws_route_table_association.public",
            "module.network.aws_security_group.alb",
            "module.network.aws_security_group.vpc_link",
            "module.network.aws_subnet.private_app",
            "module.network.aws_subnet.public",
            "module.network.aws_vpc.this",
            "module.network_endpoints.aws_security_group.vpce",
            "module.network_endpoints.aws_vpc_endpoint.ec2messages",
            "module.network_endpoints.aws_vpc_endpoint.ecr_api",
            "module.network_endpoints.aws_vpc_endpoint.ecr_dkr",
            "module.network_endpoints.aws_vpc_endpoint.ecr_public",
            "module.network_endpoints.aws_vpc_endpoint.logs",
            "module.network_endpoints.aws_vpc_endpoint.monitoring",
            "module.network_endpoints.aws_vpc_endpoint.s3",
            "module.network_endpoints.aws_vpc_endpoint.secretsmanager",
            "module.network_endpoints.aws_vpc_endpoint.ssm",
            "module.network_endpoints.aws_vpc_endpoint.ssmmessages",
            "module.network_endpoints.aws_vpc_endpoint.sts"
          ]
        }
      ]
    },
    {
      "module": "module.eks",
      "mode": "managed",
      "type": "aws_iam_role_policy_attachment",
      "name": "nodes_ssm",
      "provider": "provider[\"registry.terraform.io/hashicorp/aws\"]",
      "instances": [
        {
          "schema_version": 0,
          "attributes": {
            "id": "aerowise-t1-eks-main-node-role/arn:aws:iam::aws:policy/AmazonSSMManagedInstanceCore",
            "policy_arn": "arn:aws:iam::aws:policy/AmazonSSMManagedInstanceCore",
            "role": "aerowise-t1-eks-main-node-role"
          },
          "sensitive_attributes": [],
          "identity_schema_version": 0,
          "identity": {
            "account_id": "339712886638",
            "policy_arn": "arn:aws:iam::aws:policy/AmazonSSMManagedInstanceCore",
            "role": "aerowise-t1-eks-main-node-role"
          },
          "private": "bnVsbA==",
          "dependencies": [
            "module.eks.aws_iam_role.nodes",
            "module.network.aws_eip.nat",
            "module.network.aws_internet_gateway.this",
            "module.network.aws_nat_gateway.nat",
            "module.network.aws_route_table.private",
            "module.network.aws_route_table.public",
            "module.network.aws_route_table_association.private",
            "module.network.aws_route_table_association.public",
            "module.network.aws_security_group.alb",
            "module.network.aws_security_group.vpc_link",
            "module.network.aws_subnet.private_app",
            "module.network.aws_subnet.public",
            "module.network.aws_vpc.this",
            "module.network_endpoints.aws_security_group.vpce",
            "module.network_endpoints.aws_vpc_endpoint.ec2messages",
            "module.network_endpoints.aws_vpc_endpoint.ecr_api",
            "module.network_endpoints.aws_vpc_endpoint.ecr_dkr",
            "module.network_endpoints.aws_vpc_endpoint.ecr_public",
            "module.network_endpoints.aws_vpc_endpoint.logs",
            "module.network_endpoints.aws_vpc_endpoint.monitoring",
            "module.network_endpoints.aws_vpc_endpoint.s3",
            "module.network_endpoints.aws_vpc_endpoint.secretsmanager",
            "module.network_endpoints.aws_vpc_endpoint.ssm",
            "module.network_endpoints.aws_vpc_endpoint.ssmmessages",
            "module.network_endpoints.aws_vpc_endpoint.sts"
          ]
        }
      ]
    },
    {
      "module": "module.eks",
      "mode": "managed",
      "type": "aws_iam_role_policy_attachment",
      "name": "nodes_worker",
      "provider": "provider[\"registry.terraform.io/hashicorp/aws\"]",
      "instances": [
        {
          "schema_version": 0,
          "attributes": {
            "id": "aerowise-t1-eks-main-node-role/arn:aws:iam::aws:policy/AmazonEKSWorkerNodePolicy",
            "policy_arn": "arn:aws:iam::aws:policy/AmazonEKSWorkerNodePolicy",
            "role": "aerowise-t1-eks-main-node-role"
          },
          "sensitive_attributes": [],
          "identity_schema_version": 0,
          "identity": {
            "account_id": "339712886638",
            "policy_arn": "arn:aws:iam::aws:policy/AmazonEKSWorkerNodePolicy",
            "role": "aerowise-t1-eks-main-node-role"
          },
          "private": "bnVsbA==",
          "dependencies": [
            "module.eks.aws_iam_role.nodes",
            "module.network.aws_eip.nat",
            "module.network.aws_internet_gateway.this",
            "module.network.aws_nat_gateway.nat",
            "module.network.aws_route_table.private",
            "module.network.aws_route_table.public",
            "module.network.aws_route_table_association.private",
            "module.network.aws_route_table_association.public",
            "module.network.aws_security_group.alb",
            "module.network.aws_security_group.vpc_link",
            "module.network.aws_subnet.private_app",
            "module.network.aws_subnet.public",
            "module.network.aws_vpc.this",
            "module.network_endpoints.aws_security_group.vpce",
            "module.network_endpoints.aws_vpc_endpoint.ec2messages",
            "module.network_endpoints.aws_vpc_endpoint.ecr_api",
            "module.network_endpoints.aws_vpc_endpoint.ecr_dkr",
            "module.network_endpoints.aws_vpc_endpoint.ecr_public",
            "module.network_endpoints.aws_vpc_endpoint.logs",
            "module.network_endpoints.aws_vpc_endpoint.monitoring",
            "module.network_endpoints.aws_vpc_endpoint.s3",
            "module.network_endpoints.aws_vpc_endpoint.secretsmanager",
            "module.network_endpoints.aws_vpc_endpoint.ssm",
            "module.network_endpoints.aws_vpc_endpoint.ssmmessages",
            "module.network_endpoints.aws_vpc_endpoint.sts"
          ]
        }
      ]
    },
    {
      "module": "module.eks",
      "mode": "managed",
      "type": "aws_security_group",
      "name": "nodes",
      "provider": "provider[\"registry.terraform.io/hashicorp/aws\"]",
      "instances": [
        {
          "schema_version": 1,
          "attributes": {
            "arn": "arn:aws:ec2:us-east-1:339712886638:security-group/sg-0c22506a805ce5d82",
            "description": "EKS worker nodes",
            "egress": [
              {
                "cidr_blocks": [
                  "0.0.0.0/0"
                ],
                "description": "",
                "from_port": 0,
                "ipv6_cidr_blocks": [],
                "prefix_list_ids": [],
                "protocol": "-1",
                "security_groups": [],
                "self": false,
                "to_port": 0
              }
            ],
            "id": "sg-0c22506a805ce5d82",
            "ingress": [
              {
                "cidr_blocks": [],
                "description": "Cluster control plane to kubelet",
                "from_port": 10250,
                "ipv6_cidr_blocks": [],
                "prefix_list_ids": [],
                "protocol": "tcp",
                "security_groups": [
                  "sg-0423a9532aea0711d"
                ],
                "self": false,
                "to_port": 10250
              },
              {
                "cidr_blocks": [],
                "description": "Node to node",
                "from_port": 0,
                "ipv6_cidr_blocks": [],
                "prefix_list_ids": [],
                "protocol": "-1",
                "security_groups": [],
                "self": true,
                "to_port": 0
              }
            ],
            "name": "aerowise-t1-eks-nodes-sg",
            "name_prefix": "",
            "owner_id": "339712886638",
            "region": "us-east-1",
            "revoke_rules_on_delete": false,
            "tags": {
              "Environment": "prod",
              "Name": "aerowise-t1-eks-nodes-sg",
              "Project": "aerowise-t1"
            },
            "tags_all": {
              "Environment": "prod",
              "Name": "aerowise-t1-eks-nodes-sg",
              "Project": "aerowise-t1"
            },
            "timeouts": null,
            "vpc_id": "vpc-0aa1080e771ac39e2"
          },
          "sensitive_attributes": [],
          "identity_schema_version": 0,
          "identity": {
            "account_id": "339712886638",
            "id": "sg-0c22506a805ce5d82",
            "region": "us-east-1"
          },
          "private": "eyJlMmJmYjczMC1lY2FhLTExZTYtOGY4OC0zNDM2M2JjN2M0YzAiOnsiY3JlYXRlIjo2MDAwMDAwMDAwMDAsImRlbGV0ZSI6OTAwMDAwMDAwMDAwfSwic2NoZW1hX3ZlcnNpb24iOiIxIn0=",
          "dependencies": [
            "module.network.aws_eip.nat",
            "module.network.aws_internet_gateway.this",
            "module.network.aws_nat_gateway.nat",
            "module.network.aws_route_table.private",
            "module.network.aws_route_table.public",
            "module.network.aws_route_table_association.private",
            "module.network.aws_route_table_association.public",
            "module.network.aws_security_group.alb",
            "module.network.aws_security_group.vpc_link",
            "module.network.aws_subnet.private_app",
            "module.network.aws_subnet.public",
            "module.network.aws_vpc.this",
            "module.network_endpoints.aws_security_group.vpce",
            "module.network_endpoints.aws_vpc_endpoint.ec2messages",
            "module.network_endpoints.aws_vpc_endpoint.ecr_api",
            "module.network_endpoints.aws_vpc_endpoint.ecr_dkr",
            "module.network_endpoints.aws_vpc_endpoint.ecr_public",
            "module.network_endpoints.aws_vpc_endpoint.logs",
            "module.network_endpoints.aws_vpc_endpoint.monitoring",
            "module.network_endpoints.aws_vpc_endpoint.s3",
            "module.network_endpoints.aws_vpc_endpoint.secretsmanager",
            "module.network_endpoints.aws_vpc_endpoint.ssm",
            "module.network_endpoints.aws_vpc_endpoint.ssmmessages",
            "module.network_endpoints.aws_vpc_endpoint.sts"
          ]
        }
      ]
    },
    {
      "module": "module.eks",
      "mode": "managed",
      "type": "aws_security_group_rule",
      "name": "cluster_https_worker_ingress",
      "provider": "provider[\"registry.terraform.io/hashicorp/aws\"]",
      "instances": [
        {
          "schema_version": 2,
          "attributes": {
            "cidr_blocks": null,
            "description": "Worker to cluster HTTPS",
            "from_port": 443,
            "id": "sgrule-4242350068",
            "ipv6_cidr_blocks": null,
            "prefix_list_ids": null,
            "protocol": "tcp",
            "region": "us-east-1",
            "security_group_id": "sg-0423a9532aea0711d",
            "security_group_rule_id": "sgr-02964a193e42878c7",
            "self": false,
            "source_security_group_id": "sg-0c22506a805ce5d82",
            "timeouts": null,
            "to_port": 443,
            "type": "ingress"
          },
          "sensitive_attributes": [],
          "identity_schema_version": 0,
          "private": "eyJlMmJmYjczMC1lY2FhLTExZTYtOGY4OC0zNDM2M2JjN2M0YzAiOnsiY3JlYXRlIjozMDAwMDAwMDAwMDB9LCJzY2hlbWFfdmVyc2lvbiI6IjIifQ==",
          "dependencies": [
            "module.eks.aws_eks_cluster.this",
            "module.eks.aws_iam_role.cluster",
            "module.eks.aws_iam_role_policy_attachment.cluster_AmazonEKSClusterPolicy",
            "module.eks.aws_iam_role_policy_attachment.cluster_AmazonEKS_VPC_ResourceController",
            "module.eks.aws_security_group.nodes",
            "module.network.aws_eip.nat",
            "module.network.aws_internet_gateway.this",
            "module.network.aws_nat_gateway.nat",
            "module.network.aws_route_table.private",
            "module.network.aws_route_table.public",
            "module.network.aws_route_table_association.private",
            "module.network.aws_route_table_association.public",
            "module.network.aws_security_group.alb",
            "module.network.aws_security_group.vpc_link",
            "module.network.aws_subnet.private_app",
            "module.network.aws_subnet.public",
            "module.network.aws_vpc.this",
            "module.network_endpoints.aws_security_group.vpce",
            "module.network_endpoints.aws_vpc_endpoint.ec2messages",
            "module.network_endpoints.aws_vpc_endpoint.ecr_api",
            "module.network_endpoints.aws_vpc_endpoint.ecr_dkr",
            "module.network_endpoints.aws_vpc_endpoint.ecr_public",
            "module.network_endpoints.aws_vpc_endpoint.logs",
            "module.network_endpoints.aws_vpc_endpoint.monitoring",
            "module.network_endpoints.aws_vpc_endpoint.s3",
            "module.network_endpoints.aws_vpc_endpoint.secretsmanager",
            "module.network_endpoints.aws_vpc_endpoint.ssm",
            "module.network_endpoints.aws_vpc_endpoint.ssmmessages",
            "module.network_endpoints.aws_vpc_endpoint.sts"
          ]
        }
      ]
    },
    {
      "module": "module.eks",
      "mode": "managed",
      "type": "aws_security_group_rule",
      "name": "cluster_to_nodes_kubelet",
      "provider": "provider[\"registry.terraform.io/hashicorp/aws\"]",
      "instances": [
        {
          "schema_version": 2,
          "attributes": {
            "cidr_blocks": null,
            "description": "Cluster control plane to kubelet",
            "from_port": 10250,
            "id": "sgrule-4247257435",
            "ipv6_cidr_blocks": null,
            "prefix_list_ids": null,
            "protocol": "tcp",
            "region": "us-east-1",
            "security_group_id": "sg-0c22506a805ce5d82",
            "security_group_rule_id": "sgr-09e46eb38854c5ae1",
            "self": false,
            "source_security_group_id": "sg-0423a9532aea0711d",
            "timeouts": null,
            "to_port": 10250,
            "type": "ingress"
          },
          "sensitive_attributes": [],
          "identity_schema_version": 0,
          "private": "eyJlMmJmYjczMC1lY2FhLTExZTYtOGY4OC0zNDM2M2JjN2M0YzAiOnsiY3JlYXRlIjozMDAwMDAwMDAwMDB9LCJzY2hlbWFfdmVyc2lvbiI6IjIifQ==",
          "dependencies": [
            "module.eks.aws_eks_cluster.this",
            "module.eks.aws_iam_role.cluster",
            "module.eks.aws_iam_role_policy_attachment.cluster_AmazonEKSClusterPolicy",
            "module.eks.aws_iam_role_policy_attachment.cluster_AmazonEKS_VPC_ResourceController",
            "module.eks.aws_security_group.nodes",
            "module.network.aws_eip.nat",
            "module.network.aws_internet_gateway.this",
            "module.network.aws_nat_gateway.nat",
            "module.network.aws_route_table.private",
            "module.network.aws_route_table.public",
            "module.network.aws_route_table_association.private",
            "module.network.aws_route_table_association.public",
            "module.network.aws_security_group.alb",
            "module.network.aws_security_group.vpc_link",
            "module.network.aws_subnet.private_app",
            "module.network.aws_subnet.public",
            "module.network.aws_vpc.this",
            "module.network_endpoints.aws_security_group.vpce",
            "module.network_endpoints.aws_vpc_endpoint.ec2messages",
            "module.network_endpoints.aws_vpc_endpoint.ecr_api",
            "module.network_endpoints.aws_vpc_endpoint.ecr_dkr",
            "module.network_endpoints.aws_vpc_endpoint.ecr_public",
            "module.network_endpoints.aws_vpc_endpoint.logs",
            "module.network_endpoints.aws_vpc_endpoint.monitoring",
            "module.network_endpoints.aws_vpc_endpoint.s3",
            "module.network_endpoints.aws_vpc_endpoint.secretsmanager",
            "module.network_endpoints.aws_vpc_endpoint.ssm",
            "module.network_endpoints.aws_vpc_endpoint.ssmmessages",
            "module.network_endpoints.aws_vpc_endpoint.sts"
          ]
        }
      ]
    },
    {
      "module": "module.eks",
      "mode": "managed",
      "type": "aws_security_group_rule",
      "name": "nodes_to_nodes",
      "provider": "provider[\"registry.terraform.io/hashicorp/aws\"]",
      "instances": [
        {
          "schema_version": 2,
          "attributes": {
            "cidr_blocks": null,
            "description": "Node to node",
            "from_port": 0,
            "id": "sgrule-1626809435",
            "ipv6_cidr_blocks": null,
            "prefix_list_ids": null,
            "protocol": "-1",
            "region": "us-east-1",
            "security_group_id": "sg-0c22506a805ce5d82",
            "security_group_rule_id": "sgr-073c59b96db82e80d",
            "self": false,
            "source_security_group_id": "sg-0c22506a805ce5d82",
            "timeouts": null,
            "to_port": 0,
            "type": "ingress"
          },
          "sensitive_attributes": [],
          "identity_schema_version": 0,
          "private": "eyJlMmJmYjczMC1lY2FhLTExZTYtOGY4OC0zNDM2M2JjN2M0YzAiOnsiY3JlYXRlIjozMDAwMDAwMDAwMDB9LCJzY2hlbWFfdmVyc2lvbiI6IjIifQ==",
          "dependencies": [
            "module.eks.aws_security_group.nodes",
            "module.network.aws_eip.nat",
            "module.network.aws_internet_gateway.this",
            "module.network.aws_nat_gateway.nat",
            "module.network.aws_route_table.private",
            "module.network.aws_route_table.public",
            "module.network.aws_route_table_association.private",
            "module.network.aws_route_table_association.public",
            "module.network.aws_security_group.alb",
            "module.network.aws_security_group.vpc_link",
            "module.network.aws_subnet.private_app",
            "module.network.aws_subnet.public",
            "module.network.aws_vpc.this",
            "module.network_endpoints.aws_security_group.vpce",
            "module.network_endpoints.aws_vpc_endpoint.ec2messages",
            "module.network_endpoints.aws_vpc_endpoint.ecr_api",
            "module.network_endpoints.aws_vpc_endpoint.ecr_dkr",
            "module.network_endpoints.aws_vpc_endpoint.ecr_public",
            "module.network_endpoints.aws_vpc_endpoint.logs",
            "module.network_endpoints.aws_vpc_endpoint.monitoring",
            "module.network_endpoints.aws_vpc_endpoint.s3",
            "module.network_endpoints.aws_vpc_endpoint.secretsmanager",
            "module.network_endpoints.aws_vpc_endpoint.ssm",
            "module.network_endpoints.aws_vpc_endpoint.ssmmessages",
            "module.network_endpoints.aws_vpc_endpoint.sts"
          ]
        }
      ]
    },
    {
      "module": "module.eks_oidc_provider",
      "mode": "data",
      "type": "aws_eks_cluster",
      "name": "this",
      "provider": "provider[\"registry.terraform.io/hashicorp/aws\"]",
      "instances": [
        {
          "schema_version": 0,
          "attributes": {
            "access_config": [
              {
                "authentication_mode": "CONFIG_MAP",
                "bootstrap_cluster_creator_admin_permissions": true
              }
            ],
            "arn": "arn:aws:eks:us-east-1:339712886638:cluster/aerowise-t1-eks",
            "certificate_authority": [
              {
                "data": "LS0tLS1CRUdJTiBDRVJUSUZJQ0FURS0tLS0tCk1JSURCVENDQWUyZ0F3SUJBZ0lJRUh1d0kya1Fkd0V3RFFZSktvWklodmNOQVFFTEJRQXdGVEVUTUJFR0ExVUUKQXhNS2EzVmlaWEp1WlhSbGN6QWVGdzB5TlRFeU1qZ3dNekV6TkRkYUZ3MHpOVEV5TWpZd016RTRORGRhTUJVeApFekFSQmdOVkJBTVRDbXQxWW1WeWJtVjBaWE13Z2dFaU1BMEdDU3FHU0liM0RRRUJBUVVBQTRJQkR3QXdnZ0VLCkFvSUJBUUNnUGxRZ2loWG5Ha3c4dFV3L3dNWkJ4ZmpLd0VlbGo2Q0lKNHF0aGg1WkgxVkwvRCtBQ0doblp1K0UKTjhPVEdtSGpRUHc0SG44QUZlczRBMkFvTUlLaHdRVS9pRGZ4dy9RVUQzUWRXcXpicExUVGxyUGh3UHZvczlYSgpsUHdTV3orb25zdkFsWEZkSVhqTE9pWmVtY0pidDhjMUZxTFZyQ1FJSjZKbXZ3bkpJZk81TWN1aTc2MVYrNEZOClc5WmNtTWJVVzdPbksxT1pwY1Zzd1VXRHpmdEkyeVFmYm16bFhzUCtrR2E4RDJTd0hFT0Y1bE9SZnBKVVhxZHIKY09YcGxIaHdQSG4vL3E3UEhmdGIrV29TQ0xmN1FpS2wyRDBJQWg1QUdRTmtrY3dDRzVOTUJ5dk9JOG1IZFliWQpkS3pEV3VTRkRDN3M1ZldpMldHNEdzSzFUK2FIQWdNQkFBR2pXVEJYTUE0R0ExVWREd0VCL3dRRUF3SUNwREFQCkJnTlZIUk1CQWY4RUJUQURBUUgvTUIwR0ExVWREZ1FXQkJUK1p2SlhYNUFsbWVDRzBPakJ1L2pmQ1ViYUZqQVYKQmdOVkhSRUVEakFNZ2dwcmRXSmxjbTVsZEdWek1BMEdDU3FHU0liM0RRRUJDd1VBQTRJQkFRQlpxV2JJc3pxMApOcnJxRExMQjhNODRkUDlhS1VCeHNHd3VHR1ZGS2FyL0FVS2xQaXhSRUtTOHk2bVZnMWkwS3BOZmhLZ0ltMFRjCnA1ZUVpU2doRHhTT2l0aHVXa2M3VGwrR3p0YWRoM2luTDIxZmxuL2F1NnpGNDd1NldsZlhzV25JUUx1dDNkNEsKV29sS2NJM3QzRE1rZy8yTW9PVTBnRS9xODY1NXdMZEJ5SXpDNmF5cWhaelQzUWxtUDhPQjVTaVUrWkF4Rm12WgozOXhmdEY4SDFqRGl4eGs0bmhZaUdkMFhmL3NYUzdPendUcXJQT0hBTlJjUjBpc2t3bkVSbkgzRENoc1E4MlQvCm1sZnRac1N5RUVQV2IwNzBGMCtkQ2JhT1dJNzlDK2phcjNuQlNwRmNCQldFZ3lmOXlsR0RuMGNwOUgzWGF3OGkKaE9ubGxMZzJzRTh5Ci0tLS0tRU5EIENFUlRJRklDQVRFLS0tLS0K"
              }
            ],
            "cluster_id": null,
            "compute_config": [
              {
                "enabled": false,
                "node_pools": [],
                "node_role_arn": ""
              }
            ],
            "control_plane_scaling_config": [
              {
                "tier": "standard"
              }
            ],
            "created_at": "2025-12-28T03:13:18Z",
            "deletion_protection": false,
            "enabled_cluster_log_types": [
              "api",
              "audit",
              "authenticator",
              "controllerManager",
              "scheduler"
            ],
            "endpoint": "https://FDE07F51A24627F8E29BD04B12482060.gr7.us-east-1.eks.amazonaws.com",
            "id": "aerowise-t1-eks",
            "identity": [
              {
                "oidc": [
                  {
                    "issuer": "https://oidc.eks.us-east-1.amazonaws.com/id/FDE07F51A24627F8E29BD04B12482060"
                  }
                ]
              }
            ],
            "kubernetes_network_config": [
              {
                "elastic_load_balancing": [
                  {
                    "enabled": false
                  }
                ],
                "ip_family": "ipv4",
                "service_ipv4_cidr": "10.100.0.0/16",
                "service_ipv6_cidr": ""
              }
            ],
            "name": "aerowise-t1-eks",
            "outpost_config": [],
            "platform_version": "eks.24",
            "region": "us-east-1",
            "remote_network_config": [],
            "role_arn": "arn:aws:iam::339712886638:role/aerowise-t1-eks-cluster-role",
            "status": "ACTIVE",
            "storage_config": [
              {
                "block_storage": [
                  {
                    "enabled": false
                  }
                ]
              }
            ],
            "tags": {
              "Environment": "prod",
              "Name": "aerowise-t1-eks",
              "Project": "aerowise-t1"
            },
            "upgrade_policy": [
              {
                "support_type": "EXTENDED"
              }
            ],
            "version": "1.33",
            "vpc_config": [
              {
                "cluster_security_group_id": "sg-0423a9532aea0711d",
                "endpoint_private_access": true,
                "endpoint_public_access": true,
                "public_access_cidrs": [
                  "0.0.0.0/0"
                ],
                "security_group_ids": [],
                "subnet_ids": [
                  "subnet-02f3984c2237db7f7",
                  "subnet-03ba1a05e579fbfaa",
                  "subnet-09bb2fe342f542bd4"
                ],
                "vpc_id": "vpc-0aa1080e771ac39e2"
              }
            ],
            "zonal_shift_config": []
          },
          "sensitive_attributes": [],
          "identity_schema_version": 0
        }
      ]
    },
    {
      "module": "module.eks_oidc_provider",
      "mode": "data",
      "type": "tls_certificate",
      "name": "cluster",
      "provider": "provider[\"registry.terraform.io/hashicorp/tls\"]",
      "instances": [
        {
          "schema_version": 0,
          "attributes": {
            "certificates": [
              {
                "cert_pem": "-----BEGIN CERTIFICATE-----\nMIIEkjCCA3qgAwIBAgITBn+USionzfP6wq4rAfkI7rnExjANBgkqhkiG9w0BAQsF\nADCBmDELMAkGA1UEBhMCVVMxEDAOBgNVBAgTB0FyaXpvbmExEzARBgNVBAcTClNj\nb3R0c2RhbGUxJTAjBgNVBAoTHFN0YXJmaWVsZCBUZWNobm9sb2dpZXMsIEluYy4x\nOzA5BgNVBAMTMlN0YXJmaWVsZCBTZXJ2aWNlcyBSb290IENlcnRpZmljYXRlIEF1\ndGhvcml0eSAtIEcyMB4XDTE1MDUyNTEyMDAwMFoXDTM3MTIzMTAxMDAwMFowOTEL\nMAkGA1UEBhMCVVMxDzANBgNVBAoTBkFtYXpvbjEZMBcGA1UEAxMQQW1hem9uIFJv\nb3QgQ0EgMTCCASIwDQYJKoZIhvcNAQEBBQADggEPADCCAQoCggEBALJ4gHHKeNXj\nca9HgFB0fW7Y14h29Jlo91ghYPl0hAEvrAIthtOgQ3pOsqTQNroBvo3bSMgHFzZM\n9O6II8c+6zf1tRn4SWiw3te5djgdYZ6k/oI2peVKVuRF4fn9tBb6dNqcmzU5L/qw\nIFAGbHrQgLKm+a/sRxmPUDgH3KKHOVj4utWp+UhnMJbulHheb4mjUcAwhmahRWa6\nVOujw5H5SNz/0egwLX0tdHA114gk957EWW67c4cX8jJGKLhD+rcdqsq08p8kDi1L\n93FcXmn/6pUCyziKrlA4b9v7LWIbxcceVOF34GfID5yHI9Y/QCB/IIDEgEw+OyQm\njgSubJrIqg0CAwEAAaOCATEwggEtMA8GA1UdEwEB/wQFMAMBAf8wDgYDVR0PAQH/\nBAQDAgGGMB0GA1UdDgQWBBSEGMyFNOy8DJSULghZnMeyEE4KCDAfBgNVHSMEGDAW\ngBScXwDfqgHXMCs4iKK4bUqc8hGRgzB4BggrBgEFBQcBAQRsMGowLgYIKwYBBQUH\nMAGGImh0dHA6Ly9vY3NwLnJvb3RnMi5hbWF6b250cnVzdC5jb20wOAYIKwYBBQUH\nMAKGLGh0dHA6Ly9jcnQucm9vdGcyLmFtYXpvbnRydXN0LmNvbS9yb290ZzIuY2Vy\nMD0GA1UdHwQ2MDQwMqAwoC6GLGh0dHA6Ly9jcmwucm9vdGcyLmFtYXpvbnRydXN0\nLmNvbS9yb290ZzIuY3JsMBEGA1UdIAQKMAgwBgYEVR0gADANBgkqhkiG9w0BAQsF\nAAOCAQEAYjdCXLwQtT6LLOkMm2xF4gcAevnFWAu5CIw+7bMlPLVvUOTNNWqnkzSW\nMiGpSESrnO09tKpzbeR/FoCJbM8oAxiDR3mjEH4wW6w7sGDgd9QIpuEdfF7Au/ma\neyKdpwAJfqxGF4PcnCZXmTA5YpaP7dreqsXMGz7KQ2hsVxa81Q4gLv7/wmpdLqBK\nbRRYh5TmOTFffHPLkIhqhBGWJ6bt2YFGpn6jcgAKUj6DiAdjd4lpFw85hdKrCEVN\n0FE6/V1dN2RMfjCyVSRCnTawXZwXgWHxyvkQAiSr6w10kY17RSlQOYiypok1JR4U\nakcjMS9cmvqtmg5iUaQqqcT5NJ0hGA==\n-----END CERTIFICATE-----\n",
                "is_ca": true,
                "issuer": "CN=Starfield Services Root Certificate Authority - G2,O=Starfield Technologies\\, Inc.,L=Scottsdale,ST=Arizona,C=US",
                "not_after": "2037-12-31T01:00:00Z",
                "not_before": "2015-05-25T12:00:00Z",
                "public_key_algorithm": "RSA",
                "serial_number": "144918191876577076464031512351042010504348870",
                "sha1_fingerprint": "06b25927c42a721631c1efd9431e648fa62e1e39",
                "signature_algorithm": "SHA256-RSA",
                "subject": "CN=Amazon Root CA 1,O=Amazon,C=US",
                "version": 3
              },
              {
                "cert_pem": "-----BEGIN CERTIFICATE-----\nMIIEXjCCA0agAwIBAgITB3MSOAudZoijOx7Zv5zNpo4ODzANBgkqhkiG9w0BAQsF\nADA5MQswCQYDVQQGEwJVUzEPMA0GA1UEChMGQW1hem9uMRkwFwYDVQQDExBBbWF6\nb24gUm9vdCBDQSAxMB4XDTIyMDgyMzIyMjEyOFoXDTMwMDgyMzIyMjEyOFowPDEL\nMAkGA1UEBhMCVVMxDzANBgNVBAoTBkFtYXpvbjEcMBoGA1UEAxMTQW1hem9uIFJT\nQSAyMDQ4IE0wMTCCASIwDQYJKoZIhvcNAQEBBQADggEPADCCAQoCggEBAOtxLKnL\nH4gokjIwr4pXD3i3NyWVVYesZ1yX0yLI2qIUZ2t88Gfa4gMqs1YSXca1R/lnCKeT\nepWSGA+0+fkQNpp/L4C2T7oTTsddUx7g3ZYzByDTlrwS5HRQQqEFE3O1T5tEJP4t\nf+28IoXsNiEzl3UGzicYgtzj2cWCB41eJgEmJmcf2T8TzzK6a614ZPyq/w4CPAff\nnAV4coz96nW3AyiE2uhuB4zQUIXvgVSycW7sbWLvj5TDXunEpNCRwC4kkZjK7rol\njtT2cbb7W2s4Bkg3R42G3PLqBvt2N32e/0JOTViCk8/iccJ4sXqrS1uUN4iB5Nmv\nJK74csVl+0u0UecCAwEAAaOCAVowggFWMBIGA1UdEwEB/wQIMAYBAf8CAQAwDgYD\nVR0PAQH/BAQDAgGGMB0GA1UdJQQWMBQGCCsGAQUFBwMBBggrBgEFBQcDAjAdBgNV\nHQ4EFgQUgbgOY4qJEhjl+js7UJWf5uWQE4UwHwYDVR0jBBgwFoAUhBjMhTTsvAyU\nlC4IWZzHshBOCggwewYIKwYBBQUHAQEEbzBtMC8GCCsGAQUFBzABhiNodHRwOi8v\nb2NzcC5yb290Y2ExLmFtYXpvbnRydXN0LmNvbTA6BggrBgEFBQcwAoYuaHR0cDov\nL2NydC5yb290Y2ExLmFtYXpvbnRydXN0LmNvbS9yb290Y2ExLmNlcjA/BgNVHR8E\nODA2MDSgMqAwhi5odHRwOi8vY3JsLnJvb3RjYTEuYW1hem9udHJ1c3QuY29tL3Jv\nb3RjYTEuY3JsMBMGA1UdIAQMMAowCAYGZ4EMAQIBMA0GCSqGSIb3DQEBCwUAA4IB\nAQCtAN4CBSMuBjJitGuxlBbkEUDeK/pZwTXv4KqPK0G50fOHOQAd8j21p0cMBgbG\nkfMHVwLU7b0XwZCav0h1ogdPMN1KakK1DT0VwA/+hFvGPJnMV1Kx2G4S1ZaSk0uU\n5QfoiYIIano01J5k4T2HapKQmmOhS/iPtuo00wW+IMLeBuKMn3OLn005hcrOGTad\nhcmeyfhQP7Z+iKHvyoQGi1C0ClymHETx/chhQGDyYSWqB/THwnN15AwLQo0E5V9E\nSJlbe4mBlqeInUsNYugExNf+tOiybcrswBy8OFsd34XOW3rjSUtsuafd9AWySa3h\nxRRrwszrzX/WWGm6wyB+f7C4\n-----END CERTIFICATE-----\n",
                "is_ca": true,
                "issuer": "CN=Amazon Root CA 1,O=Amazon,C=US",
                "not_after": "2030-08-23T22:21:28Z",
                "not_before": "2022-08-23T22:21:28Z",
                "public_key_algorithm": "RSA",
                "serial_number": "166129328851546858514271303855646110030630415",
                "sha1_fingerprint": "2ad974a775f73cbdbbd8f5ac3a49255fa8fb1f8c",
                "signature_algorithm": "SHA256-RSA",
                "subject": "CN=Amazon RSA 2048 M01,O=Amazon,C=US",
                "version": 3
              },
              {
                "cert_pem": "-----BEGIN CERTIFICATE-----\nMIIF3DCCBMSgAwIBAgIQB14f0Z6brALSpKigLOiS6jANBgkqhkiG9w0BAQsFADA8\nMQswCQYDVQQGEwJVUzEPMA0GA1UEChMGQW1hem9uMRwwGgYDVQQDExNBbWF6b24g\nUlNBIDIwNDggTTAxMB4XDTI1MTAwNjAwMDAwMFoXDTI2MDMyNzIzNTk1OVowKDEm\nMCQGA1UEAwwdKi5la3MudXMtZWFzdC0xLmFtYXpvbmF3cy5jb20wggEiMA0GCSqG\nSIb3DQEBAQUAA4IBDwAwggEKAoIBAQCwz97XCUOv8dM3smhrqq7RglkPLC/3B/Zy\nP4Zekfo/B/a2vNQ4F7HlvwH6S7ziPSuN2I0/py6CBULTg+ffrINzuSb3rwcQNzXd\nTct/JG/36hEejxCcPcP1ok+V2j3GHCt3tIdh80c2Ug2dSj5jIEhi3AwXPdXanHz6\nvyLi5Tst9sdZi0NXQwoY49PIpQEcxp70LVr5+OyMIGRt2/WaUJblHbDjjuj6IHEA\nICm6zd8Bimr1c+YzVAMXP2sw0sbX7yd0bgItKD7dUM/qokhJwGo3jHupXyh/K89/\nqnl4TF/yAzBq8r3Ipfxj6CIvPFfm0xTq8CRDNiYeekpeWYf041CBAgMBAAGjggLs\nMIIC6DAfBgNVHSMEGDAWgBSBuA5jiokSGOX6OztQlZ/m5ZAThTAdBgNVHQ4EFgQU\nV3222qV/dAUJo/pYeDTe95DKaQYwKAYDVR0RBCEwH4IdKi5la3MudXMtZWFzdC0x\nLmFtYXpvbmF3cy5jb20wEwYDVR0gBAwwCjAIBgZngQwBAgEwDgYDVR0PAQH/BAQD\nAgWgMBMGA1UdJQQMMAoGCCsGAQUFBwMBMDsGA1UdHwQ0MDIwMKAuoCyGKmh0dHA6\nLy9jcmwucjJtMDEuYW1hem9udHJ1c3QuY29tL3IybTAxLmNybDB1BggrBgEFBQcB\nAQRpMGcwLQYIKwYBBQUHMAGGIWh0dHA6Ly9vY3NwLnIybTAxLmFtYXpvbnRydXN0\nLmNvbTA2BggrBgEFBQcwAoYqaHR0cDovL2NydC5yMm0wMS5hbWF6b250cnVzdC5j\nb20vcjJtMDEuY2VyMAwGA1UdEwEB/wQCMAAwggF+BgorBgEEAdZ5AgQCBIIBbgSC\nAWoBaAB2AA5XlLzzrqk+MxssmQez95Dfm8I9cTIl3SGpJaxhxU4hAAABmbs7sv8A\nAAQDAEcwRQIhAL86q0K2FzUXW6WfqeuY+r+iIajJXNNyY3arS6evrfOeAiBElus1\n/3b0kY/e8L5gErtac/IHEufuNudmXd5vLiCDCAB2AGQRxGykEuyniRyiAi4AvKtP\nKAfUHjUnq+r+1QPJfc3wAAABmbs7sz8AAAQDAEcwRQIgG2ep4FQnhdrmTs0rUp6x\nr1pEIJ72DblPnqw3jFm8MGkCIQCuuEOvK3TMnnjVRALy8roN65umJw0IC8PiwLn1\ni9phfQB2AEmcm2neHXzs/DbezYdkprhbrwqHgBnRVVL76esp3fjDAAABmbs7s0sA\nAAQDAEcwRQIgKGFGo+2dXRe9CruBH/vrUjcLyxdkvTR9dNWsgDFWR5wCIQDTYce6\nL0yv1LRQvElypbWRRBD7jQHBqBvjldIjtfJ6yTANBgkqhkiG9w0BAQsFAAOCAQEA\ndomdsxTvmYQMT+HYareaMRBmrWGcfi3NRcTaoRTLMjDECu7HlJN6uqVEtqUyJ2Wt\nu4QMAcEEB8sfxG8oDlFNrl+zp0YpuxcyoBN5xsK7luLMDWTr9/3ypqd4mZWTRD7J\npE3yi8uYm5Jh4r+AtQ8pOcEVCZwvftmbbdVitFjrS4lf3KUiJDQdsp3KXfiHloy4\nb2JzrmW2u+IEhUrD4G4qC72QzmmqFnvjRJFGvzjmMNOZiK9G1hw8+hkg9qG9hDll\nAeVBncO+rSB1ZZv3E8UtOfd42CVuizIkC4iZgTOAtahPov2hYVzwU6CHq+67c7LD\n8GuVFisgUWRBu0QW++R6bA==\n-----END CERTIFICATE-----\n",
                "is_ca": false,
                "issuer": "CN=Amazon RSA 2048 M01,O=Amazon,C=US",
                "not_after": "2026-03-27T23:59:59Z",
                "not_before": "2025-10-06T00:00:00Z",
                "public_key_algorithm": "RSA",
                "serial_number": "9793317237667190943357987649422398186",
                "sha1_fingerprint": "d7d10ac1fd7e87f1a3787a9a8be9b0f8538ec059",
                "signature_algorithm": "SHA256-RSA",
                "subject": "CN=*.eks.us-east-1.amazonaws.com",
                "version": 3
              }
            ],
            "content": null,
            "id": "0c37bb608751c2a14704338d4b14c14e6dbe88ac",
            "url": "https://oidc.eks.us-east-1.amazonaws.com/id/FDE07F51A24627F8E29BD04B12482060",
            "verify_chain": true
          },
          "sensitive_attributes": [],
          "identity_schema_version": 0
        }
      ]
    },
    {
      "module": "module.eks_oidc_provider",
      "mode": "managed",
      "type": "aws_iam_openid_connect_provider",
      "name": "this",
      "provider": "provider[\"registry.terraform.io/hashicorp/aws\"]",
      "instances": [
        {
          "schema_version": 0,
          "attributes": {
            "arn": "arn:aws:iam::339712886638:oidc-provider/oidc.eks.us-east-1.amazonaws.com/id/FDE07F51A24627F8E29BD04B12482060",
            "client_id_list": [
              "sts.amazonaws.com"
            ],
            "id": "arn:aws:iam::339712886638:oidc-provider/oidc.eks.us-east-1.amazonaws.com/id/FDE07F51A24627F8E29BD04B12482060",
            "tags": {
              "Environment": "prod",
              "Name": "aerowise-t1-eks-oidc-provider",
              "Project": "aerowise-t1"
            },
            "tags_all": {
              "Environment": "prod",
              "Name": "aerowise-t1-eks-oidc-provider",
              "Project": "aerowise-t1"
            },
            "thumbprint_list": [
              "06b25927c42a721631c1efd9431e648fa62e1e39"
            ],
            "url": "oidc.eks.us-east-1.amazonaws.com/id/FDE07F51A24627F8E29BD04B12482060"
          },
          "sensitive_attributes": [],
          "identity_schema_version": 0,
          "identity": {
            "arn": "arn:aws:iam::339712886638:oidc-provider/oidc.eks.us-east-1.amazonaws.com/id/FDE07F51A24627F8E29BD04B12482060"
          },
          "private": "bnVsbA==",
          "dependencies": [
            "module.eks.aws_eks_addon.cloudwatch_observability",
            "module.eks.aws_eks_addon.coredns",
            "module.eks.aws_eks_addon.efs_csi",
            "module.eks.aws_eks_addon.kube_proxy",
            "module.eks.aws_eks_addon.vpc_cni",
            "module.eks.aws_eks_cluster.this",
            "module.eks.aws_eks_node_group.this",
            "module.eks.aws_iam_role.cluster",
            "module.eks.aws_iam_role.nodes",
            "module.eks.aws_iam_role_policy_attachment.cluster_AmazonEKSClusterPolicy",
            "module.eks.aws_iam_role_policy_attachment.cluster_AmazonEKS_VPC_ResourceController",
            "module.eks.aws_iam_role_policy_attachment.nodes_cni",
            "module.eks.aws_iam_role_policy_attachment.nodes_ecr",
            "module.eks.aws_iam_role_policy_attachment.nodes_ssm",
            "module.eks.aws_iam_role_policy_attachment.nodes_worker",
            "module.eks.aws_security_group.nodes",
            "module.eks.aws_security_group_rule.cluster_https_worker_ingress",
            "module.eks.aws_security_group_rule.cluster_to_nodes_kubelet",
            "module.eks.aws_security_group_rule.nodes_to_nodes",
            "module.eks_oidc_provider.data.aws_eks_cluster.this",
            "module.eks_oidc_provider.data.tls_certificate.cluster",
            "module.nat_egress_control.aws_security_group.nategress",
            "module.network.aws_eip.nat",
            "module.network.aws_internet_gateway.this",
            "module.network.aws_nat_gateway.nat",
            "module.network.aws_route_table.private",
            "module.network.aws_route_table.public",
            "module.network.aws_route_table_association.private",
            "module.network.aws_route_table_association.public",
            "module.network.aws_security_group.alb",
            "module.network.aws_security_group.vpc_link",
            "module.network.aws_subnet.private_app",
            "module.network.aws_subnet.public",
            "module.network.aws_vpc.this",
            "module.network_endpoints.aws_security_group.vpce",
            "module.network_endpoints.aws_vpc_endpoint.ec2messages",
            "module.network_endpoints.aws_vpc_endpoint.ecr_api",
            "module.network_endpoints.aws_vpc_endpoint.ecr_dkr",
            "module.network_endpoints.aws_vpc_endpoint.ecr_public",
            "module.network_endpoints.aws_vpc_endpoint.logs",
            "module.network_endpoints.aws_vpc_endpoint.monitoring",
            "module.network_endpoints.aws_vpc_endpoint.s3",
            "module.network_endpoints.aws_vpc_endpoint.secretsmanager",
            "module.network_endpoints.aws_vpc_endpoint.ssm",
            "module.network_endpoints.aws_vpc_endpoint.ssmmessages",
            "module.network_endpoints.aws_vpc_endpoint.sts"
          ]
        }
      ]
    },
    {
      "module": "module.guardduty",
      "mode": "managed",
      "type": "aws_guardduty_detector",
      "name": "this",
      "provider": "provider[\"registry.terraform.io/hashicorp/aws\"]",
      "instances": [
        {
          "schema_version": 0,
          "attributes": {
            "account_id": "339712886638",
            "arn": "arn:aws:guardduty:us-east-1:339712886638:detector/c6cdb176bf6f7458f31db6ac876d63a7",
            "datasources": [
              {
                "kubernetes": [
                  {
                    "audit_logs": [
                      {
                        "enable": true
                      }
                    ]
                  }
                ],
                "malware_protection": [
                  {
                    "scan_ec2_instance_with_findings": [
                      {
                        "ebs_volumes": [
                          {
                            "enable": true
                          }
                        ]
                      }
                    ]
                  }
                ],
                "s3_logs": [
                  {
                    "enable": true
                  }
                ]
              }
            ],
            "enable": true,
            "finding_publishing_frequency": "SIX_HOURS",
            "id": "c6cdb176bf6f7458f31db6ac876d63a7",
            "region": "us-east-1",
            "tags": {},
            "tags_all": {}
          },
          "sensitive_attributes": [],
          "identity_schema_version": 0,
          "private": "bnVsbA=="
        }
      ]
    },
    {
      "module": "module.inspector",
      "mode": "managed",
      "type": "aws_inspector2_enabler",
      "name": "this",
      "provider": "provider[\"registry.terraform.io/hashicorp/aws\"]",
      "instances": [
        {
          "schema_version": 0,
          "attributes": {
            "account_ids": [
              "339712886638"
            ],
            "id": "339712886638-EC2:ECR:LAMBDA",
            "region": "us-east-1",
            "resource_types": [
              "EC2",
              "ECR",
              "LAMBDA"
            ],
            "timeouts": null
          },
          "sensitive_attributes": [],
          "identity_schema_version": 0,
          "private": "eyJlMmJmYjczMC1lY2FhLTExZTYtOGY4OC0zNDM2M2JjN2M0YzAiOnsiY3JlYXRlIjozMDAwMDAwMDAwMDAsImRlbGV0ZSI6MzAwMDAwMDAwMDAwLCJ1cGRhdGUiOjMwMDAwMDAwMDAwMH19",
          "dependencies": [
            "data.aws_caller_identity.current"
          ]
        }
      ]
    },
    {
      "module": "module.kms_cmk",
      "mode": "data",
      "type": "aws_caller_identity",
      "name": "current",
      "provider": "provider[\"registry.terraform.io/hashicorp/aws\"]",
      "instances": [
        {
          "schema_version": 0,
          "attributes": {
            "account_id": "339712886638",
            "arn": "arn:aws:iam::339712886638:user/Pramod.kumar@navikenz.com",
            "id": "339712886638",
            "user_id": "AIDAU6GDXI5XMB2YETG7U"
          },
          "sensitive_attributes": [],
          "identity_schema_version": 0
        }
      ]
    },
    {
      "module": "module.kms_cmk",
      "mode": "managed",
      "type": "aws_kms_alias",
      "name": "app_secrets",
      "provider": "provider[\"registry.terraform.io/hashicorp/aws\"]",
      "instances": [
        {
          "schema_version": 0,
          "attributes": {
            "arn": "arn:aws:kms:us-east-1:339712886638:alias/aerowise-t1-app-secrets",
            "id": "alias/aerowise-t1-app-secrets",
            "name": "alias/aerowise-t1-app-secrets",
            "name_prefix": "",
            "region": "us-east-1",
            "target_key_arn": "arn:aws:kms:us-east-1:339712886638:key/d82df462-4daa-49ef-96c0-4b923253f64b",
            "target_key_id": "d82df462-4daa-49ef-96c0-4b923253f64b"
          },
          "sensitive_attributes": [],
          "identity_schema_version": 0,
          "identity": {
            "account_id": "339712886638",
            "name": "alias/aerowise-t1-app-secrets",
            "region": "us-east-1"
          },
          "private": "bnVsbA==",
          "dependencies": [
            "module.eks.aws_eks_addon.cloudwatch_observability",
            "module.eks.aws_eks_addon.coredns",
            "module.eks.aws_eks_addon.efs_csi",
            "module.eks.aws_eks_addon.kube_proxy",
            "module.eks.aws_eks_addon.vpc_cni",
            "module.eks.aws_eks_cluster.this",
            "module.eks.aws_eks_node_group.this",
            "module.eks.aws_iam_role.cluster",
            "module.eks.aws_iam_role.nodes",
            "module.eks.aws_iam_role_policy_attachment.cluster_AmazonEKSClusterPolicy",
            "module.eks.aws_iam_role_policy_attachment.cluster_AmazonEKS_VPC_ResourceController",
            "module.eks.aws_iam_role_policy_attachment.nodes_cni",
            "module.eks.aws_iam_role_policy_attachment.nodes_ecr",
            "module.eks.aws_iam_role_policy_attachment.nodes_ssm",
            "module.eks.aws_iam_role_policy_attachment.nodes_worker",
            "module.eks.aws_security_group.nodes",
            "module.eks.aws_security_group_rule.cluster_https_worker_ingress",
            "module.eks.aws_security_group_rule.cluster_to_nodes_kubelet",
            "module.eks.aws_security_group_rule.nodes_to_nodes",
            "module.kms_cmk.aws_kms_key.app_secrets",
            "module.kms_cmk.data.aws_caller_identity.current",
            "module.nat_egress_control.aws_security_group.nategress",
            "module.network.aws_eip.nat",
            "module.network.aws_internet_gateway.this",
            "module.network.aws_nat_gateway.nat",
            "module.network.aws_route_table.private",
            "module.network.aws_route_table.public",
            "module.network.aws_route_table_association.private",
            "module.network.aws_route_table_association.public",
            "module.network.aws_security_group.alb",
            "module.network.aws_security_group.vpc_link",
            "module.network.aws_subnet.private_app",
            "module.network.aws_subnet.public",
            "module.network.aws_vpc.this",
            "module.network_endpoints.aws_security_group.vpce",
            "module.network_endpoints.aws_vpc_endpoint.ec2messages",
            "module.network_endpoints.aws_vpc_endpoint.ecr_api",
            "module.network_endpoints.aws_vpc_endpoint.ecr_dkr",
            "module.network_endpoints.aws_vpc_endpoint.ecr_public",
            "module.network_endpoints.aws_vpc_endpoint.logs",
            "module.network_endpoints.aws_vpc_endpoint.monitoring",
            "module.network_endpoints.aws_vpc_endpoint.s3",
            "module.network_endpoints.aws_vpc_endpoint.secretsmanager",
            "module.network_endpoints.aws_vpc_endpoint.ssm",
            "module.network_endpoints.aws_vpc_endpoint.ssmmessages",
            "module.network_endpoints.aws_vpc_endpoint.sts"
          ]
        }
      ]
    },
    {
      "module": "module.kms_cmk",
      "mode": "managed",
      "type": "aws_kms_key",
      "name": "app_secrets",
      "provider": "provider[\"registry.terraform.io/hashicorp/aws\"]",
      "instances": [
        {
          "schema_version": 0,
          "attributes": {
            "arn": "arn:aws:kms:us-east-1:339712886638:key/d82df462-4daa-49ef-96c0-4b923253f64b",
            "bypass_policy_lockout_safety_check": false,
            "custom_key_store_id": "",
            "customer_master_key_spec": "SYMMETRIC_DEFAULT",
            "deletion_window_in_days": 30,
            "description": "Aerowise app secrets DB/JWT",
            "enable_key_rotation": true,
            "id": "d82df462-4daa-49ef-96c0-4b923253f64b",
            "is_enabled": true,
            "key_id": "d82df462-4daa-49ef-96c0-4b923253f64b",
            "key_usage": "ENCRYPT_DECRYPT",
            "multi_region": false,
            "policy": "{\"Statement\":[{\"Action\":\"kms:*\",\"Effect\":\"Allow\",\"Principal\":{\"AWS\":\"arn:aws:iam::339712886638:root\"},\"Resource\":\"*\",\"Sid\":\"Enable IAM policies\"},{\"Action\":[\"kms:Decrypt\",\"kms:GenerateDataKey\",\"kms:CreateGrant\"],\"Effect\":\"Allow\",\"Principal\":{\"Service\":\"rds.amazonaws.com\"},\"Resource\":\"*\",\"Sid\":\"Allow RDS to use the key\"}],\"Version\":\"2012-10-17\"}",
            "region": "us-east-1",
            "rotation_period_in_days": 365,
            "tags": {
              "Environment": "prod",
              "Name": "aerowise-t1-app-secrets-cmk",
              "Project": "aerowise-t1"
            },
            "tags_all": {
              "Environment": "prod",
              "Name": "aerowise-t1-app-secrets-cmk",
              "Project": "aerowise-t1"
            },
            "timeouts": null,
            "xks_key_id": ""
          },
          "sensitive_attributes": [],
          "identity_schema_version": 0,
          "identity": {
            "account_id": "339712886638",
            "id": "d82df462-4daa-49ef-96c0-4b923253f64b",
            "region": "us-east-1"
          },
          "private": "eyJlMmJmYjczMC1lY2FhLTExZTYtOGY4OC0zNDM2M2JjN2M0YzAiOnsiY3JlYXRlIjoxMjAwMDAwMDAwMDB9fQ==",
          "dependencies": [
            "module.eks.aws_eks_addon.cloudwatch_observability",
            "module.eks.aws_eks_addon.coredns",
            "module.eks.aws_eks_addon.efs_csi",
            "module.eks.aws_eks_addon.kube_proxy",
            "module.eks.aws_eks_addon.vpc_cni",
            "module.eks.aws_eks_cluster.this",
            "module.eks.aws_eks_node_group.this",
            "module.eks.aws_iam_role.cluster",
            "module.eks.aws_iam_role.nodes",
            "module.eks.aws_iam_role_policy_attachment.cluster_AmazonEKSClusterPolicy",
            "module.eks.aws_iam_role_policy_attachment.cluster_AmazonEKS_VPC_ResourceController",
            "module.eks.aws_iam_role_policy_attachment.nodes_cni",
            "module.eks.aws_iam_role_policy_attachment.nodes_ecr",
            "module.eks.aws_iam_role_policy_attachment.nodes_ssm",
            "module.eks.aws_iam_role_policy_attachment.nodes_worker",
            "module.eks.aws_security_group.nodes",
            "module.eks.aws_security_group_rule.cluster_https_worker_ingress",
            "module.eks.aws_security_group_rule.cluster_to_nodes_kubelet",
            "module.eks.aws_security_group_rule.nodes_to_nodes",
            "module.kms_cmk.data.aws_caller_identity.current",
            "module.nat_egress_control.aws_security_group.nategress",
            "module.network.aws_eip.nat",
            "module.network.aws_internet_gateway.this",
            "module.network.aws_nat_gateway.nat",
            "module.network.aws_route_table.private",
            "module.network.aws_route_table.public",
            "module.network.aws_route_table_association.private",
            "module.network.aws_route_table_association.public",
            "module.network.aws_security_group.alb",
            "module.network.aws_security_group.vpc_link",
            "module.network.aws_subnet.private_app",
            "module.network.aws_subnet.public",
            "module.network.aws_vpc.this",
            "module.network_endpoints.aws_security_group.vpce",
            "module.network_endpoints.aws_vpc_endpoint.ec2messages",
            "module.network_endpoints.aws_vpc_endpoint.ecr_api",
            "module.network_endpoints.aws_vpc_endpoint.ecr_dkr",
            "module.network_endpoints.aws_vpc_endpoint.ecr_public",
            "module.network_endpoints.aws_vpc_endpoint.logs",
            "module.network_endpoints.aws_vpc_endpoint.monitoring",
            "module.network_endpoints.aws_vpc_endpoint.s3",
            "module.network_endpoints.aws_vpc_endpoint.secretsmanager",
            "module.network_endpoints.aws_vpc_endpoint.ssm",
            "module.network_endpoints.aws_vpc_endpoint.ssmmessages",
            "module.network_endpoints.aws_vpc_endpoint.sts"
          ]
        }
      ]
    },
    {
      "module": "module.nat_egress_control",
      "mode": "managed",
      "type": "aws_security_group",
      "name": "nategress",
      "provider": "provider[\"registry.terraform.io/hashicorp/aws\"]",
      "instances": [
        {
          "schema_version": 1,
          "attributes": {
            "arn": "arn:aws:ec2:us-east-1:339712886638:security-group/sg-082ea6f3e7e6fe964",
            "description": "Restricted NAT egress",
            "egress": [
              {
                "cidr_blocks": [
                  "0.0.0.0/0"
                ],
                "description": "",
                "from_port": 0,
                "ipv6_cidr_blocks": [],
                "prefix_list_ids": [],
                "protocol": "-1",
                "security_groups": [],
                "self": false,
                "to_port": 0
              }
            ],
            "id": "sg-082ea6f3e7e6fe964",
            "ingress": [],
            "name": "aerowise-t1-nat-egress-2025122803084472350000000c",
            "name_prefix": "aerowise-t1-nat-egress-",
            "owner_id": "339712886638",
            "region": "us-east-1",
            "revoke_rules_on_delete": false,
            "tags": {
              "Environment": "prod",
              "Name": "aerowise-t1-nat-egress"
            },
            "tags_all": {
              "Environment": "prod",
              "Name": "aerowise-t1-nat-egress"
            },
            "timeouts": null,
            "vpc_id": "vpc-0aa1080e771ac39e2"
          },
          "sensitive_attributes": [],
          "identity_schema_version": 0,
          "identity": {
            "account_id": "339712886638",
            "id": "sg-082ea6f3e7e6fe964",
            "region": "us-east-1"
          },
          "private": "eyJlMmJmYjczMC1lY2FhLTExZTYtOGY4OC0zNDM2M2JjN2M0YzAiOnsiY3JlYXRlIjo2MDAwMDAwMDAwMDAsImRlbGV0ZSI6OTAwMDAwMDAwMDAwfSwic2NoZW1hX3ZlcnNpb24iOiIxIn0=",
          "dependencies": [
            "module.network.aws_eip.nat",
            "module.network.aws_internet_gateway.this",
            "module.network.aws_nat_gateway.nat",
            "module.network.aws_route_table.private",
            "module.network.aws_route_table.public",
            "module.network.aws_route_table_association.private",
            "module.network.aws_route_table_association.public",
            "module.network.aws_security_group.alb",
            "module.network.aws_security_group.vpc_link",
            "module.network.aws_subnet.private_app",
            "module.network.aws_subnet.public",
            "module.network.aws_vpc.this"
          ]
        }
      ]
    },
    {
      "module": "module.network",
      "mode": "managed",
      "type": "aws_eip",
      "name": "nat",
      "provider": "provider[\"registry.terraform.io/hashicorp/aws\"]",
      "instances": [
        {
          "index_key": "a",
          "schema_version": 0,
          "attributes": {
            "address": null,
            "allocation_id": "eipalloc-0895ea14959d40ae3",
            "arn": "arn:aws:ec2:us-east-1:339712886638:elastic-ip/eipalloc-0895ea14959d40ae3",
            "associate_with_private_ip": null,
            "association_id": "eipassoc-0522b4ff7b15352b1",
            "carrier_ip": "",
            "customer_owned_ip": "",
            "customer_owned_ipv4_pool": "",
            "domain": "vpc",
            "id": "eipalloc-0895ea14959d40ae3",
            "instance": "",
            "ipam_pool_id": null,
            "network_border_group": "us-east-1",
            "network_interface": "eni-009712ceda782379b",
            "private_dns": "ip-10-0-1-35.ec2.internal",
            "private_ip": "10.0.1.35",
            "ptr_record": "",
            "public_dns": "ec2-3-225-136-88.compute-1.amazonaws.com",
            "public_ip": "3.225.136.88",
            "public_ipv4_pool": "amazon",
            "region": "us-east-1",
            "tags": {
              "Name": "aerowise-t1-nat-a-eip"
            },
            "tags_all": {
              "Name": "aerowise-t1-nat-a-eip"
            },
            "timeouts": null
          },
          "sensitive_attributes": [],
          "identity_schema_version": 0,
          "private": "eyJlMmJmYjczMC1lY2FhLTExZTYtOGY4OC0zNDM2M2JjN2M0YzAiOnsiZGVsZXRlIjoxODAwMDAwMDAwMDAsInJlYWQiOjkwMDAwMDAwMDAwMCwidXBkYXRlIjozMDAwMDAwMDAwMDB9fQ==",
          "dependencies": [
            "module.network.aws_subnet.public",
            "module.network.aws_vpc.this"
          ]
        },
        {
          "index_key": "b",
          "schema_version": 0,
          "attributes": {
            "address": null,
            "allocation_id": "eipalloc-03b27333f288c6e45",
            "arn": "arn:aws:ec2:us-east-1:339712886638:elastic-ip/eipalloc-03b27333f288c6e45",
            "associate_with_private_ip": null,
            "association_id": "eipassoc-00670c8d15c2fa8f0",
            "carrier_ip": "",
            "customer_owned_ip": "",
            "customer_owned_ipv4_pool": "",
            "domain": "vpc",
            "id": "eipalloc-03b27333f288c6e45",
            "instance": "",
            "ipam_pool_id": null,
            "network_border_group": "us-east-1",
            "network_interface": "eni-0d062c49cf3434c33",
            "private_dns": "ip-10-0-2-55.ec2.internal",
            "private_ip": "10.0.2.55",
            "ptr_record": "",
            "public_dns": "ec2-3-213-117-114.compute-1.amazonaws.com",
            "public_ip": "3.213.117.114",
            "public_ipv4_pool": "amazon",
            "region": "us-east-1",
            "tags": {
              "Name": "aerowise-t1-nat-b-eip"
            },
            "tags_all": {
              "Name": "aerowise-t1-nat-b-eip"
            },
            "timeouts": null
          },
          "sensitive_attributes": [],
          "identity_schema_version": 0,
          "private": "eyJlMmJmYjczMC1lY2FhLTExZTYtOGY4OC0zNDM2M2JjN2M0YzAiOnsiZGVsZXRlIjoxODAwMDAwMDAwMDAsInJlYWQiOjkwMDAwMDAwMDAwMCwidXBkYXRlIjozMDAwMDAwMDAwMDB9fQ==",
          "dependencies": [
            "module.network.aws_subnet.public",
            "module.network.aws_vpc.this"
          ]
        }
      ]
    },
    {
      "module": "module.network",
      "mode": "managed",
      "type": "aws_internet_gateway",
      "name": "this",
      "provider": "provider[\"registry.terraform.io/hashicorp/aws\"]",
      "instances": [
        {
          "schema_version": 0,
          "attributes": {
            "arn": "arn:aws:ec2:us-east-1:339712886638:internet-gateway/igw-0e91adf551f04ed6f",
            "id": "igw-0e91adf551f04ed6f",
            "owner_id": "339712886638",
            "region": "us-east-1",
            "tags": {
              "Name": "aerowise-t1-igw"
            },
            "tags_all": {
              "Name": "aerowise-t1-igw"
            },
            "timeouts": null,
            "vpc_id": "vpc-0aa1080e771ac39e2"
          },
          "sensitive_attributes": [],
          "identity_schema_version": 0,
          "private": "eyJlMmJmYjczMC1lY2FhLTExZTYtOGY4OC0zNDM2M2JjN2M0YzAiOnsiY3JlYXRlIjoxMjAwMDAwMDAwMDAwLCJkZWxldGUiOjEyMDAwMDAwMDAwMDAsInVwZGF0ZSI6MTIwMDAwMDAwMDAwMH19",
          "dependencies": [
            "module.network.aws_vpc.this"
          ]
        }
      ]
    },
    {
      "module": "module.network",
      "mode": "managed",
      "type": "aws_nat_gateway",
      "name": "nat",
      "provider": "provider[\"registry.terraform.io/hashicorp/aws\"]",
      "instances": [
        {
          "index_key": "a",
          "schema_version": 0,
          "attributes": {
            "allocation_id": "eipalloc-0895ea14959d40ae3",
            "association_id": "eipassoc-0522b4ff7b15352b1",
            "auto_provision_zones": null,
            "auto_scaling_ips": null,
            "availability_mode": "zonal",
            "availability_zone_address": [],
            "connectivity_type": "public",
            "id": "nat-01487500b20147c34",
            "network_interface_id": "eni-009712ceda782379b",
            "private_ip": "10.0.1.35",
            "public_ip": "3.225.136.88",
            "region": "us-east-1",
            "regional_nat_gateway_address": [],
            "regional_nat_gateway_auto_mode": null,
            "route_table_id": null,
            "secondary_allocation_ids": [],
            "secondary_private_ip_address_count": 0,
            "secondary_private_ip_addresses": [],
            "subnet_id": "subnet-040508a7224118551",
            "tags": {
              "Name": "aerowise-t1-nat-a"
            },
            "tags_all": {
              "Name": "aerowise-t1-nat-a"
            },
            "timeouts": null,
            "vpc_id": "vpc-0aa1080e771ac39e2"
          },
          "sensitive_attributes": [],
          "identity_schema_version": 0,
          "private": "eyJlMmJmYjczMC1lY2FhLTExZTYtOGY4OC0zNDM2M2JjN2M0YzAiOnsiY3JlYXRlIjo2MDAwMDAwMDAwMDAsImRlbGV0ZSI6MTgwMDAwMDAwMDAwMCwidXBkYXRlIjo2MDAwMDAwMDAwMDB9fQ==",
          "dependencies": [
            "module.network.aws_eip.nat",
            "module.network.aws_subnet.public",
            "module.network.aws_vpc.this"
          ]
        },
        {
          "index_key": "b",
          "schema_version": 0,
          "attributes": {
            "allocation_id": "eipalloc-03b27333f288c6e45",
            "association_id": "eipassoc-00670c8d15c2fa8f0",
            "auto_provision_zones": null,
            "auto_scaling_ips": null,
            "availability_mode": "zonal",
            "availability_zone_address": [],
            "connectivity_type": "public",
            "id": "nat-09baa0ce5d1b72688",
            "network_interface_id": "eni-0d062c49cf3434c33",
            "private_ip": "10.0.2.55",
            "public_ip": "3.213.117.114",
            "region": "us-east-1",
            "regional_nat_gateway_address": [],
            "regional_nat_gateway_auto_mode": null,
            "route_table_id": null,
            "secondary_allocation_ids": [],
            "secondary_private_ip_address_count": 0,
            "secondary_private_ip_addresses": [],
            "subnet_id": "subnet-05c29cc4ed9d2be74",
            "tags": {
              "Name": "aerowise-t1-nat-b"
            },
            "tags_all": {
              "Name": "aerowise-t1-nat-b"
            },
            "timeouts": null,
            "vpc_id": "vpc-0aa1080e771ac39e2"
          },
          "sensitive_attributes": [],
          "identity_schema_version": 0,
          "private": "eyJlMmJmYjczMC1lY2FhLTExZTYtOGY4OC0zNDM2M2JjN2M0YzAiOnsiY3JlYXRlIjo2MDAwMDAwMDAwMDAsImRlbGV0ZSI6MTgwMDAwMDAwMDAwMCwidXBkYXRlIjo2MDAwMDAwMDAwMDB9fQ==",
          "dependencies": [
            "module.network.aws_eip.nat",
            "module.network.aws_subnet.public",
            "module.network.aws_vpc.this"
          ]
        }
      ]
    },
    {
      "module": "module.network",
      "mode": "managed",
      "type": "aws_route_table",
      "name": "private",
      "provider": "provider[\"registry.terraform.io/hashicorp/aws\"]",
      "instances": [
        {
          "index_key": "a",
          "schema_version": 0,
          "attributes": {
            "arn": "arn:aws:ec2:us-east-1:339712886638:route-table/rtb-0c903f3aa9a8e5a47",
            "id": "rtb-0c903f3aa9a8e5a47",
            "owner_id": "339712886638",
            "propagating_vgws": [],
            "region": "us-east-1",
            "route": [
              {
                "carrier_gateway_id": "",
                "cidr_block": "0.0.0.0/0",
                "core_network_arn": "",
                "destination_prefix_list_id": "",
                "egress_only_gateway_id": "",
                "gateway_id": "",
                "ipv6_cidr_block": "",
                "local_gateway_id": "",
                "nat_gateway_id": "nat-01487500b20147c34",
                "network_interface_id": "",
                "transit_gateway_id": "",
                "vpc_endpoint_id": "",
                "vpc_peering_connection_id": ""
              }
            ],
            "tags": {
              "Name": "aerowise-t1-private-rtb-a"
            },
            "tags_all": {
              "Name": "aerowise-t1-private-rtb-a"
            },
            "timeouts": null,
            "vpc_id": "vpc-0aa1080e771ac39e2"
          },
          "sensitive_attributes": [],
          "identity_schema_version": 0,
          "identity": {
            "account_id": "339712886638",
            "id": "rtb-0c903f3aa9a8e5a47",
            "region": "us-east-1"
          },
          "private": "eyJlMmJmYjczMC1lY2FhLTExZTYtOGY4OC0zNDM2M2JjN2M0YzAiOnsiY3JlYXRlIjozMDAwMDAwMDAwMDAsImRlbGV0ZSI6MzAwMDAwMDAwMDAwLCJ1cGRhdGUiOjEyMDAwMDAwMDAwMH19",
          "dependencies": [
            "module.network.aws_eip.nat",
            "module.network.aws_nat_gateway.nat",
            "module.network.aws_subnet.private_app",
            "module.network.aws_subnet.public",
            "module.network.aws_vpc.this"
          ]
        },
        {
          "index_key": "b",
          "schema_version": 0,
          "attributes": {
            "arn": "arn:aws:ec2:us-east-1:339712886638:route-table/rtb-08f34a08baed6947d",
            "id": "rtb-08f34a08baed6947d",
            "owner_id": "339712886638",
            "propagating_vgws": [],
            "region": "us-east-1",
            "route": [
              {
                "carrier_gateway_id": "",
                "cidr_block": "0.0.0.0/0",
                "core_network_arn": "",
                "destination_prefix_list_id": "",
                "egress_only_gateway_id": "",
                "gateway_id": "",
                "ipv6_cidr_block": "",
                "local_gateway_id": "",
                "nat_gateway_id": "nat-09baa0ce5d1b72688",
                "network_interface_id": "",
                "transit_gateway_id": "",
                "vpc_endpoint_id": "",
                "vpc_peering_connection_id": ""
              }
            ],
            "tags": {
              "Name": "aerowise-t1-private-rtb-b"
            },
            "tags_all": {
              "Name": "aerowise-t1-private-rtb-b"
            },
            "timeouts": null,
            "vpc_id": "vpc-0aa1080e771ac39e2"
          },
          "sensitive_attributes": [],
          "identity_schema_version": 0,
          "identity": {
            "account_id": "339712886638",
            "id": "rtb-08f34a08baed6947d",
            "region": "us-east-1"
          },
          "private": "eyJlMmJmYjczMC1lY2FhLTExZTYtOGY4OC0zNDM2M2JjN2M0YzAiOnsiY3JlYXRlIjozMDAwMDAwMDAwMDAsImRlbGV0ZSI6MzAwMDAwMDAwMDAwLCJ1cGRhdGUiOjEyMDAwMDAwMDAwMH19",
          "dependencies": [
            "module.network.aws_eip.nat",
            "module.network.aws_nat_gateway.nat",
            "module.network.aws_subnet.private_app",
            "module.network.aws_subnet.public",
            "module.network.aws_vpc.this"
          ]
        },
        {
          "index_key": "c",
          "schema_version": 0,
          "attributes": {
            "arn": "arn:aws:ec2:us-east-1:339712886638:route-table/rtb-0d7cbc8cc8095c870",
            "id": "rtb-0d7cbc8cc8095c870",
            "owner_id": "339712886638",
            "propagating_vgws": [],
            "region": "us-east-1",
            "route": [
              {
                "carrier_gateway_id": "",
                "cidr_block": "0.0.0.0/0",
                "core_network_arn": "",
                "destination_prefix_list_id": "",
                "egress_only_gateway_id": "",
                "gateway_id": "",
                "ipv6_cidr_block": "",
                "local_gateway_id": "",
                "nat_gateway_id": "nat-01487500b20147c34",
                "network_interface_id": "",
                "transit_gateway_id": "",
                "vpc_endpoint_id": "",
                "vpc_peering_connection_id": ""
              }
            ],
            "tags": {
              "Name": "aerowise-t1-private-rtb-c"
            },
            "tags_all": {
              "Name": "aerowise-t1-private-rtb-c"
            },
            "timeouts": null,
            "vpc_id": "vpc-0aa1080e771ac39e2"
          },
          "sensitive_attributes": [],
          "identity_schema_version": 0,
          "identity": {
            "account_id": "339712886638",
            "id": "rtb-0d7cbc8cc8095c870",
            "region": "us-east-1"
          },
          "private": "eyJlMmJmYjczMC1lY2FhLTExZTYtOGY4OC0zNDM2M2JjN2M0YzAiOnsiY3JlYXRlIjozMDAwMDAwMDAwMDAsImRlbGV0ZSI6MzAwMDAwMDAwMDAwLCJ1cGRhdGUiOjEyMDAwMDAwMDAwMH19",
          "dependencies": [
            "module.network.aws_eip.nat",
            "module.network.aws_nat_gateway.nat",
            "module.network.aws_subnet.private_app",
            "module.network.aws_subnet.public",
            "module.network.aws_vpc.this"
          ]
        }
      ]
    },
    {
      "module": "module.network",
      "mode": "managed",
      "type": "aws_route_table",
      "name": "public",
      "provider": "provider[\"registry.terraform.io/hashicorp/aws\"]",
      "instances": [
        {
          "schema_version": 0,
          "attributes": {
            "arn": "arn:aws:ec2:us-east-1:339712886638:route-table/rtb-0b0364ece8d23921d",
            "id": "rtb-0b0364ece8d23921d",
            "owner_id": "339712886638",
            "propagating_vgws": [],
            "region": "us-east-1",
            "route": [
              {
                "carrier_gateway_id": "",
                "cidr_block": "0.0.0.0/0",
                "core_network_arn": "",
                "destination_prefix_list_id": "",
                "egress_only_gateway_id": "",
                "gateway_id": "igw-0e91adf551f04ed6f",
                "ipv6_cidr_block": "",
                "local_gateway_id": "",
                "nat_gateway_id": "",
                "network_interface_id": "",
                "transit_gateway_id": "",
                "vpc_endpoint_id": "",
                "vpc_peering_connection_id": ""
              }
            ],
            "tags": {
              "Name": "aerowise-t1-public-rtb"
            },
            "tags_all": {
              "Name": "aerowise-t1-public-rtb"
            },
            "timeouts": null,
            "vpc_id": "vpc-0aa1080e771ac39e2"
          },
          "sensitive_attributes": [],
          "identity_schema_version": 0,
          "identity": {
            "account_id": "339712886638",
            "id": "rtb-0b0364ece8d23921d",
            "region": "us-east-1"
          },
          "private": "eyJlMmJmYjczMC1lY2FhLTExZTYtOGY4OC0zNDM2M2JjN2M0YzAiOnsiY3JlYXRlIjozMDAwMDAwMDAwMDAsImRlbGV0ZSI6MzAwMDAwMDAwMDAwLCJ1cGRhdGUiOjEyMDAwMDAwMDAwMH19",
          "dependencies": [
            "module.network.aws_internet_gateway.this",
            "module.network.aws_vpc.this"
          ]
        }
      ]
    },
    {
      "module": "module.network",
      "mode": "managed",
      "type": "aws_route_table_association",
      "name": "private",
      "provider": "provider[\"registry.terraform.io/hashicorp/aws\"]",
      "instances": [
        {
          "index_key": "a",
          "schema_version": 0,
          "attributes": {
            "gateway_id": "",
            "id": "rtbassoc-0c6c3a0915f666819",
            "region": "us-east-1",
            "route_table_id": "rtb-0c903f3aa9a8e5a47",
            "subnet_id": "subnet-09bb2fe342f542bd4",
            "timeouts": null
          },
          "sensitive_attributes": [],
          "identity_schema_version": 0,
          "private": "eyJlMmJmYjczMC1lY2FhLTExZTYtOGY4OC0zNDM2M2JjN2M0YzAiOnsiY3JlYXRlIjozMDAwMDAwMDAwMDAsImRlbGV0ZSI6MzAwMDAwMDAwMDAwLCJ1cGRhdGUiOjEyMDAwMDAwMDAwMH19",
          "dependencies": [
            "module.network.aws_eip.nat",
            "module.network.aws_nat_gateway.nat",
            "module.network.aws_route_table.private",
            "module.network.aws_subnet.private_app",
            "module.network.aws_subnet.public",
            "module.network.aws_vpc.this"
          ]
        },
        {
          "index_key": "b",
          "schema_version": 0,
          "attributes": {
            "gateway_id": "",
            "id": "rtbassoc-0a6594140633b5589",
            "region": "us-east-1",
            "route_table_id": "rtb-08f34a08baed6947d",
            "subnet_id": "subnet-03ba1a05e579fbfaa",
            "timeouts": null
          },
          "sensitive_attributes": [],
          "identity_schema_version": 0,
          "private": "eyJlMmJmYjczMC1lY2FhLTExZTYtOGY4OC0zNDM2M2JjN2M0YzAiOnsiY3JlYXRlIjozMDAwMDAwMDAwMDAsImRlbGV0ZSI6MzAwMDAwMDAwMDAwLCJ1cGRhdGUiOjEyMDAwMDAwMDAwMH19",
          "dependencies": [
            "module.network.aws_eip.nat",
            "module.network.aws_nat_gateway.nat",
            "module.network.aws_route_table.private",
            "module.network.aws_subnet.private_app",
            "module.network.aws_subnet.public",
            "module.network.aws_vpc.this"
          ]
        },
        {
          "index_key": "c",
          "schema_version": 0,
          "attributes": {
            "gateway_id": "",
            "id": "rtbassoc-0f2d3449c7d51f223",
            "region": "us-east-1",
            "route_table_id": "rtb-0d7cbc8cc8095c870",
            "subnet_id": "subnet-02f3984c2237db7f7",
            "timeouts": null
          },
          "sensitive_attributes": [],
          "identity_schema_version": 0,
          "private": "eyJlMmJmYjczMC1lY2FhLTExZTYtOGY4OC0zNDM2M2JjN2M0YzAiOnsiY3JlYXRlIjozMDAwMDAwMDAwMDAsImRlbGV0ZSI6MzAwMDAwMDAwMDAwLCJ1cGRhdGUiOjEyMDAwMDAwMDAwMH19",
          "dependencies": [
            "module.network.aws_eip.nat",
            "module.network.aws_nat_gateway.nat",
            "module.network.aws_route_table.private",
            "module.network.aws_subnet.private_app",
            "module.network.aws_subnet.public",
            "module.network.aws_vpc.this"
          ]
        }
      ]
    },
    {
      "module": "module.network",
      "mode": "managed",
      "type": "aws_route_table_association",
      "name": "public",
      "provider": "provider[\"registry.terraform.io/hashicorp/aws\"]",
      "instances": [
        {
          "index_key": "a",
          "schema_version": 0,
          "attributes": {
            "gateway_id": "",
            "id": "rtbassoc-03f1df0ebc812cecc",
            "region": "us-east-1",
            "route_table_id": "rtb-0b0364ece8d23921d",
            "subnet_id": "subnet-040508a7224118551",
            "timeouts": null
          },
          "sensitive_attributes": [],
          "identity_schema_version": 0,
          "private": "eyJlMmJmYjczMC1lY2FhLTExZTYtOGY4OC0zNDM2M2JjN2M0YzAiOnsiY3JlYXRlIjozMDAwMDAwMDAwMDAsImRlbGV0ZSI6MzAwMDAwMDAwMDAwLCJ1cGRhdGUiOjEyMDAwMDAwMDAwMH19",
          "dependencies": [
            "module.network.aws_internet_gateway.this",
            "module.network.aws_route_table.public",
            "module.network.aws_subnet.public",
            "module.network.aws_vpc.this"
          ]
        },
        {
          "index_key": "b",
          "schema_version": 0,
          "attributes": {
            "gateway_id": "",
            "id": "rtbassoc-07c71a40122b90086",
            "region": "us-east-1",
            "route_table_id": "rtb-0b0364ece8d23921d",
            "subnet_id": "subnet-05c29cc4ed9d2be74",
            "timeouts": null
          },
          "sensitive_attributes": [],
          "identity_schema_version": 0,
          "private": "eyJlMmJmYjczMC1lY2FhLTExZTYtOGY4OC0zNDM2M2JjN2M0YzAiOnsiY3JlYXRlIjozMDAwMDAwMDAwMDAsImRlbGV0ZSI6MzAwMDAwMDAwMDAwLCJ1cGRhdGUiOjEyMDAwMDAwMDAwMH19",
          "dependencies": [
            "module.network.aws_internet_gateway.this",
            "module.network.aws_route_table.public",
            "module.network.aws_subnet.public",
            "module.network.aws_vpc.this"
          ]
        }
      ]
    },
    {
      "module": "module.network",
      "mode": "managed",
      "type": "aws_security_group",
      "name": "alb",
      "provider": "provider[\"registry.terraform.io/hashicorp/aws\"]",
      "instances": [
        {
          "schema_version": 1,
          "attributes": {
            "arn": "arn:aws:ec2:us-east-1:339712886638:security-group/sg-037b6f58452ca5e17",
            "description": "ALB security group",
            "egress": [
              {
                "cidr_blocks": [
                  "0.0.0.0/0"
                ],
                "description": "",
                "from_port": 0,
                "ipv6_cidr_blocks": [],
                "prefix_list_ids": [],
                "protocol": "-1",
                "security_groups": [],
                "self": false,
                "to_port": 0
              }
            ],
            "id": "sg-037b6f58452ca5e17",
            "ingress": [
              {
                "cidr_blocks": [
                  "0.0.0.0/0"
                ],
                "description": "HTTP",
                "from_port": 80,
                "ipv6_cidr_blocks": [],
                "prefix_list_ids": [],
                "protocol": "tcp",
                "security_groups": [],
                "self": false,
                "to_port": 80
              },
              {
                "cidr_blocks": [
                  "0.0.0.0/0"
                ],
                "description": "HTTPS",
                "from_port": 443,
                "ipv6_cidr_blocks": [],
                "prefix_list_ids": [],
                "protocol": "tcp",
                "security_groups": [],
                "self": false,
                "to_port": 443
              }
            ],
            "name": "aerowise-t1-alb-sg-20251228030826499600000006",
            "name_prefix": "aerowise-t1-alb-sg-",
            "owner_id": "339712886638",
            "region": "us-east-1",
            "revoke_rules_on_delete": false,
            "tags": {
              "Name": "aerowise-t1-alb-sg"
            },
            "tags_all": {
              "Name": "aerowise-t1-alb-sg"
            },
            "timeouts": null,
            "vpc_id": "vpc-0aa1080e771ac39e2"
          },
          "sensitive_attributes": [],
          "identity_schema_version": 0,
          "identity": {
            "account_id": "339712886638",
            "id": "sg-037b6f58452ca5e17",
            "region": "us-east-1"
          },
          "private": "eyJlMmJmYjczMC1lY2FhLTExZTYtOGY4OC0zNDM2M2JjN2M0YzAiOnsiY3JlYXRlIjo2MDAwMDAwMDAwMDAsImRlbGV0ZSI6OTAwMDAwMDAwMDAwfSwic2NoZW1hX3ZlcnNpb24iOiIxIn0=",
          "dependencies": [
            "module.network.aws_vpc.this"
          ]
        }
      ]
    },
    {
      "module": "module.network",
      "mode": "managed",
      "type": "aws_security_group",
      "name": "vpc_link",
      "provider": "provider[\"registry.terraform.io/hashicorp/aws\"]",
      "instances": [
        {
          "schema_version": 1,
          "attributes": {
            "arn": "arn:aws:ec2:us-east-1:339712886638:security-group/sg-03e7c5142da14eb14",
            "description": "API Gateway VPC Link to ALB",
            "egress": [
              {
                "cidr_blocks": [
                  "0.0.0.0/0"
                ],
                "description": "",
                "from_port": 0,
                "ipv6_cidr_blocks": [],
                "prefix_list_ids": [],
                "protocol": "-1",
                "security_groups": [],
                "self": false,
                "to_port": 0
              }
            ],
            "id": "sg-03e7c5142da14eb14",
            "ingress": [],
            "name": "aerowise-t1-vpc-link-sg-20251228030826496800000005",
            "name_prefix": "aerowise-t1-vpc-link-sg-",
            "owner_id": "339712886638",
            "region": "us-east-1",
            "revoke_rules_on_delete": false,
            "tags": {
              "Name": "aerowise-t1-vpc-link-sg"
            },
            "tags_all": {
              "Name": "aerowise-t1-vpc-link-sg"
            },
            "timeouts": null,
            "vpc_id": "vpc-0aa1080e771ac39e2"
          },
          "sensitive_attributes": [],
          "identity_schema_version": 0,
          "identity": {
            "account_id": "339712886638",
            "id": "sg-03e7c5142da14eb14",
            "region": "us-east-1"
          },
          "private": "eyJlMmJmYjczMC1lY2FhLTExZTYtOGY4OC0zNDM2M2JjN2M0YzAiOnsiY3JlYXRlIjo2MDAwMDAwMDAwMDAsImRlbGV0ZSI6OTAwMDAwMDAwMDAwfSwic2NoZW1hX3ZlcnNpb24iOiIxIn0=",
          "dependencies": [
            "module.network.aws_vpc.this"
          ]
        }
      ]
    },
    {
      "module": "module.network",
      "mode": "managed",
      "type": "aws_subnet",
      "name": "private_app",
      "provider": "provider[\"registry.terraform.io/hashicorp/aws\"]",
      "instances": [
        {
          "index_key": "a",
          "schema_version": 1,
          "attributes": {
            "arn": "arn:aws:ec2:us-east-1:339712886638:subnet/subnet-09bb2fe342f542bd4",
            "assign_ipv6_address_on_creation": false,
            "availability_zone": "us-east-1a",
            "availability_zone_id": "use1-az2",
            "cidr_block": "10.0.10.0/24",
            "customer_owned_ipv4_pool": "",
            "enable_dns64": false,
            "enable_lni_at_device_index": 0,
            "enable_resource_name_dns_a_record_on_launch": false,
            "enable_resource_name_dns_aaaa_record_on_launch": false,
            "id": "subnet-09bb2fe342f542bd4",
            "ipv6_cidr_block": "",
            "ipv6_cidr_block_association_id": "",
            "ipv6_native": false,
            "map_customer_owned_ip_on_launch": false,
            "map_public_ip_on_launch": false,
            "outpost_arn": "",
            "owner_id": "339712886638",
            "private_dns_hostname_type_on_launch": "ip-name",
            "region": "us-east-1",
            "tags": {
              "Name": "aerowise-t1-private-app-a",
              "kubernetes.io/cluster/aerowise-t1-eks": "shared",
              "kubernetes.io/role/internal-elb": "1"
            },
            "tags_all": {
              "Name": "aerowise-t1-private-app-a",
              "kubernetes.io/cluster/aerowise-t1-eks": "shared",
              "kubernetes.io/role/internal-elb": "1"
            },
            "timeouts": null,
            "vpc_id": "vpc-0aa1080e771ac39e2"
          },
          "sensitive_attributes": [],
          "identity_schema_version": 0,
          "identity": {
            "account_id": "339712886638",
            "id": "subnet-09bb2fe342f542bd4",
            "region": "us-east-1"
          },
          "private": "eyJlMmJmYjczMC1lY2FhLTExZTYtOGY4OC0zNDM2M2JjN2M0YzAiOnsiY3JlYXRlIjo2MDAwMDAwMDAwMDAsImRlbGV0ZSI6MTIwMDAwMDAwMDAwMH0sInNjaGVtYV92ZXJzaW9uIjoiMSJ9",
          "dependencies": [
            "module.network.aws_vpc.this"
          ]
        },
        {
          "index_key": "b",
          "schema_version": 1,
          "attributes": {
            "arn": "arn:aws:ec2:us-east-1:339712886638:subnet/subnet-03ba1a05e579fbfaa",
            "assign_ipv6_address_on_creation": false,
            "availability_zone": "us-east-1b",
            "availability_zone_id": "use1-az4",
            "cidr_block": "10.0.11.0/24",
            "customer_owned_ipv4_pool": "",
            "enable_dns64": false,
            "enable_lni_at_device_index": 0,
            "enable_resource_name_dns_a_record_on_launch": false,
            "enable_resource_name_dns_aaaa_record_on_launch": false,
            "id": "subnet-03ba1a05e579fbfaa",
            "ipv6_cidr_block": "",
            "ipv6_cidr_block_association_id": "",
            "ipv6_native": false,
            "map_customer_owned_ip_on_launch": false,
            "map_public_ip_on_launch": false,
            "outpost_arn": "",
            "owner_id": "339712886638",
            "private_dns_hostname_type_on_launch": "ip-name",
            "region": "us-east-1",
            "tags": {
              "Name": "aerowise-t1-private-app-b",
              "kubernetes.io/cluster/aerowise-t1-eks": "shared",
              "kubernetes.io/role/internal-elb": "1"
            },
            "tags_all": {
              "Name": "aerowise-t1-private-app-b",
              "kubernetes.io/cluster/aerowise-t1-eks": "shared",
              "kubernetes.io/role/internal-elb": "1"
            },
            "timeouts": null,
            "vpc_id": "vpc-0aa1080e771ac39e2"
          },
          "sensitive_attributes": [],
          "identity_schema_version": 0,
          "identity": {
            "account_id": "339712886638",
            "id": "subnet-03ba1a05e579fbfaa",
            "region": "us-east-1"
          },
          "private": "eyJlMmJmYjczMC1lY2FhLTExZTYtOGY4OC0zNDM2M2JjN2M0YzAiOnsiY3JlYXRlIjo2MDAwMDAwMDAwMDAsImRlbGV0ZSI6MTIwMDAwMDAwMDAwMH0sInNjaGVtYV92ZXJzaW9uIjoiMSJ9",
          "dependencies": [
            "module.network.aws_vpc.this"
          ]
        },
        {
          "index_key": "c",
          "schema_version": 1,
          "attributes": {
            "arn": "arn:aws:ec2:us-east-1:339712886638:subnet/subnet-02f3984c2237db7f7",
            "assign_ipv6_address_on_creation": false,
            "availability_zone": "us-east-1c",
            "availability_zone_id": "use1-az6",
            "cidr_block": "10.0.12.0/24",
            "customer_owned_ipv4_pool": "",
            "enable_dns64": false,
            "enable_lni_at_device_index": 0,
            "enable_resource_name_dns_a_record_on_launch": false,
            "enable_resource_name_dns_aaaa_record_on_launch": false,
            "id": "subnet-02f3984c2237db7f7",
            "ipv6_cidr_block": "",
            "ipv6_cidr_block_association_id": "",
            "ipv6_native": false,
            "map_customer_owned_ip_on_launch": false,
            "map_public_ip_on_launch": false,
            "outpost_arn": "",
            "owner_id": "339712886638",
            "private_dns_hostname_type_on_launch": "ip-name",
            "region": "us-east-1",
            "tags": {
              "Name": "aerowise-t1-private-app-c",
              "kubernetes.io/cluster/aerowise-t1-eks": "shared",
              "kubernetes.io/role/internal-elb": "1"
            },
            "tags_all": {
              "Name": "aerowise-t1-private-app-c",
              "kubernetes.io/cluster/aerowise-t1-eks": "shared",
              "kubernetes.io/role/internal-elb": "1"
            },
            "timeouts": null,
            "vpc_id": "vpc-0aa1080e771ac39e2"
          },
          "sensitive_attributes": [],
          "identity_schema_version": 0,
          "identity": {
            "account_id": "339712886638",
            "id": "subnet-02f3984c2237db7f7",
            "region": "us-east-1"
          },
          "private": "eyJlMmJmYjczMC1lY2FhLTExZTYtOGY4OC0zNDM2M2JjN2M0YzAiOnsiY3JlYXRlIjo2MDAwMDAwMDAwMDAsImRlbGV0ZSI6MTIwMDAwMDAwMDAwMH0sInNjaGVtYV92ZXJzaW9uIjoiMSJ9",
          "dependencies": [
            "module.network.aws_vpc.this"
          ]
        }
      ]
    },
    {
      "module": "module.network",
      "mode": "managed",
      "type": "aws_subnet",
      "name": "public",
      "provider": "provider[\"registry.terraform.io/hashicorp/aws\"]",
      "instances": [
        {
          "index_key": "a",
          "schema_version": 1,
          "attributes": {
            "arn": "arn:aws:ec2:us-east-1:339712886638:subnet/subnet-040508a7224118551",
            "assign_ipv6_address_on_creation": false,
            "availability_zone": "us-east-1a",
            "availability_zone_id": "use1-az2",
            "cidr_block": "10.0.1.0/24",
            "customer_owned_ipv4_pool": "",
            "enable_dns64": false,
            "enable_lni_at_device_index": 0,
            "enable_resource_name_dns_a_record_on_launch": false,
            "enable_resource_name_dns_aaaa_record_on_launch": false,
            "id": "subnet-040508a7224118551",
            "ipv6_cidr_block": "",
            "ipv6_cidr_block_association_id": "",
            "ipv6_native": false,
            "map_customer_owned_ip_on_launch": false,
            "map_public_ip_on_launch": true,
            "outpost_arn": "",
            "owner_id": "339712886638",
            "private_dns_hostname_type_on_launch": "ip-name",
            "region": "us-east-1",
            "tags": {
              "Name": "aerowise-t1-public-a",
              "kubernetes.io/cluster/aerowise-t1-eks": "shared",
              "kubernetes.io/role/elb": "1"
            },
            "tags_all": {
              "Name": "aerowise-t1-public-a",
              "kubernetes.io/cluster/aerowise-t1-eks": "shared",
              "kubernetes.io/role/elb": "1"
            },
            "timeouts": null,
            "vpc_id": "vpc-0aa1080e771ac39e2"
          },
          "sensitive_attributes": [],
          "identity_schema_version": 0,
          "identity": {
            "account_id": "339712886638",
            "id": "subnet-040508a7224118551",
            "region": "us-east-1"
          },
          "private": "eyJlMmJmYjczMC1lY2FhLTExZTYtOGY4OC0zNDM2M2JjN2M0YzAiOnsiY3JlYXRlIjo2MDAwMDAwMDAwMDAsImRlbGV0ZSI6MTIwMDAwMDAwMDAwMH0sInNjaGVtYV92ZXJzaW9uIjoiMSJ9",
          "dependencies": [
            "module.network.aws_vpc.this"
          ]
        },
        {
          "index_key": "b",
          "schema_version": 1,
          "attributes": {
            "arn": "arn:aws:ec2:us-east-1:339712886638:subnet/subnet-05c29cc4ed9d2be74",
            "assign_ipv6_address_on_creation": false,
            "availability_zone": "us-east-1b",
            "availability_zone_id": "use1-az4",
            "cidr_block": "10.0.2.0/24",
            "customer_owned_ipv4_pool": "",
            "enable_dns64": false,
            "enable_lni_at_device_index": 0,
            "enable_resource_name_dns_a_record_on_launch": false,
            "enable_resource_name_dns_aaaa_record_on_launch": false,
            "id": "subnet-05c29cc4ed9d2be74",
            "ipv6_cidr_block": "",
            "ipv6_cidr_block_association_id": "",
            "ipv6_native": false,
            "map_customer_owned_ip_on_launch": false,
            "map_public_ip_on_launch": true,
            "outpost_arn": "",
            "owner_id": "339712886638",
            "private_dns_hostname_type_on_launch": "ip-name",
            "region": "us-east-1",
            "tags": {
              "Name": "aerowise-t1-public-b",
              "kubernetes.io/cluster/aerowise-t1-eks": "shared",
              "kubernetes.io/role/elb": "1"
            },
            "tags_all": {
              "Name": "aerowise-t1-public-b",
              "kubernetes.io/cluster/aerowise-t1-eks": "shared",
              "kubernetes.io/role/elb": "1"
            },
            "timeouts": null,
            "vpc_id": "vpc-0aa1080e771ac39e2"
          },
          "sensitive_attributes": [],
          "identity_schema_version": 0,
          "identity": {
            "account_id": "339712886638",
            "id": "subnet-05c29cc4ed9d2be74",
            "region": "us-east-1"
          },
          "private": "eyJlMmJmYjczMC1lY2FhLTExZTYtOGY4OC0zNDM2M2JjN2M0YzAiOnsiY3JlYXRlIjo2MDAwMDAwMDAwMDAsImRlbGV0ZSI6MTIwMDAwMDAwMDAwMH0sInNjaGVtYV92ZXJzaW9uIjoiMSJ9",
          "dependencies": [
            "module.network.aws_vpc.this"
          ]
        }
      ]
    },
    {
      "module": "module.network",
      "mode": "managed",
      "type": "aws_vpc",
      "name": "this",
      "provider": "provider[\"registry.terraform.io/hashicorp/aws\"]",
      "instances": [
        {
          "index_key": 0,
          "schema_version": 1,
          "attributes": {
            "arn": "arn:aws:ec2:us-east-1:339712886638:vpc/vpc-0aa1080e771ac39e2",
            "assign_generated_ipv6_cidr_block": false,
            "cidr_block": "10.0.0.0/16",
            "default_network_acl_id": "acl-074c556febcca670b",
            "default_route_table_id": "rtb-05201219f36c61b0b",
            "default_security_group_id": "sg-02baa0c784b5b7aa6",
            "dhcp_options_id": "dopt-001b1d48125fba91c",
            "enable_dns_hostnames": true,
            "enable_dns_support": true,
            "enable_network_address_usage_metrics": false,
            "id": "vpc-0aa1080e771ac39e2",
            "instance_tenancy": "default",
            "ipv4_ipam_pool_id": null,
            "ipv4_netmask_length": null,
            "ipv6_association_id": "",
            "ipv6_cidr_block": "",
            "ipv6_cidr_block_network_border_group": "",
            "ipv6_ipam_pool_id": "",
            "ipv6_netmask_length": 0,
            "main_route_table_id": "rtb-05201219f36c61b0b",
            "owner_id": "339712886638",
            "region": "us-east-1",
            "tags": {
              "Name": "aerowise-t1-vpc"
            },
            "tags_all": {
              "Name": "aerowise-t1-vpc"
            }
          },
          "sensitive_attributes": [],
          "identity_schema_version": 0,
          "identity": {
            "account_id": "339712886638",
            "id": "vpc-0aa1080e771ac39e2",
            "region": "us-east-1"
          },
          "private": "eyJzY2hlbWFfdmVyc2lvbiI6IjEifQ=="
        }
      ]
    },
    {
      "module": "module.network_endpoints",
      "mode": "managed",
      "type": "aws_security_group",
      "name": "vpce",
      "provider": "provider[\"registry.terraform.io/hashicorp/aws\"]",
      "instances": [
        {
          "schema_version": 1,
          "attributes": {
            "arn": "arn:aws:ec2:us-east-1:339712886638:security-group/sg-0fee4cb40803f80b0",
            "description": "Allow EKS nodes to reach AWS VPC interface endpoints",
            "egress": [
              {
                "cidr_blocks": [
                  "0.0.0.0/0"
                ],
                "description": "",
                "from_port": 0,
                "ipv6_cidr_blocks": [],
                "prefix_list_ids": [],
                "protocol": "-1",
                "security_groups": [],
                "self": false,
                "to_port": 0
              }
            ],
            "id": "sg-0fee4cb40803f80b0",
            "ingress": [
              {
                "cidr_blocks": [
                  "10.0.10.0/24"
                ],
                "description": "HTTPS from private subnet CIDR",
                "from_port": 443,
                "ipv6_cidr_blocks": [],
                "prefix_list_ids": [],
                "protocol": "tcp",
                "security_groups": [],
                "self": false,
                "to_port": 443
              },
              {
                "cidr_blocks": [
                  "10.0.11.0/24"
                ],
                "description": "HTTPS from private subnet CIDR",
                "from_port": 443,
                "ipv6_cidr_blocks": [],
                "prefix_list_ids": [],
                "protocol": "tcp",
                "security_groups": [],
                "self": false,
                "to_port": 443
              },
              {
                "cidr_blocks": [
                  "10.0.12.0/24"
                ],
                "description": "HTTPS from private subnet CIDR",
                "from_port": 443,
                "ipv6_cidr_blocks": [],
                "prefix_list_ids": [],
                "protocol": "tcp",
                "security_groups": [],
                "self": false,
                "to_port": 443
              }
            ],
            "name": "aerowise-t1-vpce-sg",
            "name_prefix": "",
            "owner_id": "339712886638",
            "region": "us-east-1",
            "revoke_rules_on_delete": false,
            "tags": {
              "Name": "aerowise-t1-vpce-sg"
            },
            "tags_all": {
              "Name": "aerowise-t1-vpce-sg"
            },
            "timeouts": null,
            "vpc_id": "vpc-0aa1080e771ac39e2"
          },
          "sensitive_attributes": [],
          "identity_schema_version": 0,
          "identity": {
            "account_id": "339712886638",
            "id": "sg-0fee4cb40803f80b0",
            "region": "us-east-1"
          },
          "private": "eyJlMmJmYjczMC1lY2FhLTExZTYtOGY4OC0zNDM2M2JjN2M0YzAiOnsiY3JlYXRlIjo2MDAwMDAwMDAwMDAsImRlbGV0ZSI6OTAwMDAwMDAwMDAwfSwic2NoZW1hX3ZlcnNpb24iOiIxIn0=",
          "dependencies": [
            "module.network.aws_eip.nat",
            "module.network.aws_internet_gateway.this",
            "module.network.aws_nat_gateway.nat",
            "module.network.aws_route_table.private",
            "module.network.aws_route_table.public",
            "module.network.aws_route_table_association.private",
            "module.network.aws_route_table_association.public",
            "module.network.aws_security_group.alb",
            "module.network.aws_security_group.vpc_link",
            "module.network.aws_subnet.private_app",
            "module.network.aws_subnet.public",
            "module.network.aws_vpc.this"
          ]
        }
      ]
    },
    {
      "module": "module.network_endpoints",
      "mode": "managed",
      "type": "aws_vpc_endpoint",
      "name": "ec2messages",
      "provider": "provider[\"registry.terraform.io/hashicorp/aws\"]",
      "instances": [
        {
          "schema_version": 0,
          "attributes": {
            "arn": "arn:aws:ec2:us-east-1:339712886638:vpc-endpoint/vpce-057579e860faa9c3b",
            "auto_accept": null,
            "cidr_blocks": [],
            "dns_entry": [
              {
                "dns_name": "vpce-057579e860faa9c3b-wxygi2bj.ec2messages.us-east-1.vpce.amazonaws.com",
                "hosted_zone_id": "Z7HUB22UULQXV"
              },
              {
                "dns_name": "vpce-057579e860faa9c3b-wxygi2bj-us-east-1c.ec2messages.us-east-1.vpce.amazonaws.com",
                "hosted_zone_id": "Z7HUB22UULQXV"
              },
              {
                "dns_name": "vpce-057579e860faa9c3b-wxygi2bj-us-east-1b.ec2messages.us-east-1.vpce.amazonaws.com",
                "hosted_zone_id": "Z7HUB22UULQXV"
              },
              {
                "dns_name": "vpce-057579e860faa9c3b-wxygi2bj-us-east-1a.ec2messages.us-east-1.vpce.amazonaws.com",
                "hosted_zone_id": "Z7HUB22UULQXV"
              },
              {
                "dns_name": "ec2messages.us-east-1.amazonaws.com",
                "hosted_zone_id": "Z08590962NKEUOUIE43RZ"
              }
            ],
            "dns_options": [
              {
                "dns_record_ip_type": "ipv4",
                "private_dns_only_for_inbound_resolver_endpoint": false
              }
            ],
            "id": "vpce-057579e860faa9c3b",
            "ip_address_type": "ipv4",
            "network_interface_ids": [
              "eni-045931c2e0c5df9fc",
              "eni-0bd21f2b2245d3c66",
              "eni-0f12d1fc53795fd1e"
            ],
            "owner_id": "339712886638",
            "policy": "{\"Statement\":[{\"Action\":\"*\",\"Effect\":\"Allow\",\"Principal\":\"*\",\"Resource\":\"*\"}]}",
            "prefix_list_id": null,
            "private_dns_enabled": true,
            "region": "us-east-1",
            "requester_managed": false,
            "resource_configuration_arn": "",
            "route_table_ids": [],
            "security_group_ids": [
              "sg-0fee4cb40803f80b0"
            ],
            "service_name": "com.amazonaws.us-east-1.ec2messages",
            "service_network_arn": "",
            "service_region": "us-east-1",
            "state": "available",
            "subnet_configuration": [
              {
                "ipv4": "10.0.10.250",
                "ipv6": "",
                "subnet_id": "subnet-09bb2fe342f542bd4"
              },
              {
                "ipv4": "10.0.11.156",
                "ipv6": "",
                "subnet_id": "subnet-03ba1a05e579fbfaa"
              },
              {
                "ipv4": "10.0.12.239",
                "ipv6": "",
                "subnet_id": "subnet-02f3984c2237db7f7"
              }
            ],
            "subnet_ids": [
              "subnet-02f3984c2237db7f7",
              "subnet-03ba1a05e579fbfaa",
              "subnet-09bb2fe342f542bd4"
            ],
            "tags": {
              "Name": "aerowise-t1-ec2messages"
            },
            "tags_all": {
              "Name": "aerowise-t1-ec2messages"
            },
            "timeouts": null,
            "vpc_endpoint_type": "Interface",
            "vpc_id": "vpc-0aa1080e771ac39e2"
          },
          "sensitive_attributes": [],
          "identity_schema_version": 0,
          "identity": {
            "account_id": "339712886638",
            "id": "vpce-057579e860faa9c3b",
            "region": "us-east-1"
          },
          "private": "eyJlMmJmYjczMC1lY2FhLTExZTYtOGY4OC0zNDM2M2JjN2M0YzAiOnsiY3JlYXRlIjo2MDAwMDAwMDAwMDAsImRlbGV0ZSI6NjAwMDAwMDAwMDAwLCJ1cGRhdGUiOjYwMDAwMDAwMDAwMH19",
          "dependencies": [
            "module.network.aws_eip.nat",
            "module.network.aws_internet_gateway.this",
            "module.network.aws_nat_gateway.nat",
            "module.network.aws_route_table.private",
            "module.network.aws_route_table.public",
            "module.network.aws_route_table_association.private",
            "module.network.aws_route_table_association.public",
            "module.network.aws_security_group.alb",
            "module.network.aws_security_group.vpc_link",
            "module.network.aws_subnet.private_app",
            "module.network.aws_subnet.public",
            "module.network.aws_vpc.this",
            "module.network_endpoints.aws_security_group.vpce"
          ]
        }
      ]
    },
    {
      "module": "module.network_endpoints",
      "mode": "managed",
      "type": "aws_vpc_endpoint",
      "name": "ecr_api",
      "provider": "provider[\"registry.terraform.io/hashicorp/aws\"]",
      "instances": [
        {
          "schema_version": 0,
          "attributes": {
            "arn": "arn:aws:ec2:us-east-1:339712886638:vpc-endpoint/vpce-041f30d35b67fbad1",
            "auto_accept": null,
            "cidr_blocks": [],
            "dns_entry": [
              {
                "dns_name": "vpce-041f30d35b67fbad1-1kkqvmqw.api.ecr.us-east-1.vpce.amazonaws.com",
                "hosted_zone_id": "Z7HUB22UULQXV"
              },
              {
                "dns_name": "vpce-041f30d35b67fbad1-1kkqvmqw-us-east-1b.api.ecr.us-east-1.vpce.amazonaws.com",
                "hosted_zone_id": "Z7HUB22UULQXV"
              },
              {
                "dns_name": "vpce-041f30d35b67fbad1-1kkqvmqw-us-east-1a.api.ecr.us-east-1.vpce.amazonaws.com",
                "hosted_zone_id": "Z7HUB22UULQXV"
              },
              {
                "dns_name": "vpce-041f30d35b67fbad1-1kkqvmqw-us-east-1c.api.ecr.us-east-1.vpce.amazonaws.com",
                "hosted_zone_id": "Z7HUB22UULQXV"
              },
              {
                "dns_name": "api.ecr.us-east-1.amazonaws.com",
                "hosted_zone_id": "Z0994323IJRKY6MBCE2Y"
              },
              {
                "dns_name": "ecr.us-east-1.api.aws",
                "hosted_zone_id": "Z04222855DLXGJ1TJPJ4"
              }
            ],
            "dns_options": [
              {
                "dns_record_ip_type": "ipv4",
                "private_dns_only_for_inbound_resolver_endpoint": false
              }
            ],
            "id": "vpce-041f30d35b67fbad1",
            "ip_address_type": "ipv4",
            "network_interface_ids": [
              "eni-013262d519dd67133",
              "eni-04be2f874d5fb5aed",
              "eni-0e045e09ac41fa546"
            ],
            "owner_id": "339712886638",
            "policy": "{\"Statement\":[{\"Action\":\"*\",\"Effect\":\"Allow\",\"Principal\":\"*\",\"Resource\":\"*\"}]}",
            "prefix_list_id": null,
            "private_dns_enabled": true,
            "region": "us-east-1",
            "requester_managed": false,
            "resource_configuration_arn": "",
            "route_table_ids": [],
            "security_group_ids": [
              "sg-0fee4cb40803f80b0"
            ],
            "service_name": "com.amazonaws.us-east-1.ecr.api",
            "service_network_arn": "",
            "service_region": "us-east-1",
            "state": "available",
            "subnet_configuration": [
              {
                "ipv4": "10.0.10.131",
                "ipv6": "",
                "subnet_id": "subnet-09bb2fe342f542bd4"
              },
              {
                "ipv4": "10.0.11.99",
                "ipv6": "",
                "subnet_id": "subnet-03ba1a05e579fbfaa"
              },
              {
                "ipv4": "10.0.12.206",
                "ipv6": "",
                "subnet_id": "subnet-02f3984c2237db7f7"
              }
            ],
            "subnet_ids": [
              "subnet-02f3984c2237db7f7",
              "subnet-03ba1a05e579fbfaa",
              "subnet-09bb2fe342f542bd4"
            ],
            "tags": {
              "Name": "aerowise-t1-ecr-api"
            },
            "tags_all": {
              "Name": "aerowise-t1-ecr-api"
            },
            "timeouts": null,
            "vpc_endpoint_type": "Interface",
            "vpc_id": "vpc-0aa1080e771ac39e2"
          },
          "sensitive_attributes": [],
          "identity_schema_version": 0,
          "identity": {
            "account_id": "339712886638",
            "id": "vpce-041f30d35b67fbad1",
            "region": "us-east-1"
          },
          "private": "eyJlMmJmYjczMC1lY2FhLTExZTYtOGY4OC0zNDM2M2JjN2M0YzAiOnsiY3JlYXRlIjo2MDAwMDAwMDAwMDAsImRlbGV0ZSI6NjAwMDAwMDAwMDAwLCJ1cGRhdGUiOjYwMDAwMDAwMDAwMH19",
          "dependencies": [
            "module.network.aws_eip.nat",
            "module.network.aws_internet_gateway.this",
            "module.network.aws_nat_gateway.nat",
            "module.network.aws_route_table.private",
            "module.network.aws_route_table.public",
            "module.network.aws_route_table_association.private",
            "module.network.aws_route_table_association.public",
            "module.network.aws_security_group.alb",
            "module.network.aws_security_group.vpc_link",
            "module.network.aws_subnet.private_app",
            "module.network.aws_subnet.public",
            "module.network.aws_vpc.this",
            "module.network_endpoints.aws_security_group.vpce"
          ]
        }
      ]
    },
    {
      "module": "module.network_endpoints",
      "mode": "managed",
      "type": "aws_vpc_endpoint",
      "name": "ecr_dkr",
      "provider": "provider[\"registry.terraform.io/hashicorp/aws\"]",
      "instances": [
        {
          "schema_version": 0,
          "attributes": {
            "arn": "arn:aws:ec2:us-east-1:339712886638:vpc-endpoint/vpce-05381409e0c5b4297",
            "auto_accept": null,
            "cidr_blocks": [],
            "dns_entry": [
              {
                "dns_name": "vpce-05381409e0c5b4297-p661z2ph.dkr.ecr.us-east-1.vpce.amazonaws.com",
                "hosted_zone_id": "Z7HUB22UULQXV"
              },
              {
                "dns_name": "vpce-05381409e0c5b4297-p661z2ph-us-east-1a.dkr.ecr.us-east-1.vpce.amazonaws.com",
                "hosted_zone_id": "Z7HUB22UULQXV"
              },
              {
                "dns_name": "vpce-05381409e0c5b4297-p661z2ph-us-east-1c.dkr.ecr.us-east-1.vpce.amazonaws.com",
                "hosted_zone_id": "Z7HUB22UULQXV"
              },
              {
                "dns_name": "vpce-05381409e0c5b4297-p661z2ph-us-east-1b.dkr.ecr.us-east-1.vpce.amazonaws.com",
                "hosted_zone_id": "Z7HUB22UULQXV"
              },
              {
                "dns_name": "dkr.ecr.us-east-1.amazonaws.com",
                "hosted_zone_id": "Z08578353MTKT4LA1VUGT"
              },
              {
                "dns_name": "*.dkr.ecr.us-east-1.amazonaws.com",
                "hosted_zone_id": "Z08578353MTKT4LA1VUGT"
              },
              {
                "dns_name": "dkr-ecr.us-east-1.on.aws",
                "hosted_zone_id": "Z0991720V8MXRCWC0YJ5"
              },
              {
                "dns_name": "*.dkr-ecr.us-east-1.on.aws",
                "hosted_zone_id": "Z0991720V8MXRCWC0YJ5"
              }
            ],
            "dns_options": [
              {
                "dns_record_ip_type": "ipv4",
                "private_dns_only_for_inbound_resolver_endpoint": false
              }
            ],
            "id": "vpce-05381409e0c5b4297",
            "ip_address_type": "ipv4",
            "network_interface_ids": [
              "eni-02788c29b038467b0",
              "eni-0414f58f12804ff12",
              "eni-0807713033792d833"
            ],
            "owner_id": "339712886638",
            "policy": "{\"Statement\":[{\"Action\":\"*\",\"Effect\":\"Allow\",\"Principal\":\"*\",\"Resource\":\"*\"}]}",
            "prefix_list_id": null,
            "private_dns_enabled": true,
            "region": "us-east-1",
            "requester_managed": false,
            "resource_configuration_arn": "",
            "route_table_ids": [],
            "security_group_ids": [
              "sg-0fee4cb40803f80b0"
            ],
            "service_name": "com.amazonaws.us-east-1.ecr.dkr",
            "service_network_arn": "",
            "service_region": "us-east-1",
            "state": "available",
            "subnet_configuration": [
              {
                "ipv4": "10.0.10.132",
                "ipv6": "",
                "subnet_id": "subnet-09bb2fe342f542bd4"
              },
              {
                "ipv4": "10.0.11.141",
                "ipv6": "",
                "subnet_id": "subnet-03ba1a05e579fbfaa"
              },
              {
                "ipv4": "10.0.12.30",
                "ipv6": "",
                "subnet_id": "subnet-02f3984c2237db7f7"
              }
            ],
            "subnet_ids": [
              "subnet-02f3984c2237db7f7",
              "subnet-03ba1a05e579fbfaa",
              "subnet-09bb2fe342f542bd4"
            ],
            "tags": {
              "Name": "aerowise-t1-ecr-dkr"
            },
            "tags_all": {
              "Name": "aerowise-t1-ecr-dkr"
            },
            "timeouts": null,
            "vpc_endpoint_type": "Interface",
            "vpc_id": "vpc-0aa1080e771ac39e2"
          },
          "sensitive_attributes": [],
          "identity_schema_version": 0,
          "identity": {
            "account_id": "339712886638",
            "id": "vpce-05381409e0c5b4297",
            "region": "us-east-1"
          },
          "private": "eyJlMmJmYjczMC1lY2FhLTExZTYtOGY4OC0zNDM2M2JjN2M0YzAiOnsiY3JlYXRlIjo2MDAwMDAwMDAwMDAsImRlbGV0ZSI6NjAwMDAwMDAwMDAwLCJ1cGRhdGUiOjYwMDAwMDAwMDAwMH19",
          "dependencies": [
            "module.network.aws_eip.nat",
            "module.network.aws_internet_gateway.this",
            "module.network.aws_nat_gateway.nat",
            "module.network.aws_route_table.private",
            "module.network.aws_route_table.public",
            "module.network.aws_route_table_association.private",
            "module.network.aws_route_table_association.public",
            "module.network.aws_security_group.alb",
            "module.network.aws_security_group.vpc_link",
            "module.network.aws_subnet.private_app",
            "module.network.aws_subnet.public",
            "module.network.aws_vpc.this",
            "module.network_endpoints.aws_security_group.vpce"
          ]
        }
      ]
    },
    {
      "module": "module.network_endpoints",
      "mode": "managed",
      "type": "aws_vpc_endpoint",
      "name": "ecr_public",
      "provider": "provider[\"registry.terraform.io/hashicorp/aws\"]",
      "instances": []
    },
    {
      "module": "module.network_endpoints",
      "mode": "managed",
      "type": "aws_vpc_endpoint",
      "name": "logs",
      "provider": "provider[\"registry.terraform.io/hashicorp/aws\"]",
      "instances": [
        {
          "schema_version": 0,
          "attributes": {
            "arn": "arn:aws:ec2:us-east-1:339712886638:vpc-endpoint/vpce-0742bdc70383425fa",
            "auto_accept": null,
            "cidr_blocks": [],
            "dns_entry": [
              {
                "dns_name": "vpce-0742bdc70383425fa-sq4aogx3.logs.us-east-1.vpce.amazonaws.com",
                "hosted_zone_id": "Z7HUB22UULQXV"
              },
              {
                "dns_name": "vpce-0742bdc70383425fa-sq4aogx3-us-east-1c.logs.us-east-1.vpce.amazonaws.com",
                "hosted_zone_id": "Z7HUB22UULQXV"
              },
              {
                "dns_name": "vpce-0742bdc70383425fa-sq4aogx3-us-east-1a.logs.us-east-1.vpce.amazonaws.com",
                "hosted_zone_id": "Z7HUB22UULQXV"
              },
              {
                "dns_name": "vpce-0742bdc70383425fa-sq4aogx3-us-east-1b.logs.us-east-1.vpce.amazonaws.com",
                "hosted_zone_id": "Z7HUB22UULQXV"
              },
              {
                "dns_name": "logs.us-east-1.amazonaws.com",
                "hosted_zone_id": "Z0411905SR1XCYA57U7U"
              },
              {
                "dns_name": "streaming-logs.us-east-1.amazonaws.com",
                "hosted_zone_id": "Z08472921NBV8G6POTMZP"
              },
              {
                "dns_name": "streaming-logs.us-east-1.api.aws",
                "hosted_zone_id": "Z0992506SVNG4KY8DYC"
              },
              {
                "dns_name": "logs.us-east-1.api.aws",
                "hosted_zone_id": "Z08458392EXGQ3DAZWCY4"
              }
            ],
            "dns_options": [
              {
                "dns_record_ip_type": "ipv4",
                "private_dns_only_for_inbound_resolver_endpoint": false
              }
            ],
            "id": "vpce-0742bdc70383425fa",
            "ip_address_type": "ipv4",
            "network_interface_ids": [
              "eni-02c3f694d5c87ce4c",
              "eni-04fa1d9c883c408ad",
              "eni-0c45cb303377a45b8"
            ],
            "owner_id": "339712886638",
            "policy": "{\"Statement\":[{\"Action\":\"*\",\"Effect\":\"Allow\",\"Principal\":\"*\",\"Resource\":\"*\"}]}",
            "prefix_list_id": null,
            "private_dns_enabled": true,
            "region": "us-east-1",
            "requester_managed": false,
            "resource_configuration_arn": "",
            "route_table_ids": [],
            "security_group_ids": [
              "sg-0fee4cb40803f80b0"
            ],
            "service_name": "com.amazonaws.us-east-1.logs",
            "service_network_arn": "",
            "service_region": "us-east-1",
            "state": "available",
            "subnet_configuration": [
              {
                "ipv4": "10.0.10.63",
                "ipv6": "",
                "subnet_id": "subnet-09bb2fe342f542bd4"
              },
              {
                "ipv4": "10.0.11.82",
                "ipv6": "",
                "subnet_id": "subnet-03ba1a05e579fbfaa"
              },
              {
                "ipv4": "10.0.12.199",
                "ipv6": "",
                "subnet_id": "subnet-02f3984c2237db7f7"
              }
            ],
            "subnet_ids": [
              "subnet-02f3984c2237db7f7",
              "subnet-03ba1a05e579fbfaa",
              "subnet-09bb2fe342f542bd4"
            ],
            "tags": {
              "Name": "aerowise-t1-logs"
            },
            "tags_all": {
              "Name": "aerowise-t1-logs"
            },
            "timeouts": null,
            "vpc_endpoint_type": "Interface",
            "vpc_id": "vpc-0aa1080e771ac39e2"
          },
          "sensitive_attributes": [],
          "identity_schema_version": 0,
          "identity": {
            "account_id": "339712886638",
            "id": "vpce-0742bdc70383425fa",
            "region": "us-east-1"
          },
          "private": "eyJlMmJmYjczMC1lY2FhLTExZTYtOGY4OC0zNDM2M2JjN2M0YzAiOnsiY3JlYXRlIjo2MDAwMDAwMDAwMDAsImRlbGV0ZSI6NjAwMDAwMDAwMDAwLCJ1cGRhdGUiOjYwMDAwMDAwMDAwMH19",
          "dependencies": [
            "module.network.aws_eip.nat",
            "module.network.aws_internet_gateway.this",
            "module.network.aws_nat_gateway.nat",
            "module.network.aws_route_table.private",
            "module.network.aws_route_table.public",
            "module.network.aws_route_table_association.private",
            "module.network.aws_route_table_association.public",
            "module.network.aws_security_group.alb",
            "module.network.aws_security_group.vpc_link",
            "module.network.aws_subnet.private_app",
            "module.network.aws_subnet.public",
            "module.network.aws_vpc.this",
            "module.network_endpoints.aws_security_group.vpce"
          ]
        }
      ]
    },
    {
      "module": "module.network_endpoints",
      "mode": "managed",
      "type": "aws_vpc_endpoint",
      "name": "monitoring",
      "provider": "provider[\"registry.terraform.io/hashicorp/aws\"]",
      "instances": [
        {
          "schema_version": 0,
          "attributes": {
            "arn": "arn:aws:ec2:us-east-1:339712886638:vpc-endpoint/vpce-0dcea814624b039d9",
            "auto_accept": null,
            "cidr_blocks": [],
            "dns_entry": [
              {
                "dns_name": "vpce-0dcea814624b039d9-8umk5nnm.monitoring.us-east-1.vpce.amazonaws.com",
                "hosted_zone_id": "Z7HUB22UULQXV"
              },
              {
                "dns_name": "vpce-0dcea814624b039d9-8umk5nnm-us-east-1c.monitoring.us-east-1.vpce.amazonaws.com",
                "hosted_zone_id": "Z7HUB22UULQXV"
              },
              {
                "dns_name": "vpce-0dcea814624b039d9-8umk5nnm-us-east-1b.monitoring.us-east-1.vpce.amazonaws.com",
                "hosted_zone_id": "Z7HUB22UULQXV"
              },
              {
                "dns_name": "vpce-0dcea814624b039d9-8umk5nnm-us-east-1a.monitoring.us-east-1.vpce.amazonaws.com",
                "hosted_zone_id": "Z7HUB22UULQXV"
              },
              {
                "dns_name": "monitoring.us-east-1.amazonaws.com",
                "hosted_zone_id": "Z08576823RWYD1HZZTYDL"
              },
              {
                "dns_name": "monitoring.us-east-1.api.aws",
                "hosted_zone_id": "Z08458772037HI66FX7PV"
              },
              {
                "dns_name": "monitoring-fips.us-east-1.amazonaws.com",
                "hosted_zone_id": "Z085768435QNX2FZ29ERP"
              },
              {
                "dns_name": "monitoring-fips.us-east-1.api.aws",
                "hosted_zone_id": "Z08449361OUJDLYMZYF5W"
              }
            ],
            "dns_options": [
              {
                "dns_record_ip_type": "ipv4",
                "private_dns_only_for_inbound_resolver_endpoint": false
              }
            ],
            "id": "vpce-0dcea814624b039d9",
            "ip_address_type": "ipv4",
            "network_interface_ids": [
              "eni-00e00758c854fe9dc",
              "eni-0413d05c51848ae34",
              "eni-0f47e456b72a624b2"
            ],
            "owner_id": "339712886638",
            "policy": "{\"Statement\":[{\"Action\":\"*\",\"Effect\":\"Allow\",\"Principal\":\"*\",\"Resource\":\"*\"}]}",
            "prefix_list_id": null,
            "private_dns_enabled": true,
            "region": "us-east-1",
            "requester_managed": false,
            "resource_configuration_arn": "",
            "route_table_ids": [],
            "security_group_ids": [
              "sg-0fee4cb40803f80b0"
            ],
            "service_name": "com.amazonaws.us-east-1.monitoring",
            "service_network_arn": "",
            "service_region": "us-east-1",
            "state": "available",
            "subnet_configuration": [
              {
                "ipv4": "10.0.10.116",
                "ipv6": "",
                "subnet_id": "subnet-09bb2fe342f542bd4"
              },
              {
                "ipv4": "10.0.11.108",
                "ipv6": "",
                "subnet_id": "subnet-03ba1a05e579fbfaa"
              },
              {
                "ipv4": "10.0.12.16",
                "ipv6": "",
                "subnet_id": "subnet-02f3984c2237db7f7"
              }
            ],
            "subnet_ids": [
              "subnet-02f3984c2237db7f7",
              "subnet-03ba1a05e579fbfaa",
              "subnet-09bb2fe342f542bd4"
            ],
            "tags": {
              "Name": "aerowise-t1-monitoring"
            },
            "tags_all": {
              "Name": "aerowise-t1-monitoring"
            },
            "timeouts": null,
            "vpc_endpoint_type": "Interface",
            "vpc_id": "vpc-0aa1080e771ac39e2"
          },
          "sensitive_attributes": [],
          "identity_schema_version": 0,
          "identity": {
            "account_id": "339712886638",
            "id": "vpce-0dcea814624b039d9",
            "region": "us-east-1"
          },
          "private": "eyJlMmJmYjczMC1lY2FhLTExZTYtOGY4OC0zNDM2M2JjN2M0YzAiOnsiY3JlYXRlIjo2MDAwMDAwMDAwMDAsImRlbGV0ZSI6NjAwMDAwMDAwMDAwLCJ1cGRhdGUiOjYwMDAwMDAwMDAwMH19",
          "dependencies": [
            "module.network.aws_eip.nat",
            "module.network.aws_internet_gateway.this",
            "module.network.aws_nat_gateway.nat",
            "module.network.aws_route_table.private",
            "module.network.aws_route_table.public",
            "module.network.aws_route_table_association.private",
            "module.network.aws_route_table_association.public",
            "module.network.aws_security_group.alb",
            "module.network.aws_security_group.vpc_link",
            "module.network.aws_subnet.private_app",
            "module.network.aws_subnet.public",
            "module.network.aws_vpc.this",
            "module.network_endpoints.aws_security_group.vpce"
          ]
        }
      ]
    },
    {
      "module": "module.network_endpoints",
      "mode": "managed",
      "type": "aws_vpc_endpoint",
      "name": "s3",
      "provider": "provider[\"registry.terraform.io/hashicorp/aws\"]",
      "instances": [
        {
          "schema_version": 0,
          "attributes": {
            "arn": "arn:aws:ec2:us-east-1:339712886638:vpc-endpoint/vpce-0869721877bd01fdb",
            "auto_accept": null,
            "cidr_blocks": [
              "16.15.176.0/20",
              "16.182.0.0/16",
              "18.34.0.0/19",
              "52.216.0.0/15",
              "54.231.0.0/16",
              "3.5.0.0/19",
              "18.34.232.0/21",
              "16.15.192.0/18"
            ],
            "dns_entry": [],
            "dns_options": [
              {
                "dns_record_ip_type": "service-defined",
                "private_dns_only_for_inbound_resolver_endpoint": false
              }
            ],
            "id": "vpce-0869721877bd01fdb",
            "ip_address_type": "ipv4",
            "network_interface_ids": [],
            "owner_id": "339712886638",
            "policy": "{\"Statement\":[{\"Action\":\"*\",\"Effect\":\"Allow\",\"Principal\":\"*\",\"Resource\":\"*\"}],\"Version\":\"2008-10-17\"}",
            "prefix_list_id": "pl-63a5400a",
            "private_dns_enabled": false,
            "region": "us-east-1",
            "requester_managed": false,
            "resource_configuration_arn": "",
            "route_table_ids": [
              "rtb-08f34a08baed6947d",
              "rtb-0c903f3aa9a8e5a47",
              "rtb-0d7cbc8cc8095c870"
            ],
            "security_group_ids": [],
            "service_name": "com.amazonaws.us-east-1.s3",
            "service_network_arn": "",
            "service_region": "us-east-1",
            "state": "available",
            "subnet_configuration": [],
            "subnet_ids": [],
            "tags": {
              "Name": "aerowise-t1-s3"
            },
            "tags_all": {
              "Name": "aerowise-t1-s3"
            },
            "timeouts": null,
            "vpc_endpoint_type": "Gateway",
            "vpc_id": "vpc-0aa1080e771ac39e2"
          },
          "sensitive_attributes": [],
          "identity_schema_version": 0,
          "identity": {
            "account_id": "339712886638",
            "id": "vpce-0869721877bd01fdb",
            "region": "us-east-1"
          },
          "private": "eyJlMmJmYjczMC1lY2FhLTExZTYtOGY4OC0zNDM2M2JjN2M0YzAiOnsiY3JlYXRlIjo2MDAwMDAwMDAwMDAsImRlbGV0ZSI6NjAwMDAwMDAwMDAwLCJ1cGRhdGUiOjYwMDAwMDAwMDAwMH19",
          "dependencies": [
            "module.network.aws_eip.nat",
            "module.network.aws_internet_gateway.this",
            "module.network.aws_nat_gateway.nat",
            "module.network.aws_route_table.private",
            "module.network.aws_route_table.public",
            "module.network.aws_route_table_association.private",
            "module.network.aws_route_table_association.public",
            "module.network.aws_security_group.alb",
            "module.network.aws_security_group.vpc_link",
            "module.network.aws_subnet.private_app",
            "module.network.aws_subnet.public",
            "module.network.aws_vpc.this"
          ]
        }
      ]
    },
    {
      "module": "module.network_endpoints",
      "mode": "managed",
      "type": "aws_vpc_endpoint",
      "name": "secretsmanager",
      "provider": "provider[\"registry.terraform.io/hashicorp/aws\"]",
      "instances": [
        {
          "schema_version": 0,
          "attributes": {
            "arn": "arn:aws:ec2:us-east-1:339712886638:vpc-endpoint/vpce-0e39b93b19196eea3",
            "auto_accept": null,
            "cidr_blocks": [],
            "dns_entry": [
              {
                "dns_name": "vpce-0e39b93b19196eea3-r46c03k4.secretsmanager.us-east-1.vpce.amazonaws.com",
                "hosted_zone_id": "Z7HUB22UULQXV"
              },
              {
                "dns_name": "vpce-0e39b93b19196eea3-r46c03k4-us-east-1b.secretsmanager.us-east-1.vpce.amazonaws.com",
                "hosted_zone_id": "Z7HUB22UULQXV"
              },
              {
                "dns_name": "vpce-0e39b93b19196eea3-r46c03k4-us-east-1a.secretsmanager.us-east-1.vpce.amazonaws.com",
                "hosted_zone_id": "Z7HUB22UULQXV"
              },
              {
                "dns_name": "vpce-0e39b93b19196eea3-r46c03k4-us-east-1c.secretsmanager.us-east-1.vpce.amazonaws.com",
                "hosted_zone_id": "Z7HUB22UULQXV"
              },
              {
                "dns_name": "secretsmanager.us-east-1.amazonaws.com",
                "hosted_zone_id": "Z08565382Z16CNFBH7V87"
              }
            ],
            "dns_options": [
              {
                "dns_record_ip_type": "ipv4",
                "private_dns_only_for_inbound_resolver_endpoint": false
              }
            ],
            "id": "vpce-0e39b93b19196eea3",
            "ip_address_type": "ipv4",
            "network_interface_ids": [
              "eni-015e2e4ab96d00ff5",
              "eni-0528bc91e9481b105",
              "eni-0d39d3dafef1a6e89"
            ],
            "owner_id": "339712886638",
            "policy": "{\"Statement\":[{\"Action\":\"*\",\"Effect\":\"Allow\",\"Principal\":\"*\",\"Resource\":\"*\"}]}",
            "prefix_list_id": null,
            "private_dns_enabled": true,
            "region": "us-east-1",
            "requester_managed": false,
            "resource_configuration_arn": "",
            "route_table_ids": [],
            "security_group_ids": [
              "sg-0fee4cb40803f80b0"
            ],
            "service_name": "com.amazonaws.us-east-1.secretsmanager",
            "service_network_arn": "",
            "service_region": "us-east-1",
            "state": "available",
            "subnet_configuration": [
              {
                "ipv4": "10.0.10.249",
                "ipv6": "",
                "subnet_id": "subnet-09bb2fe342f542bd4"
              },
              {
                "ipv4": "10.0.11.96",
                "ipv6": "",
                "subnet_id": "subnet-03ba1a05e579fbfaa"
              },
              {
                "ipv4": "10.0.12.149",
                "ipv6": "",
                "subnet_id": "subnet-02f3984c2237db7f7"
              }
            ],
            "subnet_ids": [
              "subnet-02f3984c2237db7f7",
              "subnet-03ba1a05e579fbfaa",
              "subnet-09bb2fe342f542bd4"
            ],
            "tags": {
              "Name": "aerowise-t1-secretsmanager"
            },
            "tags_all": {
              "Name": "aerowise-t1-secretsmanager"
            },
            "timeouts": null,
            "vpc_endpoint_type": "Interface",
            "vpc_id": "vpc-0aa1080e771ac39e2"
          },
          "sensitive_attributes": [],
          "identity_schema_version": 0,
          "identity": {
            "account_id": "339712886638",
            "id": "vpce-0e39b93b19196eea3",
            "region": "us-east-1"
          },
          "private": "eyJlMmJmYjczMC1lY2FhLTExZTYtOGY4OC0zNDM2M2JjN2M0YzAiOnsiY3JlYXRlIjo2MDAwMDAwMDAwMDAsImRlbGV0ZSI6NjAwMDAwMDAwMDAwLCJ1cGRhdGUiOjYwMDAwMDAwMDAwMH19",
          "dependencies": [
            "module.network.aws_eip.nat",
            "module.network.aws_internet_gateway.this",
            "module.network.aws_nat_gateway.nat",
            "module.network.aws_route_table.private",
            "module.network.aws_route_table.public",
            "module.network.aws_route_table_association.private",
            "module.network.aws_route_table_association.public",
            "module.network.aws_security_group.alb",
            "module.network.aws_security_group.vpc_link",
            "module.network.aws_subnet.private_app",
            "module.network.aws_subnet.public",
            "module.network.aws_vpc.this",
            "module.network_endpoints.aws_security_group.vpce"
          ]
        }
      ]
    },
    {
      "module": "module.network_endpoints",
      "mode": "managed",
      "type": "aws_vpc_endpoint",
      "name": "ssm",
      "provider": "provider[\"registry.terraform.io/hashicorp/aws\"]",
      "instances": [
        {
          "schema_version": 0,
          "attributes": {
            "arn": "arn:aws:ec2:us-east-1:339712886638:vpc-endpoint/vpce-075eddabbbf8f9bb0",
            "auto_accept": null,
            "cidr_blocks": [],
            "dns_entry": [
              {
                "dns_name": "vpce-075eddabbbf8f9bb0-xxkrigl5.ssm.us-east-1.vpce.amazonaws.com",
                "hosted_zone_id": "Z7HUB22UULQXV"
              },
              {
                "dns_name": "vpce-075eddabbbf8f9bb0-xxkrigl5-us-east-1c.ssm.us-east-1.vpce.amazonaws.com",
                "hosted_zone_id": "Z7HUB22UULQXV"
              },
              {
                "dns_name": "vpce-075eddabbbf8f9bb0-xxkrigl5-us-east-1b.ssm.us-east-1.vpce.amazonaws.com",
                "hosted_zone_id": "Z7HUB22UULQXV"
              },
              {
                "dns_name": "vpce-075eddabbbf8f9bb0-xxkrigl5-us-east-1a.ssm.us-east-1.vpce.amazonaws.com",
                "hosted_zone_id": "Z7HUB22UULQXV"
              },
              {
                "dns_name": "ssm.us-east-1.amazonaws.com",
                "hosted_zone_id": "Z08565002KED1FEAL6FY"
              },
              {
                "dns_name": "ssm.us-east-1.api.aws",
                "hosted_zone_id": "Z04119335VUTYQRAGRNH"
              }
            ],
            "dns_options": [
              {
                "dns_record_ip_type": "ipv4",
                "private_dns_only_for_inbound_resolver_endpoint": false
              }
            ],
            "id": "vpce-075eddabbbf8f9bb0",
            "ip_address_type": "ipv4",
            "network_interface_ids": [
              "eni-0451de93a0c0d72d4",
              "eni-078d8fc7d0e8918ba",
              "eni-0e36b3ac613d8a8e9"
            ],
            "owner_id": "339712886638",
            "policy": "{\"Statement\":[{\"Action\":\"*\",\"Effect\":\"Allow\",\"Principal\":\"*\",\"Resource\":\"*\"}]}",
            "prefix_list_id": null,
            "private_dns_enabled": true,
            "region": "us-east-1",
            "requester_managed": false,
            "resource_configuration_arn": "",
            "route_table_ids": [],
            "security_group_ids": [
              "sg-0fee4cb40803f80b0"
            ],
            "service_name": "com.amazonaws.us-east-1.ssm",
            "service_network_arn": "",
            "service_region": "us-east-1",
            "state": "available",
            "subnet_configuration": [
              {
                "ipv4": "10.0.10.26",
                "ipv6": "",
                "subnet_id": "subnet-09bb2fe342f542bd4"
              },
              {
                "ipv4": "10.0.11.129",
                "ipv6": "",
                "subnet_id": "subnet-03ba1a05e579fbfaa"
              },
              {
                "ipv4": "10.0.12.98",
                "ipv6": "",
                "subnet_id": "subnet-02f3984c2237db7f7"
              }
            ],
            "subnet_ids": [
              "subnet-02f3984c2237db7f7",
              "subnet-03ba1a05e579fbfaa",
              "subnet-09bb2fe342f542bd4"
            ],
            "tags": {
              "Name": "aerowise-t1-ssm"
            },
            "tags_all": {
              "Name": "aerowise-t1-ssm"
            },
            "timeouts": null,
            "vpc_endpoint_type": "Interface",
            "vpc_id": "vpc-0aa1080e771ac39e2"
          },
          "sensitive_attributes": [],
          "identity_schema_version": 0,
          "identity": {
            "account_id": "339712886638",
            "id": "vpce-075eddabbbf8f9bb0",
            "region": "us-east-1"
          },
          "private": "eyJlMmJmYjczMC1lY2FhLTExZTYtOGY4OC0zNDM2M2JjN2M0YzAiOnsiY3JlYXRlIjo2MDAwMDAwMDAwMDAsImRlbGV0ZSI6NjAwMDAwMDAwMDAwLCJ1cGRhdGUiOjYwMDAwMDAwMDAwMH19",
          "dependencies": [
            "module.network.aws_eip.nat",
            "module.network.aws_internet_gateway.this",
            "module.network.aws_nat_gateway.nat",
            "module.network.aws_route_table.private",
            "module.network.aws_route_table.public",
            "module.network.aws_route_table_association.private",
            "module.network.aws_route_table_association.public",
            "module.network.aws_security_group.alb",
            "module.network.aws_security_group.vpc_link",
            "module.network.aws_subnet.private_app",
            "module.network.aws_subnet.public",
            "module.network.aws_vpc.this",
            "module.network_endpoints.aws_security_group.vpce"
          ]
        }
      ]
    },
    {
      "module": "module.network_endpoints",
      "mode": "managed",
      "type": "aws_vpc_endpoint",
      "name": "ssmmessages",
      "provider": "provider[\"registry.terraform.io/hashicorp/aws\"]",
      "instances": [
        {
          "schema_version": 0,
          "attributes": {
            "arn": "arn:aws:ec2:us-east-1:339712886638:vpc-endpoint/vpce-0988261364dac9754",
            "auto_accept": null,
            "cidr_blocks": [],
            "dns_entry": [
              {
                "dns_name": "vpce-0988261364dac9754-12jw75ro.ssmmessages.us-east-1.vpce.amazonaws.com",
                "hosted_zone_id": "Z7HUB22UULQXV"
              },
              {
                "dns_name": "vpce-0988261364dac9754-12jw75ro-us-east-1c.ssmmessages.us-east-1.vpce.amazonaws.com",
                "hosted_zone_id": "Z7HUB22UULQXV"
              },
              {
                "dns_name": "vpce-0988261364dac9754-12jw75ro-us-east-1b.ssmmessages.us-east-1.vpce.amazonaws.com",
                "hosted_zone_id": "Z7HUB22UULQXV"
              },
              {
                "dns_name": "vpce-0988261364dac9754-12jw75ro-us-east-1a.ssmmessages.us-east-1.vpce.amazonaws.com",
                "hosted_zone_id": "Z7HUB22UULQXV"
              },
              {
                "dns_name": "ssmmessages.us-east-1.amazonaws.com",
                "hosted_zone_id": "Z09925042ELE19L0T9KP"
              },
              {
                "dns_name": "ssmmessages.us-east-1.api.aws",
                "hosted_zone_id": "Z08574352S9XWRT508SID"
              }
            ],
            "dns_options": [
              {
                "dns_record_ip_type": "ipv4",
                "private_dns_only_for_inbound_resolver_endpoint": false
              }
            ],
            "id": "vpce-0988261364dac9754",
            "ip_address_type": "ipv4",
            "network_interface_ids": [
              "eni-03990e10700187b35",
              "eni-0857cb7c5c99401d8",
              "eni-0adf9302503d4ddf9"
            ],
            "owner_id": "339712886638",
            "policy": "{\"Statement\":[{\"Action\":\"*\",\"Effect\":\"Allow\",\"Principal\":\"*\",\"Resource\":\"*\"}]}",
            "prefix_list_id": null,
            "private_dns_enabled": true,
            "region": "us-east-1",
            "requester_managed": false,
            "resource_configuration_arn": "",
            "route_table_ids": [],
            "security_group_ids": [
              "sg-0fee4cb40803f80b0"
            ],
            "service_name": "com.amazonaws.us-east-1.ssmmessages",
            "service_network_arn": "",
            "service_region": "us-east-1",
            "state": "available",
            "subnet_configuration": [
              {
                "ipv4": "10.0.10.92",
                "ipv6": "",
                "subnet_id": "subnet-09bb2fe342f542bd4"
              },
              {
                "ipv4": "10.0.11.243",
                "ipv6": "",
                "subnet_id": "subnet-03ba1a05e579fbfaa"
              },
              {
                "ipv4": "10.0.12.218",
                "ipv6": "",
                "subnet_id": "subnet-02f3984c2237db7f7"
              }
            ],
            "subnet_ids": [
              "subnet-02f3984c2237db7f7",
              "subnet-03ba1a05e579fbfaa",
              "subnet-09bb2fe342f542bd4"
            ],
            "tags": {
              "Name": "aerowise-t1-ssmmessages"
            },
            "tags_all": {
              "Name": "aerowise-t1-ssmmessages"
            },
            "timeouts": null,
            "vpc_endpoint_type": "Interface",
            "vpc_id": "vpc-0aa1080e771ac39e2"
          },
          "sensitive_attributes": [],
          "identity_schema_version": 0,
          "identity": {
            "account_id": "339712886638",
            "id": "vpce-0988261364dac9754",
            "region": "us-east-1"
          },
          "private": "eyJlMmJmYjczMC1lY2FhLTExZTYtOGY4OC0zNDM2M2JjN2M0YzAiOnsiY3JlYXRlIjo2MDAwMDAwMDAwMDAsImRlbGV0ZSI6NjAwMDAwMDAwMDAwLCJ1cGRhdGUiOjYwMDAwMDAwMDAwMH19",
          "dependencies": [
            "module.network.aws_eip.nat",
            "module.network.aws_internet_gateway.this",
            "module.network.aws_nat_gateway.nat",
            "module.network.aws_route_table.private",
            "module.network.aws_route_table.public",
            "module.network.aws_route_table_association.private",
            "module.network.aws_route_table_association.public",
            "module.network.aws_security_group.alb",
            "module.network.aws_security_group.vpc_link",
            "module.network.aws_subnet.private_app",
            "module.network.aws_subnet.public",
            "module.network.aws_vpc.this",
            "module.network_endpoints.aws_security_group.vpce"
          ]
        }
      ]
    },
    {
      "module": "module.network_endpoints",
      "mode": "managed",
      "type": "aws_vpc_endpoint",
      "name": "sts",
      "provider": "provider[\"registry.terraform.io/hashicorp/aws\"]",
      "instances": [
        {
          "schema_version": 0,
          "attributes": {
            "arn": "arn:aws:ec2:us-east-1:339712886638:vpc-endpoint/vpce-039e9d5301fa93984",
            "auto_accept": null,
            "cidr_blocks": [],
            "dns_entry": [
              {
                "dns_name": "vpce-039e9d5301fa93984-cx6pr4j3.sts.us-east-1.vpce.amazonaws.com",
                "hosted_zone_id": "Z7HUB22UULQXV"
              },
              {
                "dns_name": "vpce-039e9d5301fa93984-cx6pr4j3-us-east-1a.sts.us-east-1.vpce.amazonaws.com",
                "hosted_zone_id": "Z7HUB22UULQXV"
              },
              {
                "dns_name": "vpce-039e9d5301fa93984-cx6pr4j3-us-east-1b.sts.us-east-1.vpce.amazonaws.com",
                "hosted_zone_id": "Z7HUB22UULQXV"
              },
              {
                "dns_name": "vpce-039e9d5301fa93984-cx6pr4j3-us-east-1c.sts.us-east-1.vpce.amazonaws.com",
                "hosted_zone_id": "Z7HUB22UULQXV"
              },
              {
                "dns_name": "sts.us-east-1.amazonaws.com",
                "hosted_zone_id": "Z08565013H4T9AWUQJHYT"
              },
              {
                "dns_name": "sts.us-east-1.api.aws",
                "hosted_zone_id": "Z04135933EB5XOAEYUESQ"
              }
            ],
            "dns_options": [
              {
                "dns_record_ip_type": "ipv4",
                "private_dns_only_for_inbound_resolver_endpoint": false
              }
            ],
            "id": "vpce-039e9d5301fa93984",
            "ip_address_type": "ipv4",
            "network_interface_ids": [
              "eni-03bd19ac04f1c04c8",
              "eni-072df8c82683e7b56",
              "eni-0d0402afc56496311"
            ],
            "owner_id": "339712886638",
            "policy": "{\"Statement\":[{\"Action\":\"*\",\"Effect\":\"Allow\",\"Principal\":\"*\",\"Resource\":\"*\"}]}",
            "prefix_list_id": null,
            "private_dns_enabled": true,
            "region": "us-east-1",
            "requester_managed": false,
            "resource_configuration_arn": "",
            "route_table_ids": [],
            "security_group_ids": [
              "sg-0fee4cb40803f80b0"
            ],
            "service_name": "com.amazonaws.us-east-1.sts",
            "service_network_arn": "",
            "service_region": "us-east-1",
            "state": "available",
            "subnet_configuration": [
              {
                "ipv4": "10.0.10.173",
                "ipv6": "",
                "subnet_id": "subnet-09bb2fe342f542bd4"
              },
              {
                "ipv4": "10.0.11.160",
                "ipv6": "",
                "subnet_id": "subnet-03ba1a05e579fbfaa"
              },
              {
                "ipv4": "10.0.12.87",
                "ipv6": "",
                "subnet_id": "subnet-02f3984c2237db7f7"
              }
            ],
            "subnet_ids": [
              "subnet-02f3984c2237db7f7",
              "subnet-03ba1a05e579fbfaa",
              "subnet-09bb2fe342f542bd4"
            ],
            "tags": {
              "Name": "aerowise-t1-sts"
            },
            "tags_all": {
              "Name": "aerowise-t1-sts"
            },
            "timeouts": null,
            "vpc_endpoint_type": "Interface",
            "vpc_id": "vpc-0aa1080e771ac39e2"
          },
          "sensitive_attributes": [],
          "identity_schema_version": 0,
          "identity": {
            "account_id": "339712886638",
            "id": "vpce-039e9d5301fa93984",
            "region": "us-east-1"
          },
          "private": "eyJlMmJmYjczMC1lY2FhLTExZTYtOGY4OC0zNDM2M2JjN2M0YzAiOnsiY3JlYXRlIjo2MDAwMDAwMDAwMDAsImRlbGV0ZSI6NjAwMDAwMDAwMDAwLCJ1cGRhdGUiOjYwMDAwMDAwMDAwMH19",
          "dependencies": [
            "module.network.aws_eip.nat",
            "module.network.aws_internet_gateway.this",
            "module.network.aws_nat_gateway.nat",
            "module.network.aws_route_table.private",
            "module.network.aws_route_table.public",
            "module.network.aws_route_table_association.private",
            "module.network.aws_route_table_association.public",
            "module.network.aws_security_group.alb",
            "module.network.aws_security_group.vpc_link",
            "module.network.aws_subnet.private_app",
            "module.network.aws_subnet.public",
            "module.network.aws_vpc.this",
            "module.network_endpoints.aws_security_group.vpce"
          ]
        }
      ]
    },
    {
      "module": "module.network_policy_mobile",
      "mode": "managed",
      "type": "helm_release",
      "name": "calico",
      "provider": "provider[\"registry.terraform.io/hashicorp/helm\"]",
      "instances": [
        {
          "schema_version": 1,
          "attributes": {
            "atomic": false,
            "chart": "tigera-operator",
            "cleanup_on_fail": false,
            "create_namespace": false,
            "dependency_update": false,
            "description": null,
            "devel": null,
            "disable_crd_hooks": false,
            "disable_openapi_validation": false,
            "disable_webhooks": false,
            "force_update": false,
            "id": "calico",
            "keyring": null,
            "lint": false,
            "manifest": null,
            "max_history": 0,
            "metadata": [
              {
                "app_version": "v3.27.3",
                "chart": "tigera-operator",
                "first_deployed": 1766894619,
                "last_deployed": 1766894619,
                "name": "calico",
                "namespace": "calico-system",
                "notes": "",
                "revision": 1,
                "values": "{\"installation\":{\"calicoNetwork\":{\"bgp\":\"Disabled\",\"mode\":\"Policy\",\"provider\":\"AmazonVPC\"},\"kubernetesProvider\":\"EKS\"}}",
                "version": "v3.27.3"
              }
            ],
            "name": "calico",
            "namespace": "calico-system",
            "pass_credentials": false,
            "postrender": [],
            "recreate_pods": false,
            "render_subchart_notes": true,
            "replace": false,
            "repository": "https://projectcalico.docs.tigera.io/charts",
            "repository_ca_file": null,
            "repository_cert_file": null,
            "repository_key_file": null,
            "repository_password": null,
            "repository_username": null,
            "reset_values": false,
            "reuse_values": false,
            "set": [
              {
                "name": "installation.calicoNetwork.bgp",
                "type": "",
                "value": "Disabled"
              },
              {
                "name": "installation.calicoNetwork.mode",
                "type": "",
                "value": "Policy"
              },
              {
                "name": "installation.calicoNetwork.provider",
                "type": "",
                "value": "AmazonVPC"
              },
              {
                "name": "installation.kubernetesProvider",
                "type": "",
                "value": "EKS"
              }
            ],
            "set_list": [],
            "set_sensitive": [],
            "skip_crds": false,
            "status": "deployed",
            "timeout": 300,
            "upgrade_install": null,
            "values": null,
            "verify": false,
            "version": "v3.27.3",
            "wait": true,
            "wait_for_jobs": false
          },
          "sensitive_attributes": [
            [
              {
                "type": "get_attr",
                "value": "repository_password"
              }
            ]
          ],
          "identity_schema_version": 0,
          "private": "eyJzY2hlbWFfdmVyc2lvbiI6IjEifQ==",
          "dependencies": [
            "module.eks.aws_eks_addon.cloudwatch_observability",
            "module.eks.aws_eks_addon.coredns",
            "module.eks.aws_eks_addon.efs_csi",
            "module.eks.aws_eks_addon.kube_proxy",
            "module.eks.aws_eks_addon.vpc_cni",
            "module.eks.aws_eks_cluster.this",
            "module.eks.aws_eks_node_group.this",
            "module.eks.aws_iam_role.cluster",
            "module.eks.aws_iam_role.nodes",
            "module.eks.aws_iam_role_policy_attachment.cluster_AmazonEKSClusterPolicy",
            "module.eks.aws_iam_role_policy_attachment.cluster_AmazonEKS_VPC_ResourceController",
            "module.eks.aws_iam_role_policy_attachment.nodes_cni",
            "module.eks.aws_iam_role_policy_attachment.nodes_ecr",
            "module.eks.aws_iam_role_policy_attachment.nodes_ssm",
            "module.eks.aws_iam_role_policy_attachment.nodes_worker",
            "module.eks.aws_security_group.nodes",
            "module.eks.aws_security_group_rule.cluster_https_worker_ingress",
            "module.eks.aws_security_group_rule.cluster_to_nodes_kubelet",
            "module.eks.aws_security_group_rule.nodes_to_nodes",
            "module.nat_egress_control.aws_security_group.nategress",
            "module.network.aws_eip.nat",
            "module.network.aws_internet_gateway.this",
            "module.network.aws_nat_gateway.nat",
            "module.network.aws_route_table.private",
            "module.network.aws_route_table.public",
            "module.network.aws_route_table_association.private",
            "module.network.aws_route_table_association.public",
            "module.network.aws_security_group.alb",
            "module.network.aws_security_group.vpc_link",
            "module.network.aws_subnet.private_app",
            "module.network.aws_subnet.public",
            "module.network.aws_vpc.this",
            "module.network_endpoints.aws_security_group.vpce",
            "module.network_endpoints.aws_vpc_endpoint.ec2messages",
            "module.network_endpoints.aws_vpc_endpoint.ecr_api",
            "module.network_endpoints.aws_vpc_endpoint.ecr_dkr",
            "module.network_endpoints.aws_vpc_endpoint.ecr_public",
            "module.network_endpoints.aws_vpc_endpoint.logs",
            "module.network_endpoints.aws_vpc_endpoint.monitoring",
            "module.network_endpoints.aws_vpc_endpoint.s3",
            "module.network_endpoints.aws_vpc_endpoint.secretsmanager",
            "module.network_endpoints.aws_vpc_endpoint.ssm",
            "module.network_endpoints.aws_vpc_endpoint.ssmmessages",
            "module.network_endpoints.aws_vpc_endpoint.sts",
            "module.network_policy_mobile.kubernetes_namespace.calico"
          ]
        }
      ]
    },
    {
      "module": "module.network_policy_mobile",
      "mode": "managed",
      "type": "kubernetes_namespace",
      "name": "app",
      "provider": "provider[\"registry.terraform.io/hashicorp/kubernetes\"]",
      "instances": [
        {
          "schema_version": 0,
          "attributes": {
            "id": "mobileapp",
            "metadata": [
              {
                "annotations": {},
                "generate_name": "",
                "generation": 0,
                "labels": {},
                "name": "mobileapp",
                "resource_version": "7637",
                "uid": "34b79516-b78e-447b-9ae2-37a811888fb7"
              }
            ],
            "timeouts": null,
            "wait_for_default_service_account": false
          },
          "sensitive_attributes": [],
          "identity_schema_version": 1,
          "identity": {
            "api_version": "v1",
            "kind": "Namespace",
            "name": "mobileapp"
          },
          "private": "eyJlMmJmYjczMC1lY2FhLTExZTYtOGY4OC0zNDM2M2JjN2M0YzAiOnsiZGVsZXRlIjozMDAwMDAwMDAwMDB9fQ==",
          "dependencies": [
            "module.eks.aws_eks_addon.cloudwatch_observability",
            "module.eks.aws_eks_addon.coredns",
            "module.eks.aws_eks_addon.efs_csi",
            "module.eks.aws_eks_addon.kube_proxy",
            "module.eks.aws_eks_addon.vpc_cni",
            "module.eks.aws_eks_cluster.this",
            "module.eks.aws_eks_node_group.this",
            "module.eks.aws_iam_role.cluster",
            "module.eks.aws_iam_role.nodes",
            "module.eks.aws_iam_role_policy_attachment.cluster_AmazonEKSClusterPolicy",
            "module.eks.aws_iam_role_policy_attachment.cluster_AmazonEKS_VPC_ResourceController",
            "module.eks.aws_iam_role_policy_attachment.nodes_cni",
            "module.eks.aws_iam_role_policy_attachment.nodes_ecr",
            "module.eks.aws_iam_role_policy_attachment.nodes_ssm",
            "module.eks.aws_iam_role_policy_attachment.nodes_worker",
            "module.eks.aws_security_group.nodes",
            "module.eks.aws_security_group_rule.cluster_https_worker_ingress",
            "module.eks.aws_security_group_rule.cluster_to_nodes_kubelet",
            "module.eks.aws_security_group_rule.nodes_to_nodes",
            "module.nat_egress_control.aws_security_group.nategress",
            "module.network.aws_eip.nat",
            "module.network.aws_internet_gateway.this",
            "module.network.aws_nat_gateway.nat",
            "module.network.aws_route_table.private",
            "module.network.aws_route_table.public",
            "module.network.aws_route_table_association.private",
            "module.network.aws_route_table_association.public",
            "module.network.aws_security_group.alb",
            "module.network.aws_security_group.vpc_link",
            "module.network.aws_subnet.private_app",
            "module.network.aws_subnet.public",
            "module.network.aws_vpc.this",
            "module.network_endpoints.aws_security_group.vpce",
            "module.network_endpoints.aws_vpc_endpoint.ec2messages",
            "module.network_endpoints.aws_vpc_endpoint.ecr_api",
            "module.network_endpoints.aws_vpc_endpoint.ecr_dkr",
            "module.network_endpoints.aws_vpc_endpoint.ecr_public",
            "module.network_endpoints.aws_vpc_endpoint.logs",
            "module.network_endpoints.aws_vpc_endpoint.monitoring",
            "module.network_endpoints.aws_vpc_endpoint.s3",
            "module.network_endpoints.aws_vpc_endpoint.secretsmanager",
            "module.network_endpoints.aws_vpc_endpoint.ssm",
            "module.network_endpoints.aws_vpc_endpoint.ssmmessages",
            "module.network_endpoints.aws_vpc_endpoint.sts"
          ]
        }
      ]
    },
    {
      "module": "module.network_policy_mobile",
      "mode": "managed",
      "type": "kubernetes_namespace",
      "name": "calico",
      "provider": "provider[\"registry.terraform.io/hashicorp/kubernetes\"]",
      "instances": [
        {
          "schema_version": 0,
          "attributes": {
            "id": "calico-system",
            "metadata": [
              {
                "annotations": {},
                "generate_name": "",
                "generation": 0,
                "labels": {
                  "name": "calico-system"
                },
                "name": "calico-system",
                "resource_version": "21136",
                "uid": "ba7edfac-3ada-4ee9-aa41-9b0dd6bc48fe"
              }
            ],
            "timeouts": null,
            "wait_for_default_service_account": false
          },
          "sensitive_attributes": [],
          "identity_schema_version": 1,
          "identity": {
            "api_version": "v1",
            "kind": "Namespace",
            "name": "calico-system"
          },
          "private": "eyJlMmJmYjczMC1lY2FhLTExZTYtOGY4OC0zNDM2M2JjN2M0YzAiOnsiZGVsZXRlIjozMDAwMDAwMDAwMDB9fQ==",
          "dependencies": [
            "module.eks.aws_eks_addon.cloudwatch_observability",
            "module.eks.aws_eks_addon.coredns",
            "module.eks.aws_eks_addon.efs_csi",
            "module.eks.aws_eks_addon.kube_proxy",
            "module.eks.aws_eks_addon.vpc_cni",
            "module.eks.aws_eks_cluster.this",
            "module.eks.aws_eks_node_group.this",
            "module.eks.aws_iam_role.cluster",
            "module.eks.aws_iam_role.nodes",
            "module.eks.aws_iam_role_policy_attachment.cluster_AmazonEKSClusterPolicy",
            "module.eks.aws_iam_role_policy_attachment.cluster_AmazonEKS_VPC_ResourceController",
            "module.eks.aws_iam_role_policy_attachment.nodes_cni",
            "module.eks.aws_iam_role_policy_attachment.nodes_ecr",
            "module.eks.aws_iam_role_policy_attachment.nodes_ssm",
            "module.eks.aws_iam_role_policy_attachment.nodes_worker",
            "module.eks.aws_security_group.nodes",
            "module.eks.aws_security_group_rule.cluster_https_worker_ingress",
            "module.eks.aws_security_group_rule.cluster_to_nodes_kubelet",
            "module.eks.aws_security_group_rule.nodes_to_nodes",
            "module.nat_egress_control.aws_security_group.nategress",
            "module.network.aws_eip.nat",
            "module.network.aws_internet_gateway.this",
            "module.network.aws_nat_gateway.nat",
            "module.network.aws_route_table.private",
            "module.network.aws_route_table.public",
            "module.network.aws_route_table_association.private",
            "module.network.aws_route_table_association.public",
            "module.network.aws_security_group.alb",
            "module.network.aws_security_group.vpc_link",
            "module.network.aws_subnet.private_app",
            "module.network.aws_subnet.public",
            "module.network.aws_vpc.this",
            "module.network_endpoints.aws_security_group.vpce",
            "module.network_endpoints.aws_vpc_endpoint.ec2messages",
            "module.network_endpoints.aws_vpc_endpoint.ecr_api",
            "module.network_endpoints.aws_vpc_endpoint.ecr_dkr",
            "module.network_endpoints.aws_vpc_endpoint.ecr_public",
            "module.network_endpoints.aws_vpc_endpoint.logs",
            "module.network_endpoints.aws_vpc_endpoint.monitoring",
            "module.network_endpoints.aws_vpc_endpoint.s3",
            "module.network_endpoints.aws_vpc_endpoint.secretsmanager",
            "module.network_endpoints.aws_vpc_endpoint.ssm",
            "module.network_endpoints.aws_vpc_endpoint.ssmmessages",
            "module.network_endpoints.aws_vpc_endpoint.sts"
          ]
        }
      ]
    },
    {
      "module": "module.network_policy_mobile",
      "mode": "managed",
      "type": "kubernetes_network_policy",
      "name": "allow_app_to_db",
      "provider": "provider[\"registry.terraform.io/hashicorp/kubernetes\"]",
      "instances": [
        {
          "schema_version": 0,
          "attributes": {
            "id": "mobileapp/allow-app-to-db",
            "metadata": [
              {
                "annotations": {},
                "generate_name": "",
                "generation": 1,
                "labels": {},
                "name": "allow-app-to-db",
                "namespace": "mobileapp",
                "resource_version": "8105",
                "uid": "70b01a68-2470-4a85-b38f-d11cf9e2c3a9"
              }
            ],
            "spec": [
              {
                "egress": [
                  {
                    "ports": [
                      {
                        "end_port": 0,
                        "port": "5432",
                        "protocol": "TCP"
                      }
                    ],
                    "to": [
                      {
                        "ip_block": [
                          {
                            "cidr": "10.0.10.0/16",
                            "except": []
                          }
                        ],
                        "namespace_selector": [],
                        "pod_selector": []
                      }
                    ]
                  }
                ],
                "ingress": [],
                "pod_selector": [
                  {
                    "match_expressions": [],
                    "match_labels": null
                  }
                ],
                "policy_types": [
                  "Egress"
                ]
              }
            ]
          },
          "sensitive_attributes": [],
          "identity_schema_version": 1,
          "identity": {
            "api_version": "networking.k8s.io/v1",
            "kind": "NetworkPolicy",
            "name": "allow-app-to-db",
            "namespace": "mobileapp"
          },
          "private": "bnVsbA==",
          "dependencies": [
            "module.eks.aws_eks_addon.cloudwatch_observability",
            "module.eks.aws_eks_addon.coredns",
            "module.eks.aws_eks_addon.efs_csi",
            "module.eks.aws_eks_addon.kube_proxy",
            "module.eks.aws_eks_addon.vpc_cni",
            "module.eks.aws_eks_cluster.this",
            "module.eks.aws_eks_node_group.this",
            "module.eks.aws_iam_role.cluster",
            "module.eks.aws_iam_role.nodes",
            "module.eks.aws_iam_role_policy_attachment.cluster_AmazonEKSClusterPolicy",
            "module.eks.aws_iam_role_policy_attachment.cluster_AmazonEKS_VPC_ResourceController",
            "module.eks.aws_iam_role_policy_attachment.nodes_cni",
            "module.eks.aws_iam_role_policy_attachment.nodes_ecr",
            "module.eks.aws_iam_role_policy_attachment.nodes_ssm",
            "module.eks.aws_iam_role_policy_attachment.nodes_worker",
            "module.eks.aws_security_group.nodes",
            "module.eks.aws_security_group_rule.cluster_https_worker_ingress",
            "module.eks.aws_security_group_rule.cluster_to_nodes_kubelet",
            "module.eks.aws_security_group_rule.nodes_to_nodes",
            "module.nat_egress_control.aws_security_group.nategress",
            "module.network.aws_eip.nat",
            "module.network.aws_internet_gateway.this",
            "module.network.aws_nat_gateway.nat",
            "module.network.aws_route_table.private",
            "module.network.aws_route_table.public",
            "module.network.aws_route_table_association.private",
            "module.network.aws_route_table_association.public",
            "module.network.aws_security_group.alb",
            "module.network.aws_security_group.vpc_link",
            "module.network.aws_subnet.private_app",
            "module.network.aws_subnet.public",
            "module.network.aws_vpc.this",
            "module.network_endpoints.aws_security_group.vpce",
            "module.network_endpoints.aws_vpc_endpoint.ec2messages",
            "module.network_endpoints.aws_vpc_endpoint.ecr_api",
            "module.network_endpoints.aws_vpc_endpoint.ecr_dkr",
            "module.network_endpoints.aws_vpc_endpoint.ecr_public",
            "module.network_endpoints.aws_vpc_endpoint.logs",
            "module.network_endpoints.aws_vpc_endpoint.monitoring",
            "module.network_endpoints.aws_vpc_endpoint.s3",
            "module.network_endpoints.aws_vpc_endpoint.secretsmanager",
            "module.network_endpoints.aws_vpc_endpoint.ssm",
            "module.network_endpoints.aws_vpc_endpoint.ssmmessages",
            "module.network_endpoints.aws_vpc_endpoint.sts",
            "module.network_policy_mobile.helm_release.calico",
            "module.network_policy_mobile.kubernetes_namespace.app",
            "module.network_policy_mobile.kubernetes_namespace.calico"
          ]
        }
      ]
    },
    {
      "module": "module.network_policy_mobile",
      "mode": "managed",
      "type": "kubernetes_network_policy",
      "name": "allow_dns",
      "provider": "provider[\"registry.terraform.io/hashicorp/kubernetes\"]",
      "instances": [
        {
          "schema_version": 0,
          "attributes": {
            "id": "mobileapp/allow-dns",
            "metadata": [
              {
                "annotations": {},
                "generate_name": "",
                "generation": 1,
                "labels": {},
                "name": "allow-dns",
                "namespace": "mobileapp",
                "resource_version": "8106",
                "uid": "9b7ec030-8708-4558-9884-3a2196c64965"
              }
            ],
            "spec": [
              {
                "egress": [
                  {
                    "ports": [
                      {
                        "end_port": 0,
                        "port": "53",
                        "protocol": "UDP"
                      },
                      {
                        "end_port": 0,
                        "port": "53",
                        "protocol": "TCP"
                      }
                    ],
                    "to": [
                      {
                        "ip_block": [],
                        "namespace_selector": [
                          {
                            "match_expressions": [],
                            "match_labels": {
                              "kubernetes.io/metadata.name": "kube-system"
                            }
                          }
                        ],
                        "pod_selector": []
                      }
                    ]
                  }
                ],
                "ingress": [],
                "pod_selector": [
                  {
                    "match_expressions": [],
                    "match_labels": null
                  }
                ],
                "policy_types": [
                  "Egress"
                ]
              }
            ]
          },
          "sensitive_attributes": [],
          "identity_schema_version": 1,
          "identity": {
            "api_version": "networking.k8s.io/v1",
            "kind": "NetworkPolicy",
            "name": "allow-dns",
            "namespace": "mobileapp"
          },
          "private": "bnVsbA==",
          "dependencies": [
            "module.eks.aws_eks_addon.cloudwatch_observability",
            "module.eks.aws_eks_addon.coredns",
            "module.eks.aws_eks_addon.efs_csi",
            "module.eks.aws_eks_addon.kube_proxy",
            "module.eks.aws_eks_addon.vpc_cni",
            "module.eks.aws_eks_cluster.this",
            "module.eks.aws_eks_node_group.this",
            "module.eks.aws_iam_role.cluster",
            "module.eks.aws_iam_role.nodes",
            "module.eks.aws_iam_role_policy_attachment.cluster_AmazonEKSClusterPolicy",
            "module.eks.aws_iam_role_policy_attachment.cluster_AmazonEKS_VPC_ResourceController",
            "module.eks.aws_iam_role_policy_attachment.nodes_cni",
            "module.eks.aws_iam_role_policy_attachment.nodes_ecr",
            "module.eks.aws_iam_role_policy_attachment.nodes_ssm",
            "module.eks.aws_iam_role_policy_attachment.nodes_worker",
            "module.eks.aws_security_group.nodes",
            "module.eks.aws_security_group_rule.cluster_https_worker_ingress",
            "module.eks.aws_security_group_rule.cluster_to_nodes_kubelet",
            "module.eks.aws_security_group_rule.nodes_to_nodes",
            "module.nat_egress_control.aws_security_group.nategress",
            "module.network.aws_eip.nat",
            "module.network.aws_internet_gateway.this",
            "module.network.aws_nat_gateway.nat",
            "module.network.aws_route_table.private",
            "module.network.aws_route_table.public",
            "module.network.aws_route_table_association.private",
            "module.network.aws_route_table_association.public",
            "module.network.aws_security_group.alb",
            "module.network.aws_security_group.vpc_link",
            "module.network.aws_subnet.private_app",
            "module.network.aws_subnet.public",
            "module.network.aws_vpc.this",
            "module.network_endpoints.aws_security_group.vpce",
            "module.network_endpoints.aws_vpc_endpoint.ec2messages",
            "module.network_endpoints.aws_vpc_endpoint.ecr_api",
            "module.network_endpoints.aws_vpc_endpoint.ecr_dkr",
            "module.network_endpoints.aws_vpc_endpoint.ecr_public",
            "module.network_endpoints.aws_vpc_endpoint.logs",
            "module.network_endpoints.aws_vpc_endpoint.monitoring",
            "module.network_endpoints.aws_vpc_endpoint.s3",
            "module.network_endpoints.aws_vpc_endpoint.secretsmanager",
            "module.network_endpoints.aws_vpc_endpoint.ssm",
            "module.network_endpoints.aws_vpc_endpoint.ssmmessages",
            "module.network_endpoints.aws_vpc_endpoint.sts",
            "module.network_policy_mobile.helm_release.calico",
            "module.network_policy_mobile.kubernetes_namespace.app",
            "module.network_policy_mobile.kubernetes_namespace.calico"
          ]
        }
      ]
    },
    {
      "module": "module.network_policy_mobile",
      "mode": "managed",
      "type": "kubernetes_network_policy",
      "name": "allow_https_egress",
      "provider": "provider[\"registry.terraform.io/hashicorp/kubernetes\"]",
      "instances": [
        {
          "schema_version": 0,
          "attributes": {
            "id": "mobileapp/allow-https-egress",
            "metadata": [
              {
                "annotations": {},
                "generate_name": "",
                "generation": 1,
                "labels": {},
                "name": "allow-https-egress",
                "namespace": "mobileapp",
                "resource_version": "8108",
                "uid": "10517915-ddd3-48ce-8812-690f2a780cd8"
              }
            ],
            "spec": [
              {
                "egress": [
                  {
                    "ports": [
                      {
                        "end_port": 0,
                        "port": "443",
                        "protocol": "TCP"
                      }
                    ],
                    "to": [
                      {
                        "ip_block": [
                          {
                            "cidr": "0.0.0.0/0",
                            "except": []
                          }
                        ],
                        "namespace_selector": [],
                        "pod_selector": []
                      }
                    ]
                  }
                ],
                "ingress": [],
                "pod_selector": [
                  {
                    "match_expressions": [],
                    "match_labels": null
                  }
                ],
                "policy_types": [
                  "Egress"
                ]
              }
            ]
          },
          "sensitive_attributes": [],
          "identity_schema_version": 1,
          "identity": {
            "api_version": "networking.k8s.io/v1",
            "kind": "NetworkPolicy",
            "name": "allow-https-egress",
            "namespace": "mobileapp"
          },
          "private": "bnVsbA==",
          "dependencies": [
            "module.eks.aws_eks_addon.cloudwatch_observability",
            "module.eks.aws_eks_addon.coredns",
            "module.eks.aws_eks_addon.efs_csi",
            "module.eks.aws_eks_addon.kube_proxy",
            "module.eks.aws_eks_addon.vpc_cni",
            "module.eks.aws_eks_cluster.this",
            "module.eks.aws_eks_node_group.this",
            "module.eks.aws_iam_role.cluster",
            "module.eks.aws_iam_role.nodes",
            "module.eks.aws_iam_role_policy_attachment.cluster_AmazonEKSClusterPolicy",
            "module.eks.aws_iam_role_policy_attachment.cluster_AmazonEKS_VPC_ResourceController",
            "module.eks.aws_iam_role_policy_attachment.nodes_cni",
            "module.eks.aws_iam_role_policy_attachment.nodes_ecr",
            "module.eks.aws_iam_role_policy_attachment.nodes_ssm",
            "module.eks.aws_iam_role_policy_attachment.nodes_worker",
            "module.eks.aws_security_group.nodes",
            "module.eks.aws_security_group_rule.cluster_https_worker_ingress",
            "module.eks.aws_security_group_rule.cluster_to_nodes_kubelet",
            "module.eks.aws_security_group_rule.nodes_to_nodes",
            "module.nat_egress_control.aws_security_group.nategress",
            "module.network.aws_eip.nat",
            "module.network.aws_internet_gateway.this",
            "module.network.aws_nat_gateway.nat",
            "module.network.aws_route_table.private",
            "module.network.aws_route_table.public",
            "module.network.aws_route_table_association.private",
            "module.network.aws_route_table_association.public",
            "module.network.aws_security_group.alb",
            "module.network.aws_security_group.vpc_link",
            "module.network.aws_subnet.private_app",
            "module.network.aws_subnet.public",
            "module.network.aws_vpc.this",
            "module.network_endpoints.aws_security_group.vpce",
            "module.network_endpoints.aws_vpc_endpoint.ec2messages",
            "module.network_endpoints.aws_vpc_endpoint.ecr_api",
            "module.network_endpoints.aws_vpc_endpoint.ecr_dkr",
            "module.network_endpoints.aws_vpc_endpoint.ecr_public",
            "module.network_endpoints.aws_vpc_endpoint.logs",
            "module.network_endpoints.aws_vpc_endpoint.monitoring",
            "module.network_endpoints.aws_vpc_endpoint.s3",
            "module.network_endpoints.aws_vpc_endpoint.secretsmanager",
            "module.network_endpoints.aws_vpc_endpoint.ssm",
            "module.network_endpoints.aws_vpc_endpoint.ssmmessages",
            "module.network_endpoints.aws_vpc_endpoint.sts",
            "module.network_policy_mobile.helm_release.calico",
            "module.network_policy_mobile.kubernetes_namespace.app",
            "module.network_policy_mobile.kubernetes_namespace.calico"
          ]
        }
      ]
    },
    {
      "module": "module.network_policy_mobile",
      "mode": "managed",
      "type": "kubernetes_network_policy",
      "name": "allow_vpc_to_app",
      "provider": "provider[\"registry.terraform.io/hashicorp/kubernetes\"]",
      "instances": [
        {
          "schema_version": 0,
          "attributes": {
            "id": "mobileapp/allow-vpc-to-app",
            "metadata": [
              {
                "annotations": {},
                "generate_name": "",
                "generation": 1,
                "labels": {},
                "name": "allow-vpc-to-app",
                "namespace": "mobileapp",
                "resource_version": "8107",
                "uid": "db7a9e35-c98a-41e9-aa4d-5f7c5888b604"
              }
            ],
            "spec": [
              {
                "egress": [],
                "ingress": [
                  {
                    "from": [
                      {
                        "ip_block": [
                          {
                            "cidr": "10.0.0.0/16",
                            "except": []
                          }
                        ],
                        "namespace_selector": [],
                        "pod_selector": []
                      }
                    ],
                    "ports": [
                      {
                        "end_port": 0,
                        "port": "80",
                        "protocol": "TCP"
                      }
                    ]
                  }
                ],
                "pod_selector": [
                  {
                    "match_expressions": [],
                    "match_labels": null
                  }
                ],
                "policy_types": [
                  "Ingress"
                ]
              }
            ]
          },
          "sensitive_attributes": [],
          "identity_schema_version": 1,
          "identity": {
            "api_version": "networking.k8s.io/v1",
            "kind": "NetworkPolicy",
            "name": "allow-vpc-to-app",
            "namespace": "mobileapp"
          },
          "private": "bnVsbA==",
          "dependencies": [
            "module.eks.aws_eks_addon.cloudwatch_observability",
            "module.eks.aws_eks_addon.coredns",
            "module.eks.aws_eks_addon.efs_csi",
            "module.eks.aws_eks_addon.kube_proxy",
            "module.eks.aws_eks_addon.vpc_cni",
            "module.eks.aws_eks_cluster.this",
            "module.eks.aws_eks_node_group.this",
            "module.eks.aws_iam_role.cluster",
            "module.eks.aws_iam_role.nodes",
            "module.eks.aws_iam_role_policy_attachment.cluster_AmazonEKSClusterPolicy",
            "module.eks.aws_iam_role_policy_attachment.cluster_AmazonEKS_VPC_ResourceController",
            "module.eks.aws_iam_role_policy_attachment.nodes_cni",
            "module.eks.aws_iam_role_policy_attachment.nodes_ecr",
            "module.eks.aws_iam_role_policy_attachment.nodes_ssm",
            "module.eks.aws_iam_role_policy_attachment.nodes_worker",
            "module.eks.aws_security_group.nodes",
            "module.eks.aws_security_group_rule.cluster_https_worker_ingress",
            "module.eks.aws_security_group_rule.cluster_to_nodes_kubelet",
            "module.eks.aws_security_group_rule.nodes_to_nodes",
            "module.nat_egress_control.aws_security_group.nategress",
            "module.network.aws_eip.nat",
            "module.network.aws_internet_gateway.this",
            "module.network.aws_nat_gateway.nat",
            "module.network.aws_route_table.private",
            "module.network.aws_route_table.public",
            "module.network.aws_route_table_association.private",
            "module.network.aws_route_table_association.public",
            "module.network.aws_security_group.alb",
            "module.network.aws_security_group.vpc_link",
            "module.network.aws_subnet.private_app",
            "module.network.aws_subnet.public",
            "module.network.aws_vpc.this",
            "module.network_endpoints.aws_security_group.vpce",
            "module.network_endpoints.aws_vpc_endpoint.ec2messages",
            "module.network_endpoints.aws_vpc_endpoint.ecr_api",
            "module.network_endpoints.aws_vpc_endpoint.ecr_dkr",
            "module.network_endpoints.aws_vpc_endpoint.ecr_public",
            "module.network_endpoints.aws_vpc_endpoint.logs",
            "module.network_endpoints.aws_vpc_endpoint.monitoring",
            "module.network_endpoints.aws_vpc_endpoint.s3",
            "module.network_endpoints.aws_vpc_endpoint.secretsmanager",
            "module.network_endpoints.aws_vpc_endpoint.ssm",
            "module.network_endpoints.aws_vpc_endpoint.ssmmessages",
            "module.network_endpoints.aws_vpc_endpoint.sts",
            "module.network_policy_mobile.helm_release.calico",
            "module.network_policy_mobile.kubernetes_namespace.app",
            "module.network_policy_mobile.kubernetes_namespace.calico"
          ]
        }
      ]
    },
    {
      "module": "module.rds_postgres",
      "mode": "data",
      "type": "aws_caller_identity",
      "name": "current",
      "provider": "provider[\"registry.terraform.io/hashicorp/aws\"]",
      "instances": [
        {
          "schema_version": 0,
          "attributes": {
            "account_id": "339712886638",
            "arn": "arn:aws:iam::339712886638:user/Pramod.kumar@navikenz.com",
            "id": "339712886638",
            "user_id": "AIDAU6GDXI5XMB2YETG7U"
          },
          "sensitive_attributes": [],
          "identity_schema_version": 0
        }
      ]
    },
    {
      "module": "module.rds_postgres",
      "mode": "managed",
      "type": "aws_db_instance",
      "name": "this",
      "provider": "provider[\"registry.terraform.io/hashicorp/aws\"]",
      "instances": [
        {
          "schema_version": 2,
          "attributes": {
            "address": "aerowise-t1-postgres.cv0s04k048io.us-east-1.rds.amazonaws.com",
            "allocated_storage": 20,
            "allow_major_version_upgrade": null,
            "apply_immediately": false,
            "arn": "arn:aws:rds:us-east-1:339712886638:db:aerowise-t1-postgres",
            "auto_minor_version_upgrade": true,
            "availability_zone": "us-east-1a",
            "backup_retention_period": 7,
            "backup_target": "region",
            "backup_window": "05:17-05:47",
            "blue_green_update": [],
            "ca_cert_identifier": "rds-ca-rsa2048-g1",
            "character_set_name": "",
            "copy_tags_to_snapshot": false,
            "custom_iam_instance_profile": "",
            "customer_owned_ip_enabled": false,
            "database_insights_mode": "standard",
            "db_name": "aerowise",
            "db_subnet_group_name": "aerowise-t1-db-subnet-group",
            "dedicated_log_volume": false,
            "delete_automated_backups": true,
            "deletion_protection": false,
            "domain": "",
            "domain_auth_secret_arn": "",
            "domain_dns_ips": [],
            "domain_fqdn": "",
            "domain_iam_role_name": "",
            "domain_ou": "",
            "enabled_cloudwatch_logs_exports": [],
            "endpoint": "aerowise-t1-postgres.cv0s04k048io.us-east-1.rds.amazonaws.com:5432",
            "engine": "postgres",
            "engine_lifecycle_support": "open-source-rds-extended-support",
            "engine_version": "17.6",
            "engine_version_actual": "17.6",
            "final_snapshot_identifier": "aerowise-t1-postgres-final-snapshot",
            "hosted_zone_id": "Z2R2ITUGPM61AM",
            "iam_database_authentication_enabled": false,
            "id": "db-WRXWCTHYZMZHXW2D5EID2AHVEQ",
            "identifier": "aerowise-t1-postgres",
            "identifier_prefix": "",
            "instance_class": "db.t3.medium",
            "iops": 0,
            "kms_key_id": "arn:aws:kms:us-east-1:339712886638:key/8a8f0644-c948-4c15-8c0d-c908f40724bb",
            "latest_restorable_time": "2025-12-28T04:44:32Z",
            "license_model": "postgresql-license",
            "listener_endpoint": [],
            "maintenance_window": "sat:10:13-sat:10:43",
            "manage_master_user_password": null,
            "master_user_secret": [],
            "master_user_secret_kms_key_id": null,
            "max_allocated_storage": 0,
            "monitoring_interval": 0,
            "monitoring_role_arn": "",
            "multi_az": true,
            "nchar_character_set_name": "",
            "network_type": "IPV4",
            "option_group_name": "default:postgres-17",
            "parameter_group_name": "default.postgres17",
            "password": "ProdPass123Secure!",
            "password_wo": null,
            "password_wo_version": null,
            "performance_insights_enabled": true,
            "performance_insights_kms_key_id": "arn:aws:kms:us-east-1:339712886638:key/8a8f0644-c948-4c15-8c0d-c908f40724bb",
            "performance_insights_retention_period": 7,
            "port": 5432,
            "publicly_accessible": false,
            "region": "us-east-1",
            "replica_mode": "",
            "replicas": [],
            "replicate_source_db": "",
            "resource_id": "db-WRXWCTHYZMZHXW2D5EID2AHVEQ",
            "restore_to_point_in_time": [],
            "s3_import": [],
            "skip_final_snapshot": false,
            "snapshot_identifier": null,
            "status": "available",
            "storage_encrypted": true,
            "storage_throughput": 0,
            "storage_type": "gp2",
            "tags": {
              "Environment": "prod",
              "Name": "aerowise-t1-rds"
            },
            "tags_all": {
              "Environment": "prod",
              "Name": "aerowise-t1-rds"
            },
            "timeouts": null,
            "timezone": "",
            "upgrade_rollout_order": "second",
            "upgrade_storage_config": null,
            "username": "postgres",
            "vpc_security_group_ids": [
              "sg-0b5deb63c444e4e89"
            ]
          },
          "sensitive_attributes": [
            [
              {
                "type": "get_attr",
                "value": "password"
              }
            ],
            [
              {
                "type": "get_attr",
                "value": "password_wo"
              }
            ],
            [
              {
                "type": "get_attr",
                "value": "username"
              }
            ]
          ],
          "identity_schema_version": 0,
          "private": "eyJlMmJmYjczMC1lY2FhLTExZTYtOGY4OC0zNDM2M2JjN2M0YzAiOnsiY3JlYXRlIjozMDAwMDAwMDAwMDAwLCJkZWxldGUiOjM2MDAwMDAwMDAwMDAsInVwZGF0ZSI6NDgwMDAwMDAwMDAwMH0sInNjaGVtYV92ZXJzaW9uIjoiMiJ9",
          "dependencies": [
            "module.eks.aws_security_group.nodes",
            "module.network.aws_eip.nat",
            "module.network.aws_internet_gateway.this",
            "module.network.aws_nat_gateway.nat",
            "module.network.aws_route_table.private",
            "module.network.aws_route_table.public",
            "module.network.aws_route_table_association.private",
            "module.network.aws_route_table_association.public",
            "module.network.aws_security_group.alb",
            "module.network.aws_security_group.vpc_link",
            "module.network.aws_subnet.private_app",
            "module.network.aws_subnet.public",
            "module.network.aws_vpc.this",
            "module.network_endpoints.aws_security_group.vpce",
            "module.network_endpoints.aws_vpc_endpoint.ec2messages",
            "module.network_endpoints.aws_vpc_endpoint.ecr_api",
            "module.network_endpoints.aws_vpc_endpoint.ecr_dkr",
            "module.network_endpoints.aws_vpc_endpoint.ecr_public",
            "module.network_endpoints.aws_vpc_endpoint.logs",
            "module.network_endpoints.aws_vpc_endpoint.monitoring",
            "module.network_endpoints.aws_vpc_endpoint.s3",
            "module.network_endpoints.aws_vpc_endpoint.secretsmanager",
            "module.network_endpoints.aws_vpc_endpoint.ssm",
            "module.network_endpoints.aws_vpc_endpoint.ssmmessages",
            "module.network_endpoints.aws_vpc_endpoint.sts",
            "module.rds_postgres.aws_db_subnet_group.this",
            "module.rds_postgres.aws_security_group.postgres"
          ]
        }
      ]
    },
    {
      "module": "module.rds_postgres",
      "mode": "managed",
      "type": "aws_db_subnet_group",
      "name": "this",
      "provider": "provider[\"registry.terraform.io/hashicorp/aws\"]",
      "instances": [
        {
          "schema_version": 0,
          "attributes": {
            "arn": "arn:aws:rds:us-east-1:339712886638:subgrp:aerowise-t1-db-subnet-group",
            "description": "Managed by Terraform",
            "id": "aerowise-t1-db-subnet-group",
            "name": "aerowise-t1-db-subnet-group",
            "name_prefix": "",
            "region": "us-east-1",
            "subnet_ids": [
              "subnet-02f3984c2237db7f7",
              "subnet-03ba1a05e579fbfaa",
              "subnet-09bb2fe342f542bd4"
            ],
            "supported_network_types": [
              "IPV4"
            ],
            "tags": {
              "Environment": "prod",
              "Name": "aerowise-t1-rds"
            },
            "tags_all": {
              "Environment": "prod",
              "Name": "aerowise-t1-rds"
            },
            "vpc_id": "vpc-0aa1080e771ac39e2"
          },
          "sensitive_attributes": [],
          "identity_schema_version": 0,
          "private": "bnVsbA==",
          "dependencies": [
            "module.network.aws_subnet.private_app",
            "module.network.aws_vpc.this"
          ]
        }
      ]
    },
    {
      "module": "module.rds_postgres",
      "mode": "managed",
      "type": "aws_secretsmanager_secret",
      "name": "db_credentials",
      "provider": "provider[\"registry.terraform.io/hashicorp/aws\"]",
      "instances": [
        {
          "index_key": 0,
          "schema_version": 0,
          "attributes": {
            "arn": "arn:aws:secretsmanager:us-east-1:339712886638:secret:aerowise-t1-db-credentials-zg1gsn-D5wsPf",
            "description": "",
            "force_overwrite_replica_secret": false,
            "id": "arn:aws:secretsmanager:us-east-1:339712886638:secret:aerowise-t1-db-credentials-zg1gsn-D5wsPf",
            "kms_key_id": "",
            "name": "aerowise-t1-db-credentials-zg1gsn",
            "name_prefix": "",
            "policy": "",
            "recovery_window_in_days": 7,
            "region": "us-east-1",
            "replica": [],
            "tags": {
              "Environment": "prod",
              "Name": "aerowise-t1-rds"
            },
            "tags_all": {
              "Environment": "prod",
              "Name": "aerowise-t1-rds"
            }
          },
          "sensitive_attributes": [],
          "identity_schema_version": 0,
          "identity": {
            "arn": "arn:aws:secretsmanager:us-east-1:339712886638:secret:aerowise-t1-db-credentials-zg1gsn-D5wsPf"
          },
          "private": "bnVsbA==",
          "dependencies": [
            "module.rds_postgres.random_string.secret_suffix"
          ]
        }
      ]
    },
    {
      "module": "module.rds_postgres",
      "mode": "managed",
      "type": "aws_secretsmanager_secret_version",
      "name": "db_credentials",
      "provider": "provider[\"registry.terraform.io/hashicorp/aws\"]",
      "instances": [
        {
          "schema_version": 0,
          "attributes": {
            "arn": "arn:aws:secretsmanager:us-east-1:339712886638:secret:aerowise-t1-db-credentials-zg1gsn-D5wsPf",
            "has_secret_string_wo": null,
            "id": "arn:aws:secretsmanager:us-east-1:339712886638:secret:aerowise-t1-db-credentials-zg1gsn-D5wsPf|terraform-20251228030811350600000004",
            "region": "us-east-1",
            "secret_binary": "",
            "secret_id": "arn:aws:secretsmanager:us-east-1:339712886638:secret:aerowise-t1-db-credentials-zg1gsn-D5wsPf",
            "secret_string": "{\"dbname\":\"aerowise\",\"engine\":\"postgres\",\"password\":\"ProdPass123Secure!\",\"username\":\"postgres\"}",
            "secret_string_wo": null,
            "secret_string_wo_version": null,
            "version_id": "terraform-20251228030811350600000004",
            "version_stages": [
              "AWSCURRENT"
            ]
          },
          "sensitive_attributes": [
            [
              {
                "type": "get_attr",
                "value": "secret_binary"
              }
            ],
            [
              {
                "type": "get_attr",
                "value": "secret_string"
              }
            ],
            [
              {
                "type": "get_attr",
                "value": "secret_string_wo"
              }
            ]
          ],
          "identity_schema_version": 0,
          "identity": {
            "account_id": "339712886638",
            "region": "us-east-1",
            "secret_id": "arn:aws:secretsmanager:us-east-1:339712886638:secret:aerowise-t1-db-credentials-zg1gsn-D5wsPf",
            "version_id": "terraform-20251228030811350600000004"
          },
          "private": "bnVsbA==",
          "dependencies": [
            "module.rds_postgres.aws_secretsmanager_secret.db_credentials",
            "module.rds_postgres.random_string.secret_suffix"
          ]
        }
      ]
    },
    {
      "module": "module.rds_postgres",
      "mode": "managed",
      "type": "aws_security_group",
      "name": "postgres",
      "provider": "provider[\"registry.terraform.io/hashicorp/aws\"]",
      "instances": [
        {
          "schema_version": 1,
          "attributes": {
            "arn": "arn:aws:ec2:us-east-1:339712886638:security-group/sg-0b5deb63c444e4e89",
            "description": "Security group for RDS PostgreSQL",
            "egress": [
              {
                "cidr_blocks": [
                  "0.0.0.0/0"
                ],
                "description": "",
                "from_port": 0,
                "ipv6_cidr_blocks": [],
                "prefix_list_ids": [],
                "protocol": "-1",
                "security_groups": [],
                "self": false,
                "to_port": 0
              }
            ],
            "id": "sg-0b5deb63c444e4e89",
            "ingress": [
              {
                "cidr_blocks": [],
                "description": "Allow PostgreSQL access from EKS worker nodes",
                "from_port": 5432,
                "ipv6_cidr_blocks": [],
                "prefix_list_ids": [],
                "protocol": "tcp",
                "security_groups": [
                  "sg-0c22506a805ce5d82"
                ],
                "self": false,
                "to_port": 5432
              }
            ],
            "name": "aerowise-t1-rds-sg",
            "name_prefix": "",
            "owner_id": "339712886638",
            "region": "us-east-1",
            "revoke_rules_on_delete": false,
            "tags": {
              "Environment": "prod",
              "Name": "aerowise-t1-rds"
            },
            "tags_all": {
              "Environment": "prod",
              "Name": "aerowise-t1-rds"
            },
            "timeouts": null,
            "vpc_id": "vpc-0aa1080e771ac39e2"
          },
          "sensitive_attributes": [],
          "identity_schema_version": 0,
          "identity": {
            "account_id": "339712886638",
            "id": "sg-0b5deb63c444e4e89",
            "region": "us-east-1"
          },
          "private": "eyJlMmJmYjczMC1lY2FhLTExZTYtOGY4OC0zNDM2M2JjN2M0YzAiOnsiY3JlYXRlIjo2MDAwMDAwMDAwMDAsImRlbGV0ZSI6OTAwMDAwMDAwMDAwfSwic2NoZW1hX3ZlcnNpb24iOiIxIn0=",
          "dependencies": [
            "module.eks.aws_security_group.nodes",
            "module.network.aws_eip.nat",
            "module.network.aws_internet_gateway.this",
            "module.network.aws_nat_gateway.nat",
            "module.network.aws_route_table.private",
            "module.network.aws_route_table.public",
            "module.network.aws_route_table_association.private",
            "module.network.aws_route_table_association.public",
            "module.network.aws_security_group.alb",
            "module.network.aws_security_group.vpc_link",
            "module.network.aws_subnet.private_app",
            "module.network.aws_subnet.public",
            "module.network.aws_vpc.this",
            "module.network_endpoints.aws_security_group.vpce",
            "module.network_endpoints.aws_vpc_endpoint.ec2messages",
            "module.network_endpoints.aws_vpc_endpoint.ecr_api",
            "module.network_endpoints.aws_vpc_endpoint.ecr_dkr",
            "module.network_endpoints.aws_vpc_endpoint.ecr_public",
            "module.network_endpoints.aws_vpc_endpoint.logs",
            "module.network_endpoints.aws_vpc_endpoint.monitoring",
            "module.network_endpoints.aws_vpc_endpoint.s3",
            "module.network_endpoints.aws_vpc_endpoint.secretsmanager",
            "module.network_endpoints.aws_vpc_endpoint.ssm",
            "module.network_endpoints.aws_vpc_endpoint.ssmmessages",
            "module.network_endpoints.aws_vpc_endpoint.sts"
          ]
        }
      ]
    },
    {
      "module": "module.rds_postgres",
      "mode": "managed",
      "type": "random_string",
      "name": "secret_suffix",
      "provider": "provider[\"registry.terraform.io/hashicorp/random\"]",
      "instances": [
        {
          "index_key": 0,
          "schema_version": 2,
          "attributes": {
            "id": "zg1gsn",
            "keepers": null,
            "length": 6,
            "lower": true,
            "min_lower": 0,
            "min_numeric": 0,
            "min_special": 0,
            "min_upper": 0,
            "number": true,
            "numeric": true,
            "override_special": null,
            "result": "zg1gsn",
            "special": false,
            "upper": false
          },
          "sensitive_attributes": [],
          "identity_schema_version": 0
        }
      ]
    },
    {
      "module": "module.security_hub",
      "mode": "data",
      "type": "aws_caller_identity",
      "name": "current",
      "provider": "provider[\"registry.terraform.io/hashicorp/aws\"]",
      "instances": [
        {
          "schema_version": 0,
          "attributes": {
            "account_id": "339712886638",
            "arn": "arn:aws:iam::339712886638:user/Pramod.kumar@navikenz.com",
            "id": "339712886638",
            "user_id": "AIDAU6GDXI5XMB2YETG7U"
          },
          "sensitive_attributes": [],
          "identity_schema_version": 0
        }
      ]
    },
    {
      "module": "module.security_hub",
      "mode": "data",
      "type": "aws_region",
      "name": "current",
      "provider": "provider[\"registry.terraform.io/hashicorp/aws\"]",
      "instances": [
        {
          "schema_version": 0,
          "attributes": {
            "description": "US East (N. Virginia)",
            "endpoint": "ec2.us-east-1.amazonaws.com",
            "id": "us-east-1",
            "name": "us-east-1",
            "region": "us-east-1"
          },
          "sensitive_attributes": [],
          "identity_schema_version": 0
        }
      ]
    },
    {
      "module": "module.security_hub",
      "mode": "managed",
      "type": "aws_securityhub_account",
      "name": "this",
      "provider": "provider[\"registry.terraform.io/hashicorp/aws\"]",
      "instances": [
        {
          "schema_version": 1,
          "attributes": {
            "arn": "arn:aws:securityhub:us-east-1:339712886638:hub/default",
            "auto_enable_controls": true,
            "control_finding_generator": "SECURITY_CONTROL",
            "enable_default_standards": false,
            "id": "339712886638",
            "region": "us-east-1"
          },
          "sensitive_attributes": [],
          "identity_schema_version": 0,
          "private": "eyJzY2hlbWFfdmVyc2lvbiI6IjEifQ==",
          "dependencies": [
            "data.aws_caller_identity.current",
            "module.cloudtrail.aws_cloudtrail.this",
            "module.cloudtrail.aws_cloudwatch_log_group.this",
            "module.cloudtrail.aws_s3_bucket.cloudtrail",
            "module.cloudtrail.aws_s3_bucket_policy.cloudtrail",
            "module.cloudtrail.aws_s3_bucket_public_access_block.cloudtrail",
            "module.cloudtrail.aws_s3_bucket_server_side_encryption_configuration.cloudtrail",
            "module.cloudtrail.aws_s3_bucket_versioning.cloudtrail",
            "module.cloudtrail.data.aws_caller_identity.current",
            "module.cloudtrail.data.aws_region.current",
            "module.cloudtrail.module.cloudtrail_policy.aws_iam_policy.policy",
            "module.cloudtrail.module.cloudtrail_role.aws_iam_instance_profile.this",
            "module.cloudtrail.module.cloudtrail_role.aws_iam_role.this",
            "module.cloudtrail.module.cloudtrail_role.aws_iam_role_policy.inline",
            "module.cloudtrail.module.cloudtrail_role.aws_iam_role_policy_attachment.this",
            "module.cloudtrail.module.cloudtrail_role.data.aws_caller_identity.current",
            "module.cloudtrail.module.cloudtrail_role.data.aws_iam_policy_document.inline",
            "module.cloudtrail.module.cloudtrail_role.data.aws_iam_policy_document.this",
            "module.cloudtrail.module.cloudtrail_role.data.aws_partition.current",
            "module.eks.aws_eks_addon.cloudwatch_observability",
            "module.eks.aws_eks_addon.coredns",
            "module.eks.aws_eks_addon.efs_csi",
            "module.eks.aws_eks_addon.kube_proxy",
            "module.eks.aws_eks_addon.vpc_cni",
            "module.eks.aws_eks_cluster.this",
            "module.eks.aws_eks_node_group.this",
            "module.eks.aws_iam_role.cluster",
            "module.eks.aws_iam_role.nodes",
            "module.eks.aws_iam_role_policy_attachment.cluster_AmazonEKSClusterPolicy",
            "module.eks.aws_iam_role_policy_attachment.cluster_AmazonEKS_VPC_ResourceController",
            "module.eks.aws_iam_role_policy_attachment.nodes_cni",
            "module.eks.aws_iam_role_policy_attachment.nodes_ecr",
            "module.eks.aws_iam_role_policy_attachment.nodes_ssm",
            "module.eks.aws_iam_role_policy_attachment.nodes_worker",
            "module.eks.aws_security_group.nodes",
            "module.eks.aws_security_group_rule.cluster_https_worker_ingress",
            "module.eks.aws_security_group_rule.cluster_to_nodes_kubelet",
            "module.eks.aws_security_group_rule.nodes_to_nodes",
            "module.guardduty.aws_guardduty_detector.this",
            "module.inspector.aws_inspector2_enabler.this",
            "module.nat_egress_control.aws_security_group.nategress",
            "module.network.aws_eip.nat",
            "module.network.aws_internet_gateway.this",
            "module.network.aws_nat_gateway.nat",
            "module.network.aws_route_table.private",
            "module.network.aws_route_table.public",
            "module.network.aws_route_table_association.private",
            "module.network.aws_route_table_association.public",
            "module.network.aws_security_group.alb",
            "module.network.aws_security_group.vpc_link",
            "module.network.aws_subnet.private_app",
            "module.network.aws_subnet.public",
            "module.network.aws_vpc.this",
            "module.network_endpoints.aws_security_group.vpce",
            "module.network_endpoints.aws_vpc_endpoint.ec2messages",
            "module.network_endpoints.aws_vpc_endpoint.ecr_api",
            "module.network_endpoints.aws_vpc_endpoint.ecr_dkr",
            "module.network_endpoints.aws_vpc_endpoint.ecr_public",
            "module.network_endpoints.aws_vpc_endpoint.logs",
            "module.network_endpoints.aws_vpc_endpoint.monitoring",
            "module.network_endpoints.aws_vpc_endpoint.s3",
            "module.network_endpoints.aws_vpc_endpoint.secretsmanager",
            "module.network_endpoints.aws_vpc_endpoint.ssm",
            "module.network_endpoints.aws_vpc_endpoint.ssmmessages",
            "module.network_endpoints.aws_vpc_endpoint.sts"
          ]
        }
      ]
    },
    {
      "module": "module.security_hub",
      "mode": "managed",
      "type": "aws_securityhub_standards_subscription",
      "name": "foundational_best_practices",
      "provider": "provider[\"registry.terraform.io/hashicorp/aws\"]",
      "instances": [
        {
          "schema_version": 0,
          "attributes": {
            "id": "arn:aws:securityhub:us-east-1:339712886638:subscription/aws-foundational-security-best-practices/v/1.0.0",
            "region": "us-east-1",
            "standards_arn": "arn:aws:securityhub:us-east-1::standards/aws-foundational-security-best-practices/v/1.0.0",
            "timeouts": null
          },
          "sensitive_attributes": [],
          "identity_schema_version": 0,
          "private": "eyJlMmJmYjczMC1lY2FhLTExZTYtOGY4OC0zNDM2M2JjN2M0YzAiOnsiY3JlYXRlIjoxODAwMDAwMDAwMDAsImRlbGV0ZSI6MTgwMDAwMDAwMDAwfX0=",
          "dependencies": [
            "data.aws_caller_identity.current",
            "module.cloudtrail.aws_cloudtrail.this",
            "module.cloudtrail.aws_cloudwatch_log_group.this",
            "module.cloudtrail.aws_s3_bucket.cloudtrail",
            "module.cloudtrail.aws_s3_bucket_policy.cloudtrail",
            "module.cloudtrail.aws_s3_bucket_public_access_block.cloudtrail",
            "module.cloudtrail.aws_s3_bucket_server_side_encryption_configuration.cloudtrail",
            "module.cloudtrail.aws_s3_bucket_versioning.cloudtrail",
            "module.cloudtrail.data.aws_caller_identity.current",
            "module.cloudtrail.data.aws_region.current",
            "module.cloudtrail.module.cloudtrail_policy.aws_iam_policy.policy",
            "module.cloudtrail.module.cloudtrail_role.aws_iam_instance_profile.this",
            "module.cloudtrail.module.cloudtrail_role.aws_iam_role.this",
            "module.cloudtrail.module.cloudtrail_role.aws_iam_role_policy.inline",
            "module.cloudtrail.module.cloudtrail_role.aws_iam_role_policy_attachment.this",
            "module.cloudtrail.module.cloudtrail_role.data.aws_caller_identity.current",
            "module.cloudtrail.module.cloudtrail_role.data.aws_iam_policy_document.inline",
            "module.cloudtrail.module.cloudtrail_role.data.aws_iam_policy_document.this",
            "module.cloudtrail.module.cloudtrail_role.data.aws_partition.current",
            "module.eks.aws_eks_addon.cloudwatch_observability",
            "module.eks.aws_eks_addon.coredns",
            "module.eks.aws_eks_addon.efs_csi",
            "module.eks.aws_eks_addon.kube_proxy",
            "module.eks.aws_eks_addon.vpc_cni",
            "module.eks.aws_eks_cluster.this",
            "module.eks.aws_eks_node_group.this",
            "module.eks.aws_iam_role.cluster",
            "module.eks.aws_iam_role.nodes",
            "module.eks.aws_iam_role_policy_attachment.cluster_AmazonEKSClusterPolicy",
            "module.eks.aws_iam_role_policy_attachment.cluster_AmazonEKS_VPC_ResourceController",
            "module.eks.aws_iam_role_policy_attachment.nodes_cni",
            "module.eks.aws_iam_role_policy_attachment.nodes_ecr",
            "module.eks.aws_iam_role_policy_attachment.nodes_ssm",
            "module.eks.aws_iam_role_policy_attachment.nodes_worker",
            "module.eks.aws_security_group.nodes",
            "module.eks.aws_security_group_rule.cluster_https_worker_ingress",
            "module.eks.aws_security_group_rule.cluster_to_nodes_kubelet",
            "module.eks.aws_security_group_rule.nodes_to_nodes",
            "module.guardduty.aws_guardduty_detector.this",
            "module.inspector.aws_inspector2_enabler.this",
            "module.nat_egress_control.aws_security_group.nategress",
            "module.network.aws_eip.nat",
            "module.network.aws_internet_gateway.this",
            "module.network.aws_nat_gateway.nat",
            "module.network.aws_route_table.private",
            "module.network.aws_route_table.public",
            "module.network.aws_route_table_association.private",
            "module.network.aws_route_table_association.public",
            "module.network.aws_security_group.alb",
            "module.network.aws_security_group.vpc_link",
            "module.network.aws_subnet.private_app",
            "module.network.aws_subnet.public",
            "module.network.aws_vpc.this",
            "module.network_endpoints.aws_security_group.vpce",
            "module.network_endpoints.aws_vpc_endpoint.ec2messages",
            "module.network_endpoints.aws_vpc_endpoint.ecr_api",
            "module.network_endpoints.aws_vpc_endpoint.ecr_dkr",
            "module.network_endpoints.aws_vpc_endpoint.ecr_public",
            "module.network_endpoints.aws_vpc_endpoint.logs",
            "module.network_endpoints.aws_vpc_endpoint.monitoring",
            "module.network_endpoints.aws_vpc_endpoint.s3",
            "module.network_endpoints.aws_vpc_endpoint.secretsmanager",
            "module.network_endpoints.aws_vpc_endpoint.ssm",
            "module.network_endpoints.aws_vpc_endpoint.ssmmessages",
            "module.network_endpoints.aws_vpc_endpoint.sts",
            "module.security_hub.aws_securityhub_account.this",
            "module.security_hub.data.aws_region.current"
          ]
        }
      ]
    },
    {
      "module": "module.waf_cdn[0]",
      "mode": "data",
      "type": "aws_caller_identity",
      "name": "current",
      "provider": "provider[\"registry.terraform.io/hashicorp/aws\"].us_east_1",
      "instances": [
        {
          "schema_version": 0,
          "attributes": {
            "account_id": "339712886638",
            "arn": "arn:aws:iam::339712886638:user/Pramod.kumar@navikenz.com",
            "id": "339712886638",
            "user_id": "AIDAU6GDXI5XMB2YETG7U"
          },
          "sensitive_attributes": [],
          "identity_schema_version": 0
        }
      ]
    },
    {
      "module": "module.waf_cdn[0]",
      "mode": "managed",
      "type": "aws_wafv2_web_acl",
      "name": "cdn",
      "provider": "provider[\"registry.terraform.io/hashicorp/aws\"].us_east_1",
      "instances": [
        {
          "schema_version": 0,
          "attributes": {
            "application_integration_url": "",
            "arn": "arn:aws:wafv2:us-east-1:339712886638:global/webacl/aerowise-cdn-waf-cdn/9eb1823f-014c-4200-9fdb-f3ef8806b538",
            "association_config": [],
            "capacity": 925,
            "captcha_config": [],
            "challenge_config": [],
            "custom_response_body": [],
            "data_protection_config": [],
            "default_action": [
              {
                "allow": [
                  {
                    "custom_request_handling": []
                  }
                ],
                "block": []
              }
            ],
            "description": "Managed WAF for static CloudFront CDN - cdn",
            "id": "9eb1823f-014c-4200-9fdb-f3ef8806b538",
            "lock_token": "b1f9ef50-2024-44bc-8d8e-330cf50e4eca",
            "name": "aerowise-cdn-waf-cdn",
            "name_prefix": "",
            "region": "us-east-1",
            "rule": [
              {
                "action": [],
                "captcha_config": [],
                "challenge_config": [],
                "name": "AWSManagedRulesAmazonIpReputationList",
                "override_action": [
                  {
                    "count": [],
                    "none": [
                      {}
                    ]
                  }
                ],
                "priority": 3,
                "rule_label": [],
                "statement": [
                  {
                    "and_statement": [],
                    "asn_match_statement": [],
                    "byte_match_statement": [],
                    "geo_match_statement": [],
                    "ip_set_reference_statement": [],
                    "label_match_statement": [],
                    "managed_rule_group_statement": [
                      {
                        "managed_rule_group_configs": [],
                        "name": "AWSManagedRulesAmazonIpReputationList",
                        "rule_action_override": [],
                        "scope_down_statement": [],
                        "vendor_name": "AWS",
                        "version": ""
                      }
                    ],
                    "not_statement": [],
                    "or_statement": [],
                    "rate_based_statement": [],
                    "regex_match_statement": [],
                    "regex_pattern_set_reference_statement": [],
                    "rule_group_reference_statement": [],
                    "size_constraint_statement": [],
                    "sqli_match_statement": [],
                    "xss_match_statement": []
                  }
                ],
                "visibility_config": [
                  {
                    "cloudwatch_metrics_enabled": true,
                    "metric_name": "cdn-ip-reputation",
                    "sampled_requests_enabled": true
                  }
                ]
              },
              {
                "action": [],
                "captcha_config": [],
                "challenge_config": [],
                "name": "AWSManagedRulesCommonRuleSet",
                "override_action": [
                  {
                    "count": [],
                    "none": [
                      {}
                    ]
                  }
                ],
                "priority": 1,
                "rule_label": [],
                "statement": [
                  {
                    "and_statement": [],
                    "asn_match_statement": [],
                    "byte_match_statement": [],
                    "geo_match_statement": [],
                    "ip_set_reference_statement": [],
                    "label_match_statement": [],
                    "managed_rule_group_statement": [
                      {
                        "managed_rule_group_configs": [],
                        "name": "AWSManagedRulesCommonRuleSet",
                        "rule_action_override": [],
                        "scope_down_statement": [],
                        "vendor_name": "AWS",
                        "version": ""
                      }
                    ],
                    "not_statement": [],
                    "or_statement": [],
                    "rate_based_statement": [],
                    "regex_match_statement": [],
                    "regex_pattern_set_reference_statement": [],
                    "rule_group_reference_statement": [],
                    "size_constraint_statement": [],
                    "sqli_match_statement": [],
                    "xss_match_statement": []
                  }
                ],
                "visibility_config": [
                  {
                    "cloudwatch_metrics_enabled": true,
                    "metric_name": "cdn-common-rules",
                    "sampled_requests_enabled": true
                  }
                ]
              },
              {
                "action": [],
                "captcha_config": [],
                "challenge_config": [],
                "name": "AWSManagedRulesKnownBadInputsRuleSet",
                "override_action": [
                  {
                    "count": [],
                    "none": [
                      {}
                    ]
                  }
                ],
                "priority": 2,
                "rule_label": [],
                "statement": [
                  {
                    "and_statement": [],
                    "asn_match_statement": [],
                    "byte_match_statement": [],
                    "geo_match_statement": [],
                    "ip_set_reference_statement": [],
                    "label_match_statement": [],
                    "managed_rule_group_statement": [
                      {
                        "managed_rule_group_configs": [],
                        "name": "AWSManagedRulesKnownBadInputsRuleSet",
                        "rule_action_override": [],
                        "scope_down_statement": [],
                        "vendor_name": "AWS",
                        "version": ""
                      }
                    ],
                    "not_statement": [],
                    "or_statement": [],
                    "rate_based_statement": [],
                    "regex_match_statement": [],
                    "regex_pattern_set_reference_statement": [],
                    "rule_group_reference_statement": [],
                    "size_constraint_statement": [],
                    "sqli_match_statement": [],
                    "xss_match_statement": []
                  }
                ],
                "visibility_config": [
                  {
                    "cloudwatch_metrics_enabled": true,
                    "metric_name": "cdn-known-bad-inputs",
                    "sampled_requests_enabled": true
                  }
                ]
              }
            ],
            "rule_json": null,
            "scope": "CLOUDFRONT",
            "tags": {},
            "tags_all": {},
            "token_domains": [],
            "visibility_config": [
              {
                "cloudwatch_metrics_enabled": true,
                "metric_name": "aerowise-cdn-waf-cdn",
                "sampled_requests_enabled": true
              }
            ]
          },
          "sensitive_attributes": [],
          "identity_schema_version": 0,
          "private": "bnVsbA==",
          "dependencies": [
            "module.cdn_static.aws_cloudfront_distribution.frontend",
            "module.cdn_static.aws_cloudfront_origin_access_control.oac",
            "module.cdn_static.aws_s3_bucket.static_site",
            "module.cdn_static.aws_s3_bucket_policy.static_site_policy",
            "module.cdn_static.data.aws_caller_identity.current"
          ]
        }
      ]
    }
  ],
  "check_results": [
    {
      "object_kind": "var",
      "config_addr": "module.api_gateway.var.create_integration",
      "status": "pass",
      "objects": [
        {
          "object_addr": "module.api_gateway.var.create_integration",
          "status": "pass"
        }
      ]
    },
    {
      "object_kind": "var",
      "config_addr": "module.api_gateway.var.create_authorizer",
      "status": "pass",
      "objects": [
        {
          "object_addr": "module.api_gateway.var.create_authorizer",
          "status": "pass"
        }
      ]
    }
  ]
}
